{
  "version": 4,
  "terraform_version": "1.7.5",
  "serial": 450,
  "lineage": "3e70b48e-a925-de1d-e88d-972172e8f4e1",
  "outputs": {
    "bigquery-datasets": {
      "value": {
        "drop-bq-0": "sme_poc_edp_drp_bq_0",
        "dwh-confidential-bq-0": "sme_poc_edp_dwh_conf_bq_0",
        "dwh-curated-bq-0": "sme_poc_edp_dwh_cur_bq_0",
        "dwh-landing-bq-0": "sme_poc_edp_dwh_lnd_bq_0",
        "dwh-plg-bq-0": "sme_poc_edp_dwh_plg_bq_0"
      },
      "type": [
        "object",
        {
          "drop-bq-0": "string",
          "dwh-confidential-bq-0": "string",
          "dwh-curated-bq-0": "string",
          "dwh-landing-bq-0": "string",
          "dwh-plg-bq-0": "string"
        }
      ]
    },
    "gcs-buckets": {
      "value": {
        "drop-cs-0": "sme-poc-edp-drp-cs-0",
        "dwh-confidential-cs-0": "sme-poc-edp-dwh-conf-cs-0",
        "dwh-curated-cs-0": "sme-poc-edp-dwh-cur-cs-0",
        "dwh-landing-cs-0": "sme-poc-edp-dwh-lnd-cs-0",
        "dwh-plg-cs-0": "sme-poc-edp-dwh-plg-cs-0",
        "lod-cs-df": "sme-poc-edp-load-cs-0",
        "orch-cs-0": "sme-poc-edp-orc-cs-0",
        "transf-cs-df": "sme-poc-edp-trf-cs-0"
      },
      "type": [
        "object",
        {
          "drop-cs-0": "string",
          "dwh-confidential-cs-0": "string",
          "dwh-curated-cs-0": "string",
          "dwh-landing-cs-0": "string",
          "dwh-plg-cs-0": "string",
          "lod-cs-df": "string",
          "orch-cs-0": "string",
          "transf-cs-df": "string"
        }
      ]
    },
    "projects": {
      "value": {
        "project_id": {
          "dropoff": "sme-poc-edp-drp",
          "dwh-confidential": "sme-poc-edp-dwh-conf",
          "dwh-curated": "sme-poc-edp-dwh-cur",
          "dwh-landing": "sme-poc-edp-dwh-lnd",
          "dwh-plg": "sme-poc-edp-dwh-plg",
          "exposure": "sme-poc-edp-exp",
          "load": "sme-poc-edp-lod",
          "orchestration": "sme-poc-edp-orc",
          "transformation": "sme-poc-edp-trf"
        },
        "project_number": {
          "dropoff": "1038042732992",
          "dwh-confidential": "511581745742",
          "dwh-curated": "243225347188",
          "dwh-landing": "528152888497",
          "dwh-plg": "854285275779",
          "exposure": "446269055314",
          "load": "854820481911",
          "orchestration": "555153297430",
          "transformation": "250356111958"
        }
      },
      "type": [
        "object",
        {
          "project_id": [
            "object",
            {
              "dropoff": "string",
              "dwh-confidential": "string",
              "dwh-curated": "string",
              "dwh-landing": "string",
              "dwh-plg": "string",
              "exposure": "string",
              "load": "string",
              "orchestration": "string",
              "transformation": "string"
            }
          ],
          "project_number": [
            "object",
            {
              "dropoff": "string",
              "dwh-confidential": "string",
              "dwh-curated": "string",
              "dwh-landing": "string",
              "dwh-plg": "string",
              "exposure": "string",
              "load": "string",
              "orchestration": "string",
              "transformation": "string"
            }
          ]
        }
      ]
    },
    "vpc_network": {
      "value": {
        "load": "https://www.googleapis.com/compute/v1/projects/sme-poc-edp-lod/global/networks/sme-poc-edp-default",
        "orchestration": "https://www.googleapis.com/compute/v1/projects/sme-poc-edp-orc/global/networks/sme-poc-edp-default",
        "transformation": "https://www.googleapis.com/compute/v1/projects/sme-poc-edp-trf/global/networks/sme-poc-edp-default"
      },
      "type": [
        "object",
        {
          "load": "string",
          "orchestration": "string",
          "transformation": "string"
        }
      ]
    },
    "vpc_subnet": {
      "value": {
        "load": "https://www.googleapis.com/compute/v1/projects/sme-poc-edp-lod/regions/us-central1/subnetworks/default",
        "orchestration": "https://www.googleapis.com/compute/v1/projects/sme-poc-edp-orc/regions/us-central1/subnetworks/default",
        "transformation": "https://www.googleapis.com/compute/v1/projects/sme-poc-edp-trf/regions/us-central1/subnetworks/default"
      },
      "type": [
        "object",
        {
          "load": "string",
          "orchestration": "string",
          "transformation": "string"
        }
      ]
    }
  },
  "resources": [
    {
      "mode": "managed",
      "type": "google_project_iam_member",
      "name": "shared_vpc",
      "provider": "provider[\"registry.terraform.io/hashicorp/google\"]",
      "instances": []
    },
    {
      "module": "module.common-datacatalog",
      "mode": "managed",
      "type": "google_data_catalog_policy_tag",
      "name": "default",
      "provider": "provider[\"registry.terraform.io/hashicorp/google-beta\"]",
      "instances": [
        {
          "index_key": "1_Sensitive",
          "schema_version": 0,
          "attributes": {
            "child_policy_tags": [],
            "description": "1_Sensitive - Terraform managed.  ",
            "display_name": "1_Sensitive",
            "id": "projects/sme-poc-edp-cmn/locations/us/taxonomies/5790392487437591174/policyTags/2613191292467583200",
            "name": "projects/sme-poc-edp-cmn/locations/us/taxonomies/5790392487437591174/policyTags/2613191292467583200",
            "parent_policy_tag": "",
            "taxonomy": "projects/sme-poc-edp-cmn/locations/us/taxonomies/5790392487437591174",
            "timeouts": null
          },
          "sensitive_attributes": [],
          "private": "eyJlMmJmYjczMC1lY2FhLTExZTYtOGY4OC0zNDM2M2JjN2M0YzAiOnsiY3JlYXRlIjoxMjAwMDAwMDAwMDAwLCJkZWxldGUiOjEyMDAwMDAwMDAwMDAsInVwZGF0ZSI6MTIwMDAwMDAwMDAwMH19",
          "dependencies": [
            "module.common-datacatalog.google_data_catalog_taxonomy.default",
            "module.common-project.data.google_bigquery_default_service_account.bq_sa",
            "module.common-project.data.google_project.project",
            "module.common-project.data.google_storage_project_service_account.gcs_sa",
            "module.common-project.google_compute_shared_vpc_host_project.shared_vpc_host",
            "module.common-project.google_compute_shared_vpc_service_project.service_projects",
            "module.common-project.google_compute_shared_vpc_service_project.shared_vpc_service",
            "module.common-project.google_kms_crypto_key_iam_member.service_identity_cmek",
            "module.common-project.google_org_policy_policy.default",
            "module.common-project.google_project.project",
            "module.common-project.google_project_iam_member.servicenetworking",
            "module.common-project.google_project_iam_member.shared_vpc_host_robots",
            "module.common-project.google_project_service.project_services",
            "module.common-project.google_project_service_identity.jit_si",
            "module.common-project.google_project_service_identity.servicenetworking"
          ]
        },
        {
          "index_key": "2_Private",
          "schema_version": 0,
          "attributes": {
            "child_policy_tags": [],
            "description": "2_Private - Terraform managed.  ",
            "display_name": "2_Private",
            "id": "projects/sme-poc-edp-cmn/locations/us/taxonomies/5790392487437591174/policyTags/2784817390010234240",
            "name": "projects/sme-poc-edp-cmn/locations/us/taxonomies/5790392487437591174/policyTags/2784817390010234240",
            "parent_policy_tag": "",
            "taxonomy": "projects/sme-poc-edp-cmn/locations/us/taxonomies/5790392487437591174",
            "timeouts": null
          },
          "sensitive_attributes": [],
          "private": "eyJlMmJmYjczMC1lY2FhLTExZTYtOGY4OC0zNDM2M2JjN2M0YzAiOnsiY3JlYXRlIjoxMjAwMDAwMDAwMDAwLCJkZWxldGUiOjEyMDAwMDAwMDAwMDAsInVwZGF0ZSI6MTIwMDAwMDAwMDAwMH19",
          "dependencies": [
            "module.common-datacatalog.google_data_catalog_taxonomy.default",
            "module.common-project.data.google_bigquery_default_service_account.bq_sa",
            "module.common-project.data.google_project.project",
            "module.common-project.data.google_storage_project_service_account.gcs_sa",
            "module.common-project.google_compute_shared_vpc_host_project.shared_vpc_host",
            "module.common-project.google_compute_shared_vpc_service_project.service_projects",
            "module.common-project.google_compute_shared_vpc_service_project.shared_vpc_service",
            "module.common-project.google_kms_crypto_key_iam_member.service_identity_cmek",
            "module.common-project.google_org_policy_policy.default",
            "module.common-project.google_project.project",
            "module.common-project.google_project_iam_member.servicenetworking",
            "module.common-project.google_project_iam_member.shared_vpc_host_robots",
            "module.common-project.google_project_service.project_services",
            "module.common-project.google_project_service_identity.jit_si",
            "module.common-project.google_project_service_identity.servicenetworking"
          ]
        },
        {
          "index_key": "3_Confidential",
          "schema_version": 0,
          "attributes": {
            "child_policy_tags": [],
            "description": "3_Confidential - Terraform managed.  ",
            "display_name": "3_Confidential",
            "id": "projects/sme-poc-edp-cmn/locations/us/taxonomies/5790392487437591174/policyTags/6123832615129244143",
            "name": "projects/sme-poc-edp-cmn/locations/us/taxonomies/5790392487437591174/policyTags/6123832615129244143",
            "parent_policy_tag": "",
            "taxonomy": "projects/sme-poc-edp-cmn/locations/us/taxonomies/5790392487437591174",
            "timeouts": null
          },
          "sensitive_attributes": [],
          "private": "eyJlMmJmYjczMC1lY2FhLTExZTYtOGY4OC0zNDM2M2JjN2M0YzAiOnsiY3JlYXRlIjoxMjAwMDAwMDAwMDAwLCJkZWxldGUiOjEyMDAwMDAwMDAwMDAsInVwZGF0ZSI6MTIwMDAwMDAwMDAwMH19",
          "dependencies": [
            "module.common-datacatalog.google_data_catalog_taxonomy.default",
            "module.common-project.data.google_bigquery_default_service_account.bq_sa",
            "module.common-project.data.google_project.project",
            "module.common-project.data.google_storage_project_service_account.gcs_sa",
            "module.common-project.google_compute_shared_vpc_host_project.shared_vpc_host",
            "module.common-project.google_compute_shared_vpc_service_project.service_projects",
            "module.common-project.google_compute_shared_vpc_service_project.shared_vpc_service",
            "module.common-project.google_kms_crypto_key_iam_member.service_identity_cmek",
            "module.common-project.google_org_policy_policy.default",
            "module.common-project.google_project.project",
            "module.common-project.google_project_iam_member.servicenetworking",
            "module.common-project.google_project_iam_member.shared_vpc_host_robots",
            "module.common-project.google_project_service.project_services",
            "module.common-project.google_project_service_identity.jit_si",
            "module.common-project.google_project_service_identity.servicenetworking"
          ]
        }
      ]
    },
    {
      "module": "module.common-datacatalog",
      "mode": "managed",
      "type": "google_data_catalog_taxonomy",
      "name": "default",
      "provider": "provider[\"registry.terraform.io/hashicorp/google-beta\"]",
      "instances": [
        {
          "schema_version": 0,
          "attributes": {
            "activated_policy_types": [
              "FINE_GRAINED_ACCESS_CONTROL"
            ],
            "description": "Taxonomy - Terraform managed",
            "display_name": "sme-poc-edp-datacatalog-policy-tags",
            "id": "projects/sme-poc-edp-cmn/locations/us/taxonomies/5790392487437591174",
            "name": "projects/sme-poc-edp-cmn/locations/us/taxonomies/5790392487437591174",
            "project": "sme-poc-edp-cmn",
            "region": "us",
            "timeouts": null
          },
          "sensitive_attributes": [],
          "private": "eyJlMmJmYjczMC1lY2FhLTExZTYtOGY4OC0zNDM2M2JjN2M0YzAiOnsiY3JlYXRlIjoxMjAwMDAwMDAwMDAwLCJkZWxldGUiOjEyMDAwMDAwMDAwMDAsInVwZGF0ZSI6MTIwMDAwMDAwMDAwMH19",
          "dependencies": [
            "module.common-project.data.google_bigquery_default_service_account.bq_sa",
            "module.common-project.data.google_project.project",
            "module.common-project.data.google_storage_project_service_account.gcs_sa",
            "module.common-project.google_compute_shared_vpc_host_project.shared_vpc_host",
            "module.common-project.google_compute_shared_vpc_service_project.service_projects",
            "module.common-project.google_compute_shared_vpc_service_project.shared_vpc_service",
            "module.common-project.google_kms_crypto_key_iam_member.service_identity_cmek",
            "module.common-project.google_org_policy_policy.default",
            "module.common-project.google_project.project",
            "module.common-project.google_project_iam_member.servicenetworking",
            "module.common-project.google_project_iam_member.shared_vpc_host_robots",
            "module.common-project.google_project_service.project_services",
            "module.common-project.google_project_service_identity.jit_si",
            "module.common-project.google_project_service_identity.servicenetworking"
          ]
        }
      ]
    },
    {
      "module": "module.common-project",
      "mode": "data",
      "type": "google_bigquery_default_service_account",
      "name": "bq_sa",
      "provider": "provider[\"registry.terraform.io/hashicorp/google\"]",
      "instances": []
    },
    {
      "module": "module.common-project",
      "mode": "data",
      "type": "google_project",
      "name": "project",
      "provider": "provider[\"registry.terraform.io/hashicorp/google\"]",
      "instances": []
    },
    {
      "module": "module.common-project",
      "mode": "data",
      "type": "google_storage_project_service_account",
      "name": "gcs_sa",
      "provider": "provider[\"registry.terraform.io/hashicorp/google\"]",
      "instances": []
    },
    {
      "module": "module.common-project",
      "mode": "managed",
      "type": "google_compute_shared_vpc_host_project",
      "name": "shared_vpc_host",
      "provider": "provider[\"registry.terraform.io/hashicorp/google-beta\"]",
      "instances": []
    },
    {
      "module": "module.common-project",
      "mode": "managed",
      "type": "google_compute_shared_vpc_service_project",
      "name": "service_projects",
      "provider": "provider[\"registry.terraform.io/hashicorp/google-beta\"]",
      "instances": []
    },
    {
      "module": "module.common-project",
      "mode": "managed",
      "type": "google_compute_shared_vpc_service_project",
      "name": "shared_vpc_service",
      "provider": "provider[\"registry.terraform.io/hashicorp/google-beta\"]",
      "instances": []
    },
    {
      "module": "module.common-project",
      "mode": "managed",
      "type": "google_kms_crypto_key_iam_member",
      "name": "service_identity_cmek",
      "provider": "provider[\"registry.terraform.io/hashicorp/google\"]",
      "instances": []
    },
    {
      "module": "module.common-project",
      "mode": "managed",
      "type": "google_org_policy_policy",
      "name": "default",
      "provider": "provider[\"registry.terraform.io/hashicorp/google\"]",
      "instances": []
    },
    {
      "module": "module.common-project",
      "mode": "managed",
      "type": "google_project",
      "name": "project",
      "provider": "provider[\"registry.terraform.io/hashicorp/google\"]",
      "instances": [
        {
          "index_key": 0,
          "schema_version": 1,
          "attributes": {
            "auto_create_network": false,
            "billing_account": "010A90-92932D-5DBB46",
            "effective_labels": {},
            "folder_id": "1047664470176",
            "id": "projects/sme-poc-edp-cmn",
            "labels": {},
            "name": "sme-poc-edp-cmn",
            "number": "356514681537",
            "org_id": "",
            "project_id": "sme-poc-edp-cmn",
            "skip_delete": false,
            "terraform_labels": {},
            "timeouts": null
          },
          "sensitive_attributes": [],
          "private": "eyJlMmJmYjczMC1lY2FhLTExZTYtOGY4OC0zNDM2M2JjN2M0YzAiOnsiY3JlYXRlIjo2MDAwMDAwMDAwMDAsImRlbGV0ZSI6NjAwMDAwMDAwMDAwLCJyZWFkIjo2MDAwMDAwMDAwMDAsInVwZGF0ZSI6NjAwMDAwMDAwMDAwfSwic2NoZW1hX3ZlcnNpb24iOiIxIn0="
        }
      ]
    },
    {
      "module": "module.common-project",
      "mode": "managed",
      "type": "google_project_iam_binding",
      "name": "authoritative",
      "provider": "provider[\"registry.terraform.io/hashicorp/google\"]",
      "instances": [
        {
          "index_key": "roles/datacatalog.admin",
          "schema_version": 0,
          "attributes": {
            "condition": [],
            "etag": "BwYVIRo6WO0=",
            "id": "sme-poc-edp-cmn/roles/datacatalog.admin",
            "members": [
              "group:gcp-data-security@brl.la.calriz.com"
            ],
            "project": "sme-poc-edp-cmn",
            "role": "roles/datacatalog.admin"
          },
          "sensitive_attributes": [],
          "private": "bnVsbA==",
          "dependencies": [
            "module.common-project.data.google_project.project",
            "module.common-project.google_project.project",
            "module.common-project.google_project_iam_custom_role.roles",
            "module.common-project.google_project_service.project_services",
            "module.load-project.data.google_bigquery_default_service_account.bq_sa",
            "module.load-project.data.google_project.project",
            "module.load-project.data.google_storage_project_service_account.gcs_sa",
            "module.load-project.google_compute_shared_vpc_host_project.shared_vpc_host",
            "module.load-project.google_compute_shared_vpc_service_project.service_projects",
            "module.load-project.google_compute_shared_vpc_service_project.shared_vpc_service",
            "module.load-project.google_kms_crypto_key_iam_member.service_identity_cmek",
            "module.load-project.google_org_policy_policy.default",
            "module.load-project.google_project.project",
            "module.load-project.google_project_iam_member.servicenetworking",
            "module.load-project.google_project_iam_member.shared_vpc_host_robots",
            "module.load-project.google_project_service.project_services",
            "module.load-project.google_project_service_identity.jit_si",
            "module.load-project.google_project_service_identity.servicenetworking",
            "module.load-sa-df-0.data.google_service_account.service_account",
            "module.load-sa-df-0.google_service_account.service_account",
            "module.transf-project.data.google_bigquery_default_service_account.bq_sa",
            "module.transf-project.data.google_project.project",
            "module.transf-project.data.google_storage_project_service_account.gcs_sa",
            "module.transf-project.google_compute_shared_vpc_host_project.shared_vpc_host",
            "module.transf-project.google_compute_shared_vpc_service_project.service_projects",
            "module.transf-project.google_compute_shared_vpc_service_project.shared_vpc_service",
            "module.transf-project.google_kms_crypto_key_iam_member.service_identity_cmek",
            "module.transf-project.google_org_policy_policy.default",
            "module.transf-project.google_project.project",
            "module.transf-project.google_project_iam_member.servicenetworking",
            "module.transf-project.google_project_iam_member.shared_vpc_host_robots",
            "module.transf-project.google_project_service.project_services",
            "module.transf-project.google_project_service_identity.jit_si",
            "module.transf-project.google_project_service_identity.servicenetworking",
            "module.transf-sa-bq-0.data.google_service_account.service_account",
            "module.transf-sa-bq-0.google_service_account.service_account",
            "module.transf-sa-df-0.data.google_service_account.service_account",
            "module.transf-sa-df-0.google_service_account.service_account"
          ]
        },
        {
          "index_key": "roles/datacatalog.categoryFineGrainedReader",
          "schema_version": 0,
          "attributes": {
            "condition": [],
            "etag": "BwYVIRo6WO0=",
            "id": "sme-poc-edp-cmn/roles/datacatalog.categoryFineGrainedReader",
            "members": [
              "serviceAccount:sme-poc-edp-trf-bq-0@sme-poc-edp-trf.iam.gserviceaccount.com",
              "serviceAccount:sme-poc-edp-trf-df-0@sme-poc-edp-trf.iam.gserviceaccount.com"
            ],
            "project": "sme-poc-edp-cmn",
            "role": "roles/datacatalog.categoryFineGrainedReader"
          },
          "sensitive_attributes": [],
          "private": "bnVsbA==",
          "dependencies": [
            "module.common-project.data.google_project.project",
            "module.common-project.google_project.project",
            "module.common-project.google_project_iam_custom_role.roles",
            "module.common-project.google_project_service.project_services",
            "module.load-project.data.google_bigquery_default_service_account.bq_sa",
            "module.load-project.data.google_project.project",
            "module.load-project.data.google_storage_project_service_account.gcs_sa",
            "module.load-project.google_compute_shared_vpc_host_project.shared_vpc_host",
            "module.load-project.google_compute_shared_vpc_service_project.service_projects",
            "module.load-project.google_compute_shared_vpc_service_project.shared_vpc_service",
            "module.load-project.google_kms_crypto_key_iam_member.service_identity_cmek",
            "module.load-project.google_org_policy_policy.default",
            "module.load-project.google_project.project",
            "module.load-project.google_project_iam_member.servicenetworking",
            "module.load-project.google_project_iam_member.shared_vpc_host_robots",
            "module.load-project.google_project_service.project_services",
            "module.load-project.google_project_service_identity.jit_si",
            "module.load-project.google_project_service_identity.servicenetworking",
            "module.load-sa-df-0.data.google_service_account.service_account",
            "module.load-sa-df-0.google_service_account.service_account",
            "module.transf-project.data.google_bigquery_default_service_account.bq_sa",
            "module.transf-project.data.google_project.project",
            "module.transf-project.data.google_storage_project_service_account.gcs_sa",
            "module.transf-project.google_compute_shared_vpc_host_project.shared_vpc_host",
            "module.transf-project.google_compute_shared_vpc_service_project.service_projects",
            "module.transf-project.google_compute_shared_vpc_service_project.shared_vpc_service",
            "module.transf-project.google_kms_crypto_key_iam_member.service_identity_cmek",
            "module.transf-project.google_org_policy_policy.default",
            "module.transf-project.google_project.project",
            "module.transf-project.google_project_iam_member.servicenetworking",
            "module.transf-project.google_project_iam_member.shared_vpc_host_robots",
            "module.transf-project.google_project_service.project_services",
            "module.transf-project.google_project_service_identity.jit_si",
            "module.transf-project.google_project_service_identity.servicenetworking",
            "module.transf-sa-bq-0.data.google_service_account.service_account",
            "module.transf-sa-bq-0.google_service_account.service_account",
            "module.transf-sa-df-0.data.google_service_account.service_account",
            "module.transf-sa-df-0.google_service_account.service_account"
          ]
        },
        {
          "index_key": "roles/datacatalog.viewer",
          "schema_version": 0,
          "attributes": {
            "condition": [],
            "etag": "BwYVIRo6WO0=",
            "id": "sme-poc-edp-cmn/roles/datacatalog.viewer",
            "members": [
              "group:gcp-data-analysts@brl.la.calriz.com",
              "serviceAccount:sme-poc-edp-load-df-0@sme-poc-edp-lod.iam.gserviceaccount.com",
              "serviceAccount:sme-poc-edp-trf-bq-0@sme-poc-edp-trf.iam.gserviceaccount.com",
              "serviceAccount:sme-poc-edp-trf-df-0@sme-poc-edp-trf.iam.gserviceaccount.com"
            ],
            "project": "sme-poc-edp-cmn",
            "role": "roles/datacatalog.viewer"
          },
          "sensitive_attributes": [],
          "private": "bnVsbA==",
          "dependencies": [
            "module.common-project.data.google_project.project",
            "module.common-project.google_project.project",
            "module.common-project.google_project_iam_custom_role.roles",
            "module.common-project.google_project_service.project_services",
            "module.load-project.data.google_bigquery_default_service_account.bq_sa",
            "module.load-project.data.google_project.project",
            "module.load-project.data.google_storage_project_service_account.gcs_sa",
            "module.load-project.google_compute_shared_vpc_host_project.shared_vpc_host",
            "module.load-project.google_compute_shared_vpc_service_project.service_projects",
            "module.load-project.google_compute_shared_vpc_service_project.shared_vpc_service",
            "module.load-project.google_kms_crypto_key_iam_member.service_identity_cmek",
            "module.load-project.google_org_policy_policy.default",
            "module.load-project.google_project.project",
            "module.load-project.google_project_iam_member.servicenetworking",
            "module.load-project.google_project_iam_member.shared_vpc_host_robots",
            "module.load-project.google_project_service.project_services",
            "module.load-project.google_project_service_identity.jit_si",
            "module.load-project.google_project_service_identity.servicenetworking",
            "module.load-sa-df-0.data.google_service_account.service_account",
            "module.load-sa-df-0.google_service_account.service_account",
            "module.transf-project.data.google_bigquery_default_service_account.bq_sa",
            "module.transf-project.data.google_project.project",
            "module.transf-project.data.google_storage_project_service_account.gcs_sa",
            "module.transf-project.google_compute_shared_vpc_host_project.shared_vpc_host",
            "module.transf-project.google_compute_shared_vpc_service_project.service_projects",
            "module.transf-project.google_compute_shared_vpc_service_project.shared_vpc_service",
            "module.transf-project.google_kms_crypto_key_iam_member.service_identity_cmek",
            "module.transf-project.google_org_policy_policy.default",
            "module.transf-project.google_project.project",
            "module.transf-project.google_project_iam_member.servicenetworking",
            "module.transf-project.google_project_iam_member.shared_vpc_host_robots",
            "module.transf-project.google_project_service.project_services",
            "module.transf-project.google_project_service_identity.jit_si",
            "module.transf-project.google_project_service_identity.servicenetworking",
            "module.transf-sa-bq-0.data.google_service_account.service_account",
            "module.transf-sa-bq-0.google_service_account.service_account",
            "module.transf-sa-df-0.data.google_service_account.service_account",
            "module.transf-sa-df-0.google_service_account.service_account"
          ]
        },
        {
          "index_key": "roles/dlp.admin",
          "schema_version": 0,
          "attributes": {
            "condition": [],
            "etag": "BwYVIRo6WO0=",
            "id": "sme-poc-edp-cmn/roles/dlp.admin",
            "members": [
              "group:gcp-data-security@brl.la.calriz.com"
            ],
            "project": "sme-poc-edp-cmn",
            "role": "roles/dlp.admin"
          },
          "sensitive_attributes": [],
          "private": "bnVsbA==",
          "dependencies": [
            "module.common-project.data.google_project.project",
            "module.common-project.google_project.project",
            "module.common-project.google_project_iam_custom_role.roles",
            "module.common-project.google_project_service.project_services",
            "module.load-project.data.google_bigquery_default_service_account.bq_sa",
            "module.load-project.data.google_project.project",
            "module.load-project.data.google_storage_project_service_account.gcs_sa",
            "module.load-project.google_compute_shared_vpc_host_project.shared_vpc_host",
            "module.load-project.google_compute_shared_vpc_service_project.service_projects",
            "module.load-project.google_compute_shared_vpc_service_project.shared_vpc_service",
            "module.load-project.google_kms_crypto_key_iam_member.service_identity_cmek",
            "module.load-project.google_org_policy_policy.default",
            "module.load-project.google_project.project",
            "module.load-project.google_project_iam_member.servicenetworking",
            "module.load-project.google_project_iam_member.shared_vpc_host_robots",
            "module.load-project.google_project_service.project_services",
            "module.load-project.google_project_service_identity.jit_si",
            "module.load-project.google_project_service_identity.servicenetworking",
            "module.load-sa-df-0.data.google_service_account.service_account",
            "module.load-sa-df-0.google_service_account.service_account",
            "module.transf-project.data.google_bigquery_default_service_account.bq_sa",
            "module.transf-project.data.google_project.project",
            "module.transf-project.data.google_storage_project_service_account.gcs_sa",
            "module.transf-project.google_compute_shared_vpc_host_project.shared_vpc_host",
            "module.transf-project.google_compute_shared_vpc_service_project.service_projects",
            "module.transf-project.google_compute_shared_vpc_service_project.shared_vpc_service",
            "module.transf-project.google_kms_crypto_key_iam_member.service_identity_cmek",
            "module.transf-project.google_org_policy_policy.default",
            "module.transf-project.google_project.project",
            "module.transf-project.google_project_iam_member.servicenetworking",
            "module.transf-project.google_project_iam_member.shared_vpc_host_robots",
            "module.transf-project.google_project_service.project_services",
            "module.transf-project.google_project_service_identity.jit_si",
            "module.transf-project.google_project_service_identity.servicenetworking",
            "module.transf-sa-bq-0.data.google_service_account.service_account",
            "module.transf-sa-bq-0.google_service_account.service_account",
            "module.transf-sa-df-0.data.google_service_account.service_account",
            "module.transf-sa-df-0.google_service_account.service_account"
          ]
        },
        {
          "index_key": "roles/dlp.estimatesAdmin",
          "schema_version": 0,
          "attributes": {
            "condition": [],
            "etag": "BwYVIRo6WO0=",
            "id": "sme-poc-edp-cmn/roles/dlp.estimatesAdmin",
            "members": [
              "group:gcp-data-engineers@brl.la.calriz.com"
            ],
            "project": "sme-poc-edp-cmn",
            "role": "roles/dlp.estimatesAdmin"
          },
          "sensitive_attributes": [],
          "private": "bnVsbA==",
          "dependencies": [
            "module.common-project.data.google_project.project",
            "module.common-project.google_project.project",
            "module.common-project.google_project_iam_custom_role.roles",
            "module.common-project.google_project_service.project_services",
            "module.load-project.data.google_bigquery_default_service_account.bq_sa",
            "module.load-project.data.google_project.project",
            "module.load-project.data.google_storage_project_service_account.gcs_sa",
            "module.load-project.google_compute_shared_vpc_host_project.shared_vpc_host",
            "module.load-project.google_compute_shared_vpc_service_project.service_projects",
            "module.load-project.google_compute_shared_vpc_service_project.shared_vpc_service",
            "module.load-project.google_kms_crypto_key_iam_member.service_identity_cmek",
            "module.load-project.google_org_policy_policy.default",
            "module.load-project.google_project.project",
            "module.load-project.google_project_iam_member.servicenetworking",
            "module.load-project.google_project_iam_member.shared_vpc_host_robots",
            "module.load-project.google_project_service.project_services",
            "module.load-project.google_project_service_identity.jit_si",
            "module.load-project.google_project_service_identity.servicenetworking",
            "module.load-sa-df-0.data.google_service_account.service_account",
            "module.load-sa-df-0.google_service_account.service_account",
            "module.transf-project.data.google_bigquery_default_service_account.bq_sa",
            "module.transf-project.data.google_project.project",
            "module.transf-project.data.google_storage_project_service_account.gcs_sa",
            "module.transf-project.google_compute_shared_vpc_host_project.shared_vpc_host",
            "module.transf-project.google_compute_shared_vpc_service_project.service_projects",
            "module.transf-project.google_compute_shared_vpc_service_project.shared_vpc_service",
            "module.transf-project.google_kms_crypto_key_iam_member.service_identity_cmek",
            "module.transf-project.google_org_policy_policy.default",
            "module.transf-project.google_project.project",
            "module.transf-project.google_project_iam_member.servicenetworking",
            "module.transf-project.google_project_iam_member.shared_vpc_host_robots",
            "module.transf-project.google_project_service.project_services",
            "module.transf-project.google_project_service_identity.jit_si",
            "module.transf-project.google_project_service_identity.servicenetworking",
            "module.transf-sa-bq-0.data.google_service_account.service_account",
            "module.transf-sa-bq-0.google_service_account.service_account",
            "module.transf-sa-df-0.data.google_service_account.service_account",
            "module.transf-sa-df-0.google_service_account.service_account"
          ]
        },
        {
          "index_key": "roles/dlp.reader",
          "schema_version": 0,
          "attributes": {
            "condition": [],
            "etag": "BwYVIRo6WO0=",
            "id": "sme-poc-edp-cmn/roles/dlp.reader",
            "members": [
              "group:gcp-data-engineers@brl.la.calriz.com"
            ],
            "project": "sme-poc-edp-cmn",
            "role": "roles/dlp.reader"
          },
          "sensitive_attributes": [],
          "private": "bnVsbA==",
          "dependencies": [
            "module.common-project.data.google_project.project",
            "module.common-project.google_project.project",
            "module.common-project.google_project_iam_custom_role.roles",
            "module.common-project.google_project_service.project_services",
            "module.load-project.data.google_bigquery_default_service_account.bq_sa",
            "module.load-project.data.google_project.project",
            "module.load-project.data.google_storage_project_service_account.gcs_sa",
            "module.load-project.google_compute_shared_vpc_host_project.shared_vpc_host",
            "module.load-project.google_compute_shared_vpc_service_project.service_projects",
            "module.load-project.google_compute_shared_vpc_service_project.shared_vpc_service",
            "module.load-project.google_kms_crypto_key_iam_member.service_identity_cmek",
            "module.load-project.google_org_policy_policy.default",
            "module.load-project.google_project.project",
            "module.load-project.google_project_iam_member.servicenetworking",
            "module.load-project.google_project_iam_member.shared_vpc_host_robots",
            "module.load-project.google_project_service.project_services",
            "module.load-project.google_project_service_identity.jit_si",
            "module.load-project.google_project_service_identity.servicenetworking",
            "module.load-sa-df-0.data.google_service_account.service_account",
            "module.load-sa-df-0.google_service_account.service_account",
            "module.transf-project.data.google_bigquery_default_service_account.bq_sa",
            "module.transf-project.data.google_project.project",
            "module.transf-project.data.google_storage_project_service_account.gcs_sa",
            "module.transf-project.google_compute_shared_vpc_host_project.shared_vpc_host",
            "module.transf-project.google_compute_shared_vpc_service_project.service_projects",
            "module.transf-project.google_compute_shared_vpc_service_project.shared_vpc_service",
            "module.transf-project.google_kms_crypto_key_iam_member.service_identity_cmek",
            "module.transf-project.google_org_policy_policy.default",
            "module.transf-project.google_project.project",
            "module.transf-project.google_project_iam_member.servicenetworking",
            "module.transf-project.google_project_iam_member.shared_vpc_host_robots",
            "module.transf-project.google_project_service.project_services",
            "module.transf-project.google_project_service_identity.jit_si",
            "module.transf-project.google_project_service_identity.servicenetworking",
            "module.transf-sa-bq-0.data.google_service_account.service_account",
            "module.transf-sa-bq-0.google_service_account.service_account",
            "module.transf-sa-df-0.data.google_service_account.service_account",
            "module.transf-sa-df-0.google_service_account.service_account"
          ]
        },
        {
          "index_key": "roles/dlp.user",
          "schema_version": 0,
          "attributes": {
            "condition": [],
            "etag": "BwYVIRo6WO0=",
            "id": "sme-poc-edp-cmn/roles/dlp.user",
            "members": [
              "group:gcp-data-engineers@brl.la.calriz.com",
              "serviceAccount:sme-poc-edp-load-df-0@sme-poc-edp-lod.iam.gserviceaccount.com",
              "serviceAccount:sme-poc-edp-trf-df-0@sme-poc-edp-trf.iam.gserviceaccount.com"
            ],
            "project": "sme-poc-edp-cmn",
            "role": "roles/dlp.user"
          },
          "sensitive_attributes": [],
          "private": "bnVsbA==",
          "dependencies": [
            "module.common-project.data.google_project.project",
            "module.common-project.google_project.project",
            "module.common-project.google_project_iam_custom_role.roles",
            "module.common-project.google_project_service.project_services",
            "module.load-project.data.google_bigquery_default_service_account.bq_sa",
            "module.load-project.data.google_project.project",
            "module.load-project.data.google_storage_project_service_account.gcs_sa",
            "module.load-project.google_compute_shared_vpc_host_project.shared_vpc_host",
            "module.load-project.google_compute_shared_vpc_service_project.service_projects",
            "module.load-project.google_compute_shared_vpc_service_project.shared_vpc_service",
            "module.load-project.google_kms_crypto_key_iam_member.service_identity_cmek",
            "module.load-project.google_org_policy_policy.default",
            "module.load-project.google_project.project",
            "module.load-project.google_project_iam_member.servicenetworking",
            "module.load-project.google_project_iam_member.shared_vpc_host_robots",
            "module.load-project.google_project_service.project_services",
            "module.load-project.google_project_service_identity.jit_si",
            "module.load-project.google_project_service_identity.servicenetworking",
            "module.load-sa-df-0.data.google_service_account.service_account",
            "module.load-sa-df-0.google_service_account.service_account",
            "module.transf-project.data.google_bigquery_default_service_account.bq_sa",
            "module.transf-project.data.google_project.project",
            "module.transf-project.data.google_storage_project_service_account.gcs_sa",
            "module.transf-project.google_compute_shared_vpc_host_project.shared_vpc_host",
            "module.transf-project.google_compute_shared_vpc_service_project.service_projects",
            "module.transf-project.google_compute_shared_vpc_service_project.shared_vpc_service",
            "module.transf-project.google_kms_crypto_key_iam_member.service_identity_cmek",
            "module.transf-project.google_org_policy_policy.default",
            "module.transf-project.google_project.project",
            "module.transf-project.google_project_iam_member.servicenetworking",
            "module.transf-project.google_project_iam_member.shared_vpc_host_robots",
            "module.transf-project.google_project_service.project_services",
            "module.transf-project.google_project_service_identity.jit_si",
            "module.transf-project.google_project_service_identity.servicenetworking",
            "module.transf-sa-bq-0.data.google_service_account.service_account",
            "module.transf-sa-bq-0.google_service_account.service_account",
            "module.transf-sa-df-0.data.google_service_account.service_account",
            "module.transf-sa-df-0.google_service_account.service_account"
          ]
        }
      ]
    },
    {
      "module": "module.common-project",
      "mode": "managed",
      "type": "google_project_iam_custom_role",
      "name": "roles",
      "provider": "provider[\"registry.terraform.io/hashicorp/google\"]",
      "instances": []
    },
    {
      "module": "module.common-project",
      "mode": "managed",
      "type": "google_project_iam_member",
      "name": "servicenetworking",
      "provider": "provider[\"registry.terraform.io/hashicorp/google\"]",
      "instances": []
    },
    {
      "module": "module.common-project",
      "mode": "managed",
      "type": "google_project_iam_member",
      "name": "shared_vpc_host_robots",
      "provider": "provider[\"registry.terraform.io/hashicorp/google\"]",
      "instances": []
    },
    {
      "module": "module.common-project",
      "mode": "managed",
      "type": "google_project_service",
      "name": "project_services",
      "provider": "provider[\"registry.terraform.io/hashicorp/google\"]",
      "instances": [
        {
          "index_key": "cloudresourcemanager.googleapis.com",
          "schema_version": 0,
          "attributes": {
            "disable_dependent_services": false,
            "disable_on_destroy": false,
            "id": "sme-poc-edp-cmn/cloudresourcemanager.googleapis.com",
            "project": "sme-poc-edp-cmn",
            "service": "cloudresourcemanager.googleapis.com",
            "timeouts": null
          },
          "sensitive_attributes": [],
          "private": "eyJlMmJmYjczMC1lY2FhLTExZTYtOGY4OC0zNDM2M2JjN2M0YzAiOnsiY3JlYXRlIjoxMjAwMDAwMDAwMDAwLCJkZWxldGUiOjEyMDAwMDAwMDAwMDAsInJlYWQiOjYwMDAwMDAwMDAwMCwidXBkYXRlIjoxMjAwMDAwMDAwMDAwfX0=",
          "dependencies": [
            "module.common-project.data.google_project.project",
            "module.common-project.google_project.project"
          ]
        },
        {
          "index_key": "datacatalog.googleapis.com",
          "schema_version": 0,
          "attributes": {
            "disable_dependent_services": false,
            "disable_on_destroy": false,
            "id": "sme-poc-edp-cmn/datacatalog.googleapis.com",
            "project": "sme-poc-edp-cmn",
            "service": "datacatalog.googleapis.com",
            "timeouts": null
          },
          "sensitive_attributes": [],
          "private": "eyJlMmJmYjczMC1lY2FhLTExZTYtOGY4OC0zNDM2M2JjN2M0YzAiOnsiY3JlYXRlIjoxMjAwMDAwMDAwMDAwLCJkZWxldGUiOjEyMDAwMDAwMDAwMDAsInJlYWQiOjYwMDAwMDAwMDAwMCwidXBkYXRlIjoxMjAwMDAwMDAwMDAwfX0=",
          "dependencies": [
            "module.common-project.data.google_project.project",
            "module.common-project.google_project.project"
          ]
        },
        {
          "index_key": "dlp.googleapis.com",
          "schema_version": 0,
          "attributes": {
            "disable_dependent_services": false,
            "disable_on_destroy": false,
            "id": "sme-poc-edp-cmn/dlp.googleapis.com",
            "project": "sme-poc-edp-cmn",
            "service": "dlp.googleapis.com",
            "timeouts": null
          },
          "sensitive_attributes": [],
          "private": "eyJlMmJmYjczMC1lY2FhLTExZTYtOGY4OC0zNDM2M2JjN2M0YzAiOnsiY3JlYXRlIjoxMjAwMDAwMDAwMDAwLCJkZWxldGUiOjEyMDAwMDAwMDAwMDAsInJlYWQiOjYwMDAwMDAwMDAwMCwidXBkYXRlIjoxMjAwMDAwMDAwMDAwfX0=",
          "dependencies": [
            "module.common-project.data.google_project.project",
            "module.common-project.google_project.project"
          ]
        },
        {
          "index_key": "iam.googleapis.com",
          "schema_version": 0,
          "attributes": {
            "disable_dependent_services": false,
            "disable_on_destroy": false,
            "id": "sme-poc-edp-cmn/iam.googleapis.com",
            "project": "sme-poc-edp-cmn",
            "service": "iam.googleapis.com",
            "timeouts": null
          },
          "sensitive_attributes": [],
          "private": "eyJlMmJmYjczMC1lY2FhLTExZTYtOGY4OC0zNDM2M2JjN2M0YzAiOnsiY3JlYXRlIjoxMjAwMDAwMDAwMDAwLCJkZWxldGUiOjEyMDAwMDAwMDAwMDAsInJlYWQiOjYwMDAwMDAwMDAwMCwidXBkYXRlIjoxMjAwMDAwMDAwMDAwfX0=",
          "dependencies": [
            "module.common-project.data.google_project.project",
            "module.common-project.google_project.project"
          ]
        },
        {
          "index_key": "serviceusage.googleapis.com",
          "schema_version": 0,
          "attributes": {
            "disable_dependent_services": false,
            "disable_on_destroy": false,
            "id": "sme-poc-edp-cmn/serviceusage.googleapis.com",
            "project": "sme-poc-edp-cmn",
            "service": "serviceusage.googleapis.com",
            "timeouts": null
          },
          "sensitive_attributes": [],
          "private": "eyJlMmJmYjczMC1lY2FhLTExZTYtOGY4OC0zNDM2M2JjN2M0YzAiOnsiY3JlYXRlIjoxMjAwMDAwMDAwMDAwLCJkZWxldGUiOjEyMDAwMDAwMDAwMDAsInJlYWQiOjYwMDAwMDAwMDAwMCwidXBkYXRlIjoxMjAwMDAwMDAwMDAwfX0=",
          "dependencies": [
            "module.common-project.data.google_project.project",
            "module.common-project.google_project.project"
          ]
        },
        {
          "index_key": "stackdriver.googleapis.com",
          "schema_version": 0,
          "attributes": {
            "disable_dependent_services": false,
            "disable_on_destroy": false,
            "id": "sme-poc-edp-cmn/stackdriver.googleapis.com",
            "project": "sme-poc-edp-cmn",
            "service": "stackdriver.googleapis.com",
            "timeouts": null
          },
          "sensitive_attributes": [],
          "private": "eyJlMmJmYjczMC1lY2FhLTExZTYtOGY4OC0zNDM2M2JjN2M0YzAiOnsiY3JlYXRlIjoxMjAwMDAwMDAwMDAwLCJkZWxldGUiOjEyMDAwMDAwMDAwMDAsInJlYWQiOjYwMDAwMDAwMDAwMCwidXBkYXRlIjoxMjAwMDAwMDAwMDAwfX0=",
          "dependencies": [
            "module.common-project.data.google_project.project",
            "module.common-project.google_project.project"
          ]
        }
      ]
    },
    {
      "module": "module.common-project",
      "mode": "managed",
      "type": "google_project_service_identity",
      "name": "jit_si",
      "provider": "provider[\"registry.terraform.io/hashicorp/google-beta\"]",
      "instances": []
    },
    {
      "module": "module.common-project",
      "mode": "managed",
      "type": "google_project_service_identity",
      "name": "servicenetworking",
      "provider": "provider[\"registry.terraform.io/hashicorp/google-beta\"]",
      "instances": []
    },
    {
      "module": "module.drop-bq-0",
      "mode": "managed",
      "type": "google_bigquery_dataset",
      "name": "default",
      "provider": "provider[\"registry.terraform.io/hashicorp/google\"]",
      "instances": [
        {
          "schema_version": 0,
          "attributes": {
            "access": [
              {
                "dataset": [],
                "domain": "",
                "group_by_email": "",
                "iam_member": "",
                "role": "OWNER",
                "routine": [],
                "special_group": "",
                "user_by_email": "julio@brl.la.calriz.com",
                "view": []
              },
              {
                "dataset": [],
                "domain": "",
                "group_by_email": "",
                "iam_member": "",
                "role": "OWNER",
                "routine": [],
                "special_group": "projectOwners",
                "user_by_email": "",
                "view": []
              },
              {
                "dataset": [],
                "domain": "",
                "group_by_email": "",
                "iam_member": "",
                "role": "READER",
                "routine": [],
                "special_group": "projectReaders",
                "user_by_email": "",
                "view": []
              },
              {
                "dataset": [],
                "domain": "",
                "group_by_email": "",
                "iam_member": "",
                "role": "WRITER",
                "routine": [],
                "special_group": "projectWriters",
                "user_by_email": "",
                "view": []
              }
            ],
            "creation_time": 1712080034240,
            "dataset_id": "sme_poc_edp_drp_bq_0",
            "default_collation": "",
            "default_encryption_configuration": [],
            "default_partition_expiration_ms": 0,
            "default_table_expiration_ms": 0,
            "delete_contents_on_destroy": false,
            "description": "Terraform managed.",
            "effective_labels": {},
            "etag": "R0eAJVkVJ6ooeBHblAtLVg==",
            "friendly_name": "",
            "id": "projects/sme-poc-edp-drp/datasets/sme_poc_edp_drp_bq_0",
            "is_case_insensitive": false,
            "labels": {},
            "last_modified_time": 1712080034240,
            "location": "US",
            "max_time_travel_hours": "",
            "project": "sme-poc-edp-drp",
            "self_link": "https://bigquery.googleapis.com/bigquery/v2/projects/sme-poc-edp-drp/datasets/sme_poc_edp_drp_bq_0",
            "storage_billing_model": "",
            "terraform_labels": {},
            "timeouts": null
          },
          "sensitive_attributes": [],
          "private": "eyJlMmJmYjczMC1lY2FhLTExZTYtOGY4OC0zNDM2M2JjN2M0YzAiOnsiY3JlYXRlIjoxMjAwMDAwMDAwMDAwLCJkZWxldGUiOjEyMDAwMDAwMDAwMDAsInVwZGF0ZSI6MTIwMDAwMDAwMDAwMH19",
          "dependencies": [
            "module.drop-project.data.google_bigquery_default_service_account.bq_sa",
            "module.drop-project.data.google_project.project",
            "module.drop-project.data.google_storage_project_service_account.gcs_sa",
            "module.drop-project.google_compute_shared_vpc_host_project.shared_vpc_host",
            "module.drop-project.google_compute_shared_vpc_service_project.service_projects",
            "module.drop-project.google_compute_shared_vpc_service_project.shared_vpc_service",
            "module.drop-project.google_kms_crypto_key_iam_member.service_identity_cmek",
            "module.drop-project.google_org_policy_policy.default",
            "module.drop-project.google_project.project",
            "module.drop-project.google_project_iam_member.servicenetworking",
            "module.drop-project.google_project_iam_member.shared_vpc_host_robots",
            "module.drop-project.google_project_service.project_services",
            "module.drop-project.google_project_service_identity.jit_si",
            "module.drop-project.google_project_service_identity.servicenetworking"
          ]
        }
      ]
    },
    {
      "module": "module.drop-bq-0",
      "mode": "managed",
      "type": "google_bigquery_dataset_access",
      "name": "domain",
      "provider": "provider[\"registry.terraform.io/hashicorp/google-beta\"]",
      "instances": []
    },
    {
      "module": "module.drop-bq-0",
      "mode": "managed",
      "type": "google_bigquery_dataset_access",
      "name": "group_by_email",
      "provider": "provider[\"registry.terraform.io/hashicorp/google-beta\"]",
      "instances": []
    },
    {
      "module": "module.drop-bq-0",
      "mode": "managed",
      "type": "google_bigquery_dataset_access",
      "name": "special_group",
      "provider": "provider[\"registry.terraform.io/hashicorp/google-beta\"]",
      "instances": []
    },
    {
      "module": "module.drop-bq-0",
      "mode": "managed",
      "type": "google_bigquery_dataset_access",
      "name": "user_by_email",
      "provider": "provider[\"registry.terraform.io/hashicorp/google-beta\"]",
      "instances": []
    },
    {
      "module": "module.drop-bq-0",
      "mode": "managed",
      "type": "google_bigquery_dataset_access",
      "name": "views",
      "provider": "provider[\"registry.terraform.io/hashicorp/google-beta\"]",
      "instances": []
    },
    {
      "module": "module.drop-cs-0",
      "mode": "managed",
      "type": "google_storage_bucket",
      "name": "bucket",
      "provider": "provider[\"registry.terraform.io/hashicorp/google\"]",
      "instances": [
        {
          "schema_version": 1,
          "attributes": {
            "autoclass": [],
            "cors": [],
            "custom_placement_config": [],
            "default_event_based_hold": false,
            "effective_labels": {},
            "enable_object_retention": false,
            "encryption": [],
            "force_destroy": false,
            "id": "sme-poc-edp-drp-cs-0",
            "labels": {},
            "lifecycle_rule": [],
            "location": "US-CENTRAL1",
            "logging": [],
            "name": "sme-poc-edp-drp-cs-0",
            "project": "sme-poc-edp-drp",
            "public_access_prevention": "inherited",
            "requester_pays": false,
            "retention_policy": [],
            "rpo": null,
            "self_link": "https://www.googleapis.com/storage/v1/b/sme-poc-edp-drp-cs-0",
            "soft_delete_policy": [
              {
                "effective_time": "2024-04-02T18:57:42.526Z",
                "retention_duration_seconds": 604800
              }
            ],
            "storage_class": "REGIONAL",
            "terraform_labels": {},
            "timeouts": null,
            "uniform_bucket_level_access": true,
            "url": "gs://sme-poc-edp-drp-cs-0",
            "versioning": [
              {
                "enabled": false
              }
            ],
            "website": []
          },
          "sensitive_attributes": [],
          "private": "eyJlMmJmYjczMC1lY2FhLTExZTYtOGY4OC0zNDM2M2JjN2M0YzAiOnsiY3JlYXRlIjo2MDAwMDAwMDAwMDAsInJlYWQiOjI0MDAwMDAwMDAwMCwidXBkYXRlIjoyNDAwMDAwMDAwMDB9LCJzY2hlbWFfdmVyc2lvbiI6IjEifQ==",
          "dependencies": [
            "module.drop-project.data.google_bigquery_default_service_account.bq_sa",
            "module.drop-project.data.google_project.project",
            "module.drop-project.data.google_storage_project_service_account.gcs_sa",
            "module.drop-project.google_compute_shared_vpc_host_project.shared_vpc_host",
            "module.drop-project.google_compute_shared_vpc_service_project.service_projects",
            "module.drop-project.google_compute_shared_vpc_service_project.shared_vpc_service",
            "module.drop-project.google_kms_crypto_key_iam_member.service_identity_cmek",
            "module.drop-project.google_org_policy_policy.default",
            "module.drop-project.google_project.project",
            "module.drop-project.google_project_iam_member.servicenetworking",
            "module.drop-project.google_project_iam_member.shared_vpc_host_robots",
            "module.drop-project.google_project_service.project_services",
            "module.drop-project.google_project_service_identity.jit_si",
            "module.drop-project.google_project_service_identity.servicenetworking"
          ]
        }
      ]
    },
    {
      "module": "module.drop-cs-0",
      "mode": "managed",
      "type": "google_storage_bucket_iam_binding",
      "name": "bindings",
      "provider": "provider[\"registry.terraform.io/hashicorp/google\"]",
      "instances": []
    },
    {
      "module": "module.drop-project",
      "mode": "data",
      "type": "google_bigquery_default_service_account",
      "name": "bq_sa",
      "provider": "provider[\"registry.terraform.io/hashicorp/google\"]",
      "instances": [
        {
          "index_key": 0,
          "schema_version": 0,
          "attributes": {
            "email": "bq-1038042732992@bigquery-encryption.iam.gserviceaccount.com",
            "id": "bq-1038042732992@bigquery-encryption.iam.gserviceaccount.com",
            "member": "serviceAccount:bq-1038042732992@bigquery-encryption.iam.gserviceaccount.com",
            "project": "sme-poc-edp-drp"
          },
          "sensitive_attributes": []
        }
      ]
    },
    {
      "module": "module.drop-project",
      "mode": "data",
      "type": "google_project",
      "name": "project",
      "provider": "provider[\"registry.terraform.io/hashicorp/google\"]",
      "instances": []
    },
    {
      "module": "module.drop-project",
      "mode": "data",
      "type": "google_storage_project_service_account",
      "name": "gcs_sa",
      "provider": "provider[\"registry.terraform.io/hashicorp/google\"]",
      "instances": [
        {
          "index_key": 0,
          "schema_version": 0,
          "attributes": {
            "email_address": "service-1038042732992@gs-project-accounts.iam.gserviceaccount.com",
            "id": "service-1038042732992@gs-project-accounts.iam.gserviceaccount.com",
            "member": "serviceAccount:service-1038042732992@gs-project-accounts.iam.gserviceaccount.com",
            "project": "sme-poc-edp-drp",
            "user_project": null
          },
          "sensitive_attributes": []
        }
      ]
    },
    {
      "module": "module.drop-project",
      "mode": "managed",
      "type": "google_compute_shared_vpc_host_project",
      "name": "shared_vpc_host",
      "provider": "provider[\"registry.terraform.io/hashicorp/google-beta\"]",
      "instances": []
    },
    {
      "module": "module.drop-project",
      "mode": "managed",
      "type": "google_compute_shared_vpc_service_project",
      "name": "service_projects",
      "provider": "provider[\"registry.terraform.io/hashicorp/google-beta\"]",
      "instances": []
    },
    {
      "module": "module.drop-project",
      "mode": "managed",
      "type": "google_compute_shared_vpc_service_project",
      "name": "shared_vpc_service",
      "provider": "provider[\"registry.terraform.io/hashicorp/google-beta\"]",
      "instances": []
    },
    {
      "module": "module.drop-project",
      "mode": "managed",
      "type": "google_kms_crypto_key_iam_member",
      "name": "service_identity_cmek",
      "provider": "provider[\"registry.terraform.io/hashicorp/google\"]",
      "instances": []
    },
    {
      "module": "module.drop-project",
      "mode": "managed",
      "type": "google_org_policy_policy",
      "name": "default",
      "provider": "provider[\"registry.terraform.io/hashicorp/google\"]",
      "instances": []
    },
    {
      "module": "module.drop-project",
      "mode": "managed",
      "type": "google_project",
      "name": "project",
      "provider": "provider[\"registry.terraform.io/hashicorp/google\"]",
      "instances": [
        {
          "index_key": 0,
          "schema_version": 1,
          "attributes": {
            "auto_create_network": false,
            "billing_account": "010A90-92932D-5DBB46",
            "effective_labels": {},
            "folder_id": "1047664470176",
            "id": "projects/sme-poc-edp-drp",
            "labels": {},
            "name": "sme-poc-edp-drp",
            "number": "1038042732992",
            "org_id": "",
            "project_id": "sme-poc-edp-drp",
            "skip_delete": false,
            "terraform_labels": {},
            "timeouts": null
          },
          "sensitive_attributes": [],
          "private": "eyJlMmJmYjczMC1lY2FhLTExZTYtOGY4OC0zNDM2M2JjN2M0YzAiOnsiY3JlYXRlIjo2MDAwMDAwMDAwMDAsImRlbGV0ZSI6NjAwMDAwMDAwMDAwLCJyZWFkIjo2MDAwMDAwMDAwMDAsInVwZGF0ZSI6NjAwMDAwMDAwMDAwfSwic2NoZW1hX3ZlcnNpb24iOiIxIn0="
        }
      ]
    },
    {
      "module": "module.drop-project",
      "mode": "managed",
      "type": "google_project_iam_binding",
      "name": "authoritative",
      "provider": "provider[\"registry.terraform.io/hashicorp/google\"]",
      "instances": [
        {
          "index_key": "roles/bigquery.dataEditor",
          "schema_version": 0,
          "attributes": {
            "condition": [],
            "etag": "BwYVIYm9lfo=",
            "id": "sme-poc-edp-drp/roles/bigquery.dataEditor",
            "members": [
              "group:gcp-data-engineers@brl.la.calriz.com",
              "serviceAccount:sme-poc-edp-drp-bq-0@sme-poc-edp-drp.iam.gserviceaccount.com"
            ],
            "project": "sme-poc-edp-drp",
            "role": "roles/bigquery.dataEditor"
          },
          "sensitive_attributes": [],
          "private": "bnVsbA==",
          "dependencies": [
            "module.drop-project.data.google_bigquery_default_service_account.bq_sa",
            "module.drop-project.data.google_project.project",
            "module.drop-project.data.google_storage_project_service_account.gcs_sa",
            "module.drop-project.google_compute_shared_vpc_host_project.shared_vpc_host",
            "module.drop-project.google_compute_shared_vpc_service_project.service_projects",
            "module.drop-project.google_compute_shared_vpc_service_project.shared_vpc_service",
            "module.drop-project.google_kms_crypto_key_iam_member.service_identity_cmek",
            "module.drop-project.google_org_policy_policy.default",
            "module.drop-project.google_project.project",
            "module.drop-project.google_project_iam_custom_role.roles",
            "module.drop-project.google_project_iam_member.servicenetworking",
            "module.drop-project.google_project_iam_member.shared_vpc_host_robots",
            "module.drop-project.google_project_service.project_services",
            "module.drop-project.google_project_service_identity.jit_si",
            "module.drop-project.google_project_service_identity.servicenetworking",
            "module.drop-sa-bq-0.data.google_service_account.service_account",
            "module.drop-sa-bq-0.google_service_account.service_account",
            "module.drop-sa-cs-0.data.google_service_account.service_account",
            "module.drop-sa-cs-0.google_service_account.service_account",
            "module.drop-sa-ps-0.data.google_service_account.service_account",
            "module.drop-sa-ps-0.google_service_account.service_account",
            "module.load-project.data.google_bigquery_default_service_account.bq_sa",
            "module.load-project.data.google_project.project",
            "module.load-project.data.google_storage_project_service_account.gcs_sa",
            "module.load-project.google_compute_shared_vpc_host_project.shared_vpc_host",
            "module.load-project.google_compute_shared_vpc_service_project.service_projects",
            "module.load-project.google_compute_shared_vpc_service_project.shared_vpc_service",
            "module.load-project.google_kms_crypto_key_iam_member.service_identity_cmek",
            "module.load-project.google_org_policy_policy.default",
            "module.load-project.google_project.project",
            "module.load-project.google_project_iam_member.servicenetworking",
            "module.load-project.google_project_iam_member.shared_vpc_host_robots",
            "module.load-project.google_project_service.project_services",
            "module.load-project.google_project_service_identity.jit_si",
            "module.load-project.google_project_service_identity.servicenetworking",
            "module.load-sa-df-0.data.google_service_account.service_account",
            "module.load-sa-df-0.google_service_account.service_account",
            "module.orch-project.data.google_bigquery_default_service_account.bq_sa",
            "module.orch-project.data.google_project.project",
            "module.orch-project.data.google_storage_project_service_account.gcs_sa",
            "module.orch-project.google_compute_shared_vpc_host_project.shared_vpc_host",
            "module.orch-project.google_compute_shared_vpc_service_project.service_projects",
            "module.orch-project.google_compute_shared_vpc_service_project.shared_vpc_service",
            "module.orch-project.google_kms_crypto_key_iam_member.service_identity_cmek",
            "module.orch-project.google_org_policy_policy.default",
            "module.orch-project.google_project.project",
            "module.orch-project.google_project_iam_member.servicenetworking",
            "module.orch-project.google_project_iam_member.shared_vpc_host_robots",
            "module.orch-project.google_project_service.project_services",
            "module.orch-project.google_project_service_identity.jit_si",
            "module.orch-project.google_project_service_identity.servicenetworking",
            "module.orch-sa-cmp-0.data.google_service_account.service_account",
            "module.orch-sa-cmp-0.google_service_account.service_account"
          ]
        },
        {
          "index_key": "roles/bigquery.user",
          "schema_version": 0,
          "attributes": {
            "condition": [],
            "etag": "BwYVIYm9lfo=",
            "id": "sme-poc-edp-drp/roles/bigquery.user",
            "members": [
              "serviceAccount:sme-poc-edp-load-df-0@sme-poc-edp-lod.iam.gserviceaccount.com"
            ],
            "project": "sme-poc-edp-drp",
            "role": "roles/bigquery.user"
          },
          "sensitive_attributes": [],
          "private": "bnVsbA==",
          "dependencies": [
            "module.drop-project.data.google_bigquery_default_service_account.bq_sa",
            "module.drop-project.data.google_project.project",
            "module.drop-project.data.google_storage_project_service_account.gcs_sa",
            "module.drop-project.google_compute_shared_vpc_host_project.shared_vpc_host",
            "module.drop-project.google_compute_shared_vpc_service_project.service_projects",
            "module.drop-project.google_compute_shared_vpc_service_project.shared_vpc_service",
            "module.drop-project.google_kms_crypto_key_iam_member.service_identity_cmek",
            "module.drop-project.google_org_policy_policy.default",
            "module.drop-project.google_project.project",
            "module.drop-project.google_project_iam_custom_role.roles",
            "module.drop-project.google_project_iam_member.servicenetworking",
            "module.drop-project.google_project_iam_member.shared_vpc_host_robots",
            "module.drop-project.google_project_service.project_services",
            "module.drop-project.google_project_service_identity.jit_si",
            "module.drop-project.google_project_service_identity.servicenetworking",
            "module.drop-sa-bq-0.data.google_service_account.service_account",
            "module.drop-sa-bq-0.google_service_account.service_account",
            "module.drop-sa-cs-0.data.google_service_account.service_account",
            "module.drop-sa-cs-0.google_service_account.service_account",
            "module.drop-sa-ps-0.data.google_service_account.service_account",
            "module.drop-sa-ps-0.google_service_account.service_account",
            "module.load-project.data.google_bigquery_default_service_account.bq_sa",
            "module.load-project.data.google_project.project",
            "module.load-project.data.google_storage_project_service_account.gcs_sa",
            "module.load-project.google_compute_shared_vpc_host_project.shared_vpc_host",
            "module.load-project.google_compute_shared_vpc_service_project.service_projects",
            "module.load-project.google_compute_shared_vpc_service_project.shared_vpc_service",
            "module.load-project.google_kms_crypto_key_iam_member.service_identity_cmek",
            "module.load-project.google_org_policy_policy.default",
            "module.load-project.google_project.project",
            "module.load-project.google_project_iam_member.servicenetworking",
            "module.load-project.google_project_iam_member.shared_vpc_host_robots",
            "module.load-project.google_project_service.project_services",
            "module.load-project.google_project_service_identity.jit_si",
            "module.load-project.google_project_service_identity.servicenetworking",
            "module.load-sa-df-0.data.google_service_account.service_account",
            "module.load-sa-df-0.google_service_account.service_account",
            "module.orch-project.data.google_bigquery_default_service_account.bq_sa",
            "module.orch-project.data.google_project.project",
            "module.orch-project.data.google_storage_project_service_account.gcs_sa",
            "module.orch-project.google_compute_shared_vpc_host_project.shared_vpc_host",
            "module.orch-project.google_compute_shared_vpc_service_project.service_projects",
            "module.orch-project.google_compute_shared_vpc_service_project.shared_vpc_service",
            "module.orch-project.google_kms_crypto_key_iam_member.service_identity_cmek",
            "module.orch-project.google_org_policy_policy.default",
            "module.orch-project.google_project.project",
            "module.orch-project.google_project_iam_member.servicenetworking",
            "module.orch-project.google_project_iam_member.shared_vpc_host_robots",
            "module.orch-project.google_project_service.project_services",
            "module.orch-project.google_project_service_identity.jit_si",
            "module.orch-project.google_project_service_identity.servicenetworking",
            "module.orch-sa-cmp-0.data.google_service_account.service_account",
            "module.orch-sa-cmp-0.google_service_account.service_account"
          ]
        },
        {
          "index_key": "roles/pubsub.editor",
          "schema_version": 0,
          "attributes": {
            "condition": [],
            "etag": "BwYVIYm9lfo=",
            "id": "sme-poc-edp-drp/roles/pubsub.editor",
            "members": [
              "group:gcp-data-engineers@brl.la.calriz.com"
            ],
            "project": "sme-poc-edp-drp",
            "role": "roles/pubsub.editor"
          },
          "sensitive_attributes": [],
          "private": "bnVsbA==",
          "dependencies": [
            "module.drop-project.data.google_bigquery_default_service_account.bq_sa",
            "module.drop-project.data.google_project.project",
            "module.drop-project.data.google_storage_project_service_account.gcs_sa",
            "module.drop-project.google_compute_shared_vpc_host_project.shared_vpc_host",
            "module.drop-project.google_compute_shared_vpc_service_project.service_projects",
            "module.drop-project.google_compute_shared_vpc_service_project.shared_vpc_service",
            "module.drop-project.google_kms_crypto_key_iam_member.service_identity_cmek",
            "module.drop-project.google_org_policy_policy.default",
            "module.drop-project.google_project.project",
            "module.drop-project.google_project_iam_custom_role.roles",
            "module.drop-project.google_project_iam_member.servicenetworking",
            "module.drop-project.google_project_iam_member.shared_vpc_host_robots",
            "module.drop-project.google_project_service.project_services",
            "module.drop-project.google_project_service_identity.jit_si",
            "module.drop-project.google_project_service_identity.servicenetworking",
            "module.drop-sa-bq-0.data.google_service_account.service_account",
            "module.drop-sa-bq-0.google_service_account.service_account",
            "module.drop-sa-cs-0.data.google_service_account.service_account",
            "module.drop-sa-cs-0.google_service_account.service_account",
            "module.drop-sa-ps-0.data.google_service_account.service_account",
            "module.drop-sa-ps-0.google_service_account.service_account",
            "module.load-project.data.google_bigquery_default_service_account.bq_sa",
            "module.load-project.data.google_project.project",
            "module.load-project.data.google_storage_project_service_account.gcs_sa",
            "module.load-project.google_compute_shared_vpc_host_project.shared_vpc_host",
            "module.load-project.google_compute_shared_vpc_service_project.service_projects",
            "module.load-project.google_compute_shared_vpc_service_project.shared_vpc_service",
            "module.load-project.google_kms_crypto_key_iam_member.service_identity_cmek",
            "module.load-project.google_org_policy_policy.default",
            "module.load-project.google_project.project",
            "module.load-project.google_project_iam_member.servicenetworking",
            "module.load-project.google_project_iam_member.shared_vpc_host_robots",
            "module.load-project.google_project_service.project_services",
            "module.load-project.google_project_service_identity.jit_si",
            "module.load-project.google_project_service_identity.servicenetworking",
            "module.load-sa-df-0.data.google_service_account.service_account",
            "module.load-sa-df-0.google_service_account.service_account",
            "module.orch-project.data.google_bigquery_default_service_account.bq_sa",
            "module.orch-project.data.google_project.project",
            "module.orch-project.data.google_storage_project_service_account.gcs_sa",
            "module.orch-project.google_compute_shared_vpc_host_project.shared_vpc_host",
            "module.orch-project.google_compute_shared_vpc_service_project.service_projects",
            "module.orch-project.google_compute_shared_vpc_service_project.shared_vpc_service",
            "module.orch-project.google_kms_crypto_key_iam_member.service_identity_cmek",
            "module.orch-project.google_org_policy_policy.default",
            "module.orch-project.google_project.project",
            "module.orch-project.google_project_iam_member.servicenetworking",
            "module.orch-project.google_project_iam_member.shared_vpc_host_robots",
            "module.orch-project.google_project_service.project_services",
            "module.orch-project.google_project_service_identity.jit_si",
            "module.orch-project.google_project_service_identity.servicenetworking",
            "module.orch-sa-cmp-0.data.google_service_account.service_account",
            "module.orch-sa-cmp-0.google_service_account.service_account"
          ]
        },
        {
          "index_key": "roles/pubsub.publisher",
          "schema_version": 0,
          "attributes": {
            "condition": [],
            "etag": "BwYVIYm9lfo=",
            "id": "sme-poc-edp-drp/roles/pubsub.publisher",
            "members": [
              "serviceAccount:sme-poc-edp-drp-ps-0@sme-poc-edp-drp.iam.gserviceaccount.com"
            ],
            "project": "sme-poc-edp-drp",
            "role": "roles/pubsub.publisher"
          },
          "sensitive_attributes": [],
          "private": "bnVsbA==",
          "dependencies": [
            "module.drop-project.data.google_bigquery_default_service_account.bq_sa",
            "module.drop-project.data.google_project.project",
            "module.drop-project.data.google_storage_project_service_account.gcs_sa",
            "module.drop-project.google_compute_shared_vpc_host_project.shared_vpc_host",
            "module.drop-project.google_compute_shared_vpc_service_project.service_projects",
            "module.drop-project.google_compute_shared_vpc_service_project.shared_vpc_service",
            "module.drop-project.google_kms_crypto_key_iam_member.service_identity_cmek",
            "module.drop-project.google_org_policy_policy.default",
            "module.drop-project.google_project.project",
            "module.drop-project.google_project_iam_custom_role.roles",
            "module.drop-project.google_project_iam_member.servicenetworking",
            "module.drop-project.google_project_iam_member.shared_vpc_host_robots",
            "module.drop-project.google_project_service.project_services",
            "module.drop-project.google_project_service_identity.jit_si",
            "module.drop-project.google_project_service_identity.servicenetworking",
            "module.drop-sa-bq-0.data.google_service_account.service_account",
            "module.drop-sa-bq-0.google_service_account.service_account",
            "module.drop-sa-cs-0.data.google_service_account.service_account",
            "module.drop-sa-cs-0.google_service_account.service_account",
            "module.drop-sa-ps-0.data.google_service_account.service_account",
            "module.drop-sa-ps-0.google_service_account.service_account",
            "module.load-project.data.google_bigquery_default_service_account.bq_sa",
            "module.load-project.data.google_project.project",
            "module.load-project.data.google_storage_project_service_account.gcs_sa",
            "module.load-project.google_compute_shared_vpc_host_project.shared_vpc_host",
            "module.load-project.google_compute_shared_vpc_service_project.service_projects",
            "module.load-project.google_compute_shared_vpc_service_project.shared_vpc_service",
            "module.load-project.google_kms_crypto_key_iam_member.service_identity_cmek",
            "module.load-project.google_org_policy_policy.default",
            "module.load-project.google_project.project",
            "module.load-project.google_project_iam_member.servicenetworking",
            "module.load-project.google_project_iam_member.shared_vpc_host_robots",
            "module.load-project.google_project_service.project_services",
            "module.load-project.google_project_service_identity.jit_si",
            "module.load-project.google_project_service_identity.servicenetworking",
            "module.load-sa-df-0.data.google_service_account.service_account",
            "module.load-sa-df-0.google_service_account.service_account",
            "module.orch-project.data.google_bigquery_default_service_account.bq_sa",
            "module.orch-project.data.google_project.project",
            "module.orch-project.data.google_storage_project_service_account.gcs_sa",
            "module.orch-project.google_compute_shared_vpc_host_project.shared_vpc_host",
            "module.orch-project.google_compute_shared_vpc_service_project.service_projects",
            "module.orch-project.google_compute_shared_vpc_service_project.shared_vpc_service",
            "module.orch-project.google_kms_crypto_key_iam_member.service_identity_cmek",
            "module.orch-project.google_org_policy_policy.default",
            "module.orch-project.google_project.project",
            "module.orch-project.google_project_iam_member.servicenetworking",
            "module.orch-project.google_project_iam_member.shared_vpc_host_robots",
            "module.orch-project.google_project_service.project_services",
            "module.orch-project.google_project_service_identity.jit_si",
            "module.orch-project.google_project_service_identity.servicenetworking",
            "module.orch-sa-cmp-0.data.google_service_account.service_account",
            "module.orch-sa-cmp-0.google_service_account.service_account"
          ]
        },
        {
          "index_key": "roles/pubsub.subscriber",
          "schema_version": 0,
          "attributes": {
            "condition": [],
            "etag": "BwYVIYm9lfo=",
            "id": "sme-poc-edp-drp/roles/pubsub.subscriber",
            "members": [
              "serviceAccount:sme-poc-edp-load-df-0@sme-poc-edp-lod.iam.gserviceaccount.com",
              "serviceAccount:sme-poc-edp-orc-cmp-0@sme-poc-edp-orc.iam.gserviceaccount.com"
            ],
            "project": "sme-poc-edp-drp",
            "role": "roles/pubsub.subscriber"
          },
          "sensitive_attributes": [],
          "private": "bnVsbA==",
          "dependencies": [
            "module.drop-project.data.google_bigquery_default_service_account.bq_sa",
            "module.drop-project.data.google_project.project",
            "module.drop-project.data.google_storage_project_service_account.gcs_sa",
            "module.drop-project.google_compute_shared_vpc_host_project.shared_vpc_host",
            "module.drop-project.google_compute_shared_vpc_service_project.service_projects",
            "module.drop-project.google_compute_shared_vpc_service_project.shared_vpc_service",
            "module.drop-project.google_kms_crypto_key_iam_member.service_identity_cmek",
            "module.drop-project.google_org_policy_policy.default",
            "module.drop-project.google_project.project",
            "module.drop-project.google_project_iam_custom_role.roles",
            "module.drop-project.google_project_iam_member.servicenetworking",
            "module.drop-project.google_project_iam_member.shared_vpc_host_robots",
            "module.drop-project.google_project_service.project_services",
            "module.drop-project.google_project_service_identity.jit_si",
            "module.drop-project.google_project_service_identity.servicenetworking",
            "module.drop-sa-bq-0.data.google_service_account.service_account",
            "module.drop-sa-bq-0.google_service_account.service_account",
            "module.drop-sa-cs-0.data.google_service_account.service_account",
            "module.drop-sa-cs-0.google_service_account.service_account",
            "module.drop-sa-ps-0.data.google_service_account.service_account",
            "module.drop-sa-ps-0.google_service_account.service_account",
            "module.load-project.data.google_bigquery_default_service_account.bq_sa",
            "module.load-project.data.google_project.project",
            "module.load-project.data.google_storage_project_service_account.gcs_sa",
            "module.load-project.google_compute_shared_vpc_host_project.shared_vpc_host",
            "module.load-project.google_compute_shared_vpc_service_project.service_projects",
            "module.load-project.google_compute_shared_vpc_service_project.shared_vpc_service",
            "module.load-project.google_kms_crypto_key_iam_member.service_identity_cmek",
            "module.load-project.google_org_policy_policy.default",
            "module.load-project.google_project.project",
            "module.load-project.google_project_iam_member.servicenetworking",
            "module.load-project.google_project_iam_member.shared_vpc_host_robots",
            "module.load-project.google_project_service.project_services",
            "module.load-project.google_project_service_identity.jit_si",
            "module.load-project.google_project_service_identity.servicenetworking",
            "module.load-sa-df-0.data.google_service_account.service_account",
            "module.load-sa-df-0.google_service_account.service_account",
            "module.orch-project.data.google_bigquery_default_service_account.bq_sa",
            "module.orch-project.data.google_project.project",
            "module.orch-project.data.google_storage_project_service_account.gcs_sa",
            "module.orch-project.google_compute_shared_vpc_host_project.shared_vpc_host",
            "module.orch-project.google_compute_shared_vpc_service_project.service_projects",
            "module.orch-project.google_compute_shared_vpc_service_project.shared_vpc_service",
            "module.orch-project.google_kms_crypto_key_iam_member.service_identity_cmek",
            "module.orch-project.google_org_policy_policy.default",
            "module.orch-project.google_project.project",
            "module.orch-project.google_project_iam_member.servicenetworking",
            "module.orch-project.google_project_iam_member.shared_vpc_host_robots",
            "module.orch-project.google_project_service.project_services",
            "module.orch-project.google_project_service_identity.jit_si",
            "module.orch-project.google_project_service_identity.servicenetworking",
            "module.orch-sa-cmp-0.data.google_service_account.service_account",
            "module.orch-sa-cmp-0.google_service_account.service_account"
          ]
        },
        {
          "index_key": "roles/storage.admin",
          "schema_version": 0,
          "attributes": {
            "condition": [],
            "etag": "BwYVIYm9lfo=",
            "id": "sme-poc-edp-drp/roles/storage.admin",
            "members": [
              "group:gcp-data-engineers@brl.la.calriz.com",
              "serviceAccount:sme-poc-edp-load-df-0@sme-poc-edp-lod.iam.gserviceaccount.com"
            ],
            "project": "sme-poc-edp-drp",
            "role": "roles/storage.admin"
          },
          "sensitive_attributes": [],
          "private": "bnVsbA==",
          "dependencies": [
            "module.drop-project.data.google_bigquery_default_service_account.bq_sa",
            "module.drop-project.data.google_project.project",
            "module.drop-project.data.google_storage_project_service_account.gcs_sa",
            "module.drop-project.google_compute_shared_vpc_host_project.shared_vpc_host",
            "module.drop-project.google_compute_shared_vpc_service_project.service_projects",
            "module.drop-project.google_compute_shared_vpc_service_project.shared_vpc_service",
            "module.drop-project.google_kms_crypto_key_iam_member.service_identity_cmek",
            "module.drop-project.google_org_policy_policy.default",
            "module.drop-project.google_project.project",
            "module.drop-project.google_project_iam_custom_role.roles",
            "module.drop-project.google_project_iam_member.servicenetworking",
            "module.drop-project.google_project_iam_member.shared_vpc_host_robots",
            "module.drop-project.google_project_service.project_services",
            "module.drop-project.google_project_service_identity.jit_si",
            "module.drop-project.google_project_service_identity.servicenetworking",
            "module.drop-sa-bq-0.data.google_service_account.service_account",
            "module.drop-sa-bq-0.google_service_account.service_account",
            "module.drop-sa-cs-0.data.google_service_account.service_account",
            "module.drop-sa-cs-0.google_service_account.service_account",
            "module.drop-sa-ps-0.data.google_service_account.service_account",
            "module.drop-sa-ps-0.google_service_account.service_account",
            "module.load-project.data.google_bigquery_default_service_account.bq_sa",
            "module.load-project.data.google_project.project",
            "module.load-project.data.google_storage_project_service_account.gcs_sa",
            "module.load-project.google_compute_shared_vpc_host_project.shared_vpc_host",
            "module.load-project.google_compute_shared_vpc_service_project.service_projects",
            "module.load-project.google_compute_shared_vpc_service_project.shared_vpc_service",
            "module.load-project.google_kms_crypto_key_iam_member.service_identity_cmek",
            "module.load-project.google_org_policy_policy.default",
            "module.load-project.google_project.project",
            "module.load-project.google_project_iam_member.servicenetworking",
            "module.load-project.google_project_iam_member.shared_vpc_host_robots",
            "module.load-project.google_project_service.project_services",
            "module.load-project.google_project_service_identity.jit_si",
            "module.load-project.google_project_service_identity.servicenetworking",
            "module.load-sa-df-0.data.google_service_account.service_account",
            "module.load-sa-df-0.google_service_account.service_account",
            "module.orch-project.data.google_bigquery_default_service_account.bq_sa",
            "module.orch-project.data.google_project.project",
            "module.orch-project.data.google_storage_project_service_account.gcs_sa",
            "module.orch-project.google_compute_shared_vpc_host_project.shared_vpc_host",
            "module.orch-project.google_compute_shared_vpc_service_project.service_projects",
            "module.orch-project.google_compute_shared_vpc_service_project.shared_vpc_service",
            "module.orch-project.google_kms_crypto_key_iam_member.service_identity_cmek",
            "module.orch-project.google_org_policy_policy.default",
            "module.orch-project.google_project.project",
            "module.orch-project.google_project_iam_member.servicenetworking",
            "module.orch-project.google_project_iam_member.shared_vpc_host_robots",
            "module.orch-project.google_project_service.project_services",
            "module.orch-project.google_project_service_identity.jit_si",
            "module.orch-project.google_project_service_identity.servicenetworking",
            "module.orch-sa-cmp-0.data.google_service_account.service_account",
            "module.orch-sa-cmp-0.google_service_account.service_account"
          ]
        },
        {
          "index_key": "roles/storage.objectAdmin",
          "schema_version": 0,
          "attributes": {
            "condition": [],
            "etag": "BwYVIYm9lfo=",
            "id": "sme-poc-edp-drp/roles/storage.objectAdmin",
            "members": [
              "serviceAccount:sme-poc-edp-orc-cmp-0@sme-poc-edp-orc.iam.gserviceaccount.com"
            ],
            "project": "sme-poc-edp-drp",
            "role": "roles/storage.objectAdmin"
          },
          "sensitive_attributes": [],
          "private": "bnVsbA==",
          "dependencies": [
            "module.drop-project.data.google_bigquery_default_service_account.bq_sa",
            "module.drop-project.data.google_project.project",
            "module.drop-project.data.google_storage_project_service_account.gcs_sa",
            "module.drop-project.google_compute_shared_vpc_host_project.shared_vpc_host",
            "module.drop-project.google_compute_shared_vpc_service_project.service_projects",
            "module.drop-project.google_compute_shared_vpc_service_project.shared_vpc_service",
            "module.drop-project.google_kms_crypto_key_iam_member.service_identity_cmek",
            "module.drop-project.google_org_policy_policy.default",
            "module.drop-project.google_project.project",
            "module.drop-project.google_project_iam_custom_role.roles",
            "module.drop-project.google_project_iam_member.servicenetworking",
            "module.drop-project.google_project_iam_member.shared_vpc_host_robots",
            "module.drop-project.google_project_service.project_services",
            "module.drop-project.google_project_service_identity.jit_si",
            "module.drop-project.google_project_service_identity.servicenetworking",
            "module.drop-sa-bq-0.data.google_service_account.service_account",
            "module.drop-sa-bq-0.google_service_account.service_account",
            "module.drop-sa-cs-0.data.google_service_account.service_account",
            "module.drop-sa-cs-0.google_service_account.service_account",
            "module.drop-sa-ps-0.data.google_service_account.service_account",
            "module.drop-sa-ps-0.google_service_account.service_account",
            "module.load-project.data.google_bigquery_default_service_account.bq_sa",
            "module.load-project.data.google_project.project",
            "module.load-project.data.google_storage_project_service_account.gcs_sa",
            "module.load-project.google_compute_shared_vpc_host_project.shared_vpc_host",
            "module.load-project.google_compute_shared_vpc_service_project.service_projects",
            "module.load-project.google_compute_shared_vpc_service_project.shared_vpc_service",
            "module.load-project.google_kms_crypto_key_iam_member.service_identity_cmek",
            "module.load-project.google_org_policy_policy.default",
            "module.load-project.google_project.project",
            "module.load-project.google_project_iam_member.servicenetworking",
            "module.load-project.google_project_iam_member.shared_vpc_host_robots",
            "module.load-project.google_project_service.project_services",
            "module.load-project.google_project_service_identity.jit_si",
            "module.load-project.google_project_service_identity.servicenetworking",
            "module.load-sa-df-0.data.google_service_account.service_account",
            "module.load-sa-df-0.google_service_account.service_account",
            "module.orch-project.data.google_bigquery_default_service_account.bq_sa",
            "module.orch-project.data.google_project.project",
            "module.orch-project.data.google_storage_project_service_account.gcs_sa",
            "module.orch-project.google_compute_shared_vpc_host_project.shared_vpc_host",
            "module.orch-project.google_compute_shared_vpc_service_project.service_projects",
            "module.orch-project.google_compute_shared_vpc_service_project.shared_vpc_service",
            "module.orch-project.google_kms_crypto_key_iam_member.service_identity_cmek",
            "module.orch-project.google_org_policy_policy.default",
            "module.orch-project.google_project.project",
            "module.orch-project.google_project_iam_member.servicenetworking",
            "module.orch-project.google_project_iam_member.shared_vpc_host_robots",
            "module.orch-project.google_project_service.project_services",
            "module.orch-project.google_project_service_identity.jit_si",
            "module.orch-project.google_project_service_identity.servicenetworking",
            "module.orch-sa-cmp-0.data.google_service_account.service_account",
            "module.orch-sa-cmp-0.google_service_account.service_account"
          ]
        },
        {
          "index_key": "roles/storage.objectCreator",
          "schema_version": 0,
          "attributes": {
            "condition": [],
            "etag": "BwYVIYm9lfo=",
            "id": "sme-poc-edp-drp/roles/storage.objectCreator",
            "members": [
              "serviceAccount:sme-poc-edp-drp-cs-0@sme-poc-edp-drp.iam.gserviceaccount.com"
            ],
            "project": "sme-poc-edp-drp",
            "role": "roles/storage.objectCreator"
          },
          "sensitive_attributes": [],
          "private": "bnVsbA==",
          "dependencies": [
            "module.drop-project.data.google_bigquery_default_service_account.bq_sa",
            "module.drop-project.data.google_project.project",
            "module.drop-project.data.google_storage_project_service_account.gcs_sa",
            "module.drop-project.google_compute_shared_vpc_host_project.shared_vpc_host",
            "module.drop-project.google_compute_shared_vpc_service_project.service_projects",
            "module.drop-project.google_compute_shared_vpc_service_project.shared_vpc_service",
            "module.drop-project.google_kms_crypto_key_iam_member.service_identity_cmek",
            "module.drop-project.google_org_policy_policy.default",
            "module.drop-project.google_project.project",
            "module.drop-project.google_project_iam_custom_role.roles",
            "module.drop-project.google_project_iam_member.servicenetworking",
            "module.drop-project.google_project_iam_member.shared_vpc_host_robots",
            "module.drop-project.google_project_service.project_services",
            "module.drop-project.google_project_service_identity.jit_si",
            "module.drop-project.google_project_service_identity.servicenetworking",
            "module.drop-sa-bq-0.data.google_service_account.service_account",
            "module.drop-sa-bq-0.google_service_account.service_account",
            "module.drop-sa-cs-0.data.google_service_account.service_account",
            "module.drop-sa-cs-0.google_service_account.service_account",
            "module.drop-sa-ps-0.data.google_service_account.service_account",
            "module.drop-sa-ps-0.google_service_account.service_account",
            "module.load-project.data.google_bigquery_default_service_account.bq_sa",
            "module.load-project.data.google_project.project",
            "module.load-project.data.google_storage_project_service_account.gcs_sa",
            "module.load-project.google_compute_shared_vpc_host_project.shared_vpc_host",
            "module.load-project.google_compute_shared_vpc_service_project.service_projects",
            "module.load-project.google_compute_shared_vpc_service_project.shared_vpc_service",
            "module.load-project.google_kms_crypto_key_iam_member.service_identity_cmek",
            "module.load-project.google_org_policy_policy.default",
            "module.load-project.google_project.project",
            "module.load-project.google_project_iam_member.servicenetworking",
            "module.load-project.google_project_iam_member.shared_vpc_host_robots",
            "module.load-project.google_project_service.project_services",
            "module.load-project.google_project_service_identity.jit_si",
            "module.load-project.google_project_service_identity.servicenetworking",
            "module.load-sa-df-0.data.google_service_account.service_account",
            "module.load-sa-df-0.google_service_account.service_account",
            "module.orch-project.data.google_bigquery_default_service_account.bq_sa",
            "module.orch-project.data.google_project.project",
            "module.orch-project.data.google_storage_project_service_account.gcs_sa",
            "module.orch-project.google_compute_shared_vpc_host_project.shared_vpc_host",
            "module.orch-project.google_compute_shared_vpc_service_project.service_projects",
            "module.orch-project.google_compute_shared_vpc_service_project.shared_vpc_service",
            "module.orch-project.google_kms_crypto_key_iam_member.service_identity_cmek",
            "module.orch-project.google_org_policy_policy.default",
            "module.orch-project.google_project.project",
            "module.orch-project.google_project_iam_member.servicenetworking",
            "module.orch-project.google_project_iam_member.shared_vpc_host_robots",
            "module.orch-project.google_project_service.project_services",
            "module.orch-project.google_project_service_identity.jit_si",
            "module.orch-project.google_project_service_identity.servicenetworking",
            "module.orch-sa-cmp-0.data.google_service_account.service_account",
            "module.orch-sa-cmp-0.google_service_account.service_account"
          ]
        }
      ]
    },
    {
      "module": "module.drop-project",
      "mode": "managed",
      "type": "google_project_iam_custom_role",
      "name": "roles",
      "provider": "provider[\"registry.terraform.io/hashicorp/google\"]",
      "instances": []
    },
    {
      "module": "module.drop-project",
      "mode": "managed",
      "type": "google_project_iam_member",
      "name": "servicenetworking",
      "provider": "provider[\"registry.terraform.io/hashicorp/google\"]",
      "instances": []
    },
    {
      "module": "module.drop-project",
      "mode": "managed",
      "type": "google_project_iam_member",
      "name": "shared_vpc_host_robots",
      "provider": "provider[\"registry.terraform.io/hashicorp/google\"]",
      "instances": []
    },
    {
      "module": "module.drop-project",
      "mode": "managed",
      "type": "google_project_service",
      "name": "project_services",
      "provider": "provider[\"registry.terraform.io/hashicorp/google\"]",
      "instances": [
        {
          "index_key": "apigateway.googleapis.com",
          "schema_version": 0,
          "attributes": {
            "disable_dependent_services": false,
            "disable_on_destroy": false,
            "id": "sme-poc-edp-drp/apigateway.googleapis.com",
            "project": "sme-poc-edp-drp",
            "service": "apigateway.googleapis.com",
            "timeouts": null
          },
          "sensitive_attributes": [],
          "private": "eyJlMmJmYjczMC1lY2FhLTExZTYtOGY4OC0zNDM2M2JjN2M0YzAiOnsiY3JlYXRlIjoxMjAwMDAwMDAwMDAwLCJkZWxldGUiOjEyMDAwMDAwMDAwMDAsInJlYWQiOjYwMDAwMDAwMDAwMCwidXBkYXRlIjoxMjAwMDAwMDAwMDAwfX0=",
          "dependencies": [
            "module.drop-project.data.google_project.project",
            "module.drop-project.google_project.project"
          ]
        },
        {
          "index_key": "bigquery.googleapis.com",
          "schema_version": 0,
          "attributes": {
            "disable_dependent_services": false,
            "disable_on_destroy": false,
            "id": "sme-poc-edp-drp/bigquery.googleapis.com",
            "project": "sme-poc-edp-drp",
            "service": "bigquery.googleapis.com",
            "timeouts": null
          },
          "sensitive_attributes": [],
          "private": "eyJlMmJmYjczMC1lY2FhLTExZTYtOGY4OC0zNDM2M2JjN2M0YzAiOnsiY3JlYXRlIjoxMjAwMDAwMDAwMDAwLCJkZWxldGUiOjEyMDAwMDAwMDAwMDAsInJlYWQiOjYwMDAwMDAwMDAwMCwidXBkYXRlIjoxMjAwMDAwMDAwMDAwfX0=",
          "dependencies": [
            "module.drop-project.data.google_project.project",
            "module.drop-project.google_project.project"
          ]
        },
        {
          "index_key": "bigqueryreservation.googleapis.com",
          "schema_version": 0,
          "attributes": {
            "disable_dependent_services": false,
            "disable_on_destroy": false,
            "id": "sme-poc-edp-drp/bigqueryreservation.googleapis.com",
            "project": "sme-poc-edp-drp",
            "service": "bigqueryreservation.googleapis.com",
            "timeouts": null
          },
          "sensitive_attributes": [],
          "private": "eyJlMmJmYjczMC1lY2FhLTExZTYtOGY4OC0zNDM2M2JjN2M0YzAiOnsiY3JlYXRlIjoxMjAwMDAwMDAwMDAwLCJkZWxldGUiOjEyMDAwMDAwMDAwMDAsInJlYWQiOjYwMDAwMDAwMDAwMCwidXBkYXRlIjoxMjAwMDAwMDAwMDAwfX0=",
          "dependencies": [
            "module.drop-project.data.google_project.project",
            "module.drop-project.google_project.project"
          ]
        },
        {
          "index_key": "bigquerystorage.googleapis.com",
          "schema_version": 0,
          "attributes": {
            "disable_dependent_services": false,
            "disable_on_destroy": false,
            "id": "sme-poc-edp-drp/bigquerystorage.googleapis.com",
            "project": "sme-poc-edp-drp",
            "service": "bigquerystorage.googleapis.com",
            "timeouts": null
          },
          "sensitive_attributes": [],
          "private": "eyJlMmJmYjczMC1lY2FhLTExZTYtOGY4OC0zNDM2M2JjN2M0YzAiOnsiY3JlYXRlIjoxMjAwMDAwMDAwMDAwLCJkZWxldGUiOjEyMDAwMDAwMDAwMDAsInJlYWQiOjYwMDAwMDAwMDAwMCwidXBkYXRlIjoxMjAwMDAwMDAwMDAwfX0=",
          "dependencies": [
            "module.drop-project.data.google_project.project",
            "module.drop-project.google_project.project"
          ]
        },
        {
          "index_key": "cloudbuild.googleapis.com",
          "schema_version": 0,
          "attributes": {
            "disable_dependent_services": false,
            "disable_on_destroy": false,
            "id": "sme-poc-edp-drp/cloudbuild.googleapis.com",
            "project": "sme-poc-edp-drp",
            "service": "cloudbuild.googleapis.com",
            "timeouts": null
          },
          "sensitive_attributes": [],
          "private": "eyJlMmJmYjczMC1lY2FhLTExZTYtOGY4OC0zNDM2M2JjN2M0YzAiOnsiY3JlYXRlIjoxMjAwMDAwMDAwMDAwLCJkZWxldGUiOjEyMDAwMDAwMDAwMDAsInJlYWQiOjYwMDAwMDAwMDAwMCwidXBkYXRlIjoxMjAwMDAwMDAwMDAwfX0=",
          "dependencies": [
            "module.drop-project.data.google_project.project",
            "module.drop-project.google_project.project"
          ]
        },
        {
          "index_key": "cloudfunctions.googleapis.com",
          "schema_version": 0,
          "attributes": {
            "disable_dependent_services": false,
            "disable_on_destroy": false,
            "id": "sme-poc-edp-drp/cloudfunctions.googleapis.com",
            "project": "sme-poc-edp-drp",
            "service": "cloudfunctions.googleapis.com",
            "timeouts": null
          },
          "sensitive_attributes": [],
          "private": "eyJlMmJmYjczMC1lY2FhLTExZTYtOGY4OC0zNDM2M2JjN2M0YzAiOnsiY3JlYXRlIjoxMjAwMDAwMDAwMDAwLCJkZWxldGUiOjEyMDAwMDAwMDAwMDAsInJlYWQiOjYwMDAwMDAwMDAwMCwidXBkYXRlIjoxMjAwMDAwMDAwMDAwfX0=",
          "dependencies": [
            "module.drop-project.data.google_project.project",
            "module.drop-project.google_project.project"
          ]
        },
        {
          "index_key": "cloudkms.googleapis.com",
          "schema_version": 0,
          "attributes": {
            "disable_dependent_services": false,
            "disable_on_destroy": false,
            "id": "sme-poc-edp-drp/cloudkms.googleapis.com",
            "project": "sme-poc-edp-drp",
            "service": "cloudkms.googleapis.com",
            "timeouts": null
          },
          "sensitive_attributes": [],
          "private": "eyJlMmJmYjczMC1lY2FhLTExZTYtOGY4OC0zNDM2M2JjN2M0YzAiOnsiY3JlYXRlIjoxMjAwMDAwMDAwMDAwLCJkZWxldGUiOjEyMDAwMDAwMDAwMDAsInJlYWQiOjYwMDAwMDAwMDAwMCwidXBkYXRlIjoxMjAwMDAwMDAwMDAwfX0=",
          "dependencies": [
            "module.drop-project.data.google_project.project",
            "module.drop-project.google_project.project"
          ]
        },
        {
          "index_key": "cloudresourcemanager.googleapis.com",
          "schema_version": 0,
          "attributes": {
            "disable_dependent_services": false,
            "disable_on_destroy": false,
            "id": "sme-poc-edp-drp/cloudresourcemanager.googleapis.com",
            "project": "sme-poc-edp-drp",
            "service": "cloudresourcemanager.googleapis.com",
            "timeouts": null
          },
          "sensitive_attributes": [],
          "private": "eyJlMmJmYjczMC1lY2FhLTExZTYtOGY4OC0zNDM2M2JjN2M0YzAiOnsiY3JlYXRlIjoxMjAwMDAwMDAwMDAwLCJkZWxldGUiOjEyMDAwMDAwMDAwMDAsInJlYWQiOjYwMDAwMDAwMDAwMCwidXBkYXRlIjoxMjAwMDAwMDAwMDAwfX0=",
          "dependencies": [
            "module.drop-project.data.google_project.project",
            "module.drop-project.google_project.project"
          ]
        },
        {
          "index_key": "compute.googleapis.com",
          "schema_version": 0,
          "attributes": {
            "disable_dependent_services": false,
            "disable_on_destroy": false,
            "id": "sme-poc-edp-drp/compute.googleapis.com",
            "project": "sme-poc-edp-drp",
            "service": "compute.googleapis.com",
            "timeouts": null
          },
          "sensitive_attributes": [],
          "private": "eyJlMmJmYjczMC1lY2FhLTExZTYtOGY4OC0zNDM2M2JjN2M0YzAiOnsiY3JlYXRlIjoxMjAwMDAwMDAwMDAwLCJkZWxldGUiOjEyMDAwMDAwMDAwMDAsInJlYWQiOjYwMDAwMDAwMDAwMCwidXBkYXRlIjoxMjAwMDAwMDAwMDAwfX0=",
          "dependencies": [
            "module.drop-project.data.google_project.project",
            "module.drop-project.google_project.project"
          ]
        },
        {
          "index_key": "iam.googleapis.com",
          "schema_version": 0,
          "attributes": {
            "disable_dependent_services": false,
            "disable_on_destroy": false,
            "id": "sme-poc-edp-drp/iam.googleapis.com",
            "project": "sme-poc-edp-drp",
            "service": "iam.googleapis.com",
            "timeouts": null
          },
          "sensitive_attributes": [],
          "private": "eyJlMmJmYjczMC1lY2FhLTExZTYtOGY4OC0zNDM2M2JjN2M0YzAiOnsiY3JlYXRlIjoxMjAwMDAwMDAwMDAwLCJkZWxldGUiOjEyMDAwMDAwMDAwMDAsInJlYWQiOjYwMDAwMDAwMDAwMCwidXBkYXRlIjoxMjAwMDAwMDAwMDAwfX0=",
          "dependencies": [
            "module.drop-project.data.google_project.project",
            "module.drop-project.google_project.project"
          ]
        },
        {
          "index_key": "pubsub.googleapis.com",
          "schema_version": 0,
          "attributes": {
            "disable_dependent_services": false,
            "disable_on_destroy": false,
            "id": "sme-poc-edp-drp/pubsub.googleapis.com",
            "project": "sme-poc-edp-drp",
            "service": "pubsub.googleapis.com",
            "timeouts": null
          },
          "sensitive_attributes": [],
          "private": "eyJlMmJmYjczMC1lY2FhLTExZTYtOGY4OC0zNDM2M2JjN2M0YzAiOnsiY3JlYXRlIjoxMjAwMDAwMDAwMDAwLCJkZWxldGUiOjEyMDAwMDAwMDAwMDAsInJlYWQiOjYwMDAwMDAwMDAwMCwidXBkYXRlIjoxMjAwMDAwMDAwMDAwfX0=",
          "dependencies": [
            "module.drop-project.data.google_project.project",
            "module.drop-project.google_project.project"
          ]
        },
        {
          "index_key": "servicecontrol.googleapis.com",
          "schema_version": 0,
          "attributes": {
            "disable_dependent_services": false,
            "disable_on_destroy": false,
            "id": "sme-poc-edp-drp/servicecontrol.googleapis.com",
            "project": "sme-poc-edp-drp",
            "service": "servicecontrol.googleapis.com",
            "timeouts": null
          },
          "sensitive_attributes": [],
          "private": "eyJlMmJmYjczMC1lY2FhLTExZTYtOGY4OC0zNDM2M2JjN2M0YzAiOnsiY3JlYXRlIjoxMjAwMDAwMDAwMDAwLCJkZWxldGUiOjEyMDAwMDAwMDAwMDAsInJlYWQiOjYwMDAwMDAwMDAwMCwidXBkYXRlIjoxMjAwMDAwMDAwMDAwfX0=",
          "dependencies": [
            "module.drop-project.data.google_project.project",
            "module.drop-project.google_project.project"
          ]
        },
        {
          "index_key": "servicemanagement.googleapis.com",
          "schema_version": 0,
          "attributes": {
            "disable_dependent_services": false,
            "disable_on_destroy": false,
            "id": "sme-poc-edp-drp/servicemanagement.googleapis.com",
            "project": "sme-poc-edp-drp",
            "service": "servicemanagement.googleapis.com",
            "timeouts": null
          },
          "sensitive_attributes": [],
          "private": "eyJlMmJmYjczMC1lY2FhLTExZTYtOGY4OC0zNDM2M2JjN2M0YzAiOnsiY3JlYXRlIjoxMjAwMDAwMDAwMDAwLCJkZWxldGUiOjEyMDAwMDAwMDAwMDAsInJlYWQiOjYwMDAwMDAwMDAwMCwidXBkYXRlIjoxMjAwMDAwMDAwMDAwfX0=",
          "dependencies": [
            "module.drop-project.data.google_project.project",
            "module.drop-project.google_project.project"
          ]
        },
        {
          "index_key": "serviceusage.googleapis.com",
          "schema_version": 0,
          "attributes": {
            "disable_dependent_services": false,
            "disable_on_destroy": false,
            "id": "sme-poc-edp-drp/serviceusage.googleapis.com",
            "project": "sme-poc-edp-drp",
            "service": "serviceusage.googleapis.com",
            "timeouts": null
          },
          "sensitive_attributes": [],
          "private": "eyJlMmJmYjczMC1lY2FhLTExZTYtOGY4OC0zNDM2M2JjN2M0YzAiOnsiY3JlYXRlIjoxMjAwMDAwMDAwMDAwLCJkZWxldGUiOjEyMDAwMDAwMDAwMDAsInJlYWQiOjYwMDAwMDAwMDAwMCwidXBkYXRlIjoxMjAwMDAwMDAwMDAwfX0=",
          "dependencies": [
            "module.drop-project.data.google_project.project",
            "module.drop-project.google_project.project"
          ]
        },
        {
          "index_key": "stackdriver.googleapis.com",
          "schema_version": 0,
          "attributes": {
            "disable_dependent_services": false,
            "disable_on_destroy": false,
            "id": "sme-poc-edp-drp/stackdriver.googleapis.com",
            "project": "sme-poc-edp-drp",
            "service": "stackdriver.googleapis.com",
            "timeouts": null
          },
          "sensitive_attributes": [],
          "private": "eyJlMmJmYjczMC1lY2FhLTExZTYtOGY4OC0zNDM2M2JjN2M0YzAiOnsiY3JlYXRlIjoxMjAwMDAwMDAwMDAwLCJkZWxldGUiOjEyMDAwMDAwMDAwMDAsInJlYWQiOjYwMDAwMDAwMDAwMCwidXBkYXRlIjoxMjAwMDAwMDAwMDAwfX0=",
          "dependencies": [
            "module.drop-project.data.google_project.project",
            "module.drop-project.google_project.project"
          ]
        },
        {
          "index_key": "storage-component.googleapis.com",
          "schema_version": 0,
          "attributes": {
            "disable_dependent_services": false,
            "disable_on_destroy": false,
            "id": "sme-poc-edp-drp/storage-component.googleapis.com",
            "project": "sme-poc-edp-drp",
            "service": "storage-component.googleapis.com",
            "timeouts": null
          },
          "sensitive_attributes": [],
          "private": "eyJlMmJmYjczMC1lY2FhLTExZTYtOGY4OC0zNDM2M2JjN2M0YzAiOnsiY3JlYXRlIjoxMjAwMDAwMDAwMDAwLCJkZWxldGUiOjEyMDAwMDAwMDAwMDAsInJlYWQiOjYwMDAwMDAwMDAwMCwidXBkYXRlIjoxMjAwMDAwMDAwMDAwfX0=",
          "dependencies": [
            "module.drop-project.data.google_project.project",
            "module.drop-project.google_project.project"
          ]
        },
        {
          "index_key": "storage.googleapis.com",
          "schema_version": 0,
          "attributes": {
            "disable_dependent_services": false,
            "disable_on_destroy": false,
            "id": "sme-poc-edp-drp/storage.googleapis.com",
            "project": "sme-poc-edp-drp",
            "service": "storage.googleapis.com",
            "timeouts": null
          },
          "sensitive_attributes": [],
          "private": "eyJlMmJmYjczMC1lY2FhLTExZTYtOGY4OC0zNDM2M2JjN2M0YzAiOnsiY3JlYXRlIjoxMjAwMDAwMDAwMDAwLCJkZWxldGUiOjEyMDAwMDAwMDAwMDAsInJlYWQiOjYwMDAwMDAwMDAwMCwidXBkYXRlIjoxMjAwMDAwMDAwMDAwfX0=",
          "dependencies": [
            "module.drop-project.data.google_project.project",
            "module.drop-project.google_project.project"
          ]
        }
      ]
    },
    {
      "module": "module.drop-project",
      "mode": "managed",
      "type": "google_project_service_identity",
      "name": "jit_si",
      "provider": "provider[\"registry.terraform.io/hashicorp/google-beta\"]",
      "instances": [
        {
          "index_key": "pubsub.googleapis.com",
          "schema_version": 0,
          "attributes": {
            "email": "service-1038042732992@gcp-sa-pubsub.iam.gserviceaccount.com",
            "id": "projects/sme-poc-edp-drp/services/pubsub.googleapis.com",
            "project": "sme-poc-edp-drp",
            "service": "pubsub.googleapis.com",
            "timeouts": null
          },
          "sensitive_attributes": [],
          "private": "eyJlMmJmYjczMC1lY2FhLTExZTYtOGY4OC0zNDM2M2JjN2M0YzAiOnsiY3JlYXRlIjoxMjAwMDAwMDAwMDAwLCJkZWxldGUiOjEyMDAwMDAwMDAwMDAsInJlYWQiOjYwMDAwMDAwMDAwMH19",
          "dependencies": [
            "module.drop-project.data.google_project.project",
            "module.drop-project.google_project.project",
            "module.drop-project.google_project_service.project_services"
          ]
        }
      ]
    },
    {
      "module": "module.drop-project",
      "mode": "managed",
      "type": "google_project_service_identity",
      "name": "servicenetworking",
      "provider": "provider[\"registry.terraform.io/hashicorp/google-beta\"]",
      "instances": []
    },
    {
      "module": "module.drop-ps-0",
      "mode": "managed",
      "type": "google_pubsub_schema",
      "name": "default",
      "provider": "provider[\"registry.terraform.io/hashicorp/google\"]",
      "instances": []
    },
    {
      "module": "module.drop-ps-0",
      "mode": "managed",
      "type": "google_pubsub_topic",
      "name": "default",
      "provider": "provider[\"registry.terraform.io/hashicorp/google\"]",
      "instances": [
        {
          "schema_version": 0,
          "attributes": {
            "effective_labels": {},
            "id": "projects/sme-poc-edp-drp/topics/sme-poc-edp-drp-ps-0",
            "ingestion_data_source_settings": [],
            "kms_key_name": "",
            "labels": {},
            "message_retention_duration": "",
            "message_storage_policy": [],
            "name": "sme-poc-edp-drp-ps-0",
            "project": "sme-poc-edp-drp",
            "schema_settings": [],
            "terraform_labels": {},
            "timeouts": null
          },
          "sensitive_attributes": [],
          "private": "eyJlMmJmYjczMC1lY2FhLTExZTYtOGY4OC0zNDM2M2JjN2M0YzAiOnsiY3JlYXRlIjoxMjAwMDAwMDAwMDAwLCJkZWxldGUiOjEyMDAwMDAwMDAwMDAsInVwZGF0ZSI6MTIwMDAwMDAwMDAwMH19",
          "dependencies": [
            "module.drop-project.data.google_bigquery_default_service_account.bq_sa",
            "module.drop-project.data.google_project.project",
            "module.drop-project.data.google_storage_project_service_account.gcs_sa",
            "module.drop-project.google_compute_shared_vpc_host_project.shared_vpc_host",
            "module.drop-project.google_compute_shared_vpc_service_project.service_projects",
            "module.drop-project.google_compute_shared_vpc_service_project.shared_vpc_service",
            "module.drop-project.google_kms_crypto_key_iam_member.service_identity_cmek",
            "module.drop-project.google_org_policy_policy.default",
            "module.drop-project.google_project.project",
            "module.drop-project.google_project_iam_member.servicenetworking",
            "module.drop-project.google_project_iam_member.shared_vpc_host_robots",
            "module.drop-project.google_project_service.project_services",
            "module.drop-project.google_project_service_identity.jit_si",
            "module.drop-project.google_project_service_identity.servicenetworking",
            "module.drop-ps-0.google_pubsub_schema.default"
          ]
        }
      ]
    },
    {
      "module": "module.drop-ps-0",
      "mode": "managed",
      "type": "google_pubsub_topic_iam_binding",
      "name": "default",
      "provider": "provider[\"registry.terraform.io/hashicorp/google\"]",
      "instances": []
    },
    {
      "module": "module.drop-sa-bq-0",
      "mode": "data",
      "type": "google_service_account",
      "name": "service_account",
      "provider": "provider[\"registry.terraform.io/hashicorp/google\"]",
      "instances": []
    },
    {
      "module": "module.drop-sa-bq-0",
      "mode": "managed",
      "type": "google_service_account",
      "name": "service_account",
      "provider": "provider[\"registry.terraform.io/hashicorp/google\"]",
      "instances": [
        {
          "index_key": 0,
          "schema_version": 0,
          "attributes": {
            "account_id": "sme-poc-edp-drp-bq-0",
            "create_ignore_already_exists": null,
            "description": "",
            "disabled": false,
            "display_name": "Data platform BigQuery drop off service account",
            "email": "sme-poc-edp-drp-bq-0@sme-poc-edp-drp.iam.gserviceaccount.com",
            "id": "projects/sme-poc-edp-drp/serviceAccounts/sme-poc-edp-drp-bq-0@sme-poc-edp-drp.iam.gserviceaccount.com",
            "member": "serviceAccount:sme-poc-edp-drp-bq-0@sme-poc-edp-drp.iam.gserviceaccount.com",
            "name": "projects/sme-poc-edp-drp/serviceAccounts/sme-poc-edp-drp-bq-0@sme-poc-edp-drp.iam.gserviceaccount.com",
            "project": "sme-poc-edp-drp",
            "timeouts": null,
            "unique_id": "116024245892025714297"
          },
          "sensitive_attributes": [],
          "private": "eyJlMmJmYjczMC1lY2FhLTExZTYtOGY4OC0zNDM2M2JjN2M0YzAiOnsiY3JlYXRlIjozMDAwMDAwMDAwMDB9fQ==",
          "dependencies": [
            "module.drop-project.data.google_bigquery_default_service_account.bq_sa",
            "module.drop-project.data.google_project.project",
            "module.drop-project.data.google_storage_project_service_account.gcs_sa",
            "module.drop-project.google_compute_shared_vpc_host_project.shared_vpc_host",
            "module.drop-project.google_compute_shared_vpc_service_project.service_projects",
            "module.drop-project.google_compute_shared_vpc_service_project.shared_vpc_service",
            "module.drop-project.google_kms_crypto_key_iam_member.service_identity_cmek",
            "module.drop-project.google_org_policy_policy.default",
            "module.drop-project.google_project.project",
            "module.drop-project.google_project_iam_member.servicenetworking",
            "module.drop-project.google_project_iam_member.shared_vpc_host_robots",
            "module.drop-project.google_project_service.project_services",
            "module.drop-project.google_project_service_identity.jit_si",
            "module.drop-project.google_project_service_identity.servicenetworking"
          ]
        }
      ]
    },
    {
      "module": "module.drop-sa-bq-0",
      "mode": "managed",
      "type": "google_service_account_iam_binding",
      "name": "roles",
      "provider": "provider[\"registry.terraform.io/hashicorp/google\"]",
      "instances": [
        {
          "index_key": "roles/iam.serviceAccountTokenCreator",
          "schema_version": 0,
          "attributes": {
            "condition": [],
            "etag": "BwYVIRn/epM=",
            "id": "projects/sme-poc-edp-drp/serviceAccounts/sme-poc-edp-drp-bq-0@sme-poc-edp-drp.iam.gserviceaccount.com/roles/iam.serviceAccountTokenCreator",
            "members": [
              "group:gcp-data-engineers@brl.la.calriz.com"
            ],
            "role": "roles/iam.serviceAccountTokenCreator",
            "service_account_id": "projects/sme-poc-edp-drp/serviceAccounts/sme-poc-edp-drp-bq-0@sme-poc-edp-drp.iam.gserviceaccount.com"
          },
          "sensitive_attributes": [],
          "private": "bnVsbA==",
          "dependencies": [
            "module.drop-project.data.google_bigquery_default_service_account.bq_sa",
            "module.drop-project.data.google_project.project",
            "module.drop-project.data.google_storage_project_service_account.gcs_sa",
            "module.drop-project.google_compute_shared_vpc_host_project.shared_vpc_host",
            "module.drop-project.google_compute_shared_vpc_service_project.service_projects",
            "module.drop-project.google_compute_shared_vpc_service_project.shared_vpc_service",
            "module.drop-project.google_kms_crypto_key_iam_member.service_identity_cmek",
            "module.drop-project.google_org_policy_policy.default",
            "module.drop-project.google_project.project",
            "module.drop-project.google_project_iam_member.servicenetworking",
            "module.drop-project.google_project_iam_member.shared_vpc_host_robots",
            "module.drop-project.google_project_service.project_services",
            "module.drop-project.google_project_service_identity.jit_si",
            "module.drop-project.google_project_service_identity.servicenetworking",
            "module.drop-sa-bq-0.data.google_service_account.service_account",
            "module.drop-sa-bq-0.google_service_account.service_account"
          ]
        }
      ]
    },
    {
      "module": "module.drop-sa-cs-0",
      "mode": "data",
      "type": "google_service_account",
      "name": "service_account",
      "provider": "provider[\"registry.terraform.io/hashicorp/google\"]",
      "instances": []
    },
    {
      "module": "module.drop-sa-cs-0",
      "mode": "managed",
      "type": "google_service_account",
      "name": "service_account",
      "provider": "provider[\"registry.terraform.io/hashicorp/google\"]",
      "instances": [
        {
          "index_key": 0,
          "schema_version": 0,
          "attributes": {
            "account_id": "sme-poc-edp-drp-cs-0",
            "create_ignore_already_exists": null,
            "description": "",
            "disabled": false,
            "display_name": "Data platform GCS drop off service account.",
            "email": "sme-poc-edp-drp-cs-0@sme-poc-edp-drp.iam.gserviceaccount.com",
            "id": "projects/sme-poc-edp-drp/serviceAccounts/sme-poc-edp-drp-cs-0@sme-poc-edp-drp.iam.gserviceaccount.com",
            "member": "serviceAccount:sme-poc-edp-drp-cs-0@sme-poc-edp-drp.iam.gserviceaccount.com",
            "name": "projects/sme-poc-edp-drp/serviceAccounts/sme-poc-edp-drp-cs-0@sme-poc-edp-drp.iam.gserviceaccount.com",
            "project": "sme-poc-edp-drp",
            "timeouts": null,
            "unique_id": "109514569581517603705"
          },
          "sensitive_attributes": [],
          "private": "eyJlMmJmYjczMC1lY2FhLTExZTYtOGY4OC0zNDM2M2JjN2M0YzAiOnsiY3JlYXRlIjozMDAwMDAwMDAwMDB9fQ==",
          "dependencies": [
            "module.drop-project.data.google_bigquery_default_service_account.bq_sa",
            "module.drop-project.data.google_project.project",
            "module.drop-project.data.google_storage_project_service_account.gcs_sa",
            "module.drop-project.google_compute_shared_vpc_host_project.shared_vpc_host",
            "module.drop-project.google_compute_shared_vpc_service_project.service_projects",
            "module.drop-project.google_compute_shared_vpc_service_project.shared_vpc_service",
            "module.drop-project.google_kms_crypto_key_iam_member.service_identity_cmek",
            "module.drop-project.google_org_policy_policy.default",
            "module.drop-project.google_project.project",
            "module.drop-project.google_project_iam_member.servicenetworking",
            "module.drop-project.google_project_iam_member.shared_vpc_host_robots",
            "module.drop-project.google_project_service.project_services",
            "module.drop-project.google_project_service_identity.jit_si",
            "module.drop-project.google_project_service_identity.servicenetworking"
          ]
        }
      ]
    },
    {
      "module": "module.drop-sa-cs-0",
      "mode": "managed",
      "type": "google_service_account_iam_binding",
      "name": "roles",
      "provider": "provider[\"registry.terraform.io/hashicorp/google\"]",
      "instances": [
        {
          "index_key": "roles/iam.serviceAccountTokenCreator",
          "schema_version": 0,
          "attributes": {
            "condition": [],
            "etag": "BwYVIRnOzQw=",
            "id": "projects/sme-poc-edp-drp/serviceAccounts/sme-poc-edp-drp-cs-0@sme-poc-edp-drp.iam.gserviceaccount.com/roles/iam.serviceAccountTokenCreator",
            "members": [
              "group:gcp-data-engineers@brl.la.calriz.com"
            ],
            "role": "roles/iam.serviceAccountTokenCreator",
            "service_account_id": "projects/sme-poc-edp-drp/serviceAccounts/sme-poc-edp-drp-cs-0@sme-poc-edp-drp.iam.gserviceaccount.com"
          },
          "sensitive_attributes": [],
          "private": "bnVsbA==",
          "dependencies": [
            "module.drop-project.data.google_bigquery_default_service_account.bq_sa",
            "module.drop-project.data.google_project.project",
            "module.drop-project.data.google_storage_project_service_account.gcs_sa",
            "module.drop-project.google_compute_shared_vpc_host_project.shared_vpc_host",
            "module.drop-project.google_compute_shared_vpc_service_project.service_projects",
            "module.drop-project.google_compute_shared_vpc_service_project.shared_vpc_service",
            "module.drop-project.google_kms_crypto_key_iam_member.service_identity_cmek",
            "module.drop-project.google_org_policy_policy.default",
            "module.drop-project.google_project.project",
            "module.drop-project.google_project_iam_member.servicenetworking",
            "module.drop-project.google_project_iam_member.shared_vpc_host_robots",
            "module.drop-project.google_project_service.project_services",
            "module.drop-project.google_project_service_identity.jit_si",
            "module.drop-project.google_project_service_identity.servicenetworking",
            "module.drop-sa-cs-0.data.google_service_account.service_account",
            "module.drop-sa-cs-0.google_service_account.service_account"
          ]
        }
      ]
    },
    {
      "module": "module.drop-sa-ps-0",
      "mode": "data",
      "type": "google_service_account",
      "name": "service_account",
      "provider": "provider[\"registry.terraform.io/hashicorp/google\"]",
      "instances": []
    },
    {
      "module": "module.drop-sa-ps-0",
      "mode": "managed",
      "type": "google_service_account",
      "name": "service_account",
      "provider": "provider[\"registry.terraform.io/hashicorp/google\"]",
      "instances": [
        {
          "index_key": 0,
          "schema_version": 0,
          "attributes": {
            "account_id": "sme-poc-edp-drp-ps-0",
            "create_ignore_already_exists": null,
            "description": "",
            "disabled": false,
            "display_name": "Data platform PubSub drop off service account",
            "email": "sme-poc-edp-drp-ps-0@sme-poc-edp-drp.iam.gserviceaccount.com",
            "id": "projects/sme-poc-edp-drp/serviceAccounts/sme-poc-edp-drp-ps-0@sme-poc-edp-drp.iam.gserviceaccount.com",
            "member": "serviceAccount:sme-poc-edp-drp-ps-0@sme-poc-edp-drp.iam.gserviceaccount.com",
            "name": "projects/sme-poc-edp-drp/serviceAccounts/sme-poc-edp-drp-ps-0@sme-poc-edp-drp.iam.gserviceaccount.com",
            "project": "sme-poc-edp-drp",
            "timeouts": null,
            "unique_id": "106490948445386091773"
          },
          "sensitive_attributes": [],
          "private": "eyJlMmJmYjczMC1lY2FhLTExZTYtOGY4OC0zNDM2M2JjN2M0YzAiOnsiY3JlYXRlIjozMDAwMDAwMDAwMDB9fQ==",
          "dependencies": [
            "module.drop-project.data.google_bigquery_default_service_account.bq_sa",
            "module.drop-project.data.google_project.project",
            "module.drop-project.data.google_storage_project_service_account.gcs_sa",
            "module.drop-project.google_compute_shared_vpc_host_project.shared_vpc_host",
            "module.drop-project.google_compute_shared_vpc_service_project.service_projects",
            "module.drop-project.google_compute_shared_vpc_service_project.shared_vpc_service",
            "module.drop-project.google_kms_crypto_key_iam_member.service_identity_cmek",
            "module.drop-project.google_org_policy_policy.default",
            "module.drop-project.google_project.project",
            "module.drop-project.google_project_iam_member.servicenetworking",
            "module.drop-project.google_project_iam_member.shared_vpc_host_robots",
            "module.drop-project.google_project_service.project_services",
            "module.drop-project.google_project_service_identity.jit_si",
            "module.drop-project.google_project_service_identity.servicenetworking"
          ]
        }
      ]
    },
    {
      "module": "module.drop-sa-ps-0",
      "mode": "managed",
      "type": "google_service_account_iam_binding",
      "name": "roles",
      "provider": "provider[\"registry.terraform.io/hashicorp/google\"]",
      "instances": [
        {
          "index_key": "roles/iam.serviceAccountTokenCreator",
          "schema_version": 0,
          "attributes": {
            "condition": [],
            "etag": "BwYVIRnEHVI=",
            "id": "projects/sme-poc-edp-drp/serviceAccounts/sme-poc-edp-drp-ps-0@sme-poc-edp-drp.iam.gserviceaccount.com/roles/iam.serviceAccountTokenCreator",
            "members": [
              "group:gcp-data-engineers@brl.la.calriz.com"
            ],
            "role": "roles/iam.serviceAccountTokenCreator",
            "service_account_id": "projects/sme-poc-edp-drp/serviceAccounts/sme-poc-edp-drp-ps-0@sme-poc-edp-drp.iam.gserviceaccount.com"
          },
          "sensitive_attributes": [],
          "private": "bnVsbA==",
          "dependencies": [
            "module.drop-project.data.google_bigquery_default_service_account.bq_sa",
            "module.drop-project.data.google_project.project",
            "module.drop-project.data.google_storage_project_service_account.gcs_sa",
            "module.drop-project.google_compute_shared_vpc_host_project.shared_vpc_host",
            "module.drop-project.google_compute_shared_vpc_service_project.service_projects",
            "module.drop-project.google_compute_shared_vpc_service_project.shared_vpc_service",
            "module.drop-project.google_kms_crypto_key_iam_member.service_identity_cmek",
            "module.drop-project.google_org_policy_policy.default",
            "module.drop-project.google_project.project",
            "module.drop-project.google_project_iam_member.servicenetworking",
            "module.drop-project.google_project_iam_member.shared_vpc_host_robots",
            "module.drop-project.google_project_service.project_services",
            "module.drop-project.google_project_service_identity.jit_si",
            "module.drop-project.google_project_service_identity.servicenetworking",
            "module.drop-sa-ps-0.data.google_service_account.service_account",
            "module.drop-sa-ps-0.google_service_account.service_account"
          ]
        }
      ]
    },
    {
      "module": "module.dwh-conf-bq-0",
      "mode": "managed",
      "type": "google_bigquery_dataset",
      "name": "default",
      "provider": "provider[\"registry.terraform.io/hashicorp/google\"]",
      "instances": [
        {
          "schema_version": 0,
          "attributes": {
            "access": [
              {
                "dataset": [],
                "domain": "",
                "group_by_email": "",
                "iam_member": "",
                "role": "OWNER",
                "routine": [],
                "special_group": "",
                "user_by_email": "julio@brl.la.calriz.com",
                "view": []
              },
              {
                "dataset": [],
                "domain": "",
                "group_by_email": "",
                "iam_member": "",
                "role": "OWNER",
                "routine": [],
                "special_group": "projectOwners",
                "user_by_email": "",
                "view": []
              },
              {
                "dataset": [],
                "domain": "",
                "group_by_email": "",
                "iam_member": "",
                "role": "READER",
                "routine": [],
                "special_group": "projectReaders",
                "user_by_email": "",
                "view": []
              },
              {
                "dataset": [],
                "domain": "",
                "group_by_email": "",
                "iam_member": "",
                "role": "WRITER",
                "routine": [],
                "special_group": "projectWriters",
                "user_by_email": "",
                "view": []
              }
            ],
            "creation_time": 1712080533335,
            "dataset_id": "sme_poc_edp_dwh_conf_bq_0",
            "default_collation": "",
            "default_encryption_configuration": [],
            "default_partition_expiration_ms": 0,
            "default_table_expiration_ms": 0,
            "delete_contents_on_destroy": false,
            "description": "Terraform managed.",
            "effective_labels": {},
            "etag": "e6D5t2bb6tlNJelFJPhKcw==",
            "friendly_name": "",
            "id": "projects/sme-poc-edp-dwh-conf/datasets/sme_poc_edp_dwh_conf_bq_0",
            "is_case_insensitive": false,
            "labels": {},
            "last_modified_time": 1712080533335,
            "location": "US",
            "max_time_travel_hours": "",
            "project": "sme-poc-edp-dwh-conf",
            "self_link": "https://bigquery.googleapis.com/bigquery/v2/projects/sme-poc-edp-dwh-conf/datasets/sme_poc_edp_dwh_conf_bq_0",
            "storage_billing_model": "",
            "terraform_labels": {},
            "timeouts": null
          },
          "sensitive_attributes": [],
          "private": "eyJlMmJmYjczMC1lY2FhLTExZTYtOGY4OC0zNDM2M2JjN2M0YzAiOnsiY3JlYXRlIjoxMjAwMDAwMDAwMDAwLCJkZWxldGUiOjEyMDAwMDAwMDAwMDAsInVwZGF0ZSI6MTIwMDAwMDAwMDAwMH19",
          "dependencies": [
            "module.dwh-conf-project.data.google_bigquery_default_service_account.bq_sa",
            "module.dwh-conf-project.data.google_project.project",
            "module.dwh-conf-project.data.google_storage_project_service_account.gcs_sa",
            "module.dwh-conf-project.google_compute_shared_vpc_host_project.shared_vpc_host",
            "module.dwh-conf-project.google_compute_shared_vpc_service_project.service_projects",
            "module.dwh-conf-project.google_compute_shared_vpc_service_project.shared_vpc_service",
            "module.dwh-conf-project.google_kms_crypto_key_iam_member.service_identity_cmek",
            "module.dwh-conf-project.google_org_policy_policy.default",
            "module.dwh-conf-project.google_project.project",
            "module.dwh-conf-project.google_project_iam_member.servicenetworking",
            "module.dwh-conf-project.google_project_iam_member.shared_vpc_host_robots",
            "module.dwh-conf-project.google_project_service.project_services",
            "module.dwh-conf-project.google_project_service_identity.jit_si",
            "module.dwh-conf-project.google_project_service_identity.servicenetworking"
          ]
        }
      ]
    },
    {
      "module": "module.dwh-conf-bq-0",
      "mode": "managed",
      "type": "google_bigquery_dataset_access",
      "name": "domain",
      "provider": "provider[\"registry.terraform.io/hashicorp/google-beta\"]",
      "instances": []
    },
    {
      "module": "module.dwh-conf-bq-0",
      "mode": "managed",
      "type": "google_bigquery_dataset_access",
      "name": "group_by_email",
      "provider": "provider[\"registry.terraform.io/hashicorp/google-beta\"]",
      "instances": []
    },
    {
      "module": "module.dwh-conf-bq-0",
      "mode": "managed",
      "type": "google_bigquery_dataset_access",
      "name": "special_group",
      "provider": "provider[\"registry.terraform.io/hashicorp/google-beta\"]",
      "instances": []
    },
    {
      "module": "module.dwh-conf-bq-0",
      "mode": "managed",
      "type": "google_bigquery_dataset_access",
      "name": "user_by_email",
      "provider": "provider[\"registry.terraform.io/hashicorp/google-beta\"]",
      "instances": []
    },
    {
      "module": "module.dwh-conf-bq-0",
      "mode": "managed",
      "type": "google_bigquery_dataset_access",
      "name": "views",
      "provider": "provider[\"registry.terraform.io/hashicorp/google-beta\"]",
      "instances": []
    },
    {
      "module": "module.dwh-conf-cs-0",
      "mode": "managed",
      "type": "google_storage_bucket",
      "name": "bucket",
      "provider": "provider[\"registry.terraform.io/hashicorp/google\"]",
      "instances": [
        {
          "schema_version": 1,
          "attributes": {
            "autoclass": [],
            "cors": [],
            "custom_placement_config": [],
            "default_event_based_hold": false,
            "effective_labels": {},
            "enable_object_retention": false,
            "encryption": [],
            "force_destroy": false,
            "id": "sme-poc-edp-dwh-conf-cs-0",
            "labels": {},
            "lifecycle_rule": [],
            "location": "US-CENTRAL1",
            "logging": [],
            "name": "sme-poc-edp-dwh-conf-cs-0",
            "project": "sme-poc-edp-dwh-conf",
            "public_access_prevention": "inherited",
            "requester_pays": false,
            "retention_policy": [],
            "rpo": null,
            "self_link": "https://www.googleapis.com/storage/v1/b/sme-poc-edp-dwh-conf-cs-0",
            "soft_delete_policy": [
              {
                "effective_time": "2024-04-02T18:57:52.315Z",
                "retention_duration_seconds": 604800
              }
            ],
            "storage_class": "REGIONAL",
            "terraform_labels": {},
            "timeouts": null,
            "uniform_bucket_level_access": true,
            "url": "gs://sme-poc-edp-dwh-conf-cs-0",
            "versioning": [
              {
                "enabled": false
              }
            ],
            "website": []
          },
          "sensitive_attributes": [],
          "private": "eyJlMmJmYjczMC1lY2FhLTExZTYtOGY4OC0zNDM2M2JjN2M0YzAiOnsiY3JlYXRlIjo2MDAwMDAwMDAwMDAsInJlYWQiOjI0MDAwMDAwMDAwMCwidXBkYXRlIjoyNDAwMDAwMDAwMDB9LCJzY2hlbWFfdmVyc2lvbiI6IjEifQ==",
          "dependencies": [
            "module.dwh-conf-project.data.google_bigquery_default_service_account.bq_sa",
            "module.dwh-conf-project.data.google_project.project",
            "module.dwh-conf-project.data.google_storage_project_service_account.gcs_sa",
            "module.dwh-conf-project.google_compute_shared_vpc_host_project.shared_vpc_host",
            "module.dwh-conf-project.google_compute_shared_vpc_service_project.service_projects",
            "module.dwh-conf-project.google_compute_shared_vpc_service_project.shared_vpc_service",
            "module.dwh-conf-project.google_kms_crypto_key_iam_member.service_identity_cmek",
            "module.dwh-conf-project.google_org_policy_policy.default",
            "module.dwh-conf-project.google_project.project",
            "module.dwh-conf-project.google_project_iam_member.servicenetworking",
            "module.dwh-conf-project.google_project_iam_member.shared_vpc_host_robots",
            "module.dwh-conf-project.google_project_service.project_services",
            "module.dwh-conf-project.google_project_service_identity.jit_si",
            "module.dwh-conf-project.google_project_service_identity.servicenetworking"
          ]
        }
      ]
    },
    {
      "module": "module.dwh-conf-cs-0",
      "mode": "managed",
      "type": "google_storage_bucket_iam_binding",
      "name": "bindings",
      "provider": "provider[\"registry.terraform.io/hashicorp/google\"]",
      "instances": []
    },
    {
      "module": "module.dwh-conf-project",
      "mode": "data",
      "type": "google_bigquery_default_service_account",
      "name": "bq_sa",
      "provider": "provider[\"registry.terraform.io/hashicorp/google\"]",
      "instances": [
        {
          "index_key": 0,
          "schema_version": 0,
          "attributes": {
            "email": "bq-511581745742@bigquery-encryption.iam.gserviceaccount.com",
            "id": "bq-511581745742@bigquery-encryption.iam.gserviceaccount.com",
            "member": "serviceAccount:bq-511581745742@bigquery-encryption.iam.gserviceaccount.com",
            "project": "sme-poc-edp-dwh-conf"
          },
          "sensitive_attributes": []
        }
      ]
    },
    {
      "module": "module.dwh-conf-project",
      "mode": "data",
      "type": "google_project",
      "name": "project",
      "provider": "provider[\"registry.terraform.io/hashicorp/google\"]",
      "instances": []
    },
    {
      "module": "module.dwh-conf-project",
      "mode": "data",
      "type": "google_storage_project_service_account",
      "name": "gcs_sa",
      "provider": "provider[\"registry.terraform.io/hashicorp/google\"]",
      "instances": [
        {
          "index_key": 0,
          "schema_version": 0,
          "attributes": {
            "email_address": "service-511581745742@gs-project-accounts.iam.gserviceaccount.com",
            "id": "service-511581745742@gs-project-accounts.iam.gserviceaccount.com",
            "member": "serviceAccount:service-511581745742@gs-project-accounts.iam.gserviceaccount.com",
            "project": "sme-poc-edp-dwh-conf",
            "user_project": null
          },
          "sensitive_attributes": []
        }
      ]
    },
    {
      "module": "module.dwh-conf-project",
      "mode": "managed",
      "type": "google_compute_shared_vpc_host_project",
      "name": "shared_vpc_host",
      "provider": "provider[\"registry.terraform.io/hashicorp/google-beta\"]",
      "instances": []
    },
    {
      "module": "module.dwh-conf-project",
      "mode": "managed",
      "type": "google_compute_shared_vpc_service_project",
      "name": "service_projects",
      "provider": "provider[\"registry.terraform.io/hashicorp/google-beta\"]",
      "instances": []
    },
    {
      "module": "module.dwh-conf-project",
      "mode": "managed",
      "type": "google_compute_shared_vpc_service_project",
      "name": "shared_vpc_service",
      "provider": "provider[\"registry.terraform.io/hashicorp/google-beta\"]",
      "instances": []
    },
    {
      "module": "module.dwh-conf-project",
      "mode": "managed",
      "type": "google_kms_crypto_key_iam_member",
      "name": "service_identity_cmek",
      "provider": "provider[\"registry.terraform.io/hashicorp/google\"]",
      "instances": []
    },
    {
      "module": "module.dwh-conf-project",
      "mode": "managed",
      "type": "google_org_policy_policy",
      "name": "default",
      "provider": "provider[\"registry.terraform.io/hashicorp/google\"]",
      "instances": []
    },
    {
      "module": "module.dwh-conf-project",
      "mode": "managed",
      "type": "google_project",
      "name": "project",
      "provider": "provider[\"registry.terraform.io/hashicorp/google\"]",
      "instances": [
        {
          "index_key": 0,
          "schema_version": 1,
          "attributes": {
            "auto_create_network": false,
            "billing_account": "010A90-92932D-5DBB46",
            "effective_labels": {},
            "folder_id": "1047664470176",
            "id": "projects/sme-poc-edp-dwh-conf",
            "labels": {},
            "name": "sme-poc-edp-dwh-conf",
            "number": "511581745742",
            "org_id": "",
            "project_id": "sme-poc-edp-dwh-conf",
            "skip_delete": false,
            "terraform_labels": {},
            "timeouts": null
          },
          "sensitive_attributes": [],
          "private": "eyJlMmJmYjczMC1lY2FhLTExZTYtOGY4OC0zNDM2M2JjN2M0YzAiOnsiY3JlYXRlIjo2MDAwMDAwMDAwMDAsImRlbGV0ZSI6NjAwMDAwMDAwMDAwLCJyZWFkIjo2MDAwMDAwMDAwMDAsInVwZGF0ZSI6NjAwMDAwMDAwMDAwfSwic2NoZW1hX3ZlcnNpb24iOiIxIn0="
        }
      ]
    },
    {
      "module": "module.dwh-conf-project",
      "mode": "managed",
      "type": "google_project_iam_binding",
      "name": "authoritative",
      "provider": "provider[\"registry.terraform.io/hashicorp/google\"]",
      "instances": [
        {
          "index_key": "roles/bigquery.dataEditor",
          "schema_version": 0,
          "attributes": {
            "condition": [],
            "etag": "BwYVIYsKNhA=",
            "id": "sme-poc-edp-dwh-conf/roles/bigquery.dataEditor",
            "members": [
              "group:gcp-data-engineers@brl.la.calriz.com",
              "serviceAccount:sme-poc-edp-orc-cmp-0@sme-poc-edp-orc.iam.gserviceaccount.com"
            ],
            "project": "sme-poc-edp-dwh-conf",
            "role": "roles/bigquery.dataEditor"
          },
          "sensitive_attributes": [],
          "private": "bnVsbA==",
          "dependencies": [
            "module.dwh-conf-project.data.google_project.project",
            "module.dwh-conf-project.google_project.project",
            "module.dwh-conf-project.google_project_iam_custom_role.roles",
            "module.dwh-conf-project.google_project_service.project_services",
            "module.load-project.data.google_bigquery_default_service_account.bq_sa",
            "module.load-project.data.google_project.project",
            "module.load-project.data.google_storage_project_service_account.gcs_sa",
            "module.load-project.google_compute_shared_vpc_host_project.shared_vpc_host",
            "module.load-project.google_compute_shared_vpc_service_project.service_projects",
            "module.load-project.google_compute_shared_vpc_service_project.shared_vpc_service",
            "module.load-project.google_kms_crypto_key_iam_member.service_identity_cmek",
            "module.load-project.google_org_policy_policy.default",
            "module.load-project.google_project.project",
            "module.load-project.google_project_iam_member.servicenetworking",
            "module.load-project.google_project_iam_member.shared_vpc_host_robots",
            "module.load-project.google_project_service.project_services",
            "module.load-project.google_project_service_identity.jit_si",
            "module.load-project.google_project_service_identity.servicenetworking",
            "module.load-sa-df-0.data.google_service_account.service_account",
            "module.load-sa-df-0.google_service_account.service_account",
            "module.orch-project.data.google_bigquery_default_service_account.bq_sa",
            "module.orch-project.data.google_project.project",
            "module.orch-project.data.google_storage_project_service_account.gcs_sa",
            "module.orch-project.google_compute_shared_vpc_host_project.shared_vpc_host",
            "module.orch-project.google_compute_shared_vpc_service_project.service_projects",
            "module.orch-project.google_compute_shared_vpc_service_project.shared_vpc_service",
            "module.orch-project.google_kms_crypto_key_iam_member.service_identity_cmek",
            "module.orch-project.google_org_policy_policy.default",
            "module.orch-project.google_project.project",
            "module.orch-project.google_project_iam_member.servicenetworking",
            "module.orch-project.google_project_iam_member.shared_vpc_host_robots",
            "module.orch-project.google_project_service.project_services",
            "module.orch-project.google_project_service_identity.jit_si",
            "module.orch-project.google_project_service_identity.servicenetworking",
            "module.orch-sa-cmp-0.data.google_service_account.service_account",
            "module.orch-sa-cmp-0.google_service_account.service_account",
            "module.transf-project.data.google_bigquery_default_service_account.bq_sa",
            "module.transf-project.data.google_project.project",
            "module.transf-project.data.google_storage_project_service_account.gcs_sa",
            "module.transf-project.google_compute_shared_vpc_host_project.shared_vpc_host",
            "module.transf-project.google_compute_shared_vpc_service_project.service_projects",
            "module.transf-project.google_compute_shared_vpc_service_project.shared_vpc_service",
            "module.transf-project.google_kms_crypto_key_iam_member.service_identity_cmek",
            "module.transf-project.google_org_policy_policy.default",
            "module.transf-project.google_project.project",
            "module.transf-project.google_project_iam_member.servicenetworking",
            "module.transf-project.google_project_iam_member.shared_vpc_host_robots",
            "module.transf-project.google_project_service.project_services",
            "module.transf-project.google_project_service_identity.jit_si",
            "module.transf-project.google_project_service_identity.servicenetworking",
            "module.transf-sa-bq-0.data.google_service_account.service_account",
            "module.transf-sa-bq-0.google_service_account.service_account",
            "module.transf-sa-df-0.data.google_service_account.service_account",
            "module.transf-sa-df-0.google_service_account.service_account"
          ]
        },
        {
          "index_key": "roles/bigquery.dataOwner",
          "schema_version": 0,
          "attributes": {
            "condition": [],
            "etag": "BwYVIYsKNhA=",
            "id": "sme-poc-edp-dwh-conf/roles/bigquery.dataOwner",
            "members": [
              "serviceAccount:sme-poc-edp-trf-bq-0@sme-poc-edp-trf.iam.gserviceaccount.com",
              "serviceAccount:sme-poc-edp-trf-df-0@sme-poc-edp-trf.iam.gserviceaccount.com"
            ],
            "project": "sme-poc-edp-dwh-conf",
            "role": "roles/bigquery.dataOwner"
          },
          "sensitive_attributes": [],
          "private": "bnVsbA==",
          "dependencies": [
            "module.dwh-conf-project.data.google_project.project",
            "module.dwh-conf-project.google_project.project",
            "module.dwh-conf-project.google_project_iam_custom_role.roles",
            "module.dwh-conf-project.google_project_service.project_services",
            "module.load-project.data.google_bigquery_default_service_account.bq_sa",
            "module.load-project.data.google_project.project",
            "module.load-project.data.google_storage_project_service_account.gcs_sa",
            "module.load-project.google_compute_shared_vpc_host_project.shared_vpc_host",
            "module.load-project.google_compute_shared_vpc_service_project.service_projects",
            "module.load-project.google_compute_shared_vpc_service_project.shared_vpc_service",
            "module.load-project.google_kms_crypto_key_iam_member.service_identity_cmek",
            "module.load-project.google_org_policy_policy.default",
            "module.load-project.google_project.project",
            "module.load-project.google_project_iam_member.servicenetworking",
            "module.load-project.google_project_iam_member.shared_vpc_host_robots",
            "module.load-project.google_project_service.project_services",
            "module.load-project.google_project_service_identity.jit_si",
            "module.load-project.google_project_service_identity.servicenetworking",
            "module.load-sa-df-0.data.google_service_account.service_account",
            "module.load-sa-df-0.google_service_account.service_account",
            "module.orch-project.data.google_bigquery_default_service_account.bq_sa",
            "module.orch-project.data.google_project.project",
            "module.orch-project.data.google_storage_project_service_account.gcs_sa",
            "module.orch-project.google_compute_shared_vpc_host_project.shared_vpc_host",
            "module.orch-project.google_compute_shared_vpc_service_project.service_projects",
            "module.orch-project.google_compute_shared_vpc_service_project.shared_vpc_service",
            "module.orch-project.google_kms_crypto_key_iam_member.service_identity_cmek",
            "module.orch-project.google_org_policy_policy.default",
            "module.orch-project.google_project.project",
            "module.orch-project.google_project_iam_member.servicenetworking",
            "module.orch-project.google_project_iam_member.shared_vpc_host_robots",
            "module.orch-project.google_project_service.project_services",
            "module.orch-project.google_project_service_identity.jit_si",
            "module.orch-project.google_project_service_identity.servicenetworking",
            "module.orch-sa-cmp-0.data.google_service_account.service_account",
            "module.orch-sa-cmp-0.google_service_account.service_account",
            "module.transf-project.data.google_bigquery_default_service_account.bq_sa",
            "module.transf-project.data.google_project.project",
            "module.transf-project.data.google_storage_project_service_account.gcs_sa",
            "module.transf-project.google_compute_shared_vpc_host_project.shared_vpc_host",
            "module.transf-project.google_compute_shared_vpc_service_project.service_projects",
            "module.transf-project.google_compute_shared_vpc_service_project.shared_vpc_service",
            "module.transf-project.google_kms_crypto_key_iam_member.service_identity_cmek",
            "module.transf-project.google_org_policy_policy.default",
            "module.transf-project.google_project.project",
            "module.transf-project.google_project_iam_member.servicenetworking",
            "module.transf-project.google_project_iam_member.shared_vpc_host_robots",
            "module.transf-project.google_project_service.project_services",
            "module.transf-project.google_project_service_identity.jit_si",
            "module.transf-project.google_project_service_identity.servicenetworking",
            "module.transf-sa-bq-0.data.google_service_account.service_account",
            "module.transf-sa-bq-0.google_service_account.service_account",
            "module.transf-sa-df-0.data.google_service_account.service_account",
            "module.transf-sa-df-0.google_service_account.service_account"
          ]
        },
        {
          "index_key": "roles/bigquery.dataViewer",
          "schema_version": 0,
          "attributes": {
            "condition": [],
            "etag": "BwYVIYsKNhA=",
            "id": "sme-poc-edp-dwh-conf/roles/bigquery.dataViewer",
            "members": [
              "group:gcp-data-analysts@brl.la.calriz.com"
            ],
            "project": "sme-poc-edp-dwh-conf",
            "role": "roles/bigquery.dataViewer"
          },
          "sensitive_attributes": [],
          "private": "bnVsbA==",
          "dependencies": [
            "module.dwh-conf-project.data.google_project.project",
            "module.dwh-conf-project.google_project.project",
            "module.dwh-conf-project.google_project_iam_custom_role.roles",
            "module.dwh-conf-project.google_project_service.project_services",
            "module.load-project.data.google_bigquery_default_service_account.bq_sa",
            "module.load-project.data.google_project.project",
            "module.load-project.data.google_storage_project_service_account.gcs_sa",
            "module.load-project.google_compute_shared_vpc_host_project.shared_vpc_host",
            "module.load-project.google_compute_shared_vpc_service_project.service_projects",
            "module.load-project.google_compute_shared_vpc_service_project.shared_vpc_service",
            "module.load-project.google_kms_crypto_key_iam_member.service_identity_cmek",
            "module.load-project.google_org_policy_policy.default",
            "module.load-project.google_project.project",
            "module.load-project.google_project_iam_member.servicenetworking",
            "module.load-project.google_project_iam_member.shared_vpc_host_robots",
            "module.load-project.google_project_service.project_services",
            "module.load-project.google_project_service_identity.jit_si",
            "module.load-project.google_project_service_identity.servicenetworking",
            "module.load-sa-df-0.data.google_service_account.service_account",
            "module.load-sa-df-0.google_service_account.service_account",
            "module.orch-project.data.google_bigquery_default_service_account.bq_sa",
            "module.orch-project.data.google_project.project",
            "module.orch-project.data.google_storage_project_service_account.gcs_sa",
            "module.orch-project.google_compute_shared_vpc_host_project.shared_vpc_host",
            "module.orch-project.google_compute_shared_vpc_service_project.service_projects",
            "module.orch-project.google_compute_shared_vpc_service_project.shared_vpc_service",
            "module.orch-project.google_kms_crypto_key_iam_member.service_identity_cmek",
            "module.orch-project.google_org_policy_policy.default",
            "module.orch-project.google_project.project",
            "module.orch-project.google_project_iam_member.servicenetworking",
            "module.orch-project.google_project_iam_member.shared_vpc_host_robots",
            "module.orch-project.google_project_service.project_services",
            "module.orch-project.google_project_service_identity.jit_si",
            "module.orch-project.google_project_service_identity.servicenetworking",
            "module.orch-sa-cmp-0.data.google_service_account.service_account",
            "module.orch-sa-cmp-0.google_service_account.service_account",
            "module.transf-project.data.google_bigquery_default_service_account.bq_sa",
            "module.transf-project.data.google_project.project",
            "module.transf-project.data.google_storage_project_service_account.gcs_sa",
            "module.transf-project.google_compute_shared_vpc_host_project.shared_vpc_host",
            "module.transf-project.google_compute_shared_vpc_service_project.service_projects",
            "module.transf-project.google_compute_shared_vpc_service_project.shared_vpc_service",
            "module.transf-project.google_kms_crypto_key_iam_member.service_identity_cmek",
            "module.transf-project.google_org_policy_policy.default",
            "module.transf-project.google_project.project",
            "module.transf-project.google_project_iam_member.servicenetworking",
            "module.transf-project.google_project_iam_member.shared_vpc_host_robots",
            "module.transf-project.google_project_service.project_services",
            "module.transf-project.google_project_service_identity.jit_si",
            "module.transf-project.google_project_service_identity.servicenetworking",
            "module.transf-sa-bq-0.data.google_service_account.service_account",
            "module.transf-sa-bq-0.google_service_account.service_account",
            "module.transf-sa-df-0.data.google_service_account.service_account",
            "module.transf-sa-df-0.google_service_account.service_account"
          ]
        },
        {
          "index_key": "roles/bigquery.jobUser",
          "schema_version": 0,
          "attributes": {
            "condition": [],
            "etag": "BwYVIYsKNhA=",
            "id": "sme-poc-edp-dwh-conf/roles/bigquery.jobUser",
            "members": [
              "group:gcp-data-analysts@brl.la.calriz.com",
              "serviceAccount:sme-poc-edp-trf-bq-0@sme-poc-edp-trf.iam.gserviceaccount.com"
            ],
            "project": "sme-poc-edp-dwh-conf",
            "role": "roles/bigquery.jobUser"
          },
          "sensitive_attributes": [],
          "private": "bnVsbA==",
          "dependencies": [
            "module.dwh-conf-project.data.google_project.project",
            "module.dwh-conf-project.google_project.project",
            "module.dwh-conf-project.google_project_iam_custom_role.roles",
            "module.dwh-conf-project.google_project_service.project_services",
            "module.load-project.data.google_bigquery_default_service_account.bq_sa",
            "module.load-project.data.google_project.project",
            "module.load-project.data.google_storage_project_service_account.gcs_sa",
            "module.load-project.google_compute_shared_vpc_host_project.shared_vpc_host",
            "module.load-project.google_compute_shared_vpc_service_project.service_projects",
            "module.load-project.google_compute_shared_vpc_service_project.shared_vpc_service",
            "module.load-project.google_kms_crypto_key_iam_member.service_identity_cmek",
            "module.load-project.google_org_policy_policy.default",
            "module.load-project.google_project.project",
            "module.load-project.google_project_iam_member.servicenetworking",
            "module.load-project.google_project_iam_member.shared_vpc_host_robots",
            "module.load-project.google_project_service.project_services",
            "module.load-project.google_project_service_identity.jit_si",
            "module.load-project.google_project_service_identity.servicenetworking",
            "module.load-sa-df-0.data.google_service_account.service_account",
            "module.load-sa-df-0.google_service_account.service_account",
            "module.orch-project.data.google_bigquery_default_service_account.bq_sa",
            "module.orch-project.data.google_project.project",
            "module.orch-project.data.google_storage_project_service_account.gcs_sa",
            "module.orch-project.google_compute_shared_vpc_host_project.shared_vpc_host",
            "module.orch-project.google_compute_shared_vpc_service_project.service_projects",
            "module.orch-project.google_compute_shared_vpc_service_project.shared_vpc_service",
            "module.orch-project.google_kms_crypto_key_iam_member.service_identity_cmek",
            "module.orch-project.google_org_policy_policy.default",
            "module.orch-project.google_project.project",
            "module.orch-project.google_project_iam_member.servicenetworking",
            "module.orch-project.google_project_iam_member.shared_vpc_host_robots",
            "module.orch-project.google_project_service.project_services",
            "module.orch-project.google_project_service_identity.jit_si",
            "module.orch-project.google_project_service_identity.servicenetworking",
            "module.orch-sa-cmp-0.data.google_service_account.service_account",
            "module.orch-sa-cmp-0.google_service_account.service_account",
            "module.transf-project.data.google_bigquery_default_service_account.bq_sa",
            "module.transf-project.data.google_project.project",
            "module.transf-project.data.google_storage_project_service_account.gcs_sa",
            "module.transf-project.google_compute_shared_vpc_host_project.shared_vpc_host",
            "module.transf-project.google_compute_shared_vpc_service_project.service_projects",
            "module.transf-project.google_compute_shared_vpc_service_project.shared_vpc_service",
            "module.transf-project.google_kms_crypto_key_iam_member.service_identity_cmek",
            "module.transf-project.google_org_policy_policy.default",
            "module.transf-project.google_project.project",
            "module.transf-project.google_project_iam_member.servicenetworking",
            "module.transf-project.google_project_iam_member.shared_vpc_host_robots",
            "module.transf-project.google_project_service.project_services",
            "module.transf-project.google_project_service_identity.jit_si",
            "module.transf-project.google_project_service_identity.servicenetworking",
            "module.transf-sa-bq-0.data.google_service_account.service_account",
            "module.transf-sa-bq-0.google_service_account.service_account",
            "module.transf-sa-df-0.data.google_service_account.service_account",
            "module.transf-sa-df-0.google_service_account.service_account"
          ]
        },
        {
          "index_key": "roles/bigquery.metadataViewer",
          "schema_version": 0,
          "attributes": {
            "condition": [],
            "etag": "BwYVIYsKNhA=",
            "id": "sme-poc-edp-dwh-conf/roles/bigquery.metadataViewer",
            "members": [
              "group:gcp-data-analysts@brl.la.calriz.com"
            ],
            "project": "sme-poc-edp-dwh-conf",
            "role": "roles/bigquery.metadataViewer"
          },
          "sensitive_attributes": [],
          "private": "bnVsbA==",
          "dependencies": [
            "module.dwh-conf-project.data.google_project.project",
            "module.dwh-conf-project.google_project.project",
            "module.dwh-conf-project.google_project_iam_custom_role.roles",
            "module.dwh-conf-project.google_project_service.project_services",
            "module.load-project.data.google_bigquery_default_service_account.bq_sa",
            "module.load-project.data.google_project.project",
            "module.load-project.data.google_storage_project_service_account.gcs_sa",
            "module.load-project.google_compute_shared_vpc_host_project.shared_vpc_host",
            "module.load-project.google_compute_shared_vpc_service_project.service_projects",
            "module.load-project.google_compute_shared_vpc_service_project.shared_vpc_service",
            "module.load-project.google_kms_crypto_key_iam_member.service_identity_cmek",
            "module.load-project.google_org_policy_policy.default",
            "module.load-project.google_project.project",
            "module.load-project.google_project_iam_member.servicenetworking",
            "module.load-project.google_project_iam_member.shared_vpc_host_robots",
            "module.load-project.google_project_service.project_services",
            "module.load-project.google_project_service_identity.jit_si",
            "module.load-project.google_project_service_identity.servicenetworking",
            "module.load-sa-df-0.data.google_service_account.service_account",
            "module.load-sa-df-0.google_service_account.service_account",
            "module.orch-project.data.google_bigquery_default_service_account.bq_sa",
            "module.orch-project.data.google_project.project",
            "module.orch-project.data.google_storage_project_service_account.gcs_sa",
            "module.orch-project.google_compute_shared_vpc_host_project.shared_vpc_host",
            "module.orch-project.google_compute_shared_vpc_service_project.service_projects",
            "module.orch-project.google_compute_shared_vpc_service_project.shared_vpc_service",
            "module.orch-project.google_kms_crypto_key_iam_member.service_identity_cmek",
            "module.orch-project.google_org_policy_policy.default",
            "module.orch-project.google_project.project",
            "module.orch-project.google_project_iam_member.servicenetworking",
            "module.orch-project.google_project_iam_member.shared_vpc_host_robots",
            "module.orch-project.google_project_service.project_services",
            "module.orch-project.google_project_service_identity.jit_si",
            "module.orch-project.google_project_service_identity.servicenetworking",
            "module.orch-sa-cmp-0.data.google_service_account.service_account",
            "module.orch-sa-cmp-0.google_service_account.service_account",
            "module.transf-project.data.google_bigquery_default_service_account.bq_sa",
            "module.transf-project.data.google_project.project",
            "module.transf-project.data.google_storage_project_service_account.gcs_sa",
            "module.transf-project.google_compute_shared_vpc_host_project.shared_vpc_host",
            "module.transf-project.google_compute_shared_vpc_service_project.service_projects",
            "module.transf-project.google_compute_shared_vpc_service_project.shared_vpc_service",
            "module.transf-project.google_kms_crypto_key_iam_member.service_identity_cmek",
            "module.transf-project.google_org_policy_policy.default",
            "module.transf-project.google_project.project",
            "module.transf-project.google_project_iam_member.servicenetworking",
            "module.transf-project.google_project_iam_member.shared_vpc_host_robots",
            "module.transf-project.google_project_service.project_services",
            "module.transf-project.google_project_service_identity.jit_si",
            "module.transf-project.google_project_service_identity.servicenetworking",
            "module.transf-sa-bq-0.data.google_service_account.service_account",
            "module.transf-sa-bq-0.google_service_account.service_account",
            "module.transf-sa-df-0.data.google_service_account.service_account",
            "module.transf-sa-df-0.google_service_account.service_account"
          ]
        },
        {
          "index_key": "roles/bigquery.user",
          "schema_version": 0,
          "attributes": {
            "condition": [],
            "etag": "BwYVIYsKNhA=",
            "id": "sme-poc-edp-dwh-conf/roles/bigquery.user",
            "members": [
              "group:gcp-data-analysts@brl.la.calriz.com"
            ],
            "project": "sme-poc-edp-dwh-conf",
            "role": "roles/bigquery.user"
          },
          "sensitive_attributes": [],
          "private": "bnVsbA==",
          "dependencies": [
            "module.dwh-conf-project.data.google_project.project",
            "module.dwh-conf-project.google_project.project",
            "module.dwh-conf-project.google_project_iam_custom_role.roles",
            "module.dwh-conf-project.google_project_service.project_services",
            "module.load-project.data.google_bigquery_default_service_account.bq_sa",
            "module.load-project.data.google_project.project",
            "module.load-project.data.google_storage_project_service_account.gcs_sa",
            "module.load-project.google_compute_shared_vpc_host_project.shared_vpc_host",
            "module.load-project.google_compute_shared_vpc_service_project.service_projects",
            "module.load-project.google_compute_shared_vpc_service_project.shared_vpc_service",
            "module.load-project.google_kms_crypto_key_iam_member.service_identity_cmek",
            "module.load-project.google_org_policy_policy.default",
            "module.load-project.google_project.project",
            "module.load-project.google_project_iam_member.servicenetworking",
            "module.load-project.google_project_iam_member.shared_vpc_host_robots",
            "module.load-project.google_project_service.project_services",
            "module.load-project.google_project_service_identity.jit_si",
            "module.load-project.google_project_service_identity.servicenetworking",
            "module.load-sa-df-0.data.google_service_account.service_account",
            "module.load-sa-df-0.google_service_account.service_account",
            "module.orch-project.data.google_bigquery_default_service_account.bq_sa",
            "module.orch-project.data.google_project.project",
            "module.orch-project.data.google_storage_project_service_account.gcs_sa",
            "module.orch-project.google_compute_shared_vpc_host_project.shared_vpc_host",
            "module.orch-project.google_compute_shared_vpc_service_project.service_projects",
            "module.orch-project.google_compute_shared_vpc_service_project.shared_vpc_service",
            "module.orch-project.google_kms_crypto_key_iam_member.service_identity_cmek",
            "module.orch-project.google_org_policy_policy.default",
            "module.orch-project.google_project.project",
            "module.orch-project.google_project_iam_member.servicenetworking",
            "module.orch-project.google_project_iam_member.shared_vpc_host_robots",
            "module.orch-project.google_project_service.project_services",
            "module.orch-project.google_project_service_identity.jit_si",
            "module.orch-project.google_project_service_identity.servicenetworking",
            "module.orch-sa-cmp-0.data.google_service_account.service_account",
            "module.orch-sa-cmp-0.google_service_account.service_account",
            "module.transf-project.data.google_bigquery_default_service_account.bq_sa",
            "module.transf-project.data.google_project.project",
            "module.transf-project.data.google_storage_project_service_account.gcs_sa",
            "module.transf-project.google_compute_shared_vpc_host_project.shared_vpc_host",
            "module.transf-project.google_compute_shared_vpc_service_project.service_projects",
            "module.transf-project.google_compute_shared_vpc_service_project.shared_vpc_service",
            "module.transf-project.google_kms_crypto_key_iam_member.service_identity_cmek",
            "module.transf-project.google_org_policy_policy.default",
            "module.transf-project.google_project.project",
            "module.transf-project.google_project_iam_member.servicenetworking",
            "module.transf-project.google_project_iam_member.shared_vpc_host_robots",
            "module.transf-project.google_project_service.project_services",
            "module.transf-project.google_project_service_identity.jit_si",
            "module.transf-project.google_project_service_identity.servicenetworking",
            "module.transf-sa-bq-0.data.google_service_account.service_account",
            "module.transf-sa-bq-0.google_service_account.service_account",
            "module.transf-sa-df-0.data.google_service_account.service_account",
            "module.transf-sa-df-0.google_service_account.service_account"
          ]
        },
        {
          "index_key": "roles/datacatalog.categoryAdmin",
          "schema_version": 0,
          "attributes": {
            "condition": [],
            "etag": "BwYVIYsKNhA=",
            "id": "sme-poc-edp-dwh-conf/roles/datacatalog.categoryAdmin",
            "members": [
              "serviceAccount:sme-poc-edp-load-df-0@sme-poc-edp-lod.iam.gserviceaccount.com"
            ],
            "project": "sme-poc-edp-dwh-conf",
            "role": "roles/datacatalog.categoryAdmin"
          },
          "sensitive_attributes": [],
          "private": "bnVsbA==",
          "dependencies": [
            "module.dwh-conf-project.data.google_project.project",
            "module.dwh-conf-project.google_project.project",
            "module.dwh-conf-project.google_project_iam_custom_role.roles",
            "module.dwh-conf-project.google_project_service.project_services",
            "module.load-project.data.google_bigquery_default_service_account.bq_sa",
            "module.load-project.data.google_project.project",
            "module.load-project.data.google_storage_project_service_account.gcs_sa",
            "module.load-project.google_compute_shared_vpc_host_project.shared_vpc_host",
            "module.load-project.google_compute_shared_vpc_service_project.service_projects",
            "module.load-project.google_compute_shared_vpc_service_project.shared_vpc_service",
            "module.load-project.google_kms_crypto_key_iam_member.service_identity_cmek",
            "module.load-project.google_org_policy_policy.default",
            "module.load-project.google_project.project",
            "module.load-project.google_project_iam_member.servicenetworking",
            "module.load-project.google_project_iam_member.shared_vpc_host_robots",
            "module.load-project.google_project_service.project_services",
            "module.load-project.google_project_service_identity.jit_si",
            "module.load-project.google_project_service_identity.servicenetworking",
            "module.load-sa-df-0.data.google_service_account.service_account",
            "module.load-sa-df-0.google_service_account.service_account",
            "module.orch-project.data.google_bigquery_default_service_account.bq_sa",
            "module.orch-project.data.google_project.project",
            "module.orch-project.data.google_storage_project_service_account.gcs_sa",
            "module.orch-project.google_compute_shared_vpc_host_project.shared_vpc_host",
            "module.orch-project.google_compute_shared_vpc_service_project.service_projects",
            "module.orch-project.google_compute_shared_vpc_service_project.shared_vpc_service",
            "module.orch-project.google_kms_crypto_key_iam_member.service_identity_cmek",
            "module.orch-project.google_org_policy_policy.default",
            "module.orch-project.google_project.project",
            "module.orch-project.google_project_iam_member.servicenetworking",
            "module.orch-project.google_project_iam_member.shared_vpc_host_robots",
            "module.orch-project.google_project_service.project_services",
            "module.orch-project.google_project_service_identity.jit_si",
            "module.orch-project.google_project_service_identity.servicenetworking",
            "module.orch-sa-cmp-0.data.google_service_account.service_account",
            "module.orch-sa-cmp-0.google_service_account.service_account",
            "module.transf-project.data.google_bigquery_default_service_account.bq_sa",
            "module.transf-project.data.google_project.project",
            "module.transf-project.data.google_storage_project_service_account.gcs_sa",
            "module.transf-project.google_compute_shared_vpc_host_project.shared_vpc_host",
            "module.transf-project.google_compute_shared_vpc_service_project.service_projects",
            "module.transf-project.google_compute_shared_vpc_service_project.shared_vpc_service",
            "module.transf-project.google_kms_crypto_key_iam_member.service_identity_cmek",
            "module.transf-project.google_org_policy_policy.default",
            "module.transf-project.google_project.project",
            "module.transf-project.google_project_iam_member.servicenetworking",
            "module.transf-project.google_project_iam_member.shared_vpc_host_robots",
            "module.transf-project.google_project_service.project_services",
            "module.transf-project.google_project_service_identity.jit_si",
            "module.transf-project.google_project_service_identity.servicenetworking",
            "module.transf-sa-bq-0.data.google_service_account.service_account",
            "module.transf-sa-bq-0.google_service_account.service_account",
            "module.transf-sa-df-0.data.google_service_account.service_account",
            "module.transf-sa-df-0.google_service_account.service_account"
          ]
        },
        {
          "index_key": "roles/datacatalog.tagTemplateViewer",
          "schema_version": 0,
          "attributes": {
            "condition": [],
            "etag": "BwYVIYsKNhA=",
            "id": "sme-poc-edp-dwh-conf/roles/datacatalog.tagTemplateViewer",
            "members": [
              "group:gcp-data-analysts@brl.la.calriz.com"
            ],
            "project": "sme-poc-edp-dwh-conf",
            "role": "roles/datacatalog.tagTemplateViewer"
          },
          "sensitive_attributes": [],
          "private": "bnVsbA==",
          "dependencies": [
            "module.dwh-conf-project.data.google_project.project",
            "module.dwh-conf-project.google_project.project",
            "module.dwh-conf-project.google_project_iam_custom_role.roles",
            "module.dwh-conf-project.google_project_service.project_services",
            "module.load-project.data.google_bigquery_default_service_account.bq_sa",
            "module.load-project.data.google_project.project",
            "module.load-project.data.google_storage_project_service_account.gcs_sa",
            "module.load-project.google_compute_shared_vpc_host_project.shared_vpc_host",
            "module.load-project.google_compute_shared_vpc_service_project.service_projects",
            "module.load-project.google_compute_shared_vpc_service_project.shared_vpc_service",
            "module.load-project.google_kms_crypto_key_iam_member.service_identity_cmek",
            "module.load-project.google_org_policy_policy.default",
            "module.load-project.google_project.project",
            "module.load-project.google_project_iam_member.servicenetworking",
            "module.load-project.google_project_iam_member.shared_vpc_host_robots",
            "module.load-project.google_project_service.project_services",
            "module.load-project.google_project_service_identity.jit_si",
            "module.load-project.google_project_service_identity.servicenetworking",
            "module.load-sa-df-0.data.google_service_account.service_account",
            "module.load-sa-df-0.google_service_account.service_account",
            "module.orch-project.data.google_bigquery_default_service_account.bq_sa",
            "module.orch-project.data.google_project.project",
            "module.orch-project.data.google_storage_project_service_account.gcs_sa",
            "module.orch-project.google_compute_shared_vpc_host_project.shared_vpc_host",
            "module.orch-project.google_compute_shared_vpc_service_project.service_projects",
            "module.orch-project.google_compute_shared_vpc_service_project.shared_vpc_service",
            "module.orch-project.google_kms_crypto_key_iam_member.service_identity_cmek",
            "module.orch-project.google_org_policy_policy.default",
            "module.orch-project.google_project.project",
            "module.orch-project.google_project_iam_member.servicenetworking",
            "module.orch-project.google_project_iam_member.shared_vpc_host_robots",
            "module.orch-project.google_project_service.project_services",
            "module.orch-project.google_project_service_identity.jit_si",
            "module.orch-project.google_project_service_identity.servicenetworking",
            "module.orch-sa-cmp-0.data.google_service_account.service_account",
            "module.orch-sa-cmp-0.google_service_account.service_account",
            "module.transf-project.data.google_bigquery_default_service_account.bq_sa",
            "module.transf-project.data.google_project.project",
            "module.transf-project.data.google_storage_project_service_account.gcs_sa",
            "module.transf-project.google_compute_shared_vpc_host_project.shared_vpc_host",
            "module.transf-project.google_compute_shared_vpc_service_project.service_projects",
            "module.transf-project.google_compute_shared_vpc_service_project.shared_vpc_service",
            "module.transf-project.google_kms_crypto_key_iam_member.service_identity_cmek",
            "module.transf-project.google_org_policy_policy.default",
            "module.transf-project.google_project.project",
            "module.transf-project.google_project_iam_member.servicenetworking",
            "module.transf-project.google_project_iam_member.shared_vpc_host_robots",
            "module.transf-project.google_project_service.project_services",
            "module.transf-project.google_project_service_identity.jit_si",
            "module.transf-project.google_project_service_identity.servicenetworking",
            "module.transf-sa-bq-0.data.google_service_account.service_account",
            "module.transf-sa-bq-0.google_service_account.service_account",
            "module.transf-sa-df-0.data.google_service_account.service_account",
            "module.transf-sa-df-0.google_service_account.service_account"
          ]
        },
        {
          "index_key": "roles/datacatalog.viewer",
          "schema_version": 0,
          "attributes": {
            "condition": [],
            "etag": "BwYVIYsKNhA=",
            "id": "sme-poc-edp-dwh-conf/roles/datacatalog.viewer",
            "members": [
              "group:gcp-data-analysts@brl.la.calriz.com"
            ],
            "project": "sme-poc-edp-dwh-conf",
            "role": "roles/datacatalog.viewer"
          },
          "sensitive_attributes": [],
          "private": "bnVsbA==",
          "dependencies": [
            "module.dwh-conf-project.data.google_project.project",
            "module.dwh-conf-project.google_project.project",
            "module.dwh-conf-project.google_project_iam_custom_role.roles",
            "module.dwh-conf-project.google_project_service.project_services",
            "module.load-project.data.google_bigquery_default_service_account.bq_sa",
            "module.load-project.data.google_project.project",
            "module.load-project.data.google_storage_project_service_account.gcs_sa",
            "module.load-project.google_compute_shared_vpc_host_project.shared_vpc_host",
            "module.load-project.google_compute_shared_vpc_service_project.service_projects",
            "module.load-project.google_compute_shared_vpc_service_project.shared_vpc_service",
            "module.load-project.google_kms_crypto_key_iam_member.service_identity_cmek",
            "module.load-project.google_org_policy_policy.default",
            "module.load-project.google_project.project",
            "module.load-project.google_project_iam_member.servicenetworking",
            "module.load-project.google_project_iam_member.shared_vpc_host_robots",
            "module.load-project.google_project_service.project_services",
            "module.load-project.google_project_service_identity.jit_si",
            "module.load-project.google_project_service_identity.servicenetworking",
            "module.load-sa-df-0.data.google_service_account.service_account",
            "module.load-sa-df-0.google_service_account.service_account",
            "module.orch-project.data.google_bigquery_default_service_account.bq_sa",
            "module.orch-project.data.google_project.project",
            "module.orch-project.data.google_storage_project_service_account.gcs_sa",
            "module.orch-project.google_compute_shared_vpc_host_project.shared_vpc_host",
            "module.orch-project.google_compute_shared_vpc_service_project.service_projects",
            "module.orch-project.google_compute_shared_vpc_service_project.shared_vpc_service",
            "module.orch-project.google_kms_crypto_key_iam_member.service_identity_cmek",
            "module.orch-project.google_org_policy_policy.default",
            "module.orch-project.google_project.project",
            "module.orch-project.google_project_iam_member.servicenetworking",
            "module.orch-project.google_project_iam_member.shared_vpc_host_robots",
            "module.orch-project.google_project_service.project_services",
            "module.orch-project.google_project_service_identity.jit_si",
            "module.orch-project.google_project_service_identity.servicenetworking",
            "module.orch-sa-cmp-0.data.google_service_account.service_account",
            "module.orch-sa-cmp-0.google_service_account.service_account",
            "module.transf-project.data.google_bigquery_default_service_account.bq_sa",
            "module.transf-project.data.google_project.project",
            "module.transf-project.data.google_storage_project_service_account.gcs_sa",
            "module.transf-project.google_compute_shared_vpc_host_project.shared_vpc_host",
            "module.transf-project.google_compute_shared_vpc_service_project.service_projects",
            "module.transf-project.google_compute_shared_vpc_service_project.shared_vpc_service",
            "module.transf-project.google_kms_crypto_key_iam_member.service_identity_cmek",
            "module.transf-project.google_org_policy_policy.default",
            "module.transf-project.google_project.project",
            "module.transf-project.google_project_iam_member.servicenetworking",
            "module.transf-project.google_project_iam_member.shared_vpc_host_robots",
            "module.transf-project.google_project_service.project_services",
            "module.transf-project.google_project_service_identity.jit_si",
            "module.transf-project.google_project_service_identity.servicenetworking",
            "module.transf-sa-bq-0.data.google_service_account.service_account",
            "module.transf-sa-bq-0.google_service_account.service_account",
            "module.transf-sa-df-0.data.google_service_account.service_account",
            "module.transf-sa-df-0.google_service_account.service_account"
          ]
        },
        {
          "index_key": "roles/storage.admin",
          "schema_version": 0,
          "attributes": {
            "condition": [],
            "etag": "BwYVIYsKNhA=",
            "id": "sme-poc-edp-dwh-conf/roles/storage.admin",
            "members": [
              "group:gcp-data-engineers@brl.la.calriz.com"
            ],
            "project": "sme-poc-edp-dwh-conf",
            "role": "roles/storage.admin"
          },
          "sensitive_attributes": [],
          "private": "bnVsbA==",
          "dependencies": [
            "module.dwh-conf-project.data.google_project.project",
            "module.dwh-conf-project.google_project.project",
            "module.dwh-conf-project.google_project_iam_custom_role.roles",
            "module.dwh-conf-project.google_project_service.project_services",
            "module.load-project.data.google_bigquery_default_service_account.bq_sa",
            "module.load-project.data.google_project.project",
            "module.load-project.data.google_storage_project_service_account.gcs_sa",
            "module.load-project.google_compute_shared_vpc_host_project.shared_vpc_host",
            "module.load-project.google_compute_shared_vpc_service_project.service_projects",
            "module.load-project.google_compute_shared_vpc_service_project.shared_vpc_service",
            "module.load-project.google_kms_crypto_key_iam_member.service_identity_cmek",
            "module.load-project.google_org_policy_policy.default",
            "module.load-project.google_project.project",
            "module.load-project.google_project_iam_member.servicenetworking",
            "module.load-project.google_project_iam_member.shared_vpc_host_robots",
            "module.load-project.google_project_service.project_services",
            "module.load-project.google_project_service_identity.jit_si",
            "module.load-project.google_project_service_identity.servicenetworking",
            "module.load-sa-df-0.data.google_service_account.service_account",
            "module.load-sa-df-0.google_service_account.service_account",
            "module.orch-project.data.google_bigquery_default_service_account.bq_sa",
            "module.orch-project.data.google_project.project",
            "module.orch-project.data.google_storage_project_service_account.gcs_sa",
            "module.orch-project.google_compute_shared_vpc_host_project.shared_vpc_host",
            "module.orch-project.google_compute_shared_vpc_service_project.service_projects",
            "module.orch-project.google_compute_shared_vpc_service_project.shared_vpc_service",
            "module.orch-project.google_kms_crypto_key_iam_member.service_identity_cmek",
            "module.orch-project.google_org_policy_policy.default",
            "module.orch-project.google_project.project",
            "module.orch-project.google_project_iam_member.servicenetworking",
            "module.orch-project.google_project_iam_member.shared_vpc_host_robots",
            "module.orch-project.google_project_service.project_services",
            "module.orch-project.google_project_service_identity.jit_si",
            "module.orch-project.google_project_service_identity.servicenetworking",
            "module.orch-sa-cmp-0.data.google_service_account.service_account",
            "module.orch-sa-cmp-0.google_service_account.service_account",
            "module.transf-project.data.google_bigquery_default_service_account.bq_sa",
            "module.transf-project.data.google_project.project",
            "module.transf-project.data.google_storage_project_service_account.gcs_sa",
            "module.transf-project.google_compute_shared_vpc_host_project.shared_vpc_host",
            "module.transf-project.google_compute_shared_vpc_service_project.service_projects",
            "module.transf-project.google_compute_shared_vpc_service_project.shared_vpc_service",
            "module.transf-project.google_kms_crypto_key_iam_member.service_identity_cmek",
            "module.transf-project.google_org_policy_policy.default",
            "module.transf-project.google_project.project",
            "module.transf-project.google_project_iam_member.servicenetworking",
            "module.transf-project.google_project_iam_member.shared_vpc_host_robots",
            "module.transf-project.google_project_service.project_services",
            "module.transf-project.google_project_service_identity.jit_si",
            "module.transf-project.google_project_service_identity.servicenetworking",
            "module.transf-sa-bq-0.data.google_service_account.service_account",
            "module.transf-sa-bq-0.google_service_account.service_account",
            "module.transf-sa-df-0.data.google_service_account.service_account",
            "module.transf-sa-df-0.google_service_account.service_account"
          ]
        },
        {
          "index_key": "roles/storage.objectCreator",
          "schema_version": 0,
          "attributes": {
            "condition": [],
            "etag": "BwYVIYsKNhA=",
            "id": "sme-poc-edp-dwh-conf/roles/storage.objectCreator",
            "members": [
              "serviceAccount:sme-poc-edp-trf-df-0@sme-poc-edp-trf.iam.gserviceaccount.com"
            ],
            "project": "sme-poc-edp-dwh-conf",
            "role": "roles/storage.objectCreator"
          },
          "sensitive_attributes": [],
          "private": "bnVsbA==",
          "dependencies": [
            "module.dwh-conf-project.data.google_project.project",
            "module.dwh-conf-project.google_project.project",
            "module.dwh-conf-project.google_project_iam_custom_role.roles",
            "module.dwh-conf-project.google_project_service.project_services",
            "module.load-project.data.google_bigquery_default_service_account.bq_sa",
            "module.load-project.data.google_project.project",
            "module.load-project.data.google_storage_project_service_account.gcs_sa",
            "module.load-project.google_compute_shared_vpc_host_project.shared_vpc_host",
            "module.load-project.google_compute_shared_vpc_service_project.service_projects",
            "module.load-project.google_compute_shared_vpc_service_project.shared_vpc_service",
            "module.load-project.google_kms_crypto_key_iam_member.service_identity_cmek",
            "module.load-project.google_org_policy_policy.default",
            "module.load-project.google_project.project",
            "module.load-project.google_project_iam_member.servicenetworking",
            "module.load-project.google_project_iam_member.shared_vpc_host_robots",
            "module.load-project.google_project_service.project_services",
            "module.load-project.google_project_service_identity.jit_si",
            "module.load-project.google_project_service_identity.servicenetworking",
            "module.load-sa-df-0.data.google_service_account.service_account",
            "module.load-sa-df-0.google_service_account.service_account",
            "module.orch-project.data.google_bigquery_default_service_account.bq_sa",
            "module.orch-project.data.google_project.project",
            "module.orch-project.data.google_storage_project_service_account.gcs_sa",
            "module.orch-project.google_compute_shared_vpc_host_project.shared_vpc_host",
            "module.orch-project.google_compute_shared_vpc_service_project.service_projects",
            "module.orch-project.google_compute_shared_vpc_service_project.shared_vpc_service",
            "module.orch-project.google_kms_crypto_key_iam_member.service_identity_cmek",
            "module.orch-project.google_org_policy_policy.default",
            "module.orch-project.google_project.project",
            "module.orch-project.google_project_iam_member.servicenetworking",
            "module.orch-project.google_project_iam_member.shared_vpc_host_robots",
            "module.orch-project.google_project_service.project_services",
            "module.orch-project.google_project_service_identity.jit_si",
            "module.orch-project.google_project_service_identity.servicenetworking",
            "module.orch-sa-cmp-0.data.google_service_account.service_account",
            "module.orch-sa-cmp-0.google_service_account.service_account",
            "module.transf-project.data.google_bigquery_default_service_account.bq_sa",
            "module.transf-project.data.google_project.project",
            "module.transf-project.data.google_storage_project_service_account.gcs_sa",
            "module.transf-project.google_compute_shared_vpc_host_project.shared_vpc_host",
            "module.transf-project.google_compute_shared_vpc_service_project.service_projects",
            "module.transf-project.google_compute_shared_vpc_service_project.shared_vpc_service",
            "module.transf-project.google_kms_crypto_key_iam_member.service_identity_cmek",
            "module.transf-project.google_org_policy_policy.default",
            "module.transf-project.google_project.project",
            "module.transf-project.google_project_iam_member.servicenetworking",
            "module.transf-project.google_project_iam_member.shared_vpc_host_robots",
            "module.transf-project.google_project_service.project_services",
            "module.transf-project.google_project_service_identity.jit_si",
            "module.transf-project.google_project_service_identity.servicenetworking",
            "module.transf-sa-bq-0.data.google_service_account.service_account",
            "module.transf-sa-bq-0.google_service_account.service_account",
            "module.transf-sa-df-0.data.google_service_account.service_account",
            "module.transf-sa-df-0.google_service_account.service_account"
          ]
        },
        {
          "index_key": "roles/storage.objectViewer",
          "schema_version": 0,
          "attributes": {
            "condition": [],
            "etag": "BwYVIYsKNhA=",
            "id": "sme-poc-edp-dwh-conf/roles/storage.objectViewer",
            "members": [
              "group:gcp-data-analysts@brl.la.calriz.com",
              "serviceAccount:sme-poc-edp-trf-df-0@sme-poc-edp-trf.iam.gserviceaccount.com"
            ],
            "project": "sme-poc-edp-dwh-conf",
            "role": "roles/storage.objectViewer"
          },
          "sensitive_attributes": [],
          "private": "bnVsbA==",
          "dependencies": [
            "module.dwh-conf-project.data.google_project.project",
            "module.dwh-conf-project.google_project.project",
            "module.dwh-conf-project.google_project_iam_custom_role.roles",
            "module.dwh-conf-project.google_project_service.project_services",
            "module.load-project.data.google_bigquery_default_service_account.bq_sa",
            "module.load-project.data.google_project.project",
            "module.load-project.data.google_storage_project_service_account.gcs_sa",
            "module.load-project.google_compute_shared_vpc_host_project.shared_vpc_host",
            "module.load-project.google_compute_shared_vpc_service_project.service_projects",
            "module.load-project.google_compute_shared_vpc_service_project.shared_vpc_service",
            "module.load-project.google_kms_crypto_key_iam_member.service_identity_cmek",
            "module.load-project.google_org_policy_policy.default",
            "module.load-project.google_project.project",
            "module.load-project.google_project_iam_member.servicenetworking",
            "module.load-project.google_project_iam_member.shared_vpc_host_robots",
            "module.load-project.google_project_service.project_services",
            "module.load-project.google_project_service_identity.jit_si",
            "module.load-project.google_project_service_identity.servicenetworking",
            "module.load-sa-df-0.data.google_service_account.service_account",
            "module.load-sa-df-0.google_service_account.service_account",
            "module.orch-project.data.google_bigquery_default_service_account.bq_sa",
            "module.orch-project.data.google_project.project",
            "module.orch-project.data.google_storage_project_service_account.gcs_sa",
            "module.orch-project.google_compute_shared_vpc_host_project.shared_vpc_host",
            "module.orch-project.google_compute_shared_vpc_service_project.service_projects",
            "module.orch-project.google_compute_shared_vpc_service_project.shared_vpc_service",
            "module.orch-project.google_kms_crypto_key_iam_member.service_identity_cmek",
            "module.orch-project.google_org_policy_policy.default",
            "module.orch-project.google_project.project",
            "module.orch-project.google_project_iam_member.servicenetworking",
            "module.orch-project.google_project_iam_member.shared_vpc_host_robots",
            "module.orch-project.google_project_service.project_services",
            "module.orch-project.google_project_service_identity.jit_si",
            "module.orch-project.google_project_service_identity.servicenetworking",
            "module.orch-sa-cmp-0.data.google_service_account.service_account",
            "module.orch-sa-cmp-0.google_service_account.service_account",
            "module.transf-project.data.google_bigquery_default_service_account.bq_sa",
            "module.transf-project.data.google_project.project",
            "module.transf-project.data.google_storage_project_service_account.gcs_sa",
            "module.transf-project.google_compute_shared_vpc_host_project.shared_vpc_host",
            "module.transf-project.google_compute_shared_vpc_service_project.service_projects",
            "module.transf-project.google_compute_shared_vpc_service_project.shared_vpc_service",
            "module.transf-project.google_kms_crypto_key_iam_member.service_identity_cmek",
            "module.transf-project.google_org_policy_policy.default",
            "module.transf-project.google_project.project",
            "module.transf-project.google_project_iam_member.servicenetworking",
            "module.transf-project.google_project_iam_member.shared_vpc_host_robots",
            "module.transf-project.google_project_service.project_services",
            "module.transf-project.google_project_service_identity.jit_si",
            "module.transf-project.google_project_service_identity.servicenetworking",
            "module.transf-sa-bq-0.data.google_service_account.service_account",
            "module.transf-sa-bq-0.google_service_account.service_account",
            "module.transf-sa-df-0.data.google_service_account.service_account",
            "module.transf-sa-df-0.google_service_account.service_account"
          ]
        }
      ]
    },
    {
      "module": "module.dwh-conf-project",
      "mode": "managed",
      "type": "google_project_iam_custom_role",
      "name": "roles",
      "provider": "provider[\"registry.terraform.io/hashicorp/google\"]",
      "instances": []
    },
    {
      "module": "module.dwh-conf-project",
      "mode": "managed",
      "type": "google_project_iam_member",
      "name": "servicenetworking",
      "provider": "provider[\"registry.terraform.io/hashicorp/google\"]",
      "instances": [
        {
          "index_key": 0,
          "schema_version": 0,
          "attributes": {
            "condition": [],
            "etag": "BwYVIYsKNhA=",
            "id": "sme-poc-edp-dwh-conf/roles/servicenetworking.serviceAgent/serviceAccount:service-511581745742@service-networking.iam.gserviceaccount.com",
            "member": "serviceAccount:service-511581745742@service-networking.iam.gserviceaccount.com",
            "project": "sme-poc-edp-dwh-conf",
            "role": "roles/servicenetworking.serviceAgent"
          },
          "sensitive_attributes": [],
          "private": "bnVsbA==",
          "dependencies": [
            "module.dwh-conf-project.data.google_project.project",
            "module.dwh-conf-project.google_project.project",
            "module.dwh-conf-project.google_project_service.project_services",
            "module.dwh-conf-project.google_project_service_identity.servicenetworking"
          ]
        }
      ]
    },
    {
      "module": "module.dwh-conf-project",
      "mode": "managed",
      "type": "google_project_iam_member",
      "name": "shared_vpc_host_robots",
      "provider": "provider[\"registry.terraform.io/hashicorp/google\"]",
      "instances": []
    },
    {
      "module": "module.dwh-conf-project",
      "mode": "managed",
      "type": "google_project_service",
      "name": "project_services",
      "provider": "provider[\"registry.terraform.io/hashicorp/google\"]",
      "instances": [
        {
          "index_key": "bigquery.googleapis.com",
          "schema_version": 0,
          "attributes": {
            "disable_dependent_services": false,
            "disable_on_destroy": false,
            "id": "sme-poc-edp-dwh-conf/bigquery.googleapis.com",
            "project": "sme-poc-edp-dwh-conf",
            "service": "bigquery.googleapis.com",
            "timeouts": null
          },
          "sensitive_attributes": [],
          "private": "eyJlMmJmYjczMC1lY2FhLTExZTYtOGY4OC0zNDM2M2JjN2M0YzAiOnsiY3JlYXRlIjoxMjAwMDAwMDAwMDAwLCJkZWxldGUiOjEyMDAwMDAwMDAwMDAsInJlYWQiOjYwMDAwMDAwMDAwMCwidXBkYXRlIjoxMjAwMDAwMDAwMDAwfX0=",
          "dependencies": [
            "module.dwh-conf-project.data.google_project.project",
            "module.dwh-conf-project.google_project.project"
          ]
        },
        {
          "index_key": "bigqueryreservation.googleapis.com",
          "schema_version": 0,
          "attributes": {
            "disable_dependent_services": false,
            "disable_on_destroy": false,
            "id": "sme-poc-edp-dwh-conf/bigqueryreservation.googleapis.com",
            "project": "sme-poc-edp-dwh-conf",
            "service": "bigqueryreservation.googleapis.com",
            "timeouts": null
          },
          "sensitive_attributes": [],
          "private": "eyJlMmJmYjczMC1lY2FhLTExZTYtOGY4OC0zNDM2M2JjN2M0YzAiOnsiY3JlYXRlIjoxMjAwMDAwMDAwMDAwLCJkZWxldGUiOjEyMDAwMDAwMDAwMDAsInJlYWQiOjYwMDAwMDAwMDAwMCwidXBkYXRlIjoxMjAwMDAwMDAwMDAwfX0=",
          "dependencies": [
            "module.dwh-conf-project.data.google_project.project",
            "module.dwh-conf-project.google_project.project"
          ]
        },
        {
          "index_key": "bigquerystorage.googleapis.com",
          "schema_version": 0,
          "attributes": {
            "disable_dependent_services": false,
            "disable_on_destroy": false,
            "id": "sme-poc-edp-dwh-conf/bigquerystorage.googleapis.com",
            "project": "sme-poc-edp-dwh-conf",
            "service": "bigquerystorage.googleapis.com",
            "timeouts": null
          },
          "sensitive_attributes": [],
          "private": "eyJlMmJmYjczMC1lY2FhLTExZTYtOGY4OC0zNDM2M2JjN2M0YzAiOnsiY3JlYXRlIjoxMjAwMDAwMDAwMDAwLCJkZWxldGUiOjEyMDAwMDAwMDAwMDAsInJlYWQiOjYwMDAwMDAwMDAwMCwidXBkYXRlIjoxMjAwMDAwMDAwMDAwfX0=",
          "dependencies": [
            "module.dwh-conf-project.data.google_project.project",
            "module.dwh-conf-project.google_project.project"
          ]
        },
        {
          "index_key": "cloudkms.googleapis.com",
          "schema_version": 0,
          "attributes": {
            "disable_dependent_services": false,
            "disable_on_destroy": false,
            "id": "sme-poc-edp-dwh-conf/cloudkms.googleapis.com",
            "project": "sme-poc-edp-dwh-conf",
            "service": "cloudkms.googleapis.com",
            "timeouts": null
          },
          "sensitive_attributes": [],
          "private": "eyJlMmJmYjczMC1lY2FhLTExZTYtOGY4OC0zNDM2M2JjN2M0YzAiOnsiY3JlYXRlIjoxMjAwMDAwMDAwMDAwLCJkZWxldGUiOjEyMDAwMDAwMDAwMDAsInJlYWQiOjYwMDAwMDAwMDAwMCwidXBkYXRlIjoxMjAwMDAwMDAwMDAwfX0=",
          "dependencies": [
            "module.dwh-conf-project.data.google_project.project",
            "module.dwh-conf-project.google_project.project"
          ]
        },
        {
          "index_key": "cloudresourcemanager.googleapis.com",
          "schema_version": 0,
          "attributes": {
            "disable_dependent_services": false,
            "disable_on_destroy": false,
            "id": "sme-poc-edp-dwh-conf/cloudresourcemanager.googleapis.com",
            "project": "sme-poc-edp-dwh-conf",
            "service": "cloudresourcemanager.googleapis.com",
            "timeouts": null
          },
          "sensitive_attributes": [],
          "private": "eyJlMmJmYjczMC1lY2FhLTExZTYtOGY4OC0zNDM2M2JjN2M0YzAiOnsiY3JlYXRlIjoxMjAwMDAwMDAwMDAwLCJkZWxldGUiOjEyMDAwMDAwMDAwMDAsInJlYWQiOjYwMDAwMDAwMDAwMCwidXBkYXRlIjoxMjAwMDAwMDAwMDAwfX0=",
          "dependencies": [
            "module.dwh-conf-project.data.google_project.project",
            "module.dwh-conf-project.google_project.project"
          ]
        },
        {
          "index_key": "compute.googleapis.com",
          "schema_version": 0,
          "attributes": {
            "disable_dependent_services": false,
            "disable_on_destroy": false,
            "id": "sme-poc-edp-dwh-conf/compute.googleapis.com",
            "project": "sme-poc-edp-dwh-conf",
            "service": "compute.googleapis.com",
            "timeouts": null
          },
          "sensitive_attributes": [],
          "private": "eyJlMmJmYjczMC1lY2FhLTExZTYtOGY4OC0zNDM2M2JjN2M0YzAiOnsiY3JlYXRlIjoxMjAwMDAwMDAwMDAwLCJkZWxldGUiOjEyMDAwMDAwMDAwMDAsInJlYWQiOjYwMDAwMDAwMDAwMCwidXBkYXRlIjoxMjAwMDAwMDAwMDAwfX0=",
          "dependencies": [
            "module.dwh-conf-project.data.google_project.project",
            "module.dwh-conf-project.google_project.project"
          ]
        },
        {
          "index_key": "dataflow.googleapis.com",
          "schema_version": 0,
          "attributes": {
            "disable_dependent_services": false,
            "disable_on_destroy": false,
            "id": "sme-poc-edp-dwh-conf/dataflow.googleapis.com",
            "project": "sme-poc-edp-dwh-conf",
            "service": "dataflow.googleapis.com",
            "timeouts": null
          },
          "sensitive_attributes": [],
          "private": "eyJlMmJmYjczMC1lY2FhLTExZTYtOGY4OC0zNDM2M2JjN2M0YzAiOnsiY3JlYXRlIjoxMjAwMDAwMDAwMDAwLCJkZWxldGUiOjEyMDAwMDAwMDAwMDAsInJlYWQiOjYwMDAwMDAwMDAwMCwidXBkYXRlIjoxMjAwMDAwMDAwMDAwfX0=",
          "dependencies": [
            "module.dwh-conf-project.data.google_project.project",
            "module.dwh-conf-project.google_project.project"
          ]
        },
        {
          "index_key": "iam.googleapis.com",
          "schema_version": 0,
          "attributes": {
            "disable_dependent_services": false,
            "disable_on_destroy": false,
            "id": "sme-poc-edp-dwh-conf/iam.googleapis.com",
            "project": "sme-poc-edp-dwh-conf",
            "service": "iam.googleapis.com",
            "timeouts": null
          },
          "sensitive_attributes": [],
          "private": "eyJlMmJmYjczMC1lY2FhLTExZTYtOGY4OC0zNDM2M2JjN2M0YzAiOnsiY3JlYXRlIjoxMjAwMDAwMDAwMDAwLCJkZWxldGUiOjEyMDAwMDAwMDAwMDAsInJlYWQiOjYwMDAwMDAwMDAwMCwidXBkYXRlIjoxMjAwMDAwMDAwMDAwfX0=",
          "dependencies": [
            "module.dwh-conf-project.data.google_project.project",
            "module.dwh-conf-project.google_project.project"
          ]
        },
        {
          "index_key": "pubsub.googleapis.com",
          "schema_version": 0,
          "attributes": {
            "disable_dependent_services": false,
            "disable_on_destroy": false,
            "id": "sme-poc-edp-dwh-conf/pubsub.googleapis.com",
            "project": "sme-poc-edp-dwh-conf",
            "service": "pubsub.googleapis.com",
            "timeouts": null
          },
          "sensitive_attributes": [],
          "private": "eyJlMmJmYjczMC1lY2FhLTExZTYtOGY4OC0zNDM2M2JjN2M0YzAiOnsiY3JlYXRlIjoxMjAwMDAwMDAwMDAwLCJkZWxldGUiOjEyMDAwMDAwMDAwMDAsInJlYWQiOjYwMDAwMDAwMDAwMCwidXBkYXRlIjoxMjAwMDAwMDAwMDAwfX0=",
          "dependencies": [
            "module.dwh-conf-project.data.google_project.project",
            "module.dwh-conf-project.google_project.project"
          ]
        },
        {
          "index_key": "servicenetworking.googleapis.com",
          "schema_version": 0,
          "attributes": {
            "disable_dependent_services": false,
            "disable_on_destroy": false,
            "id": "sme-poc-edp-dwh-conf/servicenetworking.googleapis.com",
            "project": "sme-poc-edp-dwh-conf",
            "service": "servicenetworking.googleapis.com",
            "timeouts": null
          },
          "sensitive_attributes": [],
          "private": "eyJlMmJmYjczMC1lY2FhLTExZTYtOGY4OC0zNDM2M2JjN2M0YzAiOnsiY3JlYXRlIjoxMjAwMDAwMDAwMDAwLCJkZWxldGUiOjEyMDAwMDAwMDAwMDAsInJlYWQiOjYwMDAwMDAwMDAwMCwidXBkYXRlIjoxMjAwMDAwMDAwMDAwfX0=",
          "dependencies": [
            "module.dwh-conf-project.data.google_project.project",
            "module.dwh-conf-project.google_project.project"
          ]
        },
        {
          "index_key": "serviceusage.googleapis.com",
          "schema_version": 0,
          "attributes": {
            "disable_dependent_services": false,
            "disable_on_destroy": false,
            "id": "sme-poc-edp-dwh-conf/serviceusage.googleapis.com",
            "project": "sme-poc-edp-dwh-conf",
            "service": "serviceusage.googleapis.com",
            "timeouts": null
          },
          "sensitive_attributes": [],
          "private": "eyJlMmJmYjczMC1lY2FhLTExZTYtOGY4OC0zNDM2M2JjN2M0YzAiOnsiY3JlYXRlIjoxMjAwMDAwMDAwMDAwLCJkZWxldGUiOjEyMDAwMDAwMDAwMDAsInJlYWQiOjYwMDAwMDAwMDAwMCwidXBkYXRlIjoxMjAwMDAwMDAwMDAwfX0=",
          "dependencies": [
            "module.dwh-conf-project.data.google_project.project",
            "module.dwh-conf-project.google_project.project"
          ]
        },
        {
          "index_key": "stackdriver.googleapis.com",
          "schema_version": 0,
          "attributes": {
            "disable_dependent_services": false,
            "disable_on_destroy": false,
            "id": "sme-poc-edp-dwh-conf/stackdriver.googleapis.com",
            "project": "sme-poc-edp-dwh-conf",
            "service": "stackdriver.googleapis.com",
            "timeouts": null
          },
          "sensitive_attributes": [],
          "private": "eyJlMmJmYjczMC1lY2FhLTExZTYtOGY4OC0zNDM2M2JjN2M0YzAiOnsiY3JlYXRlIjoxMjAwMDAwMDAwMDAwLCJkZWxldGUiOjEyMDAwMDAwMDAwMDAsInJlYWQiOjYwMDAwMDAwMDAwMCwidXBkYXRlIjoxMjAwMDAwMDAwMDAwfX0=",
          "dependencies": [
            "module.dwh-conf-project.data.google_project.project",
            "module.dwh-conf-project.google_project.project"
          ]
        },
        {
          "index_key": "storage-component.googleapis.com",
          "schema_version": 0,
          "attributes": {
            "disable_dependent_services": false,
            "disable_on_destroy": false,
            "id": "sme-poc-edp-dwh-conf/storage-component.googleapis.com",
            "project": "sme-poc-edp-dwh-conf",
            "service": "storage-component.googleapis.com",
            "timeouts": null
          },
          "sensitive_attributes": [],
          "private": "eyJlMmJmYjczMC1lY2FhLTExZTYtOGY4OC0zNDM2M2JjN2M0YzAiOnsiY3JlYXRlIjoxMjAwMDAwMDAwMDAwLCJkZWxldGUiOjEyMDAwMDAwMDAwMDAsInJlYWQiOjYwMDAwMDAwMDAwMCwidXBkYXRlIjoxMjAwMDAwMDAwMDAwfX0=",
          "dependencies": [
            "module.dwh-conf-project.data.google_project.project",
            "module.dwh-conf-project.google_project.project"
          ]
        },
        {
          "index_key": "storage.googleapis.com",
          "schema_version": 0,
          "attributes": {
            "disable_dependent_services": false,
            "disable_on_destroy": false,
            "id": "sme-poc-edp-dwh-conf/storage.googleapis.com",
            "project": "sme-poc-edp-dwh-conf",
            "service": "storage.googleapis.com",
            "timeouts": null
          },
          "sensitive_attributes": [],
          "private": "eyJlMmJmYjczMC1lY2FhLTExZTYtOGY4OC0zNDM2M2JjN2M0YzAiOnsiY3JlYXRlIjoxMjAwMDAwMDAwMDAwLCJkZWxldGUiOjEyMDAwMDAwMDAwMDAsInJlYWQiOjYwMDAwMDAwMDAwMCwidXBkYXRlIjoxMjAwMDAwMDAwMDAwfX0=",
          "dependencies": [
            "module.dwh-conf-project.data.google_project.project",
            "module.dwh-conf-project.google_project.project"
          ]
        }
      ]
    },
    {
      "module": "module.dwh-conf-project",
      "mode": "managed",
      "type": "google_project_service_identity",
      "name": "jit_si",
      "provider": "provider[\"registry.terraform.io/hashicorp/google-beta\"]",
      "instances": [
        {
          "index_key": "pubsub.googleapis.com",
          "schema_version": 0,
          "attributes": {
            "email": "service-511581745742@gcp-sa-pubsub.iam.gserviceaccount.com",
            "id": "projects/sme-poc-edp-dwh-conf/services/pubsub.googleapis.com",
            "project": "sme-poc-edp-dwh-conf",
            "service": "pubsub.googleapis.com",
            "timeouts": null
          },
          "sensitive_attributes": [],
          "private": "eyJlMmJmYjczMC1lY2FhLTExZTYtOGY4OC0zNDM2M2JjN2M0YzAiOnsiY3JlYXRlIjoxMjAwMDAwMDAwMDAwLCJkZWxldGUiOjEyMDAwMDAwMDAwMDAsInJlYWQiOjYwMDAwMDAwMDAwMH19",
          "dependencies": [
            "module.dwh-conf-project.data.google_project.project",
            "module.dwh-conf-project.google_project.project",
            "module.dwh-conf-project.google_project_service.project_services"
          ]
        }
      ]
    },
    {
      "module": "module.dwh-conf-project",
      "mode": "managed",
      "type": "google_project_service_identity",
      "name": "servicenetworking",
      "provider": "provider[\"registry.terraform.io/hashicorp/google-beta\"]",
      "instances": [
        {
          "index_key": 0,
          "schema_version": 0,
          "attributes": {
            "email": "service-511581745742@service-networking.iam.gserviceaccount.com",
            "id": "projects/sme-poc-edp-dwh-conf/services/servicenetworking.googleapis.com",
            "project": "sme-poc-edp-dwh-conf",
            "service": "servicenetworking.googleapis.com",
            "timeouts": null
          },
          "sensitive_attributes": [],
          "private": "eyJlMmJmYjczMC1lY2FhLTExZTYtOGY4OC0zNDM2M2JjN2M0YzAiOnsiY3JlYXRlIjoxMjAwMDAwMDAwMDAwLCJkZWxldGUiOjEyMDAwMDAwMDAwMDAsInJlYWQiOjYwMDAwMDAwMDAwMH19",
          "dependencies": [
            "module.dwh-conf-project.data.google_project.project",
            "module.dwh-conf-project.google_project.project",
            "module.dwh-conf-project.google_project_service.project_services"
          ]
        }
      ]
    },
    {
      "module": "module.dwh-cur-bq-0",
      "mode": "managed",
      "type": "google_bigquery_dataset",
      "name": "default",
      "provider": "provider[\"registry.terraform.io/hashicorp/google\"]",
      "instances": [
        {
          "schema_version": 0,
          "attributes": {
            "access": [
              {
                "dataset": [],
                "domain": "",
                "group_by_email": "",
                "iam_member": "",
                "role": "OWNER",
                "routine": [],
                "special_group": "",
                "user_by_email": "julio@brl.la.calriz.com",
                "view": []
              },
              {
                "dataset": [],
                "domain": "",
                "group_by_email": "",
                "iam_member": "",
                "role": "OWNER",
                "routine": [],
                "special_group": "projectOwners",
                "user_by_email": "",
                "view": []
              },
              {
                "dataset": [],
                "domain": "",
                "group_by_email": "",
                "iam_member": "",
                "role": "READER",
                "routine": [],
                "special_group": "projectReaders",
                "user_by_email": "",
                "view": []
              },
              {
                "dataset": [],
                "domain": "",
                "group_by_email": "",
                "iam_member": "",
                "role": "WRITER",
                "routine": [],
                "special_group": "projectWriters",
                "user_by_email": "",
                "view": []
              }
            ],
            "creation_time": 1712080031733,
            "dataset_id": "sme_poc_edp_dwh_cur_bq_0",
            "default_collation": "",
            "default_encryption_configuration": [],
            "default_partition_expiration_ms": 0,
            "default_table_expiration_ms": 0,
            "delete_contents_on_destroy": false,
            "description": "Terraform managed.",
            "effective_labels": {},
            "etag": "bvWa8MVbac7DZuvJdvLGJQ==",
            "friendly_name": "",
            "id": "projects/sme-poc-edp-dwh-cur/datasets/sme_poc_edp_dwh_cur_bq_0",
            "is_case_insensitive": false,
            "labels": {},
            "last_modified_time": 1712080031733,
            "location": "US",
            "max_time_travel_hours": "",
            "project": "sme-poc-edp-dwh-cur",
            "self_link": "https://bigquery.googleapis.com/bigquery/v2/projects/sme-poc-edp-dwh-cur/datasets/sme_poc_edp_dwh_cur_bq_0",
            "storage_billing_model": "",
            "terraform_labels": {},
            "timeouts": null
          },
          "sensitive_attributes": [],
          "private": "eyJlMmJmYjczMC1lY2FhLTExZTYtOGY4OC0zNDM2M2JjN2M0YzAiOnsiY3JlYXRlIjoxMjAwMDAwMDAwMDAwLCJkZWxldGUiOjEyMDAwMDAwMDAwMDAsInVwZGF0ZSI6MTIwMDAwMDAwMDAwMH19",
          "dependencies": [
            "module.dwh-cur-project.data.google_bigquery_default_service_account.bq_sa",
            "module.dwh-cur-project.data.google_project.project",
            "module.dwh-cur-project.data.google_storage_project_service_account.gcs_sa",
            "module.dwh-cur-project.google_compute_shared_vpc_host_project.shared_vpc_host",
            "module.dwh-cur-project.google_compute_shared_vpc_service_project.service_projects",
            "module.dwh-cur-project.google_compute_shared_vpc_service_project.shared_vpc_service",
            "module.dwh-cur-project.google_kms_crypto_key_iam_member.service_identity_cmek",
            "module.dwh-cur-project.google_org_policy_policy.default",
            "module.dwh-cur-project.google_project.project",
            "module.dwh-cur-project.google_project_iam_member.servicenetworking",
            "module.dwh-cur-project.google_project_iam_member.shared_vpc_host_robots",
            "module.dwh-cur-project.google_project_service.project_services",
            "module.dwh-cur-project.google_project_service_identity.jit_si",
            "module.dwh-cur-project.google_project_service_identity.servicenetworking"
          ]
        }
      ]
    },
    {
      "module": "module.dwh-cur-bq-0",
      "mode": "managed",
      "type": "google_bigquery_dataset_access",
      "name": "domain",
      "provider": "provider[\"registry.terraform.io/hashicorp/google-beta\"]",
      "instances": []
    },
    {
      "module": "module.dwh-cur-bq-0",
      "mode": "managed",
      "type": "google_bigquery_dataset_access",
      "name": "group_by_email",
      "provider": "provider[\"registry.terraform.io/hashicorp/google-beta\"]",
      "instances": []
    },
    {
      "module": "module.dwh-cur-bq-0",
      "mode": "managed",
      "type": "google_bigquery_dataset_access",
      "name": "special_group",
      "provider": "provider[\"registry.terraform.io/hashicorp/google-beta\"]",
      "instances": []
    },
    {
      "module": "module.dwh-cur-bq-0",
      "mode": "managed",
      "type": "google_bigquery_dataset_access",
      "name": "user_by_email",
      "provider": "provider[\"registry.terraform.io/hashicorp/google-beta\"]",
      "instances": []
    },
    {
      "module": "module.dwh-cur-bq-0",
      "mode": "managed",
      "type": "google_bigquery_dataset_access",
      "name": "views",
      "provider": "provider[\"registry.terraform.io/hashicorp/google-beta\"]",
      "instances": []
    },
    {
      "module": "module.dwh-cur-cs-0",
      "mode": "managed",
      "type": "google_storage_bucket",
      "name": "bucket",
      "provider": "provider[\"registry.terraform.io/hashicorp/google\"]",
      "instances": [
        {
          "schema_version": 1,
          "attributes": {
            "autoclass": [],
            "cors": [],
            "custom_placement_config": [],
            "default_event_based_hold": false,
            "effective_labels": {},
            "enable_object_retention": false,
            "encryption": [],
            "force_destroy": false,
            "id": "sme-poc-edp-dwh-cur-cs-0",
            "labels": {},
            "lifecycle_rule": [],
            "location": "US-CENTRAL1",
            "logging": [],
            "name": "sme-poc-edp-dwh-cur-cs-0",
            "project": "sme-poc-edp-dwh-cur",
            "public_access_prevention": "inherited",
            "requester_pays": false,
            "retention_policy": [],
            "rpo": null,
            "self_link": "https://www.googleapis.com/storage/v1/b/sme-poc-edp-dwh-cur-cs-0",
            "soft_delete_policy": [
              {
                "effective_time": "2024-04-02T18:57:41.401Z",
                "retention_duration_seconds": 604800
              }
            ],
            "storage_class": "REGIONAL",
            "terraform_labels": {},
            "timeouts": null,
            "uniform_bucket_level_access": true,
            "url": "gs://sme-poc-edp-dwh-cur-cs-0",
            "versioning": [
              {
                "enabled": false
              }
            ],
            "website": []
          },
          "sensitive_attributes": [],
          "private": "eyJlMmJmYjczMC1lY2FhLTExZTYtOGY4OC0zNDM2M2JjN2M0YzAiOnsiY3JlYXRlIjo2MDAwMDAwMDAwMDAsInJlYWQiOjI0MDAwMDAwMDAwMCwidXBkYXRlIjoyNDAwMDAwMDAwMDB9LCJzY2hlbWFfdmVyc2lvbiI6IjEifQ==",
          "dependencies": [
            "module.dwh-cur-project.data.google_bigquery_default_service_account.bq_sa",
            "module.dwh-cur-project.data.google_project.project",
            "module.dwh-cur-project.data.google_storage_project_service_account.gcs_sa",
            "module.dwh-cur-project.google_compute_shared_vpc_host_project.shared_vpc_host",
            "module.dwh-cur-project.google_compute_shared_vpc_service_project.service_projects",
            "module.dwh-cur-project.google_compute_shared_vpc_service_project.shared_vpc_service",
            "module.dwh-cur-project.google_kms_crypto_key_iam_member.service_identity_cmek",
            "module.dwh-cur-project.google_org_policy_policy.default",
            "module.dwh-cur-project.google_project.project",
            "module.dwh-cur-project.google_project_iam_member.servicenetworking",
            "module.dwh-cur-project.google_project_iam_member.shared_vpc_host_robots",
            "module.dwh-cur-project.google_project_service.project_services",
            "module.dwh-cur-project.google_project_service_identity.jit_si",
            "module.dwh-cur-project.google_project_service_identity.servicenetworking"
          ]
        }
      ]
    },
    {
      "module": "module.dwh-cur-cs-0",
      "mode": "managed",
      "type": "google_storage_bucket_iam_binding",
      "name": "bindings",
      "provider": "provider[\"registry.terraform.io/hashicorp/google\"]",
      "instances": []
    },
    {
      "module": "module.dwh-cur-project",
      "mode": "data",
      "type": "google_bigquery_default_service_account",
      "name": "bq_sa",
      "provider": "provider[\"registry.terraform.io/hashicorp/google\"]",
      "instances": [
        {
          "index_key": 0,
          "schema_version": 0,
          "attributes": {
            "email": "bq-243225347188@bigquery-encryption.iam.gserviceaccount.com",
            "id": "bq-243225347188@bigquery-encryption.iam.gserviceaccount.com",
            "member": "serviceAccount:bq-243225347188@bigquery-encryption.iam.gserviceaccount.com",
            "project": "sme-poc-edp-dwh-cur"
          },
          "sensitive_attributes": []
        }
      ]
    },
    {
      "module": "module.dwh-cur-project",
      "mode": "data",
      "type": "google_project",
      "name": "project",
      "provider": "provider[\"registry.terraform.io/hashicorp/google\"]",
      "instances": []
    },
    {
      "module": "module.dwh-cur-project",
      "mode": "data",
      "type": "google_storage_project_service_account",
      "name": "gcs_sa",
      "provider": "provider[\"registry.terraform.io/hashicorp/google\"]",
      "instances": [
        {
          "index_key": 0,
          "schema_version": 0,
          "attributes": {
            "email_address": "service-243225347188@gs-project-accounts.iam.gserviceaccount.com",
            "id": "service-243225347188@gs-project-accounts.iam.gserviceaccount.com",
            "member": "serviceAccount:service-243225347188@gs-project-accounts.iam.gserviceaccount.com",
            "project": "sme-poc-edp-dwh-cur",
            "user_project": null
          },
          "sensitive_attributes": []
        }
      ]
    },
    {
      "module": "module.dwh-cur-project",
      "mode": "managed",
      "type": "google_compute_shared_vpc_host_project",
      "name": "shared_vpc_host",
      "provider": "provider[\"registry.terraform.io/hashicorp/google-beta\"]",
      "instances": []
    },
    {
      "module": "module.dwh-cur-project",
      "mode": "managed",
      "type": "google_compute_shared_vpc_service_project",
      "name": "service_projects",
      "provider": "provider[\"registry.terraform.io/hashicorp/google-beta\"]",
      "instances": []
    },
    {
      "module": "module.dwh-cur-project",
      "mode": "managed",
      "type": "google_compute_shared_vpc_service_project",
      "name": "shared_vpc_service",
      "provider": "provider[\"registry.terraform.io/hashicorp/google-beta\"]",
      "instances": []
    },
    {
      "module": "module.dwh-cur-project",
      "mode": "managed",
      "type": "google_kms_crypto_key_iam_member",
      "name": "service_identity_cmek",
      "provider": "provider[\"registry.terraform.io/hashicorp/google\"]",
      "instances": []
    },
    {
      "module": "module.dwh-cur-project",
      "mode": "managed",
      "type": "google_org_policy_policy",
      "name": "default",
      "provider": "provider[\"registry.terraform.io/hashicorp/google\"]",
      "instances": []
    },
    {
      "module": "module.dwh-cur-project",
      "mode": "managed",
      "type": "google_project",
      "name": "project",
      "provider": "provider[\"registry.terraform.io/hashicorp/google\"]",
      "instances": [
        {
          "index_key": 0,
          "schema_version": 1,
          "attributes": {
            "auto_create_network": false,
            "billing_account": "010A90-92932D-5DBB46",
            "effective_labels": {},
            "folder_id": "1047664470176",
            "id": "projects/sme-poc-edp-dwh-cur",
            "labels": {},
            "name": "sme-poc-edp-dwh-cur",
            "number": "243225347188",
            "org_id": "",
            "project_id": "sme-poc-edp-dwh-cur",
            "skip_delete": false,
            "terraform_labels": {},
            "timeouts": null
          },
          "sensitive_attributes": [],
          "private": "eyJlMmJmYjczMC1lY2FhLTExZTYtOGY4OC0zNDM2M2JjN2M0YzAiOnsiY3JlYXRlIjo2MDAwMDAwMDAwMDAsImRlbGV0ZSI6NjAwMDAwMDAwMDAwLCJyZWFkIjo2MDAwMDAwMDAwMDAsInVwZGF0ZSI6NjAwMDAwMDAwMDAwfSwic2NoZW1hX3ZlcnNpb24iOiIxIn0="
        }
      ]
    },
    {
      "module": "module.dwh-cur-project",
      "mode": "managed",
      "type": "google_project_iam_binding",
      "name": "authoritative",
      "provider": "provider[\"registry.terraform.io/hashicorp/google\"]",
      "instances": [
        {
          "index_key": "roles/bigquery.dataEditor",
          "schema_version": 0,
          "attributes": {
            "condition": [],
            "etag": "BwYVIYotc+g=",
            "id": "sme-poc-edp-dwh-cur/roles/bigquery.dataEditor",
            "members": [
              "group:gcp-data-engineers@brl.la.calriz.com",
              "serviceAccount:sme-poc-edp-orc-cmp-0@sme-poc-edp-orc.iam.gserviceaccount.com"
            ],
            "project": "sme-poc-edp-dwh-cur",
            "role": "roles/bigquery.dataEditor"
          },
          "sensitive_attributes": [],
          "private": "bnVsbA==",
          "dependencies": [
            "module.dwh-cur-project.data.google_project.project",
            "module.dwh-cur-project.google_project.project",
            "module.dwh-cur-project.google_project_iam_custom_role.roles",
            "module.dwh-cur-project.google_project_service.project_services",
            "module.load-project.data.google_bigquery_default_service_account.bq_sa",
            "module.load-project.data.google_project.project",
            "module.load-project.data.google_storage_project_service_account.gcs_sa",
            "module.load-project.google_compute_shared_vpc_host_project.shared_vpc_host",
            "module.load-project.google_compute_shared_vpc_service_project.service_projects",
            "module.load-project.google_compute_shared_vpc_service_project.shared_vpc_service",
            "module.load-project.google_kms_crypto_key_iam_member.service_identity_cmek",
            "module.load-project.google_org_policy_policy.default",
            "module.load-project.google_project.project",
            "module.load-project.google_project_iam_member.servicenetworking",
            "module.load-project.google_project_iam_member.shared_vpc_host_robots",
            "module.load-project.google_project_service.project_services",
            "module.load-project.google_project_service_identity.jit_si",
            "module.load-project.google_project_service_identity.servicenetworking",
            "module.load-sa-df-0.data.google_service_account.service_account",
            "module.load-sa-df-0.google_service_account.service_account",
            "module.orch-project.data.google_bigquery_default_service_account.bq_sa",
            "module.orch-project.data.google_project.project",
            "module.orch-project.data.google_storage_project_service_account.gcs_sa",
            "module.orch-project.google_compute_shared_vpc_host_project.shared_vpc_host",
            "module.orch-project.google_compute_shared_vpc_service_project.service_projects",
            "module.orch-project.google_compute_shared_vpc_service_project.shared_vpc_service",
            "module.orch-project.google_kms_crypto_key_iam_member.service_identity_cmek",
            "module.orch-project.google_org_policy_policy.default",
            "module.orch-project.google_project.project",
            "module.orch-project.google_project_iam_member.servicenetworking",
            "module.orch-project.google_project_iam_member.shared_vpc_host_robots",
            "module.orch-project.google_project_service.project_services",
            "module.orch-project.google_project_service_identity.jit_si",
            "module.orch-project.google_project_service_identity.servicenetworking",
            "module.orch-sa-cmp-0.data.google_service_account.service_account",
            "module.orch-sa-cmp-0.google_service_account.service_account",
            "module.transf-project.data.google_bigquery_default_service_account.bq_sa",
            "module.transf-project.data.google_project.project",
            "module.transf-project.data.google_storage_project_service_account.gcs_sa",
            "module.transf-project.google_compute_shared_vpc_host_project.shared_vpc_host",
            "module.transf-project.google_compute_shared_vpc_service_project.service_projects",
            "module.transf-project.google_compute_shared_vpc_service_project.shared_vpc_service",
            "module.transf-project.google_kms_crypto_key_iam_member.service_identity_cmek",
            "module.transf-project.google_org_policy_policy.default",
            "module.transf-project.google_project.project",
            "module.transf-project.google_project_iam_member.servicenetworking",
            "module.transf-project.google_project_iam_member.shared_vpc_host_robots",
            "module.transf-project.google_project_service.project_services",
            "module.transf-project.google_project_service_identity.jit_si",
            "module.transf-project.google_project_service_identity.servicenetworking",
            "module.transf-sa-bq-0.data.google_service_account.service_account",
            "module.transf-sa-bq-0.google_service_account.service_account",
            "module.transf-sa-df-0.data.google_service_account.service_account",
            "module.transf-sa-df-0.google_service_account.service_account"
          ]
        },
        {
          "index_key": "roles/bigquery.dataOwner",
          "schema_version": 0,
          "attributes": {
            "condition": [],
            "etag": "BwYVIYotc+g=",
            "id": "sme-poc-edp-dwh-cur/roles/bigquery.dataOwner",
            "members": [
              "serviceAccount:sme-poc-edp-trf-bq-0@sme-poc-edp-trf.iam.gserviceaccount.com",
              "serviceAccount:sme-poc-edp-trf-df-0@sme-poc-edp-trf.iam.gserviceaccount.com"
            ],
            "project": "sme-poc-edp-dwh-cur",
            "role": "roles/bigquery.dataOwner"
          },
          "sensitive_attributes": [],
          "private": "bnVsbA==",
          "dependencies": [
            "module.dwh-cur-project.data.google_project.project",
            "module.dwh-cur-project.google_project.project",
            "module.dwh-cur-project.google_project_iam_custom_role.roles",
            "module.dwh-cur-project.google_project_service.project_services",
            "module.load-project.data.google_bigquery_default_service_account.bq_sa",
            "module.load-project.data.google_project.project",
            "module.load-project.data.google_storage_project_service_account.gcs_sa",
            "module.load-project.google_compute_shared_vpc_host_project.shared_vpc_host",
            "module.load-project.google_compute_shared_vpc_service_project.service_projects",
            "module.load-project.google_compute_shared_vpc_service_project.shared_vpc_service",
            "module.load-project.google_kms_crypto_key_iam_member.service_identity_cmek",
            "module.load-project.google_org_policy_policy.default",
            "module.load-project.google_project.project",
            "module.load-project.google_project_iam_member.servicenetworking",
            "module.load-project.google_project_iam_member.shared_vpc_host_robots",
            "module.load-project.google_project_service.project_services",
            "module.load-project.google_project_service_identity.jit_si",
            "module.load-project.google_project_service_identity.servicenetworking",
            "module.load-sa-df-0.data.google_service_account.service_account",
            "module.load-sa-df-0.google_service_account.service_account",
            "module.orch-project.data.google_bigquery_default_service_account.bq_sa",
            "module.orch-project.data.google_project.project",
            "module.orch-project.data.google_storage_project_service_account.gcs_sa",
            "module.orch-project.google_compute_shared_vpc_host_project.shared_vpc_host",
            "module.orch-project.google_compute_shared_vpc_service_project.service_projects",
            "module.orch-project.google_compute_shared_vpc_service_project.shared_vpc_service",
            "module.orch-project.google_kms_crypto_key_iam_member.service_identity_cmek",
            "module.orch-project.google_org_policy_policy.default",
            "module.orch-project.google_project.project",
            "module.orch-project.google_project_iam_member.servicenetworking",
            "module.orch-project.google_project_iam_member.shared_vpc_host_robots",
            "module.orch-project.google_project_service.project_services",
            "module.orch-project.google_project_service_identity.jit_si",
            "module.orch-project.google_project_service_identity.servicenetworking",
            "module.orch-sa-cmp-0.data.google_service_account.service_account",
            "module.orch-sa-cmp-0.google_service_account.service_account",
            "module.transf-project.data.google_bigquery_default_service_account.bq_sa",
            "module.transf-project.data.google_project.project",
            "module.transf-project.data.google_storage_project_service_account.gcs_sa",
            "module.transf-project.google_compute_shared_vpc_host_project.shared_vpc_host",
            "module.transf-project.google_compute_shared_vpc_service_project.service_projects",
            "module.transf-project.google_compute_shared_vpc_service_project.shared_vpc_service",
            "module.transf-project.google_kms_crypto_key_iam_member.service_identity_cmek",
            "module.transf-project.google_org_policy_policy.default",
            "module.transf-project.google_project.project",
            "module.transf-project.google_project_iam_member.servicenetworking",
            "module.transf-project.google_project_iam_member.shared_vpc_host_robots",
            "module.transf-project.google_project_service.project_services",
            "module.transf-project.google_project_service_identity.jit_si",
            "module.transf-project.google_project_service_identity.servicenetworking",
            "module.transf-sa-bq-0.data.google_service_account.service_account",
            "module.transf-sa-bq-0.google_service_account.service_account",
            "module.transf-sa-df-0.data.google_service_account.service_account",
            "module.transf-sa-df-0.google_service_account.service_account"
          ]
        },
        {
          "index_key": "roles/bigquery.dataViewer",
          "schema_version": 0,
          "attributes": {
            "condition": [],
            "etag": "BwYVIYotc+g=",
            "id": "sme-poc-edp-dwh-cur/roles/bigquery.dataViewer",
            "members": [
              "group:gcp-data-analysts@brl.la.calriz.com"
            ],
            "project": "sme-poc-edp-dwh-cur",
            "role": "roles/bigquery.dataViewer"
          },
          "sensitive_attributes": [],
          "private": "bnVsbA==",
          "dependencies": [
            "module.dwh-cur-project.data.google_project.project",
            "module.dwh-cur-project.google_project.project",
            "module.dwh-cur-project.google_project_iam_custom_role.roles",
            "module.dwh-cur-project.google_project_service.project_services",
            "module.load-project.data.google_bigquery_default_service_account.bq_sa",
            "module.load-project.data.google_project.project",
            "module.load-project.data.google_storage_project_service_account.gcs_sa",
            "module.load-project.google_compute_shared_vpc_host_project.shared_vpc_host",
            "module.load-project.google_compute_shared_vpc_service_project.service_projects",
            "module.load-project.google_compute_shared_vpc_service_project.shared_vpc_service",
            "module.load-project.google_kms_crypto_key_iam_member.service_identity_cmek",
            "module.load-project.google_org_policy_policy.default",
            "module.load-project.google_project.project",
            "module.load-project.google_project_iam_member.servicenetworking",
            "module.load-project.google_project_iam_member.shared_vpc_host_robots",
            "module.load-project.google_project_service.project_services",
            "module.load-project.google_project_service_identity.jit_si",
            "module.load-project.google_project_service_identity.servicenetworking",
            "module.load-sa-df-0.data.google_service_account.service_account",
            "module.load-sa-df-0.google_service_account.service_account",
            "module.orch-project.data.google_bigquery_default_service_account.bq_sa",
            "module.orch-project.data.google_project.project",
            "module.orch-project.data.google_storage_project_service_account.gcs_sa",
            "module.orch-project.google_compute_shared_vpc_host_project.shared_vpc_host",
            "module.orch-project.google_compute_shared_vpc_service_project.service_projects",
            "module.orch-project.google_compute_shared_vpc_service_project.shared_vpc_service",
            "module.orch-project.google_kms_crypto_key_iam_member.service_identity_cmek",
            "module.orch-project.google_org_policy_policy.default",
            "module.orch-project.google_project.project",
            "module.orch-project.google_project_iam_member.servicenetworking",
            "module.orch-project.google_project_iam_member.shared_vpc_host_robots",
            "module.orch-project.google_project_service.project_services",
            "module.orch-project.google_project_service_identity.jit_si",
            "module.orch-project.google_project_service_identity.servicenetworking",
            "module.orch-sa-cmp-0.data.google_service_account.service_account",
            "module.orch-sa-cmp-0.google_service_account.service_account",
            "module.transf-project.data.google_bigquery_default_service_account.bq_sa",
            "module.transf-project.data.google_project.project",
            "module.transf-project.data.google_storage_project_service_account.gcs_sa",
            "module.transf-project.google_compute_shared_vpc_host_project.shared_vpc_host",
            "module.transf-project.google_compute_shared_vpc_service_project.service_projects",
            "module.transf-project.google_compute_shared_vpc_service_project.shared_vpc_service",
            "module.transf-project.google_kms_crypto_key_iam_member.service_identity_cmek",
            "module.transf-project.google_org_policy_policy.default",
            "module.transf-project.google_project.project",
            "module.transf-project.google_project_iam_member.servicenetworking",
            "module.transf-project.google_project_iam_member.shared_vpc_host_robots",
            "module.transf-project.google_project_service.project_services",
            "module.transf-project.google_project_service_identity.jit_si",
            "module.transf-project.google_project_service_identity.servicenetworking",
            "module.transf-sa-bq-0.data.google_service_account.service_account",
            "module.transf-sa-bq-0.google_service_account.service_account",
            "module.transf-sa-df-0.data.google_service_account.service_account",
            "module.transf-sa-df-0.google_service_account.service_account"
          ]
        },
        {
          "index_key": "roles/bigquery.jobUser",
          "schema_version": 0,
          "attributes": {
            "condition": [],
            "etag": "BwYVIYotc+g=",
            "id": "sme-poc-edp-dwh-cur/roles/bigquery.jobUser",
            "members": [
              "group:gcp-data-analysts@brl.la.calriz.com",
              "serviceAccount:sme-poc-edp-trf-bq-0@sme-poc-edp-trf.iam.gserviceaccount.com"
            ],
            "project": "sme-poc-edp-dwh-cur",
            "role": "roles/bigquery.jobUser"
          },
          "sensitive_attributes": [],
          "private": "bnVsbA==",
          "dependencies": [
            "module.dwh-cur-project.data.google_project.project",
            "module.dwh-cur-project.google_project.project",
            "module.dwh-cur-project.google_project_iam_custom_role.roles",
            "module.dwh-cur-project.google_project_service.project_services",
            "module.load-project.data.google_bigquery_default_service_account.bq_sa",
            "module.load-project.data.google_project.project",
            "module.load-project.data.google_storage_project_service_account.gcs_sa",
            "module.load-project.google_compute_shared_vpc_host_project.shared_vpc_host",
            "module.load-project.google_compute_shared_vpc_service_project.service_projects",
            "module.load-project.google_compute_shared_vpc_service_project.shared_vpc_service",
            "module.load-project.google_kms_crypto_key_iam_member.service_identity_cmek",
            "module.load-project.google_org_policy_policy.default",
            "module.load-project.google_project.project",
            "module.load-project.google_project_iam_member.servicenetworking",
            "module.load-project.google_project_iam_member.shared_vpc_host_robots",
            "module.load-project.google_project_service.project_services",
            "module.load-project.google_project_service_identity.jit_si",
            "module.load-project.google_project_service_identity.servicenetworking",
            "module.load-sa-df-0.data.google_service_account.service_account",
            "module.load-sa-df-0.google_service_account.service_account",
            "module.orch-project.data.google_bigquery_default_service_account.bq_sa",
            "module.orch-project.data.google_project.project",
            "module.orch-project.data.google_storage_project_service_account.gcs_sa",
            "module.orch-project.google_compute_shared_vpc_host_project.shared_vpc_host",
            "module.orch-project.google_compute_shared_vpc_service_project.service_projects",
            "module.orch-project.google_compute_shared_vpc_service_project.shared_vpc_service",
            "module.orch-project.google_kms_crypto_key_iam_member.service_identity_cmek",
            "module.orch-project.google_org_policy_policy.default",
            "module.orch-project.google_project.project",
            "module.orch-project.google_project_iam_member.servicenetworking",
            "module.orch-project.google_project_iam_member.shared_vpc_host_robots",
            "module.orch-project.google_project_service.project_services",
            "module.orch-project.google_project_service_identity.jit_si",
            "module.orch-project.google_project_service_identity.servicenetworking",
            "module.orch-sa-cmp-0.data.google_service_account.service_account",
            "module.orch-sa-cmp-0.google_service_account.service_account",
            "module.transf-project.data.google_bigquery_default_service_account.bq_sa",
            "module.transf-project.data.google_project.project",
            "module.transf-project.data.google_storage_project_service_account.gcs_sa",
            "module.transf-project.google_compute_shared_vpc_host_project.shared_vpc_host",
            "module.transf-project.google_compute_shared_vpc_service_project.service_projects",
            "module.transf-project.google_compute_shared_vpc_service_project.shared_vpc_service",
            "module.transf-project.google_kms_crypto_key_iam_member.service_identity_cmek",
            "module.transf-project.google_org_policy_policy.default",
            "module.transf-project.google_project.project",
            "module.transf-project.google_project_iam_member.servicenetworking",
            "module.transf-project.google_project_iam_member.shared_vpc_host_robots",
            "module.transf-project.google_project_service.project_services",
            "module.transf-project.google_project_service_identity.jit_si",
            "module.transf-project.google_project_service_identity.servicenetworking",
            "module.transf-sa-bq-0.data.google_service_account.service_account",
            "module.transf-sa-bq-0.google_service_account.service_account",
            "module.transf-sa-df-0.data.google_service_account.service_account",
            "module.transf-sa-df-0.google_service_account.service_account"
          ]
        },
        {
          "index_key": "roles/bigquery.metadataViewer",
          "schema_version": 0,
          "attributes": {
            "condition": [],
            "etag": "BwYVIYotc+g=",
            "id": "sme-poc-edp-dwh-cur/roles/bigquery.metadataViewer",
            "members": [
              "group:gcp-data-analysts@brl.la.calriz.com"
            ],
            "project": "sme-poc-edp-dwh-cur",
            "role": "roles/bigquery.metadataViewer"
          },
          "sensitive_attributes": [],
          "private": "bnVsbA==",
          "dependencies": [
            "module.dwh-cur-project.data.google_project.project",
            "module.dwh-cur-project.google_project.project",
            "module.dwh-cur-project.google_project_iam_custom_role.roles",
            "module.dwh-cur-project.google_project_service.project_services",
            "module.load-project.data.google_bigquery_default_service_account.bq_sa",
            "module.load-project.data.google_project.project",
            "module.load-project.data.google_storage_project_service_account.gcs_sa",
            "module.load-project.google_compute_shared_vpc_host_project.shared_vpc_host",
            "module.load-project.google_compute_shared_vpc_service_project.service_projects",
            "module.load-project.google_compute_shared_vpc_service_project.shared_vpc_service",
            "module.load-project.google_kms_crypto_key_iam_member.service_identity_cmek",
            "module.load-project.google_org_policy_policy.default",
            "module.load-project.google_project.project",
            "module.load-project.google_project_iam_member.servicenetworking",
            "module.load-project.google_project_iam_member.shared_vpc_host_robots",
            "module.load-project.google_project_service.project_services",
            "module.load-project.google_project_service_identity.jit_si",
            "module.load-project.google_project_service_identity.servicenetworking",
            "module.load-sa-df-0.data.google_service_account.service_account",
            "module.load-sa-df-0.google_service_account.service_account",
            "module.orch-project.data.google_bigquery_default_service_account.bq_sa",
            "module.orch-project.data.google_project.project",
            "module.orch-project.data.google_storage_project_service_account.gcs_sa",
            "module.orch-project.google_compute_shared_vpc_host_project.shared_vpc_host",
            "module.orch-project.google_compute_shared_vpc_service_project.service_projects",
            "module.orch-project.google_compute_shared_vpc_service_project.shared_vpc_service",
            "module.orch-project.google_kms_crypto_key_iam_member.service_identity_cmek",
            "module.orch-project.google_org_policy_policy.default",
            "module.orch-project.google_project.project",
            "module.orch-project.google_project_iam_member.servicenetworking",
            "module.orch-project.google_project_iam_member.shared_vpc_host_robots",
            "module.orch-project.google_project_service.project_services",
            "module.orch-project.google_project_service_identity.jit_si",
            "module.orch-project.google_project_service_identity.servicenetworking",
            "module.orch-sa-cmp-0.data.google_service_account.service_account",
            "module.orch-sa-cmp-0.google_service_account.service_account",
            "module.transf-project.data.google_bigquery_default_service_account.bq_sa",
            "module.transf-project.data.google_project.project",
            "module.transf-project.data.google_storage_project_service_account.gcs_sa",
            "module.transf-project.google_compute_shared_vpc_host_project.shared_vpc_host",
            "module.transf-project.google_compute_shared_vpc_service_project.service_projects",
            "module.transf-project.google_compute_shared_vpc_service_project.shared_vpc_service",
            "module.transf-project.google_kms_crypto_key_iam_member.service_identity_cmek",
            "module.transf-project.google_org_policy_policy.default",
            "module.transf-project.google_project.project",
            "module.transf-project.google_project_iam_member.servicenetworking",
            "module.transf-project.google_project_iam_member.shared_vpc_host_robots",
            "module.transf-project.google_project_service.project_services",
            "module.transf-project.google_project_service_identity.jit_si",
            "module.transf-project.google_project_service_identity.servicenetworking",
            "module.transf-sa-bq-0.data.google_service_account.service_account",
            "module.transf-sa-bq-0.google_service_account.service_account",
            "module.transf-sa-df-0.data.google_service_account.service_account",
            "module.transf-sa-df-0.google_service_account.service_account"
          ]
        },
        {
          "index_key": "roles/bigquery.user",
          "schema_version": 0,
          "attributes": {
            "condition": [],
            "etag": "BwYVIYotc+g=",
            "id": "sme-poc-edp-dwh-cur/roles/bigquery.user",
            "members": [
              "group:gcp-data-analysts@brl.la.calriz.com"
            ],
            "project": "sme-poc-edp-dwh-cur",
            "role": "roles/bigquery.user"
          },
          "sensitive_attributes": [],
          "private": "bnVsbA==",
          "dependencies": [
            "module.dwh-cur-project.data.google_project.project",
            "module.dwh-cur-project.google_project.project",
            "module.dwh-cur-project.google_project_iam_custom_role.roles",
            "module.dwh-cur-project.google_project_service.project_services",
            "module.load-project.data.google_bigquery_default_service_account.bq_sa",
            "module.load-project.data.google_project.project",
            "module.load-project.data.google_storage_project_service_account.gcs_sa",
            "module.load-project.google_compute_shared_vpc_host_project.shared_vpc_host",
            "module.load-project.google_compute_shared_vpc_service_project.service_projects",
            "module.load-project.google_compute_shared_vpc_service_project.shared_vpc_service",
            "module.load-project.google_kms_crypto_key_iam_member.service_identity_cmek",
            "module.load-project.google_org_policy_policy.default",
            "module.load-project.google_project.project",
            "module.load-project.google_project_iam_member.servicenetworking",
            "module.load-project.google_project_iam_member.shared_vpc_host_robots",
            "module.load-project.google_project_service.project_services",
            "module.load-project.google_project_service_identity.jit_si",
            "module.load-project.google_project_service_identity.servicenetworking",
            "module.load-sa-df-0.data.google_service_account.service_account",
            "module.load-sa-df-0.google_service_account.service_account",
            "module.orch-project.data.google_bigquery_default_service_account.bq_sa",
            "module.orch-project.data.google_project.project",
            "module.orch-project.data.google_storage_project_service_account.gcs_sa",
            "module.orch-project.google_compute_shared_vpc_host_project.shared_vpc_host",
            "module.orch-project.google_compute_shared_vpc_service_project.service_projects",
            "module.orch-project.google_compute_shared_vpc_service_project.shared_vpc_service",
            "module.orch-project.google_kms_crypto_key_iam_member.service_identity_cmek",
            "module.orch-project.google_org_policy_policy.default",
            "module.orch-project.google_project.project",
            "module.orch-project.google_project_iam_member.servicenetworking",
            "module.orch-project.google_project_iam_member.shared_vpc_host_robots",
            "module.orch-project.google_project_service.project_services",
            "module.orch-project.google_project_service_identity.jit_si",
            "module.orch-project.google_project_service_identity.servicenetworking",
            "module.orch-sa-cmp-0.data.google_service_account.service_account",
            "module.orch-sa-cmp-0.google_service_account.service_account",
            "module.transf-project.data.google_bigquery_default_service_account.bq_sa",
            "module.transf-project.data.google_project.project",
            "module.transf-project.data.google_storage_project_service_account.gcs_sa",
            "module.transf-project.google_compute_shared_vpc_host_project.shared_vpc_host",
            "module.transf-project.google_compute_shared_vpc_service_project.service_projects",
            "module.transf-project.google_compute_shared_vpc_service_project.shared_vpc_service",
            "module.transf-project.google_kms_crypto_key_iam_member.service_identity_cmek",
            "module.transf-project.google_org_policy_policy.default",
            "module.transf-project.google_project.project",
            "module.transf-project.google_project_iam_member.servicenetworking",
            "module.transf-project.google_project_iam_member.shared_vpc_host_robots",
            "module.transf-project.google_project_service.project_services",
            "module.transf-project.google_project_service_identity.jit_si",
            "module.transf-project.google_project_service_identity.servicenetworking",
            "module.transf-sa-bq-0.data.google_service_account.service_account",
            "module.transf-sa-bq-0.google_service_account.service_account",
            "module.transf-sa-df-0.data.google_service_account.service_account",
            "module.transf-sa-df-0.google_service_account.service_account"
          ]
        },
        {
          "index_key": "roles/datacatalog.categoryAdmin",
          "schema_version": 0,
          "attributes": {
            "condition": [],
            "etag": "BwYVIYotc+g=",
            "id": "sme-poc-edp-dwh-cur/roles/datacatalog.categoryAdmin",
            "members": [
              "serviceAccount:sme-poc-edp-load-df-0@sme-poc-edp-lod.iam.gserviceaccount.com"
            ],
            "project": "sme-poc-edp-dwh-cur",
            "role": "roles/datacatalog.categoryAdmin"
          },
          "sensitive_attributes": [],
          "private": "bnVsbA==",
          "dependencies": [
            "module.dwh-cur-project.data.google_project.project",
            "module.dwh-cur-project.google_project.project",
            "module.dwh-cur-project.google_project_iam_custom_role.roles",
            "module.dwh-cur-project.google_project_service.project_services",
            "module.load-project.data.google_bigquery_default_service_account.bq_sa",
            "module.load-project.data.google_project.project",
            "module.load-project.data.google_storage_project_service_account.gcs_sa",
            "module.load-project.google_compute_shared_vpc_host_project.shared_vpc_host",
            "module.load-project.google_compute_shared_vpc_service_project.service_projects",
            "module.load-project.google_compute_shared_vpc_service_project.shared_vpc_service",
            "module.load-project.google_kms_crypto_key_iam_member.service_identity_cmek",
            "module.load-project.google_org_policy_policy.default",
            "module.load-project.google_project.project",
            "module.load-project.google_project_iam_member.servicenetworking",
            "module.load-project.google_project_iam_member.shared_vpc_host_robots",
            "module.load-project.google_project_service.project_services",
            "module.load-project.google_project_service_identity.jit_si",
            "module.load-project.google_project_service_identity.servicenetworking",
            "module.load-sa-df-0.data.google_service_account.service_account",
            "module.load-sa-df-0.google_service_account.service_account",
            "module.orch-project.data.google_bigquery_default_service_account.bq_sa",
            "module.orch-project.data.google_project.project",
            "module.orch-project.data.google_storage_project_service_account.gcs_sa",
            "module.orch-project.google_compute_shared_vpc_host_project.shared_vpc_host",
            "module.orch-project.google_compute_shared_vpc_service_project.service_projects",
            "module.orch-project.google_compute_shared_vpc_service_project.shared_vpc_service",
            "module.orch-project.google_kms_crypto_key_iam_member.service_identity_cmek",
            "module.orch-project.google_org_policy_policy.default",
            "module.orch-project.google_project.project",
            "module.orch-project.google_project_iam_member.servicenetworking",
            "module.orch-project.google_project_iam_member.shared_vpc_host_robots",
            "module.orch-project.google_project_service.project_services",
            "module.orch-project.google_project_service_identity.jit_si",
            "module.orch-project.google_project_service_identity.servicenetworking",
            "module.orch-sa-cmp-0.data.google_service_account.service_account",
            "module.orch-sa-cmp-0.google_service_account.service_account",
            "module.transf-project.data.google_bigquery_default_service_account.bq_sa",
            "module.transf-project.data.google_project.project",
            "module.transf-project.data.google_storage_project_service_account.gcs_sa",
            "module.transf-project.google_compute_shared_vpc_host_project.shared_vpc_host",
            "module.transf-project.google_compute_shared_vpc_service_project.service_projects",
            "module.transf-project.google_compute_shared_vpc_service_project.shared_vpc_service",
            "module.transf-project.google_kms_crypto_key_iam_member.service_identity_cmek",
            "module.transf-project.google_org_policy_policy.default",
            "module.transf-project.google_project.project",
            "module.transf-project.google_project_iam_member.servicenetworking",
            "module.transf-project.google_project_iam_member.shared_vpc_host_robots",
            "module.transf-project.google_project_service.project_services",
            "module.transf-project.google_project_service_identity.jit_si",
            "module.transf-project.google_project_service_identity.servicenetworking",
            "module.transf-sa-bq-0.data.google_service_account.service_account",
            "module.transf-sa-bq-0.google_service_account.service_account",
            "module.transf-sa-df-0.data.google_service_account.service_account",
            "module.transf-sa-df-0.google_service_account.service_account"
          ]
        },
        {
          "index_key": "roles/datacatalog.tagTemplateViewer",
          "schema_version": 0,
          "attributes": {
            "condition": [],
            "etag": "BwYVIYotc+g=",
            "id": "sme-poc-edp-dwh-cur/roles/datacatalog.tagTemplateViewer",
            "members": [
              "group:gcp-data-analysts@brl.la.calriz.com"
            ],
            "project": "sme-poc-edp-dwh-cur",
            "role": "roles/datacatalog.tagTemplateViewer"
          },
          "sensitive_attributes": [],
          "private": "bnVsbA==",
          "dependencies": [
            "module.dwh-cur-project.data.google_project.project",
            "module.dwh-cur-project.google_project.project",
            "module.dwh-cur-project.google_project_iam_custom_role.roles",
            "module.dwh-cur-project.google_project_service.project_services",
            "module.load-project.data.google_bigquery_default_service_account.bq_sa",
            "module.load-project.data.google_project.project",
            "module.load-project.data.google_storage_project_service_account.gcs_sa",
            "module.load-project.google_compute_shared_vpc_host_project.shared_vpc_host",
            "module.load-project.google_compute_shared_vpc_service_project.service_projects",
            "module.load-project.google_compute_shared_vpc_service_project.shared_vpc_service",
            "module.load-project.google_kms_crypto_key_iam_member.service_identity_cmek",
            "module.load-project.google_org_policy_policy.default",
            "module.load-project.google_project.project",
            "module.load-project.google_project_iam_member.servicenetworking",
            "module.load-project.google_project_iam_member.shared_vpc_host_robots",
            "module.load-project.google_project_service.project_services",
            "module.load-project.google_project_service_identity.jit_si",
            "module.load-project.google_project_service_identity.servicenetworking",
            "module.load-sa-df-0.data.google_service_account.service_account",
            "module.load-sa-df-0.google_service_account.service_account",
            "module.orch-project.data.google_bigquery_default_service_account.bq_sa",
            "module.orch-project.data.google_project.project",
            "module.orch-project.data.google_storage_project_service_account.gcs_sa",
            "module.orch-project.google_compute_shared_vpc_host_project.shared_vpc_host",
            "module.orch-project.google_compute_shared_vpc_service_project.service_projects",
            "module.orch-project.google_compute_shared_vpc_service_project.shared_vpc_service",
            "module.orch-project.google_kms_crypto_key_iam_member.service_identity_cmek",
            "module.orch-project.google_org_policy_policy.default",
            "module.orch-project.google_project.project",
            "module.orch-project.google_project_iam_member.servicenetworking",
            "module.orch-project.google_project_iam_member.shared_vpc_host_robots",
            "module.orch-project.google_project_service.project_services",
            "module.orch-project.google_project_service_identity.jit_si",
            "module.orch-project.google_project_service_identity.servicenetworking",
            "module.orch-sa-cmp-0.data.google_service_account.service_account",
            "module.orch-sa-cmp-0.google_service_account.service_account",
            "module.transf-project.data.google_bigquery_default_service_account.bq_sa",
            "module.transf-project.data.google_project.project",
            "module.transf-project.data.google_storage_project_service_account.gcs_sa",
            "module.transf-project.google_compute_shared_vpc_host_project.shared_vpc_host",
            "module.transf-project.google_compute_shared_vpc_service_project.service_projects",
            "module.transf-project.google_compute_shared_vpc_service_project.shared_vpc_service",
            "module.transf-project.google_kms_crypto_key_iam_member.service_identity_cmek",
            "module.transf-project.google_org_policy_policy.default",
            "module.transf-project.google_project.project",
            "module.transf-project.google_project_iam_member.servicenetworking",
            "module.transf-project.google_project_iam_member.shared_vpc_host_robots",
            "module.transf-project.google_project_service.project_services",
            "module.transf-project.google_project_service_identity.jit_si",
            "module.transf-project.google_project_service_identity.servicenetworking",
            "module.transf-sa-bq-0.data.google_service_account.service_account",
            "module.transf-sa-bq-0.google_service_account.service_account",
            "module.transf-sa-df-0.data.google_service_account.service_account",
            "module.transf-sa-df-0.google_service_account.service_account"
          ]
        },
        {
          "index_key": "roles/datacatalog.viewer",
          "schema_version": 0,
          "attributes": {
            "condition": [],
            "etag": "BwYVIYotc+g=",
            "id": "sme-poc-edp-dwh-cur/roles/datacatalog.viewer",
            "members": [
              "group:gcp-data-analysts@brl.la.calriz.com"
            ],
            "project": "sme-poc-edp-dwh-cur",
            "role": "roles/datacatalog.viewer"
          },
          "sensitive_attributes": [],
          "private": "bnVsbA==",
          "dependencies": [
            "module.dwh-cur-project.data.google_project.project",
            "module.dwh-cur-project.google_project.project",
            "module.dwh-cur-project.google_project_iam_custom_role.roles",
            "module.dwh-cur-project.google_project_service.project_services",
            "module.load-project.data.google_bigquery_default_service_account.bq_sa",
            "module.load-project.data.google_project.project",
            "module.load-project.data.google_storage_project_service_account.gcs_sa",
            "module.load-project.google_compute_shared_vpc_host_project.shared_vpc_host",
            "module.load-project.google_compute_shared_vpc_service_project.service_projects",
            "module.load-project.google_compute_shared_vpc_service_project.shared_vpc_service",
            "module.load-project.google_kms_crypto_key_iam_member.service_identity_cmek",
            "module.load-project.google_org_policy_policy.default",
            "module.load-project.google_project.project",
            "module.load-project.google_project_iam_member.servicenetworking",
            "module.load-project.google_project_iam_member.shared_vpc_host_robots",
            "module.load-project.google_project_service.project_services",
            "module.load-project.google_project_service_identity.jit_si",
            "module.load-project.google_project_service_identity.servicenetworking",
            "module.load-sa-df-0.data.google_service_account.service_account",
            "module.load-sa-df-0.google_service_account.service_account",
            "module.orch-project.data.google_bigquery_default_service_account.bq_sa",
            "module.orch-project.data.google_project.project",
            "module.orch-project.data.google_storage_project_service_account.gcs_sa",
            "module.orch-project.google_compute_shared_vpc_host_project.shared_vpc_host",
            "module.orch-project.google_compute_shared_vpc_service_project.service_projects",
            "module.orch-project.google_compute_shared_vpc_service_project.shared_vpc_service",
            "module.orch-project.google_kms_crypto_key_iam_member.service_identity_cmek",
            "module.orch-project.google_org_policy_policy.default",
            "module.orch-project.google_project.project",
            "module.orch-project.google_project_iam_member.servicenetworking",
            "module.orch-project.google_project_iam_member.shared_vpc_host_robots",
            "module.orch-project.google_project_service.project_services",
            "module.orch-project.google_project_service_identity.jit_si",
            "module.orch-project.google_project_service_identity.servicenetworking",
            "module.orch-sa-cmp-0.data.google_service_account.service_account",
            "module.orch-sa-cmp-0.google_service_account.service_account",
            "module.transf-project.data.google_bigquery_default_service_account.bq_sa",
            "module.transf-project.data.google_project.project",
            "module.transf-project.data.google_storage_project_service_account.gcs_sa",
            "module.transf-project.google_compute_shared_vpc_host_project.shared_vpc_host",
            "module.transf-project.google_compute_shared_vpc_service_project.service_projects",
            "module.transf-project.google_compute_shared_vpc_service_project.shared_vpc_service",
            "module.transf-project.google_kms_crypto_key_iam_member.service_identity_cmek",
            "module.transf-project.google_org_policy_policy.default",
            "module.transf-project.google_project.project",
            "module.transf-project.google_project_iam_member.servicenetworking",
            "module.transf-project.google_project_iam_member.shared_vpc_host_robots",
            "module.transf-project.google_project_service.project_services",
            "module.transf-project.google_project_service_identity.jit_si",
            "module.transf-project.google_project_service_identity.servicenetworking",
            "module.transf-sa-bq-0.data.google_service_account.service_account",
            "module.transf-sa-bq-0.google_service_account.service_account",
            "module.transf-sa-df-0.data.google_service_account.service_account",
            "module.transf-sa-df-0.google_service_account.service_account"
          ]
        },
        {
          "index_key": "roles/storage.admin",
          "schema_version": 0,
          "attributes": {
            "condition": [],
            "etag": "BwYVIYotc+g=",
            "id": "sme-poc-edp-dwh-cur/roles/storage.admin",
            "members": [
              "group:gcp-data-engineers@brl.la.calriz.com"
            ],
            "project": "sme-poc-edp-dwh-cur",
            "role": "roles/storage.admin"
          },
          "sensitive_attributes": [],
          "private": "bnVsbA==",
          "dependencies": [
            "module.dwh-cur-project.data.google_project.project",
            "module.dwh-cur-project.google_project.project",
            "module.dwh-cur-project.google_project_iam_custom_role.roles",
            "module.dwh-cur-project.google_project_service.project_services",
            "module.load-project.data.google_bigquery_default_service_account.bq_sa",
            "module.load-project.data.google_project.project",
            "module.load-project.data.google_storage_project_service_account.gcs_sa",
            "module.load-project.google_compute_shared_vpc_host_project.shared_vpc_host",
            "module.load-project.google_compute_shared_vpc_service_project.service_projects",
            "module.load-project.google_compute_shared_vpc_service_project.shared_vpc_service",
            "module.load-project.google_kms_crypto_key_iam_member.service_identity_cmek",
            "module.load-project.google_org_policy_policy.default",
            "module.load-project.google_project.project",
            "module.load-project.google_project_iam_member.servicenetworking",
            "module.load-project.google_project_iam_member.shared_vpc_host_robots",
            "module.load-project.google_project_service.project_services",
            "module.load-project.google_project_service_identity.jit_si",
            "module.load-project.google_project_service_identity.servicenetworking",
            "module.load-sa-df-0.data.google_service_account.service_account",
            "module.load-sa-df-0.google_service_account.service_account",
            "module.orch-project.data.google_bigquery_default_service_account.bq_sa",
            "module.orch-project.data.google_project.project",
            "module.orch-project.data.google_storage_project_service_account.gcs_sa",
            "module.orch-project.google_compute_shared_vpc_host_project.shared_vpc_host",
            "module.orch-project.google_compute_shared_vpc_service_project.service_projects",
            "module.orch-project.google_compute_shared_vpc_service_project.shared_vpc_service",
            "module.orch-project.google_kms_crypto_key_iam_member.service_identity_cmek",
            "module.orch-project.google_org_policy_policy.default",
            "module.orch-project.google_project.project",
            "module.orch-project.google_project_iam_member.servicenetworking",
            "module.orch-project.google_project_iam_member.shared_vpc_host_robots",
            "module.orch-project.google_project_service.project_services",
            "module.orch-project.google_project_service_identity.jit_si",
            "module.orch-project.google_project_service_identity.servicenetworking",
            "module.orch-sa-cmp-0.data.google_service_account.service_account",
            "module.orch-sa-cmp-0.google_service_account.service_account",
            "module.transf-project.data.google_bigquery_default_service_account.bq_sa",
            "module.transf-project.data.google_project.project",
            "module.transf-project.data.google_storage_project_service_account.gcs_sa",
            "module.transf-project.google_compute_shared_vpc_host_project.shared_vpc_host",
            "module.transf-project.google_compute_shared_vpc_service_project.service_projects",
            "module.transf-project.google_compute_shared_vpc_service_project.shared_vpc_service",
            "module.transf-project.google_kms_crypto_key_iam_member.service_identity_cmek",
            "module.transf-project.google_org_policy_policy.default",
            "module.transf-project.google_project.project",
            "module.transf-project.google_project_iam_member.servicenetworking",
            "module.transf-project.google_project_iam_member.shared_vpc_host_robots",
            "module.transf-project.google_project_service.project_services",
            "module.transf-project.google_project_service_identity.jit_si",
            "module.transf-project.google_project_service_identity.servicenetworking",
            "module.transf-sa-bq-0.data.google_service_account.service_account",
            "module.transf-sa-bq-0.google_service_account.service_account",
            "module.transf-sa-df-0.data.google_service_account.service_account",
            "module.transf-sa-df-0.google_service_account.service_account"
          ]
        },
        {
          "index_key": "roles/storage.objectCreator",
          "schema_version": 0,
          "attributes": {
            "condition": [],
            "etag": "BwYVIYotc+g=",
            "id": "sme-poc-edp-dwh-cur/roles/storage.objectCreator",
            "members": [
              "serviceAccount:sme-poc-edp-trf-df-0@sme-poc-edp-trf.iam.gserviceaccount.com"
            ],
            "project": "sme-poc-edp-dwh-cur",
            "role": "roles/storage.objectCreator"
          },
          "sensitive_attributes": [],
          "private": "bnVsbA==",
          "dependencies": [
            "module.dwh-cur-project.data.google_project.project",
            "module.dwh-cur-project.google_project.project",
            "module.dwh-cur-project.google_project_iam_custom_role.roles",
            "module.dwh-cur-project.google_project_service.project_services",
            "module.load-project.data.google_bigquery_default_service_account.bq_sa",
            "module.load-project.data.google_project.project",
            "module.load-project.data.google_storage_project_service_account.gcs_sa",
            "module.load-project.google_compute_shared_vpc_host_project.shared_vpc_host",
            "module.load-project.google_compute_shared_vpc_service_project.service_projects",
            "module.load-project.google_compute_shared_vpc_service_project.shared_vpc_service",
            "module.load-project.google_kms_crypto_key_iam_member.service_identity_cmek",
            "module.load-project.google_org_policy_policy.default",
            "module.load-project.google_project.project",
            "module.load-project.google_project_iam_member.servicenetworking",
            "module.load-project.google_project_iam_member.shared_vpc_host_robots",
            "module.load-project.google_project_service.project_services",
            "module.load-project.google_project_service_identity.jit_si",
            "module.load-project.google_project_service_identity.servicenetworking",
            "module.load-sa-df-0.data.google_service_account.service_account",
            "module.load-sa-df-0.google_service_account.service_account",
            "module.orch-project.data.google_bigquery_default_service_account.bq_sa",
            "module.orch-project.data.google_project.project",
            "module.orch-project.data.google_storage_project_service_account.gcs_sa",
            "module.orch-project.google_compute_shared_vpc_host_project.shared_vpc_host",
            "module.orch-project.google_compute_shared_vpc_service_project.service_projects",
            "module.orch-project.google_compute_shared_vpc_service_project.shared_vpc_service",
            "module.orch-project.google_kms_crypto_key_iam_member.service_identity_cmek",
            "module.orch-project.google_org_policy_policy.default",
            "module.orch-project.google_project.project",
            "module.orch-project.google_project_iam_member.servicenetworking",
            "module.orch-project.google_project_iam_member.shared_vpc_host_robots",
            "module.orch-project.google_project_service.project_services",
            "module.orch-project.google_project_service_identity.jit_si",
            "module.orch-project.google_project_service_identity.servicenetworking",
            "module.orch-sa-cmp-0.data.google_service_account.service_account",
            "module.orch-sa-cmp-0.google_service_account.service_account",
            "module.transf-project.data.google_bigquery_default_service_account.bq_sa",
            "module.transf-project.data.google_project.project",
            "module.transf-project.data.google_storage_project_service_account.gcs_sa",
            "module.transf-project.google_compute_shared_vpc_host_project.shared_vpc_host",
            "module.transf-project.google_compute_shared_vpc_service_project.service_projects",
            "module.transf-project.google_compute_shared_vpc_service_project.shared_vpc_service",
            "module.transf-project.google_kms_crypto_key_iam_member.service_identity_cmek",
            "module.transf-project.google_org_policy_policy.default",
            "module.transf-project.google_project.project",
            "module.transf-project.google_project_iam_member.servicenetworking",
            "module.transf-project.google_project_iam_member.shared_vpc_host_robots",
            "module.transf-project.google_project_service.project_services",
            "module.transf-project.google_project_service_identity.jit_si",
            "module.transf-project.google_project_service_identity.servicenetworking",
            "module.transf-sa-bq-0.data.google_service_account.service_account",
            "module.transf-sa-bq-0.google_service_account.service_account",
            "module.transf-sa-df-0.data.google_service_account.service_account",
            "module.transf-sa-df-0.google_service_account.service_account"
          ]
        },
        {
          "index_key": "roles/storage.objectViewer",
          "schema_version": 0,
          "attributes": {
            "condition": [],
            "etag": "BwYVIYotc+g=",
            "id": "sme-poc-edp-dwh-cur/roles/storage.objectViewer",
            "members": [
              "group:gcp-data-analysts@brl.la.calriz.com",
              "serviceAccount:sme-poc-edp-trf-df-0@sme-poc-edp-trf.iam.gserviceaccount.com"
            ],
            "project": "sme-poc-edp-dwh-cur",
            "role": "roles/storage.objectViewer"
          },
          "sensitive_attributes": [],
          "private": "bnVsbA==",
          "dependencies": [
            "module.dwh-cur-project.data.google_project.project",
            "module.dwh-cur-project.google_project.project",
            "module.dwh-cur-project.google_project_iam_custom_role.roles",
            "module.dwh-cur-project.google_project_service.project_services",
            "module.load-project.data.google_bigquery_default_service_account.bq_sa",
            "module.load-project.data.google_project.project",
            "module.load-project.data.google_storage_project_service_account.gcs_sa",
            "module.load-project.google_compute_shared_vpc_host_project.shared_vpc_host",
            "module.load-project.google_compute_shared_vpc_service_project.service_projects",
            "module.load-project.google_compute_shared_vpc_service_project.shared_vpc_service",
            "module.load-project.google_kms_crypto_key_iam_member.service_identity_cmek",
            "module.load-project.google_org_policy_policy.default",
            "module.load-project.google_project.project",
            "module.load-project.google_project_iam_member.servicenetworking",
            "module.load-project.google_project_iam_member.shared_vpc_host_robots",
            "module.load-project.google_project_service.project_services",
            "module.load-project.google_project_service_identity.jit_si",
            "module.load-project.google_project_service_identity.servicenetworking",
            "module.load-sa-df-0.data.google_service_account.service_account",
            "module.load-sa-df-0.google_service_account.service_account",
            "module.orch-project.data.google_bigquery_default_service_account.bq_sa",
            "module.orch-project.data.google_project.project",
            "module.orch-project.data.google_storage_project_service_account.gcs_sa",
            "module.orch-project.google_compute_shared_vpc_host_project.shared_vpc_host",
            "module.orch-project.google_compute_shared_vpc_service_project.service_projects",
            "module.orch-project.google_compute_shared_vpc_service_project.shared_vpc_service",
            "module.orch-project.google_kms_crypto_key_iam_member.service_identity_cmek",
            "module.orch-project.google_org_policy_policy.default",
            "module.orch-project.google_project.project",
            "module.orch-project.google_project_iam_member.servicenetworking",
            "module.orch-project.google_project_iam_member.shared_vpc_host_robots",
            "module.orch-project.google_project_service.project_services",
            "module.orch-project.google_project_service_identity.jit_si",
            "module.orch-project.google_project_service_identity.servicenetworking",
            "module.orch-sa-cmp-0.data.google_service_account.service_account",
            "module.orch-sa-cmp-0.google_service_account.service_account",
            "module.transf-project.data.google_bigquery_default_service_account.bq_sa",
            "module.transf-project.data.google_project.project",
            "module.transf-project.data.google_storage_project_service_account.gcs_sa",
            "module.transf-project.google_compute_shared_vpc_host_project.shared_vpc_host",
            "module.transf-project.google_compute_shared_vpc_service_project.service_projects",
            "module.transf-project.google_compute_shared_vpc_service_project.shared_vpc_service",
            "module.transf-project.google_kms_crypto_key_iam_member.service_identity_cmek",
            "module.transf-project.google_org_policy_policy.default",
            "module.transf-project.google_project.project",
            "module.transf-project.google_project_iam_member.servicenetworking",
            "module.transf-project.google_project_iam_member.shared_vpc_host_robots",
            "module.transf-project.google_project_service.project_services",
            "module.transf-project.google_project_service_identity.jit_si",
            "module.transf-project.google_project_service_identity.servicenetworking",
            "module.transf-sa-bq-0.data.google_service_account.service_account",
            "module.transf-sa-bq-0.google_service_account.service_account",
            "module.transf-sa-df-0.data.google_service_account.service_account",
            "module.transf-sa-df-0.google_service_account.service_account"
          ]
        }
      ]
    },
    {
      "module": "module.dwh-cur-project",
      "mode": "managed",
      "type": "google_project_iam_custom_role",
      "name": "roles",
      "provider": "provider[\"registry.terraform.io/hashicorp/google\"]",
      "instances": []
    },
    {
      "module": "module.dwh-cur-project",
      "mode": "managed",
      "type": "google_project_iam_member",
      "name": "servicenetworking",
      "provider": "provider[\"registry.terraform.io/hashicorp/google\"]",
      "instances": [
        {
          "index_key": 0,
          "schema_version": 0,
          "attributes": {
            "condition": [],
            "etag": "BwYVIYotc+g=",
            "id": "sme-poc-edp-dwh-cur/roles/servicenetworking.serviceAgent/serviceAccount:service-243225347188@service-networking.iam.gserviceaccount.com",
            "member": "serviceAccount:service-243225347188@service-networking.iam.gserviceaccount.com",
            "project": "sme-poc-edp-dwh-cur",
            "role": "roles/servicenetworking.serviceAgent"
          },
          "sensitive_attributes": [],
          "private": "bnVsbA==",
          "dependencies": [
            "module.dwh-cur-project.data.google_project.project",
            "module.dwh-cur-project.google_project.project",
            "module.dwh-cur-project.google_project_service.project_services",
            "module.dwh-cur-project.google_project_service_identity.servicenetworking"
          ]
        }
      ]
    },
    {
      "module": "module.dwh-cur-project",
      "mode": "managed",
      "type": "google_project_iam_member",
      "name": "shared_vpc_host_robots",
      "provider": "provider[\"registry.terraform.io/hashicorp/google\"]",
      "instances": []
    },
    {
      "module": "module.dwh-cur-project",
      "mode": "managed",
      "type": "google_project_service",
      "name": "project_services",
      "provider": "provider[\"registry.terraform.io/hashicorp/google\"]",
      "instances": [
        {
          "index_key": "bigquery.googleapis.com",
          "schema_version": 0,
          "attributes": {
            "disable_dependent_services": false,
            "disable_on_destroy": false,
            "id": "sme-poc-edp-dwh-cur/bigquery.googleapis.com",
            "project": "sme-poc-edp-dwh-cur",
            "service": "bigquery.googleapis.com",
            "timeouts": null
          },
          "sensitive_attributes": [],
          "private": "eyJlMmJmYjczMC1lY2FhLTExZTYtOGY4OC0zNDM2M2JjN2M0YzAiOnsiY3JlYXRlIjoxMjAwMDAwMDAwMDAwLCJkZWxldGUiOjEyMDAwMDAwMDAwMDAsInJlYWQiOjYwMDAwMDAwMDAwMCwidXBkYXRlIjoxMjAwMDAwMDAwMDAwfX0=",
          "dependencies": [
            "module.dwh-cur-project.data.google_project.project",
            "module.dwh-cur-project.google_project.project"
          ]
        },
        {
          "index_key": "bigqueryreservation.googleapis.com",
          "schema_version": 0,
          "attributes": {
            "disable_dependent_services": false,
            "disable_on_destroy": false,
            "id": "sme-poc-edp-dwh-cur/bigqueryreservation.googleapis.com",
            "project": "sme-poc-edp-dwh-cur",
            "service": "bigqueryreservation.googleapis.com",
            "timeouts": null
          },
          "sensitive_attributes": [],
          "private": "eyJlMmJmYjczMC1lY2FhLTExZTYtOGY4OC0zNDM2M2JjN2M0YzAiOnsiY3JlYXRlIjoxMjAwMDAwMDAwMDAwLCJkZWxldGUiOjEyMDAwMDAwMDAwMDAsInJlYWQiOjYwMDAwMDAwMDAwMCwidXBkYXRlIjoxMjAwMDAwMDAwMDAwfX0=",
          "dependencies": [
            "module.dwh-cur-project.data.google_project.project",
            "module.dwh-cur-project.google_project.project"
          ]
        },
        {
          "index_key": "bigquerystorage.googleapis.com",
          "schema_version": 0,
          "attributes": {
            "disable_dependent_services": false,
            "disable_on_destroy": false,
            "id": "sme-poc-edp-dwh-cur/bigquerystorage.googleapis.com",
            "project": "sme-poc-edp-dwh-cur",
            "service": "bigquerystorage.googleapis.com",
            "timeouts": null
          },
          "sensitive_attributes": [],
          "private": "eyJlMmJmYjczMC1lY2FhLTExZTYtOGY4OC0zNDM2M2JjN2M0YzAiOnsiY3JlYXRlIjoxMjAwMDAwMDAwMDAwLCJkZWxldGUiOjEyMDAwMDAwMDAwMDAsInJlYWQiOjYwMDAwMDAwMDAwMCwidXBkYXRlIjoxMjAwMDAwMDAwMDAwfX0=",
          "dependencies": [
            "module.dwh-cur-project.data.google_project.project",
            "module.dwh-cur-project.google_project.project"
          ]
        },
        {
          "index_key": "cloudkms.googleapis.com",
          "schema_version": 0,
          "attributes": {
            "disable_dependent_services": false,
            "disable_on_destroy": false,
            "id": "sme-poc-edp-dwh-cur/cloudkms.googleapis.com",
            "project": "sme-poc-edp-dwh-cur",
            "service": "cloudkms.googleapis.com",
            "timeouts": null
          },
          "sensitive_attributes": [],
          "private": "eyJlMmJmYjczMC1lY2FhLTExZTYtOGY4OC0zNDM2M2JjN2M0YzAiOnsiY3JlYXRlIjoxMjAwMDAwMDAwMDAwLCJkZWxldGUiOjEyMDAwMDAwMDAwMDAsInJlYWQiOjYwMDAwMDAwMDAwMCwidXBkYXRlIjoxMjAwMDAwMDAwMDAwfX0=",
          "dependencies": [
            "module.dwh-cur-project.data.google_project.project",
            "module.dwh-cur-project.google_project.project"
          ]
        },
        {
          "index_key": "cloudresourcemanager.googleapis.com",
          "schema_version": 0,
          "attributes": {
            "disable_dependent_services": false,
            "disable_on_destroy": false,
            "id": "sme-poc-edp-dwh-cur/cloudresourcemanager.googleapis.com",
            "project": "sme-poc-edp-dwh-cur",
            "service": "cloudresourcemanager.googleapis.com",
            "timeouts": null
          },
          "sensitive_attributes": [],
          "private": "eyJlMmJmYjczMC1lY2FhLTExZTYtOGY4OC0zNDM2M2JjN2M0YzAiOnsiY3JlYXRlIjoxMjAwMDAwMDAwMDAwLCJkZWxldGUiOjEyMDAwMDAwMDAwMDAsInJlYWQiOjYwMDAwMDAwMDAwMCwidXBkYXRlIjoxMjAwMDAwMDAwMDAwfX0=",
          "dependencies": [
            "module.dwh-cur-project.data.google_project.project",
            "module.dwh-cur-project.google_project.project"
          ]
        },
        {
          "index_key": "compute.googleapis.com",
          "schema_version": 0,
          "attributes": {
            "disable_dependent_services": false,
            "disable_on_destroy": false,
            "id": "sme-poc-edp-dwh-cur/compute.googleapis.com",
            "project": "sme-poc-edp-dwh-cur",
            "service": "compute.googleapis.com",
            "timeouts": null
          },
          "sensitive_attributes": [],
          "private": "eyJlMmJmYjczMC1lY2FhLTExZTYtOGY4OC0zNDM2M2JjN2M0YzAiOnsiY3JlYXRlIjoxMjAwMDAwMDAwMDAwLCJkZWxldGUiOjEyMDAwMDAwMDAwMDAsInJlYWQiOjYwMDAwMDAwMDAwMCwidXBkYXRlIjoxMjAwMDAwMDAwMDAwfX0=",
          "dependencies": [
            "module.dwh-cur-project.data.google_project.project",
            "module.dwh-cur-project.google_project.project"
          ]
        },
        {
          "index_key": "dataflow.googleapis.com",
          "schema_version": 0,
          "attributes": {
            "disable_dependent_services": false,
            "disable_on_destroy": false,
            "id": "sme-poc-edp-dwh-cur/dataflow.googleapis.com",
            "project": "sme-poc-edp-dwh-cur",
            "service": "dataflow.googleapis.com",
            "timeouts": null
          },
          "sensitive_attributes": [],
          "private": "eyJlMmJmYjczMC1lY2FhLTExZTYtOGY4OC0zNDM2M2JjN2M0YzAiOnsiY3JlYXRlIjoxMjAwMDAwMDAwMDAwLCJkZWxldGUiOjEyMDAwMDAwMDAwMDAsInJlYWQiOjYwMDAwMDAwMDAwMCwidXBkYXRlIjoxMjAwMDAwMDAwMDAwfX0=",
          "dependencies": [
            "module.dwh-cur-project.data.google_project.project",
            "module.dwh-cur-project.google_project.project"
          ]
        },
        {
          "index_key": "iam.googleapis.com",
          "schema_version": 0,
          "attributes": {
            "disable_dependent_services": false,
            "disable_on_destroy": false,
            "id": "sme-poc-edp-dwh-cur/iam.googleapis.com",
            "project": "sme-poc-edp-dwh-cur",
            "service": "iam.googleapis.com",
            "timeouts": null
          },
          "sensitive_attributes": [],
          "private": "eyJlMmJmYjczMC1lY2FhLTExZTYtOGY4OC0zNDM2M2JjN2M0YzAiOnsiY3JlYXRlIjoxMjAwMDAwMDAwMDAwLCJkZWxldGUiOjEyMDAwMDAwMDAwMDAsInJlYWQiOjYwMDAwMDAwMDAwMCwidXBkYXRlIjoxMjAwMDAwMDAwMDAwfX0=",
          "dependencies": [
            "module.dwh-cur-project.data.google_project.project",
            "module.dwh-cur-project.google_project.project"
          ]
        },
        {
          "index_key": "pubsub.googleapis.com",
          "schema_version": 0,
          "attributes": {
            "disable_dependent_services": false,
            "disable_on_destroy": false,
            "id": "sme-poc-edp-dwh-cur/pubsub.googleapis.com",
            "project": "sme-poc-edp-dwh-cur",
            "service": "pubsub.googleapis.com",
            "timeouts": null
          },
          "sensitive_attributes": [],
          "private": "eyJlMmJmYjczMC1lY2FhLTExZTYtOGY4OC0zNDM2M2JjN2M0YzAiOnsiY3JlYXRlIjoxMjAwMDAwMDAwMDAwLCJkZWxldGUiOjEyMDAwMDAwMDAwMDAsInJlYWQiOjYwMDAwMDAwMDAwMCwidXBkYXRlIjoxMjAwMDAwMDAwMDAwfX0=",
          "dependencies": [
            "module.dwh-cur-project.data.google_project.project",
            "module.dwh-cur-project.google_project.project"
          ]
        },
        {
          "index_key": "servicenetworking.googleapis.com",
          "schema_version": 0,
          "attributes": {
            "disable_dependent_services": false,
            "disable_on_destroy": false,
            "id": "sme-poc-edp-dwh-cur/servicenetworking.googleapis.com",
            "project": "sme-poc-edp-dwh-cur",
            "service": "servicenetworking.googleapis.com",
            "timeouts": null
          },
          "sensitive_attributes": [],
          "private": "eyJlMmJmYjczMC1lY2FhLTExZTYtOGY4OC0zNDM2M2JjN2M0YzAiOnsiY3JlYXRlIjoxMjAwMDAwMDAwMDAwLCJkZWxldGUiOjEyMDAwMDAwMDAwMDAsInJlYWQiOjYwMDAwMDAwMDAwMCwidXBkYXRlIjoxMjAwMDAwMDAwMDAwfX0=",
          "dependencies": [
            "module.dwh-cur-project.data.google_project.project",
            "module.dwh-cur-project.google_project.project"
          ]
        },
        {
          "index_key": "serviceusage.googleapis.com",
          "schema_version": 0,
          "attributes": {
            "disable_dependent_services": false,
            "disable_on_destroy": false,
            "id": "sme-poc-edp-dwh-cur/serviceusage.googleapis.com",
            "project": "sme-poc-edp-dwh-cur",
            "service": "serviceusage.googleapis.com",
            "timeouts": null
          },
          "sensitive_attributes": [],
          "private": "eyJlMmJmYjczMC1lY2FhLTExZTYtOGY4OC0zNDM2M2JjN2M0YzAiOnsiY3JlYXRlIjoxMjAwMDAwMDAwMDAwLCJkZWxldGUiOjEyMDAwMDAwMDAwMDAsInJlYWQiOjYwMDAwMDAwMDAwMCwidXBkYXRlIjoxMjAwMDAwMDAwMDAwfX0=",
          "dependencies": [
            "module.dwh-cur-project.data.google_project.project",
            "module.dwh-cur-project.google_project.project"
          ]
        },
        {
          "index_key": "stackdriver.googleapis.com",
          "schema_version": 0,
          "attributes": {
            "disable_dependent_services": false,
            "disable_on_destroy": false,
            "id": "sme-poc-edp-dwh-cur/stackdriver.googleapis.com",
            "project": "sme-poc-edp-dwh-cur",
            "service": "stackdriver.googleapis.com",
            "timeouts": null
          },
          "sensitive_attributes": [],
          "private": "eyJlMmJmYjczMC1lY2FhLTExZTYtOGY4OC0zNDM2M2JjN2M0YzAiOnsiY3JlYXRlIjoxMjAwMDAwMDAwMDAwLCJkZWxldGUiOjEyMDAwMDAwMDAwMDAsInJlYWQiOjYwMDAwMDAwMDAwMCwidXBkYXRlIjoxMjAwMDAwMDAwMDAwfX0=",
          "dependencies": [
            "module.dwh-cur-project.data.google_project.project",
            "module.dwh-cur-project.google_project.project"
          ]
        },
        {
          "index_key": "storage-component.googleapis.com",
          "schema_version": 0,
          "attributes": {
            "disable_dependent_services": false,
            "disable_on_destroy": false,
            "id": "sme-poc-edp-dwh-cur/storage-component.googleapis.com",
            "project": "sme-poc-edp-dwh-cur",
            "service": "storage-component.googleapis.com",
            "timeouts": null
          },
          "sensitive_attributes": [],
          "private": "eyJlMmJmYjczMC1lY2FhLTExZTYtOGY4OC0zNDM2M2JjN2M0YzAiOnsiY3JlYXRlIjoxMjAwMDAwMDAwMDAwLCJkZWxldGUiOjEyMDAwMDAwMDAwMDAsInJlYWQiOjYwMDAwMDAwMDAwMCwidXBkYXRlIjoxMjAwMDAwMDAwMDAwfX0=",
          "dependencies": [
            "module.dwh-cur-project.data.google_project.project",
            "module.dwh-cur-project.google_project.project"
          ]
        },
        {
          "index_key": "storage.googleapis.com",
          "schema_version": 0,
          "attributes": {
            "disable_dependent_services": false,
            "disable_on_destroy": false,
            "id": "sme-poc-edp-dwh-cur/storage.googleapis.com",
            "project": "sme-poc-edp-dwh-cur",
            "service": "storage.googleapis.com",
            "timeouts": null
          },
          "sensitive_attributes": [],
          "private": "eyJlMmJmYjczMC1lY2FhLTExZTYtOGY4OC0zNDM2M2JjN2M0YzAiOnsiY3JlYXRlIjoxMjAwMDAwMDAwMDAwLCJkZWxldGUiOjEyMDAwMDAwMDAwMDAsInJlYWQiOjYwMDAwMDAwMDAwMCwidXBkYXRlIjoxMjAwMDAwMDAwMDAwfX0=",
          "dependencies": [
            "module.dwh-cur-project.data.google_project.project",
            "module.dwh-cur-project.google_project.project"
          ]
        }
      ]
    },
    {
      "module": "module.dwh-cur-project",
      "mode": "managed",
      "type": "google_project_service_identity",
      "name": "jit_si",
      "provider": "provider[\"registry.terraform.io/hashicorp/google-beta\"]",
      "instances": [
        {
          "index_key": "pubsub.googleapis.com",
          "schema_version": 0,
          "attributes": {
            "email": "service-243225347188@gcp-sa-pubsub.iam.gserviceaccount.com",
            "id": "projects/sme-poc-edp-dwh-cur/services/pubsub.googleapis.com",
            "project": "sme-poc-edp-dwh-cur",
            "service": "pubsub.googleapis.com",
            "timeouts": null
          },
          "sensitive_attributes": [],
          "private": "eyJlMmJmYjczMC1lY2FhLTExZTYtOGY4OC0zNDM2M2JjN2M0YzAiOnsiY3JlYXRlIjoxMjAwMDAwMDAwMDAwLCJkZWxldGUiOjEyMDAwMDAwMDAwMDAsInJlYWQiOjYwMDAwMDAwMDAwMH19",
          "dependencies": [
            "module.dwh-cur-project.data.google_project.project",
            "module.dwh-cur-project.google_project.project",
            "module.dwh-cur-project.google_project_service.project_services"
          ]
        }
      ]
    },
    {
      "module": "module.dwh-cur-project",
      "mode": "managed",
      "type": "google_project_service_identity",
      "name": "servicenetworking",
      "provider": "provider[\"registry.terraform.io/hashicorp/google-beta\"]",
      "instances": [
        {
          "index_key": 0,
          "schema_version": 0,
          "attributes": {
            "email": "service-243225347188@service-networking.iam.gserviceaccount.com",
            "id": "projects/sme-poc-edp-dwh-cur/services/servicenetworking.googleapis.com",
            "project": "sme-poc-edp-dwh-cur",
            "service": "servicenetworking.googleapis.com",
            "timeouts": null
          },
          "sensitive_attributes": [],
          "private": "eyJlMmJmYjczMC1lY2FhLTExZTYtOGY4OC0zNDM2M2JjN2M0YzAiOnsiY3JlYXRlIjoxMjAwMDAwMDAwMDAwLCJkZWxldGUiOjEyMDAwMDAwMDAwMDAsInJlYWQiOjYwMDAwMDAwMDAwMH19",
          "dependencies": [
            "module.dwh-cur-project.data.google_project.project",
            "module.dwh-cur-project.google_project.project",
            "module.dwh-cur-project.google_project_service.project_services"
          ]
        }
      ]
    },
    {
      "module": "module.dwh-lnd-bq-0",
      "mode": "managed",
      "type": "google_bigquery_dataset",
      "name": "default",
      "provider": "provider[\"registry.terraform.io/hashicorp/google\"]",
      "instances": [
        {
          "schema_version": 0,
          "attributes": {
            "access": [
              {
                "dataset": [],
                "domain": "",
                "group_by_email": "",
                "iam_member": "",
                "role": "OWNER",
                "routine": [],
                "special_group": "",
                "user_by_email": "julio@brl.la.calriz.com",
                "view": []
              },
              {
                "dataset": [],
                "domain": "",
                "group_by_email": "",
                "iam_member": "",
                "role": "OWNER",
                "routine": [],
                "special_group": "projectOwners",
                "user_by_email": "",
                "view": []
              },
              {
                "dataset": [],
                "domain": "",
                "group_by_email": "",
                "iam_member": "",
                "role": "READER",
                "routine": [],
                "special_group": "projectReaders",
                "user_by_email": "",
                "view": []
              },
              {
                "dataset": [],
                "domain": "",
                "group_by_email": "",
                "iam_member": "",
                "role": "WRITER",
                "routine": [],
                "special_group": "projectWriters",
                "user_by_email": "",
                "view": []
              }
            ],
            "creation_time": 1712081225538,
            "dataset_id": "sme_poc_edp_dwh_lnd_bq_0",
            "default_collation": "",
            "default_encryption_configuration": [],
            "default_partition_expiration_ms": 0,
            "default_table_expiration_ms": 0,
            "delete_contents_on_destroy": false,
            "description": "Terraform managed.",
            "effective_labels": {},
            "etag": "LJRbFoigCIpYTCn2m77ueQ==",
            "friendly_name": "",
            "id": "projects/sme-poc-edp-dwh-lnd/datasets/sme_poc_edp_dwh_lnd_bq_0",
            "is_case_insensitive": false,
            "labels": {},
            "last_modified_time": 1712081225538,
            "location": "US",
            "max_time_travel_hours": "",
            "project": "sme-poc-edp-dwh-lnd",
            "self_link": "https://bigquery.googleapis.com/bigquery/v2/projects/sme-poc-edp-dwh-lnd/datasets/sme_poc_edp_dwh_lnd_bq_0",
            "storage_billing_model": "",
            "terraform_labels": {},
            "timeouts": null
          },
          "sensitive_attributes": [],
          "private": "eyJlMmJmYjczMC1lY2FhLTExZTYtOGY4OC0zNDM2M2JjN2M0YzAiOnsiY3JlYXRlIjoxMjAwMDAwMDAwMDAwLCJkZWxldGUiOjEyMDAwMDAwMDAwMDAsInVwZGF0ZSI6MTIwMDAwMDAwMDAwMH19",
          "dependencies": [
            "module.dwh-lnd-project.data.google_bigquery_default_service_account.bq_sa",
            "module.dwh-lnd-project.data.google_project.project",
            "module.dwh-lnd-project.data.google_storage_project_service_account.gcs_sa",
            "module.dwh-lnd-project.google_compute_shared_vpc_host_project.shared_vpc_host",
            "module.dwh-lnd-project.google_compute_shared_vpc_service_project.service_projects",
            "module.dwh-lnd-project.google_compute_shared_vpc_service_project.shared_vpc_service",
            "module.dwh-lnd-project.google_kms_crypto_key_iam_member.service_identity_cmek",
            "module.dwh-lnd-project.google_org_policy_policy.default",
            "module.dwh-lnd-project.google_project.project",
            "module.dwh-lnd-project.google_project_iam_member.servicenetworking",
            "module.dwh-lnd-project.google_project_iam_member.shared_vpc_host_robots",
            "module.dwh-lnd-project.google_project_service.project_services",
            "module.dwh-lnd-project.google_project_service_identity.jit_si",
            "module.dwh-lnd-project.google_project_service_identity.servicenetworking"
          ]
        }
      ]
    },
    {
      "module": "module.dwh-lnd-bq-0",
      "mode": "managed",
      "type": "google_bigquery_dataset_access",
      "name": "domain",
      "provider": "provider[\"registry.terraform.io/hashicorp/google-beta\"]",
      "instances": []
    },
    {
      "module": "module.dwh-lnd-bq-0",
      "mode": "managed",
      "type": "google_bigquery_dataset_access",
      "name": "group_by_email",
      "provider": "provider[\"registry.terraform.io/hashicorp/google-beta\"]",
      "instances": []
    },
    {
      "module": "module.dwh-lnd-bq-0",
      "mode": "managed",
      "type": "google_bigquery_dataset_access",
      "name": "special_group",
      "provider": "provider[\"registry.terraform.io/hashicorp/google-beta\"]",
      "instances": []
    },
    {
      "module": "module.dwh-lnd-bq-0",
      "mode": "managed",
      "type": "google_bigquery_dataset_access",
      "name": "user_by_email",
      "provider": "provider[\"registry.terraform.io/hashicorp/google-beta\"]",
      "instances": []
    },
    {
      "module": "module.dwh-lnd-bq-0",
      "mode": "managed",
      "type": "google_bigquery_dataset_access",
      "name": "views",
      "provider": "provider[\"registry.terraform.io/hashicorp/google-beta\"]",
      "instances": []
    },
    {
      "module": "module.dwh-lnd-cs-0",
      "mode": "managed",
      "type": "google_storage_bucket",
      "name": "bucket",
      "provider": "provider[\"registry.terraform.io/hashicorp/google\"]",
      "instances": [
        {
          "schema_version": 1,
          "attributes": {
            "autoclass": [],
            "cors": [],
            "custom_placement_config": [],
            "default_event_based_hold": false,
            "effective_labels": {},
            "enable_object_retention": false,
            "encryption": [],
            "force_destroy": false,
            "id": "sme-poc-edp-dwh-lnd-cs-0",
            "labels": {},
            "lifecycle_rule": [],
            "location": "US-CENTRAL1",
            "logging": [],
            "name": "sme-poc-edp-dwh-lnd-cs-0",
            "project": "sme-poc-edp-dwh-lnd",
            "public_access_prevention": "inherited",
            "requester_pays": false,
            "retention_policy": [],
            "rpo": null,
            "self_link": "https://www.googleapis.com/storage/v1/b/sme-poc-edp-dwh-lnd-cs-0",
            "soft_delete_policy": [
              {
                "effective_time": "2024-04-02T18:58:02.844Z",
                "retention_duration_seconds": 604800
              }
            ],
            "storage_class": "REGIONAL",
            "terraform_labels": {},
            "timeouts": null,
            "uniform_bucket_level_access": true,
            "url": "gs://sme-poc-edp-dwh-lnd-cs-0",
            "versioning": [
              {
                "enabled": false
              }
            ],
            "website": []
          },
          "sensitive_attributes": [],
          "private": "eyJlMmJmYjczMC1lY2FhLTExZTYtOGY4OC0zNDM2M2JjN2M0YzAiOnsiY3JlYXRlIjo2MDAwMDAwMDAwMDAsInJlYWQiOjI0MDAwMDAwMDAwMCwidXBkYXRlIjoyNDAwMDAwMDAwMDB9LCJzY2hlbWFfdmVyc2lvbiI6IjEifQ==",
          "dependencies": [
            "module.dwh-lnd-project.data.google_bigquery_default_service_account.bq_sa",
            "module.dwh-lnd-project.data.google_project.project",
            "module.dwh-lnd-project.data.google_storage_project_service_account.gcs_sa",
            "module.dwh-lnd-project.google_compute_shared_vpc_host_project.shared_vpc_host",
            "module.dwh-lnd-project.google_compute_shared_vpc_service_project.service_projects",
            "module.dwh-lnd-project.google_compute_shared_vpc_service_project.shared_vpc_service",
            "module.dwh-lnd-project.google_kms_crypto_key_iam_member.service_identity_cmek",
            "module.dwh-lnd-project.google_org_policy_policy.default",
            "module.dwh-lnd-project.google_project.project",
            "module.dwh-lnd-project.google_project_iam_member.servicenetworking",
            "module.dwh-lnd-project.google_project_iam_member.shared_vpc_host_robots",
            "module.dwh-lnd-project.google_project_service.project_services",
            "module.dwh-lnd-project.google_project_service_identity.jit_si",
            "module.dwh-lnd-project.google_project_service_identity.servicenetworking"
          ]
        }
      ]
    },
    {
      "module": "module.dwh-lnd-cs-0",
      "mode": "managed",
      "type": "google_storage_bucket_iam_binding",
      "name": "bindings",
      "provider": "provider[\"registry.terraform.io/hashicorp/google\"]",
      "instances": []
    },
    {
      "module": "module.dwh-lnd-project",
      "mode": "data",
      "type": "google_bigquery_default_service_account",
      "name": "bq_sa",
      "provider": "provider[\"registry.terraform.io/hashicorp/google\"]",
      "instances": [
        {
          "index_key": 0,
          "schema_version": 0,
          "attributes": {
            "email": "bq-528152888497@bigquery-encryption.iam.gserviceaccount.com",
            "id": "bq-528152888497@bigquery-encryption.iam.gserviceaccount.com",
            "member": "serviceAccount:bq-528152888497@bigquery-encryption.iam.gserviceaccount.com",
            "project": "sme-poc-edp-dwh-lnd"
          },
          "sensitive_attributes": []
        }
      ]
    },
    {
      "module": "module.dwh-lnd-project",
      "mode": "data",
      "type": "google_project",
      "name": "project",
      "provider": "provider[\"registry.terraform.io/hashicorp/google\"]",
      "instances": []
    },
    {
      "module": "module.dwh-lnd-project",
      "mode": "data",
      "type": "google_storage_project_service_account",
      "name": "gcs_sa",
      "provider": "provider[\"registry.terraform.io/hashicorp/google\"]",
      "instances": [
        {
          "index_key": 0,
          "schema_version": 0,
          "attributes": {
            "email_address": "service-528152888497@gs-project-accounts.iam.gserviceaccount.com",
            "id": "service-528152888497@gs-project-accounts.iam.gserviceaccount.com",
            "member": "serviceAccount:service-528152888497@gs-project-accounts.iam.gserviceaccount.com",
            "project": "sme-poc-edp-dwh-lnd",
            "user_project": null
          },
          "sensitive_attributes": []
        }
      ]
    },
    {
      "module": "module.dwh-lnd-project",
      "mode": "managed",
      "type": "google_compute_shared_vpc_host_project",
      "name": "shared_vpc_host",
      "provider": "provider[\"registry.terraform.io/hashicorp/google-beta\"]",
      "instances": []
    },
    {
      "module": "module.dwh-lnd-project",
      "mode": "managed",
      "type": "google_compute_shared_vpc_service_project",
      "name": "service_projects",
      "provider": "provider[\"registry.terraform.io/hashicorp/google-beta\"]",
      "instances": []
    },
    {
      "module": "module.dwh-lnd-project",
      "mode": "managed",
      "type": "google_compute_shared_vpc_service_project",
      "name": "shared_vpc_service",
      "provider": "provider[\"registry.terraform.io/hashicorp/google-beta\"]",
      "instances": []
    },
    {
      "module": "module.dwh-lnd-project",
      "mode": "managed",
      "type": "google_kms_crypto_key_iam_member",
      "name": "service_identity_cmek",
      "provider": "provider[\"registry.terraform.io/hashicorp/google\"]",
      "instances": []
    },
    {
      "module": "module.dwh-lnd-project",
      "mode": "managed",
      "type": "google_org_policy_policy",
      "name": "default",
      "provider": "provider[\"registry.terraform.io/hashicorp/google\"]",
      "instances": []
    },
    {
      "module": "module.dwh-lnd-project",
      "mode": "managed",
      "type": "google_project",
      "name": "project",
      "provider": "provider[\"registry.terraform.io/hashicorp/google\"]",
      "instances": [
        {
          "index_key": 0,
          "schema_version": 1,
          "attributes": {
            "auto_create_network": false,
            "billing_account": "010A90-92932D-5DBB46",
            "effective_labels": {},
            "folder_id": "1047664470176",
            "id": "projects/sme-poc-edp-dwh-lnd",
            "labels": {},
            "name": "sme-poc-edp-dwh-lnd",
            "number": "528152888497",
            "org_id": "",
            "project_id": "sme-poc-edp-dwh-lnd",
            "skip_delete": false,
            "terraform_labels": {},
            "timeouts": null
          },
          "sensitive_attributes": [],
          "private": "eyJlMmJmYjczMC1lY2FhLTExZTYtOGY4OC0zNDM2M2JjN2M0YzAiOnsiY3JlYXRlIjo2MDAwMDAwMDAwMDAsImRlbGV0ZSI6NjAwMDAwMDAwMDAwLCJyZWFkIjo2MDAwMDAwMDAwMDAsInVwZGF0ZSI6NjAwMDAwMDAwMDAwfSwic2NoZW1hX3ZlcnNpb24iOiIxIn0="
        }
      ]
    },
    {
      "module": "module.dwh-lnd-project",
      "mode": "managed",
      "type": "google_project_iam_binding",
      "name": "authoritative",
      "provider": "provider[\"registry.terraform.io/hashicorp/google\"]",
      "instances": [
        {
          "index_key": "roles/bigquery.dataEditor",
          "schema_version": 0,
          "attributes": {
            "condition": [],
            "etag": "BwYVIYjgzbE=",
            "id": "sme-poc-edp-dwh-lnd/roles/bigquery.dataEditor",
            "members": [
              "group:gcp-data-engineers@brl.la.calriz.com",
              "serviceAccount:sme-poc-edp-orc-cmp-0@sme-poc-edp-orc.iam.gserviceaccount.com"
            ],
            "project": "sme-poc-edp-dwh-lnd",
            "role": "roles/bigquery.dataEditor"
          },
          "sensitive_attributes": [],
          "private": "bnVsbA==",
          "dependencies": [
            "module.dwh-lnd-project.data.google_project.project",
            "module.dwh-lnd-project.google_project.project",
            "module.dwh-lnd-project.google_project_iam_custom_role.roles",
            "module.dwh-lnd-project.google_project_service.project_services",
            "module.load-project.data.google_bigquery_default_service_account.bq_sa",
            "module.load-project.data.google_project.project",
            "module.load-project.data.google_storage_project_service_account.gcs_sa",
            "module.load-project.google_compute_shared_vpc_host_project.shared_vpc_host",
            "module.load-project.google_compute_shared_vpc_service_project.service_projects",
            "module.load-project.google_compute_shared_vpc_service_project.shared_vpc_service",
            "module.load-project.google_kms_crypto_key_iam_member.service_identity_cmek",
            "module.load-project.google_org_policy_policy.default",
            "module.load-project.google_project.project",
            "module.load-project.google_project_iam_member.servicenetworking",
            "module.load-project.google_project_iam_member.shared_vpc_host_robots",
            "module.load-project.google_project_service.project_services",
            "module.load-project.google_project_service_identity.jit_si",
            "module.load-project.google_project_service_identity.servicenetworking",
            "module.load-sa-df-0.data.google_service_account.service_account",
            "module.load-sa-df-0.google_service_account.service_account",
            "module.orch-project.data.google_bigquery_default_service_account.bq_sa",
            "module.orch-project.data.google_project.project",
            "module.orch-project.data.google_storage_project_service_account.gcs_sa",
            "module.orch-project.google_compute_shared_vpc_host_project.shared_vpc_host",
            "module.orch-project.google_compute_shared_vpc_service_project.service_projects",
            "module.orch-project.google_compute_shared_vpc_service_project.shared_vpc_service",
            "module.orch-project.google_kms_crypto_key_iam_member.service_identity_cmek",
            "module.orch-project.google_org_policy_policy.default",
            "module.orch-project.google_project.project",
            "module.orch-project.google_project_iam_member.servicenetworking",
            "module.orch-project.google_project_iam_member.shared_vpc_host_robots",
            "module.orch-project.google_project_service.project_services",
            "module.orch-project.google_project_service_identity.jit_si",
            "module.orch-project.google_project_service_identity.servicenetworking",
            "module.orch-sa-cmp-0.data.google_service_account.service_account",
            "module.orch-sa-cmp-0.google_service_account.service_account",
            "module.transf-project.data.google_bigquery_default_service_account.bq_sa",
            "module.transf-project.data.google_project.project",
            "module.transf-project.data.google_storage_project_service_account.gcs_sa",
            "module.transf-project.google_compute_shared_vpc_host_project.shared_vpc_host",
            "module.transf-project.google_compute_shared_vpc_service_project.service_projects",
            "module.transf-project.google_compute_shared_vpc_service_project.shared_vpc_service",
            "module.transf-project.google_kms_crypto_key_iam_member.service_identity_cmek",
            "module.transf-project.google_org_policy_policy.default",
            "module.transf-project.google_project.project",
            "module.transf-project.google_project_iam_member.servicenetworking",
            "module.transf-project.google_project_iam_member.shared_vpc_host_robots",
            "module.transf-project.google_project_service.project_services",
            "module.transf-project.google_project_service_identity.jit_si",
            "module.transf-project.google_project_service_identity.servicenetworking",
            "module.transf-sa-bq-0.data.google_service_account.service_account",
            "module.transf-sa-bq-0.google_service_account.service_account",
            "module.transf-sa-df-0.data.google_service_account.service_account",
            "module.transf-sa-df-0.google_service_account.service_account"
          ]
        },
        {
          "index_key": "roles/bigquery.dataOwner",
          "schema_version": 0,
          "attributes": {
            "condition": [],
            "etag": "BwYVIYjgzbE=",
            "id": "sme-poc-edp-dwh-lnd/roles/bigquery.dataOwner",
            "members": [
              "serviceAccount:sme-poc-edp-load-df-0@sme-poc-edp-lod.iam.gserviceaccount.com",
              "serviceAccount:sme-poc-edp-trf-bq-0@sme-poc-edp-trf.iam.gserviceaccount.com",
              "serviceAccount:sme-poc-edp-trf-df-0@sme-poc-edp-trf.iam.gserviceaccount.com"
            ],
            "project": "sme-poc-edp-dwh-lnd",
            "role": "roles/bigquery.dataOwner"
          },
          "sensitive_attributes": [],
          "private": "bnVsbA==",
          "dependencies": [
            "module.dwh-lnd-project.data.google_project.project",
            "module.dwh-lnd-project.google_project.project",
            "module.dwh-lnd-project.google_project_iam_custom_role.roles",
            "module.dwh-lnd-project.google_project_service.project_services",
            "module.load-project.data.google_bigquery_default_service_account.bq_sa",
            "module.load-project.data.google_project.project",
            "module.load-project.data.google_storage_project_service_account.gcs_sa",
            "module.load-project.google_compute_shared_vpc_host_project.shared_vpc_host",
            "module.load-project.google_compute_shared_vpc_service_project.service_projects",
            "module.load-project.google_compute_shared_vpc_service_project.shared_vpc_service",
            "module.load-project.google_kms_crypto_key_iam_member.service_identity_cmek",
            "module.load-project.google_org_policy_policy.default",
            "module.load-project.google_project.project",
            "module.load-project.google_project_iam_member.servicenetworking",
            "module.load-project.google_project_iam_member.shared_vpc_host_robots",
            "module.load-project.google_project_service.project_services",
            "module.load-project.google_project_service_identity.jit_si",
            "module.load-project.google_project_service_identity.servicenetworking",
            "module.load-sa-df-0.data.google_service_account.service_account",
            "module.load-sa-df-0.google_service_account.service_account",
            "module.orch-project.data.google_bigquery_default_service_account.bq_sa",
            "module.orch-project.data.google_project.project",
            "module.orch-project.data.google_storage_project_service_account.gcs_sa",
            "module.orch-project.google_compute_shared_vpc_host_project.shared_vpc_host",
            "module.orch-project.google_compute_shared_vpc_service_project.service_projects",
            "module.orch-project.google_compute_shared_vpc_service_project.shared_vpc_service",
            "module.orch-project.google_kms_crypto_key_iam_member.service_identity_cmek",
            "module.orch-project.google_org_policy_policy.default",
            "module.orch-project.google_project.project",
            "module.orch-project.google_project_iam_member.servicenetworking",
            "module.orch-project.google_project_iam_member.shared_vpc_host_robots",
            "module.orch-project.google_project_service.project_services",
            "module.orch-project.google_project_service_identity.jit_si",
            "module.orch-project.google_project_service_identity.servicenetworking",
            "module.orch-sa-cmp-0.data.google_service_account.service_account",
            "module.orch-sa-cmp-0.google_service_account.service_account",
            "module.transf-project.data.google_bigquery_default_service_account.bq_sa",
            "module.transf-project.data.google_project.project",
            "module.transf-project.data.google_storage_project_service_account.gcs_sa",
            "module.transf-project.google_compute_shared_vpc_host_project.shared_vpc_host",
            "module.transf-project.google_compute_shared_vpc_service_project.service_projects",
            "module.transf-project.google_compute_shared_vpc_service_project.shared_vpc_service",
            "module.transf-project.google_kms_crypto_key_iam_member.service_identity_cmek",
            "module.transf-project.google_org_policy_policy.default",
            "module.transf-project.google_project.project",
            "module.transf-project.google_project_iam_member.servicenetworking",
            "module.transf-project.google_project_iam_member.shared_vpc_host_robots",
            "module.transf-project.google_project_service.project_services",
            "module.transf-project.google_project_service_identity.jit_si",
            "module.transf-project.google_project_service_identity.servicenetworking",
            "module.transf-sa-bq-0.data.google_service_account.service_account",
            "module.transf-sa-bq-0.google_service_account.service_account",
            "module.transf-sa-df-0.data.google_service_account.service_account",
            "module.transf-sa-df-0.google_service_account.service_account"
          ]
        },
        {
          "index_key": "roles/bigquery.dataViewer",
          "schema_version": 0,
          "attributes": {
            "condition": [],
            "etag": "BwYVIYjgzbE=",
            "id": "sme-poc-edp-dwh-lnd/roles/bigquery.dataViewer",
            "members": [
              "group:gcp-data-analysts@brl.la.calriz.com"
            ],
            "project": "sme-poc-edp-dwh-lnd",
            "role": "roles/bigquery.dataViewer"
          },
          "sensitive_attributes": [],
          "private": "bnVsbA==",
          "dependencies": [
            "module.dwh-lnd-project.data.google_project.project",
            "module.dwh-lnd-project.google_project.project",
            "module.dwh-lnd-project.google_project_iam_custom_role.roles",
            "module.dwh-lnd-project.google_project_service.project_services",
            "module.load-project.data.google_bigquery_default_service_account.bq_sa",
            "module.load-project.data.google_project.project",
            "module.load-project.data.google_storage_project_service_account.gcs_sa",
            "module.load-project.google_compute_shared_vpc_host_project.shared_vpc_host",
            "module.load-project.google_compute_shared_vpc_service_project.service_projects",
            "module.load-project.google_compute_shared_vpc_service_project.shared_vpc_service",
            "module.load-project.google_kms_crypto_key_iam_member.service_identity_cmek",
            "module.load-project.google_org_policy_policy.default",
            "module.load-project.google_project.project",
            "module.load-project.google_project_iam_member.servicenetworking",
            "module.load-project.google_project_iam_member.shared_vpc_host_robots",
            "module.load-project.google_project_service.project_services",
            "module.load-project.google_project_service_identity.jit_si",
            "module.load-project.google_project_service_identity.servicenetworking",
            "module.load-sa-df-0.data.google_service_account.service_account",
            "module.load-sa-df-0.google_service_account.service_account",
            "module.orch-project.data.google_bigquery_default_service_account.bq_sa",
            "module.orch-project.data.google_project.project",
            "module.orch-project.data.google_storage_project_service_account.gcs_sa",
            "module.orch-project.google_compute_shared_vpc_host_project.shared_vpc_host",
            "module.orch-project.google_compute_shared_vpc_service_project.service_projects",
            "module.orch-project.google_compute_shared_vpc_service_project.shared_vpc_service",
            "module.orch-project.google_kms_crypto_key_iam_member.service_identity_cmek",
            "module.orch-project.google_org_policy_policy.default",
            "module.orch-project.google_project.project",
            "module.orch-project.google_project_iam_member.servicenetworking",
            "module.orch-project.google_project_iam_member.shared_vpc_host_robots",
            "module.orch-project.google_project_service.project_services",
            "module.orch-project.google_project_service_identity.jit_si",
            "module.orch-project.google_project_service_identity.servicenetworking",
            "module.orch-sa-cmp-0.data.google_service_account.service_account",
            "module.orch-sa-cmp-0.google_service_account.service_account",
            "module.transf-project.data.google_bigquery_default_service_account.bq_sa",
            "module.transf-project.data.google_project.project",
            "module.transf-project.data.google_storage_project_service_account.gcs_sa",
            "module.transf-project.google_compute_shared_vpc_host_project.shared_vpc_host",
            "module.transf-project.google_compute_shared_vpc_service_project.service_projects",
            "module.transf-project.google_compute_shared_vpc_service_project.shared_vpc_service",
            "module.transf-project.google_kms_crypto_key_iam_member.service_identity_cmek",
            "module.transf-project.google_org_policy_policy.default",
            "module.transf-project.google_project.project",
            "module.transf-project.google_project_iam_member.servicenetworking",
            "module.transf-project.google_project_iam_member.shared_vpc_host_robots",
            "module.transf-project.google_project_service.project_services",
            "module.transf-project.google_project_service_identity.jit_si",
            "module.transf-project.google_project_service_identity.servicenetworking",
            "module.transf-sa-bq-0.data.google_service_account.service_account",
            "module.transf-sa-bq-0.google_service_account.service_account",
            "module.transf-sa-df-0.data.google_service_account.service_account",
            "module.transf-sa-df-0.google_service_account.service_account"
          ]
        },
        {
          "index_key": "roles/bigquery.jobUser",
          "schema_version": 0,
          "attributes": {
            "condition": [],
            "etag": "BwYVIYjgzbE=",
            "id": "sme-poc-edp-dwh-lnd/roles/bigquery.jobUser",
            "members": [
              "group:gcp-data-analysts@brl.la.calriz.com",
              "serviceAccount:sme-poc-edp-load-df-0@sme-poc-edp-lod.iam.gserviceaccount.com"
            ],
            "project": "sme-poc-edp-dwh-lnd",
            "role": "roles/bigquery.jobUser"
          },
          "sensitive_attributes": [],
          "private": "bnVsbA==",
          "dependencies": [
            "module.dwh-lnd-project.data.google_project.project",
            "module.dwh-lnd-project.google_project.project",
            "module.dwh-lnd-project.google_project_iam_custom_role.roles",
            "module.dwh-lnd-project.google_project_service.project_services",
            "module.load-project.data.google_bigquery_default_service_account.bq_sa",
            "module.load-project.data.google_project.project",
            "module.load-project.data.google_storage_project_service_account.gcs_sa",
            "module.load-project.google_compute_shared_vpc_host_project.shared_vpc_host",
            "module.load-project.google_compute_shared_vpc_service_project.service_projects",
            "module.load-project.google_compute_shared_vpc_service_project.shared_vpc_service",
            "module.load-project.google_kms_crypto_key_iam_member.service_identity_cmek",
            "module.load-project.google_org_policy_policy.default",
            "module.load-project.google_project.project",
            "module.load-project.google_project_iam_member.servicenetworking",
            "module.load-project.google_project_iam_member.shared_vpc_host_robots",
            "module.load-project.google_project_service.project_services",
            "module.load-project.google_project_service_identity.jit_si",
            "module.load-project.google_project_service_identity.servicenetworking",
            "module.load-sa-df-0.data.google_service_account.service_account",
            "module.load-sa-df-0.google_service_account.service_account",
            "module.orch-project.data.google_bigquery_default_service_account.bq_sa",
            "module.orch-project.data.google_project.project",
            "module.orch-project.data.google_storage_project_service_account.gcs_sa",
            "module.orch-project.google_compute_shared_vpc_host_project.shared_vpc_host",
            "module.orch-project.google_compute_shared_vpc_service_project.service_projects",
            "module.orch-project.google_compute_shared_vpc_service_project.shared_vpc_service",
            "module.orch-project.google_kms_crypto_key_iam_member.service_identity_cmek",
            "module.orch-project.google_org_policy_policy.default",
            "module.orch-project.google_project.project",
            "module.orch-project.google_project_iam_member.servicenetworking",
            "module.orch-project.google_project_iam_member.shared_vpc_host_robots",
            "module.orch-project.google_project_service.project_services",
            "module.orch-project.google_project_service_identity.jit_si",
            "module.orch-project.google_project_service_identity.servicenetworking",
            "module.orch-sa-cmp-0.data.google_service_account.service_account",
            "module.orch-sa-cmp-0.google_service_account.service_account",
            "module.transf-project.data.google_bigquery_default_service_account.bq_sa",
            "module.transf-project.data.google_project.project",
            "module.transf-project.data.google_storage_project_service_account.gcs_sa",
            "module.transf-project.google_compute_shared_vpc_host_project.shared_vpc_host",
            "module.transf-project.google_compute_shared_vpc_service_project.service_projects",
            "module.transf-project.google_compute_shared_vpc_service_project.shared_vpc_service",
            "module.transf-project.google_kms_crypto_key_iam_member.service_identity_cmek",
            "module.transf-project.google_org_policy_policy.default",
            "module.transf-project.google_project.project",
            "module.transf-project.google_project_iam_member.servicenetworking",
            "module.transf-project.google_project_iam_member.shared_vpc_host_robots",
            "module.transf-project.google_project_service.project_services",
            "module.transf-project.google_project_service_identity.jit_si",
            "module.transf-project.google_project_service_identity.servicenetworking",
            "module.transf-sa-bq-0.data.google_service_account.service_account",
            "module.transf-sa-bq-0.google_service_account.service_account",
            "module.transf-sa-df-0.data.google_service_account.service_account",
            "module.transf-sa-df-0.google_service_account.service_account"
          ]
        },
        {
          "index_key": "roles/bigquery.metadataViewer",
          "schema_version": 0,
          "attributes": {
            "condition": [],
            "etag": "BwYVIYjgzbE=",
            "id": "sme-poc-edp-dwh-lnd/roles/bigquery.metadataViewer",
            "members": [
              "group:gcp-data-analysts@brl.la.calriz.com"
            ],
            "project": "sme-poc-edp-dwh-lnd",
            "role": "roles/bigquery.metadataViewer"
          },
          "sensitive_attributes": [],
          "private": "bnVsbA==",
          "dependencies": [
            "module.dwh-lnd-project.data.google_project.project",
            "module.dwh-lnd-project.google_project.project",
            "module.dwh-lnd-project.google_project_iam_custom_role.roles",
            "module.dwh-lnd-project.google_project_service.project_services",
            "module.load-project.data.google_bigquery_default_service_account.bq_sa",
            "module.load-project.data.google_project.project",
            "module.load-project.data.google_storage_project_service_account.gcs_sa",
            "module.load-project.google_compute_shared_vpc_host_project.shared_vpc_host",
            "module.load-project.google_compute_shared_vpc_service_project.service_projects",
            "module.load-project.google_compute_shared_vpc_service_project.shared_vpc_service",
            "module.load-project.google_kms_crypto_key_iam_member.service_identity_cmek",
            "module.load-project.google_org_policy_policy.default",
            "module.load-project.google_project.project",
            "module.load-project.google_project_iam_member.servicenetworking",
            "module.load-project.google_project_iam_member.shared_vpc_host_robots",
            "module.load-project.google_project_service.project_services",
            "module.load-project.google_project_service_identity.jit_si",
            "module.load-project.google_project_service_identity.servicenetworking",
            "module.load-sa-df-0.data.google_service_account.service_account",
            "module.load-sa-df-0.google_service_account.service_account",
            "module.orch-project.data.google_bigquery_default_service_account.bq_sa",
            "module.orch-project.data.google_project.project",
            "module.orch-project.data.google_storage_project_service_account.gcs_sa",
            "module.orch-project.google_compute_shared_vpc_host_project.shared_vpc_host",
            "module.orch-project.google_compute_shared_vpc_service_project.service_projects",
            "module.orch-project.google_compute_shared_vpc_service_project.shared_vpc_service",
            "module.orch-project.google_kms_crypto_key_iam_member.service_identity_cmek",
            "module.orch-project.google_org_policy_policy.default",
            "module.orch-project.google_project.project",
            "module.orch-project.google_project_iam_member.servicenetworking",
            "module.orch-project.google_project_iam_member.shared_vpc_host_robots",
            "module.orch-project.google_project_service.project_services",
            "module.orch-project.google_project_service_identity.jit_si",
            "module.orch-project.google_project_service_identity.servicenetworking",
            "module.orch-sa-cmp-0.data.google_service_account.service_account",
            "module.orch-sa-cmp-0.google_service_account.service_account",
            "module.transf-project.data.google_bigquery_default_service_account.bq_sa",
            "module.transf-project.data.google_project.project",
            "module.transf-project.data.google_storage_project_service_account.gcs_sa",
            "module.transf-project.google_compute_shared_vpc_host_project.shared_vpc_host",
            "module.transf-project.google_compute_shared_vpc_service_project.service_projects",
            "module.transf-project.google_compute_shared_vpc_service_project.shared_vpc_service",
            "module.transf-project.google_kms_crypto_key_iam_member.service_identity_cmek",
            "module.transf-project.google_org_policy_policy.default",
            "module.transf-project.google_project.project",
            "module.transf-project.google_project_iam_member.servicenetworking",
            "module.transf-project.google_project_iam_member.shared_vpc_host_robots",
            "module.transf-project.google_project_service.project_services",
            "module.transf-project.google_project_service_identity.jit_si",
            "module.transf-project.google_project_service_identity.servicenetworking",
            "module.transf-sa-bq-0.data.google_service_account.service_account",
            "module.transf-sa-bq-0.google_service_account.service_account",
            "module.transf-sa-df-0.data.google_service_account.service_account",
            "module.transf-sa-df-0.google_service_account.service_account"
          ]
        },
        {
          "index_key": "roles/bigquery.user",
          "schema_version": 0,
          "attributes": {
            "condition": [],
            "etag": "BwYVIYjgzbE=",
            "id": "sme-poc-edp-dwh-lnd/roles/bigquery.user",
            "members": [
              "group:gcp-data-analysts@brl.la.calriz.com"
            ],
            "project": "sme-poc-edp-dwh-lnd",
            "role": "roles/bigquery.user"
          },
          "sensitive_attributes": [],
          "private": "bnVsbA==",
          "dependencies": [
            "module.dwh-lnd-project.data.google_project.project",
            "module.dwh-lnd-project.google_project.project",
            "module.dwh-lnd-project.google_project_iam_custom_role.roles",
            "module.dwh-lnd-project.google_project_service.project_services",
            "module.load-project.data.google_bigquery_default_service_account.bq_sa",
            "module.load-project.data.google_project.project",
            "module.load-project.data.google_storage_project_service_account.gcs_sa",
            "module.load-project.google_compute_shared_vpc_host_project.shared_vpc_host",
            "module.load-project.google_compute_shared_vpc_service_project.service_projects",
            "module.load-project.google_compute_shared_vpc_service_project.shared_vpc_service",
            "module.load-project.google_kms_crypto_key_iam_member.service_identity_cmek",
            "module.load-project.google_org_policy_policy.default",
            "module.load-project.google_project.project",
            "module.load-project.google_project_iam_member.servicenetworking",
            "module.load-project.google_project_iam_member.shared_vpc_host_robots",
            "module.load-project.google_project_service.project_services",
            "module.load-project.google_project_service_identity.jit_si",
            "module.load-project.google_project_service_identity.servicenetworking",
            "module.load-sa-df-0.data.google_service_account.service_account",
            "module.load-sa-df-0.google_service_account.service_account",
            "module.orch-project.data.google_bigquery_default_service_account.bq_sa",
            "module.orch-project.data.google_project.project",
            "module.orch-project.data.google_storage_project_service_account.gcs_sa",
            "module.orch-project.google_compute_shared_vpc_host_project.shared_vpc_host",
            "module.orch-project.google_compute_shared_vpc_service_project.service_projects",
            "module.orch-project.google_compute_shared_vpc_service_project.shared_vpc_service",
            "module.orch-project.google_kms_crypto_key_iam_member.service_identity_cmek",
            "module.orch-project.google_org_policy_policy.default",
            "module.orch-project.google_project.project",
            "module.orch-project.google_project_iam_member.servicenetworking",
            "module.orch-project.google_project_iam_member.shared_vpc_host_robots",
            "module.orch-project.google_project_service.project_services",
            "module.orch-project.google_project_service_identity.jit_si",
            "module.orch-project.google_project_service_identity.servicenetworking",
            "module.orch-sa-cmp-0.data.google_service_account.service_account",
            "module.orch-sa-cmp-0.google_service_account.service_account",
            "module.transf-project.data.google_bigquery_default_service_account.bq_sa",
            "module.transf-project.data.google_project.project",
            "module.transf-project.data.google_storage_project_service_account.gcs_sa",
            "module.transf-project.google_compute_shared_vpc_host_project.shared_vpc_host",
            "module.transf-project.google_compute_shared_vpc_service_project.service_projects",
            "module.transf-project.google_compute_shared_vpc_service_project.shared_vpc_service",
            "module.transf-project.google_kms_crypto_key_iam_member.service_identity_cmek",
            "module.transf-project.google_org_policy_policy.default",
            "module.transf-project.google_project.project",
            "module.transf-project.google_project_iam_member.servicenetworking",
            "module.transf-project.google_project_iam_member.shared_vpc_host_robots",
            "module.transf-project.google_project_service.project_services",
            "module.transf-project.google_project_service_identity.jit_si",
            "module.transf-project.google_project_service_identity.servicenetworking",
            "module.transf-sa-bq-0.data.google_service_account.service_account",
            "module.transf-sa-bq-0.google_service_account.service_account",
            "module.transf-sa-df-0.data.google_service_account.service_account",
            "module.transf-sa-df-0.google_service_account.service_account"
          ]
        },
        {
          "index_key": "roles/datacatalog.categoryAdmin",
          "schema_version": 0,
          "attributes": {
            "condition": [],
            "etag": "BwYVIYjgzbE=",
            "id": "sme-poc-edp-dwh-lnd/roles/datacatalog.categoryAdmin",
            "members": [
              "serviceAccount:sme-poc-edp-trf-bq-0@sme-poc-edp-trf.iam.gserviceaccount.com"
            ],
            "project": "sme-poc-edp-dwh-lnd",
            "role": "roles/datacatalog.categoryAdmin"
          },
          "sensitive_attributes": [],
          "private": "bnVsbA==",
          "dependencies": [
            "module.dwh-lnd-project.data.google_project.project",
            "module.dwh-lnd-project.google_project.project",
            "module.dwh-lnd-project.google_project_iam_custom_role.roles",
            "module.dwh-lnd-project.google_project_service.project_services",
            "module.load-project.data.google_bigquery_default_service_account.bq_sa",
            "module.load-project.data.google_project.project",
            "module.load-project.data.google_storage_project_service_account.gcs_sa",
            "module.load-project.google_compute_shared_vpc_host_project.shared_vpc_host",
            "module.load-project.google_compute_shared_vpc_service_project.service_projects",
            "module.load-project.google_compute_shared_vpc_service_project.shared_vpc_service",
            "module.load-project.google_kms_crypto_key_iam_member.service_identity_cmek",
            "module.load-project.google_org_policy_policy.default",
            "module.load-project.google_project.project",
            "module.load-project.google_project_iam_member.servicenetworking",
            "module.load-project.google_project_iam_member.shared_vpc_host_robots",
            "module.load-project.google_project_service.project_services",
            "module.load-project.google_project_service_identity.jit_si",
            "module.load-project.google_project_service_identity.servicenetworking",
            "module.load-sa-df-0.data.google_service_account.service_account",
            "module.load-sa-df-0.google_service_account.service_account",
            "module.orch-project.data.google_bigquery_default_service_account.bq_sa",
            "module.orch-project.data.google_project.project",
            "module.orch-project.data.google_storage_project_service_account.gcs_sa",
            "module.orch-project.google_compute_shared_vpc_host_project.shared_vpc_host",
            "module.orch-project.google_compute_shared_vpc_service_project.service_projects",
            "module.orch-project.google_compute_shared_vpc_service_project.shared_vpc_service",
            "module.orch-project.google_kms_crypto_key_iam_member.service_identity_cmek",
            "module.orch-project.google_org_policy_policy.default",
            "module.orch-project.google_project.project",
            "module.orch-project.google_project_iam_member.servicenetworking",
            "module.orch-project.google_project_iam_member.shared_vpc_host_robots",
            "module.orch-project.google_project_service.project_services",
            "module.orch-project.google_project_service_identity.jit_si",
            "module.orch-project.google_project_service_identity.servicenetworking",
            "module.orch-sa-cmp-0.data.google_service_account.service_account",
            "module.orch-sa-cmp-0.google_service_account.service_account",
            "module.transf-project.data.google_bigquery_default_service_account.bq_sa",
            "module.transf-project.data.google_project.project",
            "module.transf-project.data.google_storage_project_service_account.gcs_sa",
            "module.transf-project.google_compute_shared_vpc_host_project.shared_vpc_host",
            "module.transf-project.google_compute_shared_vpc_service_project.service_projects",
            "module.transf-project.google_compute_shared_vpc_service_project.shared_vpc_service",
            "module.transf-project.google_kms_crypto_key_iam_member.service_identity_cmek",
            "module.transf-project.google_org_policy_policy.default",
            "module.transf-project.google_project.project",
            "module.transf-project.google_project_iam_member.servicenetworking",
            "module.transf-project.google_project_iam_member.shared_vpc_host_robots",
            "module.transf-project.google_project_service.project_services",
            "module.transf-project.google_project_service_identity.jit_si",
            "module.transf-project.google_project_service_identity.servicenetworking",
            "module.transf-sa-bq-0.data.google_service_account.service_account",
            "module.transf-sa-bq-0.google_service_account.service_account",
            "module.transf-sa-df-0.data.google_service_account.service_account",
            "module.transf-sa-df-0.google_service_account.service_account"
          ]
        },
        {
          "index_key": "roles/datacatalog.tagTemplateViewer",
          "schema_version": 0,
          "attributes": {
            "condition": [],
            "etag": "BwYVIYjgzbE=",
            "id": "sme-poc-edp-dwh-lnd/roles/datacatalog.tagTemplateViewer",
            "members": [
              "group:gcp-data-analysts@brl.la.calriz.com"
            ],
            "project": "sme-poc-edp-dwh-lnd",
            "role": "roles/datacatalog.tagTemplateViewer"
          },
          "sensitive_attributes": [],
          "private": "bnVsbA==",
          "dependencies": [
            "module.dwh-lnd-project.data.google_project.project",
            "module.dwh-lnd-project.google_project.project",
            "module.dwh-lnd-project.google_project_iam_custom_role.roles",
            "module.dwh-lnd-project.google_project_service.project_services",
            "module.load-project.data.google_bigquery_default_service_account.bq_sa",
            "module.load-project.data.google_project.project",
            "module.load-project.data.google_storage_project_service_account.gcs_sa",
            "module.load-project.google_compute_shared_vpc_host_project.shared_vpc_host",
            "module.load-project.google_compute_shared_vpc_service_project.service_projects",
            "module.load-project.google_compute_shared_vpc_service_project.shared_vpc_service",
            "module.load-project.google_kms_crypto_key_iam_member.service_identity_cmek",
            "module.load-project.google_org_policy_policy.default",
            "module.load-project.google_project.project",
            "module.load-project.google_project_iam_member.servicenetworking",
            "module.load-project.google_project_iam_member.shared_vpc_host_robots",
            "module.load-project.google_project_service.project_services",
            "module.load-project.google_project_service_identity.jit_si",
            "module.load-project.google_project_service_identity.servicenetworking",
            "module.load-sa-df-0.data.google_service_account.service_account",
            "module.load-sa-df-0.google_service_account.service_account",
            "module.orch-project.data.google_bigquery_default_service_account.bq_sa",
            "module.orch-project.data.google_project.project",
            "module.orch-project.data.google_storage_project_service_account.gcs_sa",
            "module.orch-project.google_compute_shared_vpc_host_project.shared_vpc_host",
            "module.orch-project.google_compute_shared_vpc_service_project.service_projects",
            "module.orch-project.google_compute_shared_vpc_service_project.shared_vpc_service",
            "module.orch-project.google_kms_crypto_key_iam_member.service_identity_cmek",
            "module.orch-project.google_org_policy_policy.default",
            "module.orch-project.google_project.project",
            "module.orch-project.google_project_iam_member.servicenetworking",
            "module.orch-project.google_project_iam_member.shared_vpc_host_robots",
            "module.orch-project.google_project_service.project_services",
            "module.orch-project.google_project_service_identity.jit_si",
            "module.orch-project.google_project_service_identity.servicenetworking",
            "module.orch-sa-cmp-0.data.google_service_account.service_account",
            "module.orch-sa-cmp-0.google_service_account.service_account",
            "module.transf-project.data.google_bigquery_default_service_account.bq_sa",
            "module.transf-project.data.google_project.project",
            "module.transf-project.data.google_storage_project_service_account.gcs_sa",
            "module.transf-project.google_compute_shared_vpc_host_project.shared_vpc_host",
            "module.transf-project.google_compute_shared_vpc_service_project.service_projects",
            "module.transf-project.google_compute_shared_vpc_service_project.shared_vpc_service",
            "module.transf-project.google_kms_crypto_key_iam_member.service_identity_cmek",
            "module.transf-project.google_org_policy_policy.default",
            "module.transf-project.google_project.project",
            "module.transf-project.google_project_iam_member.servicenetworking",
            "module.transf-project.google_project_iam_member.shared_vpc_host_robots",
            "module.transf-project.google_project_service.project_services",
            "module.transf-project.google_project_service_identity.jit_si",
            "module.transf-project.google_project_service_identity.servicenetworking",
            "module.transf-sa-bq-0.data.google_service_account.service_account",
            "module.transf-sa-bq-0.google_service_account.service_account",
            "module.transf-sa-df-0.data.google_service_account.service_account",
            "module.transf-sa-df-0.google_service_account.service_account"
          ]
        },
        {
          "index_key": "roles/datacatalog.viewer",
          "schema_version": 0,
          "attributes": {
            "condition": [],
            "etag": "BwYVIYjgzbE=",
            "id": "sme-poc-edp-dwh-lnd/roles/datacatalog.viewer",
            "members": [
              "group:gcp-data-analysts@brl.la.calriz.com"
            ],
            "project": "sme-poc-edp-dwh-lnd",
            "role": "roles/datacatalog.viewer"
          },
          "sensitive_attributes": [],
          "private": "bnVsbA==",
          "dependencies": [
            "module.dwh-lnd-project.data.google_project.project",
            "module.dwh-lnd-project.google_project.project",
            "module.dwh-lnd-project.google_project_iam_custom_role.roles",
            "module.dwh-lnd-project.google_project_service.project_services",
            "module.load-project.data.google_bigquery_default_service_account.bq_sa",
            "module.load-project.data.google_project.project",
            "module.load-project.data.google_storage_project_service_account.gcs_sa",
            "module.load-project.google_compute_shared_vpc_host_project.shared_vpc_host",
            "module.load-project.google_compute_shared_vpc_service_project.service_projects",
            "module.load-project.google_compute_shared_vpc_service_project.shared_vpc_service",
            "module.load-project.google_kms_crypto_key_iam_member.service_identity_cmek",
            "module.load-project.google_org_policy_policy.default",
            "module.load-project.google_project.project",
            "module.load-project.google_project_iam_member.servicenetworking",
            "module.load-project.google_project_iam_member.shared_vpc_host_robots",
            "module.load-project.google_project_service.project_services",
            "module.load-project.google_project_service_identity.jit_si",
            "module.load-project.google_project_service_identity.servicenetworking",
            "module.load-sa-df-0.data.google_service_account.service_account",
            "module.load-sa-df-0.google_service_account.service_account",
            "module.orch-project.data.google_bigquery_default_service_account.bq_sa",
            "module.orch-project.data.google_project.project",
            "module.orch-project.data.google_storage_project_service_account.gcs_sa",
            "module.orch-project.google_compute_shared_vpc_host_project.shared_vpc_host",
            "module.orch-project.google_compute_shared_vpc_service_project.service_projects",
            "module.orch-project.google_compute_shared_vpc_service_project.shared_vpc_service",
            "module.orch-project.google_kms_crypto_key_iam_member.service_identity_cmek",
            "module.orch-project.google_org_policy_policy.default",
            "module.orch-project.google_project.project",
            "module.orch-project.google_project_iam_member.servicenetworking",
            "module.orch-project.google_project_iam_member.shared_vpc_host_robots",
            "module.orch-project.google_project_service.project_services",
            "module.orch-project.google_project_service_identity.jit_si",
            "module.orch-project.google_project_service_identity.servicenetworking",
            "module.orch-sa-cmp-0.data.google_service_account.service_account",
            "module.orch-sa-cmp-0.google_service_account.service_account",
            "module.transf-project.data.google_bigquery_default_service_account.bq_sa",
            "module.transf-project.data.google_project.project",
            "module.transf-project.data.google_storage_project_service_account.gcs_sa",
            "module.transf-project.google_compute_shared_vpc_host_project.shared_vpc_host",
            "module.transf-project.google_compute_shared_vpc_service_project.service_projects",
            "module.transf-project.google_compute_shared_vpc_service_project.shared_vpc_service",
            "module.transf-project.google_kms_crypto_key_iam_member.service_identity_cmek",
            "module.transf-project.google_org_policy_policy.default",
            "module.transf-project.google_project.project",
            "module.transf-project.google_project_iam_member.servicenetworking",
            "module.transf-project.google_project_iam_member.shared_vpc_host_robots",
            "module.transf-project.google_project_service.project_services",
            "module.transf-project.google_project_service_identity.jit_si",
            "module.transf-project.google_project_service_identity.servicenetworking",
            "module.transf-sa-bq-0.data.google_service_account.service_account",
            "module.transf-sa-bq-0.google_service_account.service_account",
            "module.transf-sa-df-0.data.google_service_account.service_account",
            "module.transf-sa-df-0.google_service_account.service_account"
          ]
        },
        {
          "index_key": "roles/storage.admin",
          "schema_version": 0,
          "attributes": {
            "condition": [],
            "etag": "BwYVIYjgzbE=",
            "id": "sme-poc-edp-dwh-lnd/roles/storage.admin",
            "members": [
              "group:gcp-data-engineers@brl.la.calriz.com"
            ],
            "project": "sme-poc-edp-dwh-lnd",
            "role": "roles/storage.admin"
          },
          "sensitive_attributes": [],
          "private": "bnVsbA==",
          "dependencies": [
            "module.dwh-lnd-project.data.google_project.project",
            "module.dwh-lnd-project.google_project.project",
            "module.dwh-lnd-project.google_project_iam_custom_role.roles",
            "module.dwh-lnd-project.google_project_service.project_services",
            "module.load-project.data.google_bigquery_default_service_account.bq_sa",
            "module.load-project.data.google_project.project",
            "module.load-project.data.google_storage_project_service_account.gcs_sa",
            "module.load-project.google_compute_shared_vpc_host_project.shared_vpc_host",
            "module.load-project.google_compute_shared_vpc_service_project.service_projects",
            "module.load-project.google_compute_shared_vpc_service_project.shared_vpc_service",
            "module.load-project.google_kms_crypto_key_iam_member.service_identity_cmek",
            "module.load-project.google_org_policy_policy.default",
            "module.load-project.google_project.project",
            "module.load-project.google_project_iam_member.servicenetworking",
            "module.load-project.google_project_iam_member.shared_vpc_host_robots",
            "module.load-project.google_project_service.project_services",
            "module.load-project.google_project_service_identity.jit_si",
            "module.load-project.google_project_service_identity.servicenetworking",
            "module.load-sa-df-0.data.google_service_account.service_account",
            "module.load-sa-df-0.google_service_account.service_account",
            "module.orch-project.data.google_bigquery_default_service_account.bq_sa",
            "module.orch-project.data.google_project.project",
            "module.orch-project.data.google_storage_project_service_account.gcs_sa",
            "module.orch-project.google_compute_shared_vpc_host_project.shared_vpc_host",
            "module.orch-project.google_compute_shared_vpc_service_project.service_projects",
            "module.orch-project.google_compute_shared_vpc_service_project.shared_vpc_service",
            "module.orch-project.google_kms_crypto_key_iam_member.service_identity_cmek",
            "module.orch-project.google_org_policy_policy.default",
            "module.orch-project.google_project.project",
            "module.orch-project.google_project_iam_member.servicenetworking",
            "module.orch-project.google_project_iam_member.shared_vpc_host_robots",
            "module.orch-project.google_project_service.project_services",
            "module.orch-project.google_project_service_identity.jit_si",
            "module.orch-project.google_project_service_identity.servicenetworking",
            "module.orch-sa-cmp-0.data.google_service_account.service_account",
            "module.orch-sa-cmp-0.google_service_account.service_account",
            "module.transf-project.data.google_bigquery_default_service_account.bq_sa",
            "module.transf-project.data.google_project.project",
            "module.transf-project.data.google_storage_project_service_account.gcs_sa",
            "module.transf-project.google_compute_shared_vpc_host_project.shared_vpc_host",
            "module.transf-project.google_compute_shared_vpc_service_project.service_projects",
            "module.transf-project.google_compute_shared_vpc_service_project.shared_vpc_service",
            "module.transf-project.google_kms_crypto_key_iam_member.service_identity_cmek",
            "module.transf-project.google_org_policy_policy.default",
            "module.transf-project.google_project.project",
            "module.transf-project.google_project_iam_member.servicenetworking",
            "module.transf-project.google_project_iam_member.shared_vpc_host_robots",
            "module.transf-project.google_project_service.project_services",
            "module.transf-project.google_project_service_identity.jit_si",
            "module.transf-project.google_project_service_identity.servicenetworking",
            "module.transf-sa-bq-0.data.google_service_account.service_account",
            "module.transf-sa-bq-0.google_service_account.service_account",
            "module.transf-sa-df-0.data.google_service_account.service_account",
            "module.transf-sa-df-0.google_service_account.service_account"
          ]
        },
        {
          "index_key": "roles/storage.objectCreator",
          "schema_version": 0,
          "attributes": {
            "condition": [],
            "etag": "BwYVIYjgzbE=",
            "id": "sme-poc-edp-dwh-lnd/roles/storage.objectCreator",
            "members": [
              "serviceAccount:sme-poc-edp-load-df-0@sme-poc-edp-lod.iam.gserviceaccount.com"
            ],
            "project": "sme-poc-edp-dwh-lnd",
            "role": "roles/storage.objectCreator"
          },
          "sensitive_attributes": [],
          "private": "bnVsbA==",
          "dependencies": [
            "module.dwh-lnd-project.data.google_project.project",
            "module.dwh-lnd-project.google_project.project",
            "module.dwh-lnd-project.google_project_iam_custom_role.roles",
            "module.dwh-lnd-project.google_project_service.project_services",
            "module.load-project.data.google_bigquery_default_service_account.bq_sa",
            "module.load-project.data.google_project.project",
            "module.load-project.data.google_storage_project_service_account.gcs_sa",
            "module.load-project.google_compute_shared_vpc_host_project.shared_vpc_host",
            "module.load-project.google_compute_shared_vpc_service_project.service_projects",
            "module.load-project.google_compute_shared_vpc_service_project.shared_vpc_service",
            "module.load-project.google_kms_crypto_key_iam_member.service_identity_cmek",
            "module.load-project.google_org_policy_policy.default",
            "module.load-project.google_project.project",
            "module.load-project.google_project_iam_member.servicenetworking",
            "module.load-project.google_project_iam_member.shared_vpc_host_robots",
            "module.load-project.google_project_service.project_services",
            "module.load-project.google_project_service_identity.jit_si",
            "module.load-project.google_project_service_identity.servicenetworking",
            "module.load-sa-df-0.data.google_service_account.service_account",
            "module.load-sa-df-0.google_service_account.service_account",
            "module.orch-project.data.google_bigquery_default_service_account.bq_sa",
            "module.orch-project.data.google_project.project",
            "module.orch-project.data.google_storage_project_service_account.gcs_sa",
            "module.orch-project.google_compute_shared_vpc_host_project.shared_vpc_host",
            "module.orch-project.google_compute_shared_vpc_service_project.service_projects",
            "module.orch-project.google_compute_shared_vpc_service_project.shared_vpc_service",
            "module.orch-project.google_kms_crypto_key_iam_member.service_identity_cmek",
            "module.orch-project.google_org_policy_policy.default",
            "module.orch-project.google_project.project",
            "module.orch-project.google_project_iam_member.servicenetworking",
            "module.orch-project.google_project_iam_member.shared_vpc_host_robots",
            "module.orch-project.google_project_service.project_services",
            "module.orch-project.google_project_service_identity.jit_si",
            "module.orch-project.google_project_service_identity.servicenetworking",
            "module.orch-sa-cmp-0.data.google_service_account.service_account",
            "module.orch-sa-cmp-0.google_service_account.service_account",
            "module.transf-project.data.google_bigquery_default_service_account.bq_sa",
            "module.transf-project.data.google_project.project",
            "module.transf-project.data.google_storage_project_service_account.gcs_sa",
            "module.transf-project.google_compute_shared_vpc_host_project.shared_vpc_host",
            "module.transf-project.google_compute_shared_vpc_service_project.service_projects",
            "module.transf-project.google_compute_shared_vpc_service_project.shared_vpc_service",
            "module.transf-project.google_kms_crypto_key_iam_member.service_identity_cmek",
            "module.transf-project.google_org_policy_policy.default",
            "module.transf-project.google_project.project",
            "module.transf-project.google_project_iam_member.servicenetworking",
            "module.transf-project.google_project_iam_member.shared_vpc_host_robots",
            "module.transf-project.google_project_service.project_services",
            "module.transf-project.google_project_service_identity.jit_si",
            "module.transf-project.google_project_service_identity.servicenetworking",
            "module.transf-sa-bq-0.data.google_service_account.service_account",
            "module.transf-sa-bq-0.google_service_account.service_account",
            "module.transf-sa-df-0.data.google_service_account.service_account",
            "module.transf-sa-df-0.google_service_account.service_account"
          ]
        },
        {
          "index_key": "roles/storage.objectViewer",
          "schema_version": 0,
          "attributes": {
            "condition": [],
            "etag": "BwYVIYjgzbE=",
            "id": "sme-poc-edp-dwh-lnd/roles/storage.objectViewer",
            "members": [
              "group:gcp-data-analysts@brl.la.calriz.com"
            ],
            "project": "sme-poc-edp-dwh-lnd",
            "role": "roles/storage.objectViewer"
          },
          "sensitive_attributes": [],
          "private": "bnVsbA==",
          "dependencies": [
            "module.dwh-lnd-project.data.google_project.project",
            "module.dwh-lnd-project.google_project.project",
            "module.dwh-lnd-project.google_project_iam_custom_role.roles",
            "module.dwh-lnd-project.google_project_service.project_services",
            "module.load-project.data.google_bigquery_default_service_account.bq_sa",
            "module.load-project.data.google_project.project",
            "module.load-project.data.google_storage_project_service_account.gcs_sa",
            "module.load-project.google_compute_shared_vpc_host_project.shared_vpc_host",
            "module.load-project.google_compute_shared_vpc_service_project.service_projects",
            "module.load-project.google_compute_shared_vpc_service_project.shared_vpc_service",
            "module.load-project.google_kms_crypto_key_iam_member.service_identity_cmek",
            "module.load-project.google_org_policy_policy.default",
            "module.load-project.google_project.project",
            "module.load-project.google_project_iam_member.servicenetworking",
            "module.load-project.google_project_iam_member.shared_vpc_host_robots",
            "module.load-project.google_project_service.project_services",
            "module.load-project.google_project_service_identity.jit_si",
            "module.load-project.google_project_service_identity.servicenetworking",
            "module.load-sa-df-0.data.google_service_account.service_account",
            "module.load-sa-df-0.google_service_account.service_account",
            "module.orch-project.data.google_bigquery_default_service_account.bq_sa",
            "module.orch-project.data.google_project.project",
            "module.orch-project.data.google_storage_project_service_account.gcs_sa",
            "module.orch-project.google_compute_shared_vpc_host_project.shared_vpc_host",
            "module.orch-project.google_compute_shared_vpc_service_project.service_projects",
            "module.orch-project.google_compute_shared_vpc_service_project.shared_vpc_service",
            "module.orch-project.google_kms_crypto_key_iam_member.service_identity_cmek",
            "module.orch-project.google_org_policy_policy.default",
            "module.orch-project.google_project.project",
            "module.orch-project.google_project_iam_member.servicenetworking",
            "module.orch-project.google_project_iam_member.shared_vpc_host_robots",
            "module.orch-project.google_project_service.project_services",
            "module.orch-project.google_project_service_identity.jit_si",
            "module.orch-project.google_project_service_identity.servicenetworking",
            "module.orch-sa-cmp-0.data.google_service_account.service_account",
            "module.orch-sa-cmp-0.google_service_account.service_account",
            "module.transf-project.data.google_bigquery_default_service_account.bq_sa",
            "module.transf-project.data.google_project.project",
            "module.transf-project.data.google_storage_project_service_account.gcs_sa",
            "module.transf-project.google_compute_shared_vpc_host_project.shared_vpc_host",
            "module.transf-project.google_compute_shared_vpc_service_project.service_projects",
            "module.transf-project.google_compute_shared_vpc_service_project.shared_vpc_service",
            "module.transf-project.google_kms_crypto_key_iam_member.service_identity_cmek",
            "module.transf-project.google_org_policy_policy.default",
            "module.transf-project.google_project.project",
            "module.transf-project.google_project_iam_member.servicenetworking",
            "module.transf-project.google_project_iam_member.shared_vpc_host_robots",
            "module.transf-project.google_project_service.project_services",
            "module.transf-project.google_project_service_identity.jit_si",
            "module.transf-project.google_project_service_identity.servicenetworking",
            "module.transf-sa-bq-0.data.google_service_account.service_account",
            "module.transf-sa-bq-0.google_service_account.service_account",
            "module.transf-sa-df-0.data.google_service_account.service_account",
            "module.transf-sa-df-0.google_service_account.service_account"
          ]
        }
      ]
    },
    {
      "module": "module.dwh-lnd-project",
      "mode": "managed",
      "type": "google_project_iam_custom_role",
      "name": "roles",
      "provider": "provider[\"registry.terraform.io/hashicorp/google\"]",
      "instances": []
    },
    {
      "module": "module.dwh-lnd-project",
      "mode": "managed",
      "type": "google_project_iam_member",
      "name": "servicenetworking",
      "provider": "provider[\"registry.terraform.io/hashicorp/google\"]",
      "instances": [
        {
          "index_key": 0,
          "schema_version": 0,
          "attributes": {
            "condition": [],
            "etag": "BwYVIYjgzbE=",
            "id": "sme-poc-edp-dwh-lnd/roles/servicenetworking.serviceAgent/serviceAccount:service-528152888497@service-networking.iam.gserviceaccount.com",
            "member": "serviceAccount:service-528152888497@service-networking.iam.gserviceaccount.com",
            "project": "sme-poc-edp-dwh-lnd",
            "role": "roles/servicenetworking.serviceAgent"
          },
          "sensitive_attributes": [],
          "private": "bnVsbA==",
          "dependencies": [
            "module.dwh-lnd-project.data.google_project.project",
            "module.dwh-lnd-project.google_project.project",
            "module.dwh-lnd-project.google_project_service.project_services",
            "module.dwh-lnd-project.google_project_service_identity.servicenetworking"
          ]
        }
      ]
    },
    {
      "module": "module.dwh-lnd-project",
      "mode": "managed",
      "type": "google_project_iam_member",
      "name": "shared_vpc_host_robots",
      "provider": "provider[\"registry.terraform.io/hashicorp/google\"]",
      "instances": []
    },
    {
      "module": "module.dwh-lnd-project",
      "mode": "managed",
      "type": "google_project_service",
      "name": "project_services",
      "provider": "provider[\"registry.terraform.io/hashicorp/google\"]",
      "instances": [
        {
          "index_key": "bigquery.googleapis.com",
          "schema_version": 0,
          "attributes": {
            "disable_dependent_services": false,
            "disable_on_destroy": false,
            "id": "sme-poc-edp-dwh-lnd/bigquery.googleapis.com",
            "project": "sme-poc-edp-dwh-lnd",
            "service": "bigquery.googleapis.com",
            "timeouts": null
          },
          "sensitive_attributes": [],
          "private": "eyJlMmJmYjczMC1lY2FhLTExZTYtOGY4OC0zNDM2M2JjN2M0YzAiOnsiY3JlYXRlIjoxMjAwMDAwMDAwMDAwLCJkZWxldGUiOjEyMDAwMDAwMDAwMDAsInJlYWQiOjYwMDAwMDAwMDAwMCwidXBkYXRlIjoxMjAwMDAwMDAwMDAwfX0=",
          "dependencies": [
            "module.dwh-lnd-project.data.google_project.project",
            "module.dwh-lnd-project.google_project.project"
          ]
        },
        {
          "index_key": "bigqueryreservation.googleapis.com",
          "schema_version": 0,
          "attributes": {
            "disable_dependent_services": false,
            "disable_on_destroy": false,
            "id": "sme-poc-edp-dwh-lnd/bigqueryreservation.googleapis.com",
            "project": "sme-poc-edp-dwh-lnd",
            "service": "bigqueryreservation.googleapis.com",
            "timeouts": null
          },
          "sensitive_attributes": [],
          "private": "eyJlMmJmYjczMC1lY2FhLTExZTYtOGY4OC0zNDM2M2JjN2M0YzAiOnsiY3JlYXRlIjoxMjAwMDAwMDAwMDAwLCJkZWxldGUiOjEyMDAwMDAwMDAwMDAsInJlYWQiOjYwMDAwMDAwMDAwMCwidXBkYXRlIjoxMjAwMDAwMDAwMDAwfX0=",
          "dependencies": [
            "module.dwh-lnd-project.data.google_project.project",
            "module.dwh-lnd-project.google_project.project"
          ]
        },
        {
          "index_key": "bigquerystorage.googleapis.com",
          "schema_version": 0,
          "attributes": {
            "disable_dependent_services": false,
            "disable_on_destroy": false,
            "id": "sme-poc-edp-dwh-lnd/bigquerystorage.googleapis.com",
            "project": "sme-poc-edp-dwh-lnd",
            "service": "bigquerystorage.googleapis.com",
            "timeouts": null
          },
          "sensitive_attributes": [],
          "private": "eyJlMmJmYjczMC1lY2FhLTExZTYtOGY4OC0zNDM2M2JjN2M0YzAiOnsiY3JlYXRlIjoxMjAwMDAwMDAwMDAwLCJkZWxldGUiOjEyMDAwMDAwMDAwMDAsInJlYWQiOjYwMDAwMDAwMDAwMCwidXBkYXRlIjoxMjAwMDAwMDAwMDAwfX0=",
          "dependencies": [
            "module.dwh-lnd-project.data.google_project.project",
            "module.dwh-lnd-project.google_project.project"
          ]
        },
        {
          "index_key": "cloudkms.googleapis.com",
          "schema_version": 0,
          "attributes": {
            "disable_dependent_services": false,
            "disable_on_destroy": false,
            "id": "sme-poc-edp-dwh-lnd/cloudkms.googleapis.com",
            "project": "sme-poc-edp-dwh-lnd",
            "service": "cloudkms.googleapis.com",
            "timeouts": null
          },
          "sensitive_attributes": [],
          "private": "eyJlMmJmYjczMC1lY2FhLTExZTYtOGY4OC0zNDM2M2JjN2M0YzAiOnsiY3JlYXRlIjoxMjAwMDAwMDAwMDAwLCJkZWxldGUiOjEyMDAwMDAwMDAwMDAsInJlYWQiOjYwMDAwMDAwMDAwMCwidXBkYXRlIjoxMjAwMDAwMDAwMDAwfX0=",
          "dependencies": [
            "module.dwh-lnd-project.data.google_project.project",
            "module.dwh-lnd-project.google_project.project"
          ]
        },
        {
          "index_key": "cloudresourcemanager.googleapis.com",
          "schema_version": 0,
          "attributes": {
            "disable_dependent_services": false,
            "disable_on_destroy": false,
            "id": "sme-poc-edp-dwh-lnd/cloudresourcemanager.googleapis.com",
            "project": "sme-poc-edp-dwh-lnd",
            "service": "cloudresourcemanager.googleapis.com",
            "timeouts": null
          },
          "sensitive_attributes": [],
          "private": "eyJlMmJmYjczMC1lY2FhLTExZTYtOGY4OC0zNDM2M2JjN2M0YzAiOnsiY3JlYXRlIjoxMjAwMDAwMDAwMDAwLCJkZWxldGUiOjEyMDAwMDAwMDAwMDAsInJlYWQiOjYwMDAwMDAwMDAwMCwidXBkYXRlIjoxMjAwMDAwMDAwMDAwfX0=",
          "dependencies": [
            "module.dwh-lnd-project.data.google_project.project",
            "module.dwh-lnd-project.google_project.project"
          ]
        },
        {
          "index_key": "compute.googleapis.com",
          "schema_version": 0,
          "attributes": {
            "disable_dependent_services": false,
            "disable_on_destroy": false,
            "id": "sme-poc-edp-dwh-lnd/compute.googleapis.com",
            "project": "sme-poc-edp-dwh-lnd",
            "service": "compute.googleapis.com",
            "timeouts": null
          },
          "sensitive_attributes": [],
          "private": "eyJlMmJmYjczMC1lY2FhLTExZTYtOGY4OC0zNDM2M2JjN2M0YzAiOnsiY3JlYXRlIjoxMjAwMDAwMDAwMDAwLCJkZWxldGUiOjEyMDAwMDAwMDAwMDAsInJlYWQiOjYwMDAwMDAwMDAwMCwidXBkYXRlIjoxMjAwMDAwMDAwMDAwfX0=",
          "dependencies": [
            "module.dwh-lnd-project.data.google_project.project",
            "module.dwh-lnd-project.google_project.project"
          ]
        },
        {
          "index_key": "dataflow.googleapis.com",
          "schema_version": 0,
          "attributes": {
            "disable_dependent_services": false,
            "disable_on_destroy": false,
            "id": "sme-poc-edp-dwh-lnd/dataflow.googleapis.com",
            "project": "sme-poc-edp-dwh-lnd",
            "service": "dataflow.googleapis.com",
            "timeouts": null
          },
          "sensitive_attributes": [],
          "private": "eyJlMmJmYjczMC1lY2FhLTExZTYtOGY4OC0zNDM2M2JjN2M0YzAiOnsiY3JlYXRlIjoxMjAwMDAwMDAwMDAwLCJkZWxldGUiOjEyMDAwMDAwMDAwMDAsInJlYWQiOjYwMDAwMDAwMDAwMCwidXBkYXRlIjoxMjAwMDAwMDAwMDAwfX0=",
          "dependencies": [
            "module.dwh-lnd-project.data.google_project.project",
            "module.dwh-lnd-project.google_project.project"
          ]
        },
        {
          "index_key": "iam.googleapis.com",
          "schema_version": 0,
          "attributes": {
            "disable_dependent_services": false,
            "disable_on_destroy": false,
            "id": "sme-poc-edp-dwh-lnd/iam.googleapis.com",
            "project": "sme-poc-edp-dwh-lnd",
            "service": "iam.googleapis.com",
            "timeouts": null
          },
          "sensitive_attributes": [],
          "private": "eyJlMmJmYjczMC1lY2FhLTExZTYtOGY4OC0zNDM2M2JjN2M0YzAiOnsiY3JlYXRlIjoxMjAwMDAwMDAwMDAwLCJkZWxldGUiOjEyMDAwMDAwMDAwMDAsInJlYWQiOjYwMDAwMDAwMDAwMCwidXBkYXRlIjoxMjAwMDAwMDAwMDAwfX0=",
          "dependencies": [
            "module.dwh-lnd-project.data.google_project.project",
            "module.dwh-lnd-project.google_project.project"
          ]
        },
        {
          "index_key": "pubsub.googleapis.com",
          "schema_version": 0,
          "attributes": {
            "disable_dependent_services": false,
            "disable_on_destroy": false,
            "id": "sme-poc-edp-dwh-lnd/pubsub.googleapis.com",
            "project": "sme-poc-edp-dwh-lnd",
            "service": "pubsub.googleapis.com",
            "timeouts": null
          },
          "sensitive_attributes": [],
          "private": "eyJlMmJmYjczMC1lY2FhLTExZTYtOGY4OC0zNDM2M2JjN2M0YzAiOnsiY3JlYXRlIjoxMjAwMDAwMDAwMDAwLCJkZWxldGUiOjEyMDAwMDAwMDAwMDAsInJlYWQiOjYwMDAwMDAwMDAwMCwidXBkYXRlIjoxMjAwMDAwMDAwMDAwfX0=",
          "dependencies": [
            "module.dwh-lnd-project.data.google_project.project",
            "module.dwh-lnd-project.google_project.project"
          ]
        },
        {
          "index_key": "servicenetworking.googleapis.com",
          "schema_version": 0,
          "attributes": {
            "disable_dependent_services": false,
            "disable_on_destroy": false,
            "id": "sme-poc-edp-dwh-lnd/servicenetworking.googleapis.com",
            "project": "sme-poc-edp-dwh-lnd",
            "service": "servicenetworking.googleapis.com",
            "timeouts": null
          },
          "sensitive_attributes": [],
          "private": "eyJlMmJmYjczMC1lY2FhLTExZTYtOGY4OC0zNDM2M2JjN2M0YzAiOnsiY3JlYXRlIjoxMjAwMDAwMDAwMDAwLCJkZWxldGUiOjEyMDAwMDAwMDAwMDAsInJlYWQiOjYwMDAwMDAwMDAwMCwidXBkYXRlIjoxMjAwMDAwMDAwMDAwfX0=",
          "dependencies": [
            "module.dwh-lnd-project.data.google_project.project",
            "module.dwh-lnd-project.google_project.project"
          ]
        },
        {
          "index_key": "serviceusage.googleapis.com",
          "schema_version": 0,
          "attributes": {
            "disable_dependent_services": false,
            "disable_on_destroy": false,
            "id": "sme-poc-edp-dwh-lnd/serviceusage.googleapis.com",
            "project": "sme-poc-edp-dwh-lnd",
            "service": "serviceusage.googleapis.com",
            "timeouts": null
          },
          "sensitive_attributes": [],
          "private": "eyJlMmJmYjczMC1lY2FhLTExZTYtOGY4OC0zNDM2M2JjN2M0YzAiOnsiY3JlYXRlIjoxMjAwMDAwMDAwMDAwLCJkZWxldGUiOjEyMDAwMDAwMDAwMDAsInJlYWQiOjYwMDAwMDAwMDAwMCwidXBkYXRlIjoxMjAwMDAwMDAwMDAwfX0=",
          "dependencies": [
            "module.dwh-lnd-project.data.google_project.project",
            "module.dwh-lnd-project.google_project.project"
          ]
        },
        {
          "index_key": "stackdriver.googleapis.com",
          "schema_version": 0,
          "attributes": {
            "disable_dependent_services": false,
            "disable_on_destroy": false,
            "id": "sme-poc-edp-dwh-lnd/stackdriver.googleapis.com",
            "project": "sme-poc-edp-dwh-lnd",
            "service": "stackdriver.googleapis.com",
            "timeouts": null
          },
          "sensitive_attributes": [],
          "private": "eyJlMmJmYjczMC1lY2FhLTExZTYtOGY4OC0zNDM2M2JjN2M0YzAiOnsiY3JlYXRlIjoxMjAwMDAwMDAwMDAwLCJkZWxldGUiOjEyMDAwMDAwMDAwMDAsInJlYWQiOjYwMDAwMDAwMDAwMCwidXBkYXRlIjoxMjAwMDAwMDAwMDAwfX0=",
          "dependencies": [
            "module.dwh-lnd-project.data.google_project.project",
            "module.dwh-lnd-project.google_project.project"
          ]
        },
        {
          "index_key": "storage-component.googleapis.com",
          "schema_version": 0,
          "attributes": {
            "disable_dependent_services": false,
            "disable_on_destroy": false,
            "id": "sme-poc-edp-dwh-lnd/storage-component.googleapis.com",
            "project": "sme-poc-edp-dwh-lnd",
            "service": "storage-component.googleapis.com",
            "timeouts": null
          },
          "sensitive_attributes": [],
          "private": "eyJlMmJmYjczMC1lY2FhLTExZTYtOGY4OC0zNDM2M2JjN2M0YzAiOnsiY3JlYXRlIjoxMjAwMDAwMDAwMDAwLCJkZWxldGUiOjEyMDAwMDAwMDAwMDAsInJlYWQiOjYwMDAwMDAwMDAwMCwidXBkYXRlIjoxMjAwMDAwMDAwMDAwfX0=",
          "dependencies": [
            "module.dwh-lnd-project.data.google_project.project",
            "module.dwh-lnd-project.google_project.project"
          ]
        },
        {
          "index_key": "storage.googleapis.com",
          "schema_version": 0,
          "attributes": {
            "disable_dependent_services": false,
            "disable_on_destroy": false,
            "id": "sme-poc-edp-dwh-lnd/storage.googleapis.com",
            "project": "sme-poc-edp-dwh-lnd",
            "service": "storage.googleapis.com",
            "timeouts": null
          },
          "sensitive_attributes": [],
          "private": "eyJlMmJmYjczMC1lY2FhLTExZTYtOGY4OC0zNDM2M2JjN2M0YzAiOnsiY3JlYXRlIjoxMjAwMDAwMDAwMDAwLCJkZWxldGUiOjEyMDAwMDAwMDAwMDAsInJlYWQiOjYwMDAwMDAwMDAwMCwidXBkYXRlIjoxMjAwMDAwMDAwMDAwfX0=",
          "dependencies": [
            "module.dwh-lnd-project.data.google_project.project",
            "module.dwh-lnd-project.google_project.project"
          ]
        }
      ]
    },
    {
      "module": "module.dwh-lnd-project",
      "mode": "managed",
      "type": "google_project_service_identity",
      "name": "jit_si",
      "provider": "provider[\"registry.terraform.io/hashicorp/google-beta\"]",
      "instances": [
        {
          "index_key": "pubsub.googleapis.com",
          "schema_version": 0,
          "attributes": {
            "email": "service-528152888497@gcp-sa-pubsub.iam.gserviceaccount.com",
            "id": "projects/sme-poc-edp-dwh-lnd/services/pubsub.googleapis.com",
            "project": "sme-poc-edp-dwh-lnd",
            "service": "pubsub.googleapis.com",
            "timeouts": null
          },
          "sensitive_attributes": [],
          "private": "eyJlMmJmYjczMC1lY2FhLTExZTYtOGY4OC0zNDM2M2JjN2M0YzAiOnsiY3JlYXRlIjoxMjAwMDAwMDAwMDAwLCJkZWxldGUiOjEyMDAwMDAwMDAwMDAsInJlYWQiOjYwMDAwMDAwMDAwMH19",
          "dependencies": [
            "module.dwh-lnd-project.data.google_project.project",
            "module.dwh-lnd-project.google_project.project",
            "module.dwh-lnd-project.google_project_service.project_services"
          ]
        }
      ]
    },
    {
      "module": "module.dwh-lnd-project",
      "mode": "managed",
      "type": "google_project_service_identity",
      "name": "servicenetworking",
      "provider": "provider[\"registry.terraform.io/hashicorp/google-beta\"]",
      "instances": [
        {
          "index_key": 0,
          "schema_version": 0,
          "attributes": {
            "email": "service-528152888497@service-networking.iam.gserviceaccount.com",
            "id": "projects/sme-poc-edp-dwh-lnd/services/servicenetworking.googleapis.com",
            "project": "sme-poc-edp-dwh-lnd",
            "service": "servicenetworking.googleapis.com",
            "timeouts": null
          },
          "sensitive_attributes": [],
          "private": "eyJlMmJmYjczMC1lY2FhLTExZTYtOGY4OC0zNDM2M2JjN2M0YzAiOnsiY3JlYXRlIjoxMjAwMDAwMDAwMDAwLCJkZWxldGUiOjEyMDAwMDAwMDAwMDAsInJlYWQiOjYwMDAwMDAwMDAwMH19",
          "dependencies": [
            "module.dwh-lnd-project.data.google_project.project",
            "module.dwh-lnd-project.google_project.project",
            "module.dwh-lnd-project.google_project_service.project_services"
          ]
        }
      ]
    },
    {
      "module": "module.dwh-plg-bq-0",
      "mode": "managed",
      "type": "google_bigquery_dataset",
      "name": "default",
      "provider": "provider[\"registry.terraform.io/hashicorp/google\"]",
      "instances": [
        {
          "schema_version": 0,
          "attributes": {
            "access": [
              {
                "dataset": [],
                "domain": "",
                "group_by_email": "",
                "iam_member": "",
                "role": "OWNER",
                "routine": [],
                "special_group": "",
                "user_by_email": "julio@brl.la.calriz.com",
                "view": []
              },
              {
                "dataset": [],
                "domain": "",
                "group_by_email": "",
                "iam_member": "",
                "role": "OWNER",
                "routine": [],
                "special_group": "projectOwners",
                "user_by_email": "",
                "view": []
              },
              {
                "dataset": [],
                "domain": "",
                "group_by_email": "",
                "iam_member": "",
                "role": "READER",
                "routine": [],
                "special_group": "projectReaders",
                "user_by_email": "",
                "view": []
              },
              {
                "dataset": [],
                "domain": "",
                "group_by_email": "",
                "iam_member": "",
                "role": "WRITER",
                "routine": [],
                "special_group": "projectWriters",
                "user_by_email": "",
                "view": []
              }
            ],
            "creation_time": 1712080035466,
            "dataset_id": "sme_poc_edp_dwh_plg_bq_0",
            "default_collation": "",
            "default_encryption_configuration": [],
            "default_partition_expiration_ms": 0,
            "default_table_expiration_ms": 0,
            "delete_contents_on_destroy": false,
            "description": "Terraform managed.",
            "effective_labels": {},
            "etag": "Qz/SlZl1Fmili44lYKPwFg==",
            "friendly_name": "",
            "id": "projects/sme-poc-edp-dwh-plg/datasets/sme_poc_edp_dwh_plg_bq_0",
            "is_case_insensitive": false,
            "labels": {},
            "last_modified_time": 1712080035466,
            "location": "US",
            "max_time_travel_hours": "",
            "project": "sme-poc-edp-dwh-plg",
            "self_link": "https://bigquery.googleapis.com/bigquery/v2/projects/sme-poc-edp-dwh-plg/datasets/sme_poc_edp_dwh_plg_bq_0",
            "storage_billing_model": "",
            "terraform_labels": {},
            "timeouts": null
          },
          "sensitive_attributes": [],
          "private": "eyJlMmJmYjczMC1lY2FhLTExZTYtOGY4OC0zNDM2M2JjN2M0YzAiOnsiY3JlYXRlIjoxMjAwMDAwMDAwMDAwLCJkZWxldGUiOjEyMDAwMDAwMDAwMDAsInVwZGF0ZSI6MTIwMDAwMDAwMDAwMH19",
          "dependencies": [
            "module.dwh-plg-project.data.google_bigquery_default_service_account.bq_sa",
            "module.dwh-plg-project.data.google_project.project",
            "module.dwh-plg-project.data.google_storage_project_service_account.gcs_sa",
            "module.dwh-plg-project.google_compute_shared_vpc_host_project.shared_vpc_host",
            "module.dwh-plg-project.google_compute_shared_vpc_service_project.service_projects",
            "module.dwh-plg-project.google_compute_shared_vpc_service_project.shared_vpc_service",
            "module.dwh-plg-project.google_kms_crypto_key_iam_member.service_identity_cmek",
            "module.dwh-plg-project.google_org_policy_policy.default",
            "module.dwh-plg-project.google_project.project",
            "module.dwh-plg-project.google_project_iam_member.servicenetworking",
            "module.dwh-plg-project.google_project_iam_member.shared_vpc_host_robots",
            "module.dwh-plg-project.google_project_service.project_services",
            "module.dwh-plg-project.google_project_service_identity.jit_si",
            "module.dwh-plg-project.google_project_service_identity.servicenetworking"
          ]
        }
      ]
    },
    {
      "module": "module.dwh-plg-bq-0",
      "mode": "managed",
      "type": "google_bigquery_dataset_access",
      "name": "domain",
      "provider": "provider[\"registry.terraform.io/hashicorp/google-beta\"]",
      "instances": []
    },
    {
      "module": "module.dwh-plg-bq-0",
      "mode": "managed",
      "type": "google_bigquery_dataset_access",
      "name": "group_by_email",
      "provider": "provider[\"registry.terraform.io/hashicorp/google-beta\"]",
      "instances": []
    },
    {
      "module": "module.dwh-plg-bq-0",
      "mode": "managed",
      "type": "google_bigquery_dataset_access",
      "name": "special_group",
      "provider": "provider[\"registry.terraform.io/hashicorp/google-beta\"]",
      "instances": []
    },
    {
      "module": "module.dwh-plg-bq-0",
      "mode": "managed",
      "type": "google_bigquery_dataset_access",
      "name": "user_by_email",
      "provider": "provider[\"registry.terraform.io/hashicorp/google-beta\"]",
      "instances": []
    },
    {
      "module": "module.dwh-plg-bq-0",
      "mode": "managed",
      "type": "google_bigquery_dataset_access",
      "name": "views",
      "provider": "provider[\"registry.terraform.io/hashicorp/google-beta\"]",
      "instances": []
    },
    {
      "module": "module.dwh-plg-cs-0",
      "mode": "managed",
      "type": "google_storage_bucket",
      "name": "bucket",
      "provider": "provider[\"registry.terraform.io/hashicorp/google\"]",
      "instances": [
        {
          "schema_version": 1,
          "attributes": {
            "autoclass": [],
            "cors": [],
            "custom_placement_config": [],
            "default_event_based_hold": false,
            "effective_labels": {},
            "enable_object_retention": false,
            "encryption": [],
            "force_destroy": false,
            "id": "sme-poc-edp-dwh-plg-cs-0",
            "labels": {},
            "lifecycle_rule": [],
            "location": "US-CENTRAL1",
            "logging": [],
            "name": "sme-poc-edp-dwh-plg-cs-0",
            "project": "sme-poc-edp-dwh-plg",
            "public_access_prevention": "inherited",
            "requester_pays": false,
            "retention_policy": [],
            "rpo": null,
            "self_link": "https://www.googleapis.com/storage/v1/b/sme-poc-edp-dwh-plg-cs-0",
            "soft_delete_policy": [
              {
                "effective_time": "2024-04-02T18:57:42.381Z",
                "retention_duration_seconds": 604800
              }
            ],
            "storage_class": "REGIONAL",
            "terraform_labels": {},
            "timeouts": null,
            "uniform_bucket_level_access": true,
            "url": "gs://sme-poc-edp-dwh-plg-cs-0",
            "versioning": [
              {
                "enabled": false
              }
            ],
            "website": []
          },
          "sensitive_attributes": [],
          "private": "eyJlMmJmYjczMC1lY2FhLTExZTYtOGY4OC0zNDM2M2JjN2M0YzAiOnsiY3JlYXRlIjo2MDAwMDAwMDAwMDAsInJlYWQiOjI0MDAwMDAwMDAwMCwidXBkYXRlIjoyNDAwMDAwMDAwMDB9LCJzY2hlbWFfdmVyc2lvbiI6IjEifQ==",
          "dependencies": [
            "module.dwh-plg-project.data.google_bigquery_default_service_account.bq_sa",
            "module.dwh-plg-project.data.google_project.project",
            "module.dwh-plg-project.data.google_storage_project_service_account.gcs_sa",
            "module.dwh-plg-project.google_compute_shared_vpc_host_project.shared_vpc_host",
            "module.dwh-plg-project.google_compute_shared_vpc_service_project.service_projects",
            "module.dwh-plg-project.google_compute_shared_vpc_service_project.shared_vpc_service",
            "module.dwh-plg-project.google_kms_crypto_key_iam_member.service_identity_cmek",
            "module.dwh-plg-project.google_org_policy_policy.default",
            "module.dwh-plg-project.google_project.project",
            "module.dwh-plg-project.google_project_iam_member.servicenetworking",
            "module.dwh-plg-project.google_project_iam_member.shared_vpc_host_robots",
            "module.dwh-plg-project.google_project_service.project_services",
            "module.dwh-plg-project.google_project_service_identity.jit_si",
            "module.dwh-plg-project.google_project_service_identity.servicenetworking"
          ]
        }
      ]
    },
    {
      "module": "module.dwh-plg-cs-0",
      "mode": "managed",
      "type": "google_storage_bucket_iam_binding",
      "name": "bindings",
      "provider": "provider[\"registry.terraform.io/hashicorp/google\"]",
      "instances": []
    },
    {
      "module": "module.dwh-plg-project",
      "mode": "data",
      "type": "google_bigquery_default_service_account",
      "name": "bq_sa",
      "provider": "provider[\"registry.terraform.io/hashicorp/google\"]",
      "instances": [
        {
          "index_key": 0,
          "schema_version": 0,
          "attributes": {
            "email": "bq-854285275779@bigquery-encryption.iam.gserviceaccount.com",
            "id": "bq-854285275779@bigquery-encryption.iam.gserviceaccount.com",
            "member": "serviceAccount:bq-854285275779@bigquery-encryption.iam.gserviceaccount.com",
            "project": "sme-poc-edp-dwh-plg"
          },
          "sensitive_attributes": []
        }
      ]
    },
    {
      "module": "module.dwh-plg-project",
      "mode": "data",
      "type": "google_project",
      "name": "project",
      "provider": "provider[\"registry.terraform.io/hashicorp/google\"]",
      "instances": []
    },
    {
      "module": "module.dwh-plg-project",
      "mode": "data",
      "type": "google_storage_project_service_account",
      "name": "gcs_sa",
      "provider": "provider[\"registry.terraform.io/hashicorp/google\"]",
      "instances": [
        {
          "index_key": 0,
          "schema_version": 0,
          "attributes": {
            "email_address": "service-854285275779@gs-project-accounts.iam.gserviceaccount.com",
            "id": "service-854285275779@gs-project-accounts.iam.gserviceaccount.com",
            "member": "serviceAccount:service-854285275779@gs-project-accounts.iam.gserviceaccount.com",
            "project": "sme-poc-edp-dwh-plg",
            "user_project": null
          },
          "sensitive_attributes": []
        }
      ]
    },
    {
      "module": "module.dwh-plg-project",
      "mode": "managed",
      "type": "google_compute_shared_vpc_host_project",
      "name": "shared_vpc_host",
      "provider": "provider[\"registry.terraform.io/hashicorp/google-beta\"]",
      "instances": []
    },
    {
      "module": "module.dwh-plg-project",
      "mode": "managed",
      "type": "google_compute_shared_vpc_service_project",
      "name": "service_projects",
      "provider": "provider[\"registry.terraform.io/hashicorp/google-beta\"]",
      "instances": []
    },
    {
      "module": "module.dwh-plg-project",
      "mode": "managed",
      "type": "google_compute_shared_vpc_service_project",
      "name": "shared_vpc_service",
      "provider": "provider[\"registry.terraform.io/hashicorp/google-beta\"]",
      "instances": []
    },
    {
      "module": "module.dwh-plg-project",
      "mode": "managed",
      "type": "google_kms_crypto_key_iam_member",
      "name": "service_identity_cmek",
      "provider": "provider[\"registry.terraform.io/hashicorp/google\"]",
      "instances": []
    },
    {
      "module": "module.dwh-plg-project",
      "mode": "managed",
      "type": "google_org_policy_policy",
      "name": "default",
      "provider": "provider[\"registry.terraform.io/hashicorp/google\"]",
      "instances": []
    },
    {
      "module": "module.dwh-plg-project",
      "mode": "managed",
      "type": "google_project",
      "name": "project",
      "provider": "provider[\"registry.terraform.io/hashicorp/google\"]",
      "instances": [
        {
          "index_key": 0,
          "schema_version": 1,
          "attributes": {
            "auto_create_network": false,
            "billing_account": "010A90-92932D-5DBB46",
            "effective_labels": {},
            "folder_id": "1047664470176",
            "id": "projects/sme-poc-edp-dwh-plg",
            "labels": {},
            "name": "sme-poc-edp-dwh-plg",
            "number": "854285275779",
            "org_id": "",
            "project_id": "sme-poc-edp-dwh-plg",
            "skip_delete": false,
            "terraform_labels": {},
            "timeouts": null
          },
          "sensitive_attributes": [],
          "private": "eyJlMmJmYjczMC1lY2FhLTExZTYtOGY4OC0zNDM2M2JjN2M0YzAiOnsiY3JlYXRlIjo2MDAwMDAwMDAwMDAsImRlbGV0ZSI6NjAwMDAwMDAwMDAwLCJyZWFkIjo2MDAwMDAwMDAwMDAsInVwZGF0ZSI6NjAwMDAwMDAwMDAwfSwic2NoZW1hX3ZlcnNpb24iOiIxIn0="
        }
      ]
    },
    {
      "module": "module.dwh-plg-project",
      "mode": "managed",
      "type": "google_project_iam_binding",
      "name": "authoritative",
      "provider": "provider[\"registry.terraform.io/hashicorp/google\"]",
      "instances": [
        {
          "index_key": "roles/bigquery.dataEditor",
          "schema_version": 0,
          "attributes": {
            "condition": [],
            "etag": "BwYVIRnKeZA=",
            "id": "sme-poc-edp-dwh-plg/roles/bigquery.dataEditor",
            "members": [
              "group:gcp-data-analysts@brl.la.calriz.com",
              "group:gcp-data-engineers@brl.la.calriz.com"
            ],
            "project": "sme-poc-edp-dwh-plg",
            "role": "roles/bigquery.dataEditor"
          },
          "sensitive_attributes": [],
          "private": "bnVsbA==",
          "dependencies": [
            "module.dwh-plg-project.data.google_project.project",
            "module.dwh-plg-project.google_project.project",
            "module.dwh-plg-project.google_project_iam_custom_role.roles",
            "module.dwh-plg-project.google_project_service.project_services"
          ]
        },
        {
          "index_key": "roles/bigquery.jobUser",
          "schema_version": 0,
          "attributes": {
            "condition": [],
            "etag": "BwYVIRnKeZA=",
            "id": "sme-poc-edp-dwh-plg/roles/bigquery.jobUser",
            "members": [
              "group:gcp-data-analysts@brl.la.calriz.com"
            ],
            "project": "sme-poc-edp-dwh-plg",
            "role": "roles/bigquery.jobUser"
          },
          "sensitive_attributes": [],
          "private": "bnVsbA==",
          "dependencies": [
            "module.dwh-plg-project.data.google_project.project",
            "module.dwh-plg-project.google_project.project",
            "module.dwh-plg-project.google_project_iam_custom_role.roles",
            "module.dwh-plg-project.google_project_service.project_services"
          ]
        },
        {
          "index_key": "roles/bigquery.metadataViewer",
          "schema_version": 0,
          "attributes": {
            "condition": [],
            "etag": "BwYVIRnKeZA=",
            "id": "sme-poc-edp-dwh-plg/roles/bigquery.metadataViewer",
            "members": [
              "group:gcp-data-analysts@brl.la.calriz.com"
            ],
            "project": "sme-poc-edp-dwh-plg",
            "role": "roles/bigquery.metadataViewer"
          },
          "sensitive_attributes": [],
          "private": "bnVsbA==",
          "dependencies": [
            "module.dwh-plg-project.data.google_project.project",
            "module.dwh-plg-project.google_project.project",
            "module.dwh-plg-project.google_project_iam_custom_role.roles",
            "module.dwh-plg-project.google_project_service.project_services"
          ]
        },
        {
          "index_key": "roles/bigquery.user",
          "schema_version": 0,
          "attributes": {
            "condition": [],
            "etag": "BwYVIRnKeZA=",
            "id": "sme-poc-edp-dwh-plg/roles/bigquery.user",
            "members": [
              "group:gcp-data-analysts@brl.la.calriz.com"
            ],
            "project": "sme-poc-edp-dwh-plg",
            "role": "roles/bigquery.user"
          },
          "sensitive_attributes": [],
          "private": "bnVsbA==",
          "dependencies": [
            "module.dwh-plg-project.data.google_project.project",
            "module.dwh-plg-project.google_project.project",
            "module.dwh-plg-project.google_project_iam_custom_role.roles",
            "module.dwh-plg-project.google_project_service.project_services"
          ]
        },
        {
          "index_key": "roles/datacatalog.tagTemplateViewer",
          "schema_version": 0,
          "attributes": {
            "condition": [],
            "etag": "BwYVIRnKeZA=",
            "id": "sme-poc-edp-dwh-plg/roles/datacatalog.tagTemplateViewer",
            "members": [
              "group:gcp-data-analysts@brl.la.calriz.com"
            ],
            "project": "sme-poc-edp-dwh-plg",
            "role": "roles/datacatalog.tagTemplateViewer"
          },
          "sensitive_attributes": [],
          "private": "bnVsbA==",
          "dependencies": [
            "module.dwh-plg-project.data.google_project.project",
            "module.dwh-plg-project.google_project.project",
            "module.dwh-plg-project.google_project_iam_custom_role.roles",
            "module.dwh-plg-project.google_project_service.project_services"
          ]
        },
        {
          "index_key": "roles/datacatalog.viewer",
          "schema_version": 0,
          "attributes": {
            "condition": [],
            "etag": "BwYVIRnKeZA=",
            "id": "sme-poc-edp-dwh-plg/roles/datacatalog.viewer",
            "members": [
              "group:gcp-data-analysts@brl.la.calriz.com"
            ],
            "project": "sme-poc-edp-dwh-plg",
            "role": "roles/datacatalog.viewer"
          },
          "sensitive_attributes": [],
          "private": "bnVsbA==",
          "dependencies": [
            "module.dwh-plg-project.data.google_project.project",
            "module.dwh-plg-project.google_project.project",
            "module.dwh-plg-project.google_project_iam_custom_role.roles",
            "module.dwh-plg-project.google_project_service.project_services"
          ]
        },
        {
          "index_key": "roles/storage.admin",
          "schema_version": 0,
          "attributes": {
            "condition": [],
            "etag": "BwYVIRnKeZA=",
            "id": "sme-poc-edp-dwh-plg/roles/storage.admin",
            "members": [
              "group:gcp-data-engineers@brl.la.calriz.com"
            ],
            "project": "sme-poc-edp-dwh-plg",
            "role": "roles/storage.admin"
          },
          "sensitive_attributes": [],
          "private": "bnVsbA==",
          "dependencies": [
            "module.dwh-plg-project.data.google_project.project",
            "module.dwh-plg-project.google_project.project",
            "module.dwh-plg-project.google_project_iam_custom_role.roles",
            "module.dwh-plg-project.google_project_service.project_services"
          ]
        },
        {
          "index_key": "roles/storage.objectAdmin",
          "schema_version": 0,
          "attributes": {
            "condition": [],
            "etag": "BwYVIRnKeZA=",
            "id": "sme-poc-edp-dwh-plg/roles/storage.objectAdmin",
            "members": [
              "group:gcp-data-analysts@brl.la.calriz.com"
            ],
            "project": "sme-poc-edp-dwh-plg",
            "role": "roles/storage.objectAdmin"
          },
          "sensitive_attributes": [],
          "private": "bnVsbA==",
          "dependencies": [
            "module.dwh-plg-project.data.google_project.project",
            "module.dwh-plg-project.google_project.project",
            "module.dwh-plg-project.google_project_iam_custom_role.roles",
            "module.dwh-plg-project.google_project_service.project_services"
          ]
        }
      ]
    },
    {
      "module": "module.dwh-plg-project",
      "mode": "managed",
      "type": "google_project_iam_custom_role",
      "name": "roles",
      "provider": "provider[\"registry.terraform.io/hashicorp/google\"]",
      "instances": []
    },
    {
      "module": "module.dwh-plg-project",
      "mode": "managed",
      "type": "google_project_iam_member",
      "name": "servicenetworking",
      "provider": "provider[\"registry.terraform.io/hashicorp/google\"]",
      "instances": [
        {
          "index_key": 0,
          "schema_version": 0,
          "attributes": {
            "condition": [],
            "etag": "BwYVIRnKeZA=",
            "id": "sme-poc-edp-dwh-plg/roles/servicenetworking.serviceAgent/serviceAccount:service-854285275779@service-networking.iam.gserviceaccount.com",
            "member": "serviceAccount:service-854285275779@service-networking.iam.gserviceaccount.com",
            "project": "sme-poc-edp-dwh-plg",
            "role": "roles/servicenetworking.serviceAgent"
          },
          "sensitive_attributes": [],
          "private": "bnVsbA==",
          "dependencies": [
            "module.dwh-plg-project.data.google_project.project",
            "module.dwh-plg-project.google_project.project",
            "module.dwh-plg-project.google_project_service.project_services",
            "module.dwh-plg-project.google_project_service_identity.servicenetworking"
          ]
        }
      ]
    },
    {
      "module": "module.dwh-plg-project",
      "mode": "managed",
      "type": "google_project_iam_member",
      "name": "shared_vpc_host_robots",
      "provider": "provider[\"registry.terraform.io/hashicorp/google\"]",
      "instances": []
    },
    {
      "module": "module.dwh-plg-project",
      "mode": "managed",
      "type": "google_project_service",
      "name": "project_services",
      "provider": "provider[\"registry.terraform.io/hashicorp/google\"]",
      "instances": [
        {
          "index_key": "bigquery.googleapis.com",
          "schema_version": 0,
          "attributes": {
            "disable_dependent_services": false,
            "disable_on_destroy": false,
            "id": "sme-poc-edp-dwh-plg/bigquery.googleapis.com",
            "project": "sme-poc-edp-dwh-plg",
            "service": "bigquery.googleapis.com",
            "timeouts": null
          },
          "sensitive_attributes": [],
          "private": "eyJlMmJmYjczMC1lY2FhLTExZTYtOGY4OC0zNDM2M2JjN2M0YzAiOnsiY3JlYXRlIjoxMjAwMDAwMDAwMDAwLCJkZWxldGUiOjEyMDAwMDAwMDAwMDAsInJlYWQiOjYwMDAwMDAwMDAwMCwidXBkYXRlIjoxMjAwMDAwMDAwMDAwfX0=",
          "dependencies": [
            "module.dwh-plg-project.data.google_project.project",
            "module.dwh-plg-project.google_project.project"
          ]
        },
        {
          "index_key": "bigqueryreservation.googleapis.com",
          "schema_version": 0,
          "attributes": {
            "disable_dependent_services": false,
            "disable_on_destroy": false,
            "id": "sme-poc-edp-dwh-plg/bigqueryreservation.googleapis.com",
            "project": "sme-poc-edp-dwh-plg",
            "service": "bigqueryreservation.googleapis.com",
            "timeouts": null
          },
          "sensitive_attributes": [],
          "private": "eyJlMmJmYjczMC1lY2FhLTExZTYtOGY4OC0zNDM2M2JjN2M0YzAiOnsiY3JlYXRlIjoxMjAwMDAwMDAwMDAwLCJkZWxldGUiOjEyMDAwMDAwMDAwMDAsInJlYWQiOjYwMDAwMDAwMDAwMCwidXBkYXRlIjoxMjAwMDAwMDAwMDAwfX0=",
          "dependencies": [
            "module.dwh-plg-project.data.google_project.project",
            "module.dwh-plg-project.google_project.project"
          ]
        },
        {
          "index_key": "bigquerystorage.googleapis.com",
          "schema_version": 0,
          "attributes": {
            "disable_dependent_services": false,
            "disable_on_destroy": false,
            "id": "sme-poc-edp-dwh-plg/bigquerystorage.googleapis.com",
            "project": "sme-poc-edp-dwh-plg",
            "service": "bigquerystorage.googleapis.com",
            "timeouts": null
          },
          "sensitive_attributes": [],
          "private": "eyJlMmJmYjczMC1lY2FhLTExZTYtOGY4OC0zNDM2M2JjN2M0YzAiOnsiY3JlYXRlIjoxMjAwMDAwMDAwMDAwLCJkZWxldGUiOjEyMDAwMDAwMDAwMDAsInJlYWQiOjYwMDAwMDAwMDAwMCwidXBkYXRlIjoxMjAwMDAwMDAwMDAwfX0=",
          "dependencies": [
            "module.dwh-plg-project.data.google_project.project",
            "module.dwh-plg-project.google_project.project"
          ]
        },
        {
          "index_key": "cloudkms.googleapis.com",
          "schema_version": 0,
          "attributes": {
            "disable_dependent_services": false,
            "disable_on_destroy": false,
            "id": "sme-poc-edp-dwh-plg/cloudkms.googleapis.com",
            "project": "sme-poc-edp-dwh-plg",
            "service": "cloudkms.googleapis.com",
            "timeouts": null
          },
          "sensitive_attributes": [],
          "private": "eyJlMmJmYjczMC1lY2FhLTExZTYtOGY4OC0zNDM2M2JjN2M0YzAiOnsiY3JlYXRlIjoxMjAwMDAwMDAwMDAwLCJkZWxldGUiOjEyMDAwMDAwMDAwMDAsInJlYWQiOjYwMDAwMDAwMDAwMCwidXBkYXRlIjoxMjAwMDAwMDAwMDAwfX0=",
          "dependencies": [
            "module.dwh-plg-project.data.google_project.project",
            "module.dwh-plg-project.google_project.project"
          ]
        },
        {
          "index_key": "cloudresourcemanager.googleapis.com",
          "schema_version": 0,
          "attributes": {
            "disable_dependent_services": false,
            "disable_on_destroy": false,
            "id": "sme-poc-edp-dwh-plg/cloudresourcemanager.googleapis.com",
            "project": "sme-poc-edp-dwh-plg",
            "service": "cloudresourcemanager.googleapis.com",
            "timeouts": null
          },
          "sensitive_attributes": [],
          "private": "eyJlMmJmYjczMC1lY2FhLTExZTYtOGY4OC0zNDM2M2JjN2M0YzAiOnsiY3JlYXRlIjoxMjAwMDAwMDAwMDAwLCJkZWxldGUiOjEyMDAwMDAwMDAwMDAsInJlYWQiOjYwMDAwMDAwMDAwMCwidXBkYXRlIjoxMjAwMDAwMDAwMDAwfX0=",
          "dependencies": [
            "module.dwh-plg-project.data.google_project.project",
            "module.dwh-plg-project.google_project.project"
          ]
        },
        {
          "index_key": "compute.googleapis.com",
          "schema_version": 0,
          "attributes": {
            "disable_dependent_services": false,
            "disable_on_destroy": false,
            "id": "sme-poc-edp-dwh-plg/compute.googleapis.com",
            "project": "sme-poc-edp-dwh-plg",
            "service": "compute.googleapis.com",
            "timeouts": null
          },
          "sensitive_attributes": [],
          "private": "eyJlMmJmYjczMC1lY2FhLTExZTYtOGY4OC0zNDM2M2JjN2M0YzAiOnsiY3JlYXRlIjoxMjAwMDAwMDAwMDAwLCJkZWxldGUiOjEyMDAwMDAwMDAwMDAsInJlYWQiOjYwMDAwMDAwMDAwMCwidXBkYXRlIjoxMjAwMDAwMDAwMDAwfX0=",
          "dependencies": [
            "module.dwh-plg-project.data.google_project.project",
            "module.dwh-plg-project.google_project.project"
          ]
        },
        {
          "index_key": "dataflow.googleapis.com",
          "schema_version": 0,
          "attributes": {
            "disable_dependent_services": false,
            "disable_on_destroy": false,
            "id": "sme-poc-edp-dwh-plg/dataflow.googleapis.com",
            "project": "sme-poc-edp-dwh-plg",
            "service": "dataflow.googleapis.com",
            "timeouts": null
          },
          "sensitive_attributes": [],
          "private": "eyJlMmJmYjczMC1lY2FhLTExZTYtOGY4OC0zNDM2M2JjN2M0YzAiOnsiY3JlYXRlIjoxMjAwMDAwMDAwMDAwLCJkZWxldGUiOjEyMDAwMDAwMDAwMDAsInJlYWQiOjYwMDAwMDAwMDAwMCwidXBkYXRlIjoxMjAwMDAwMDAwMDAwfX0=",
          "dependencies": [
            "module.dwh-plg-project.data.google_project.project",
            "module.dwh-plg-project.google_project.project"
          ]
        },
        {
          "index_key": "iam.googleapis.com",
          "schema_version": 0,
          "attributes": {
            "disable_dependent_services": false,
            "disable_on_destroy": false,
            "id": "sme-poc-edp-dwh-plg/iam.googleapis.com",
            "project": "sme-poc-edp-dwh-plg",
            "service": "iam.googleapis.com",
            "timeouts": null
          },
          "sensitive_attributes": [],
          "private": "eyJlMmJmYjczMC1lY2FhLTExZTYtOGY4OC0zNDM2M2JjN2M0YzAiOnsiY3JlYXRlIjoxMjAwMDAwMDAwMDAwLCJkZWxldGUiOjEyMDAwMDAwMDAwMDAsInJlYWQiOjYwMDAwMDAwMDAwMCwidXBkYXRlIjoxMjAwMDAwMDAwMDAwfX0=",
          "dependencies": [
            "module.dwh-plg-project.data.google_project.project",
            "module.dwh-plg-project.google_project.project"
          ]
        },
        {
          "index_key": "pubsub.googleapis.com",
          "schema_version": 0,
          "attributes": {
            "disable_dependent_services": false,
            "disable_on_destroy": false,
            "id": "sme-poc-edp-dwh-plg/pubsub.googleapis.com",
            "project": "sme-poc-edp-dwh-plg",
            "service": "pubsub.googleapis.com",
            "timeouts": null
          },
          "sensitive_attributes": [],
          "private": "eyJlMmJmYjczMC1lY2FhLTExZTYtOGY4OC0zNDM2M2JjN2M0YzAiOnsiY3JlYXRlIjoxMjAwMDAwMDAwMDAwLCJkZWxldGUiOjEyMDAwMDAwMDAwMDAsInJlYWQiOjYwMDAwMDAwMDAwMCwidXBkYXRlIjoxMjAwMDAwMDAwMDAwfX0=",
          "dependencies": [
            "module.dwh-plg-project.data.google_project.project",
            "module.dwh-plg-project.google_project.project"
          ]
        },
        {
          "index_key": "servicenetworking.googleapis.com",
          "schema_version": 0,
          "attributes": {
            "disable_dependent_services": false,
            "disable_on_destroy": false,
            "id": "sme-poc-edp-dwh-plg/servicenetworking.googleapis.com",
            "project": "sme-poc-edp-dwh-plg",
            "service": "servicenetworking.googleapis.com",
            "timeouts": null
          },
          "sensitive_attributes": [],
          "private": "eyJlMmJmYjczMC1lY2FhLTExZTYtOGY4OC0zNDM2M2JjN2M0YzAiOnsiY3JlYXRlIjoxMjAwMDAwMDAwMDAwLCJkZWxldGUiOjEyMDAwMDAwMDAwMDAsInJlYWQiOjYwMDAwMDAwMDAwMCwidXBkYXRlIjoxMjAwMDAwMDAwMDAwfX0=",
          "dependencies": [
            "module.dwh-plg-project.data.google_project.project",
            "module.dwh-plg-project.google_project.project"
          ]
        },
        {
          "index_key": "serviceusage.googleapis.com",
          "schema_version": 0,
          "attributes": {
            "disable_dependent_services": false,
            "disable_on_destroy": false,
            "id": "sme-poc-edp-dwh-plg/serviceusage.googleapis.com",
            "project": "sme-poc-edp-dwh-plg",
            "service": "serviceusage.googleapis.com",
            "timeouts": null
          },
          "sensitive_attributes": [],
          "private": "eyJlMmJmYjczMC1lY2FhLTExZTYtOGY4OC0zNDM2M2JjN2M0YzAiOnsiY3JlYXRlIjoxMjAwMDAwMDAwMDAwLCJkZWxldGUiOjEyMDAwMDAwMDAwMDAsInJlYWQiOjYwMDAwMDAwMDAwMCwidXBkYXRlIjoxMjAwMDAwMDAwMDAwfX0=",
          "dependencies": [
            "module.dwh-plg-project.data.google_project.project",
            "module.dwh-plg-project.google_project.project"
          ]
        },
        {
          "index_key": "stackdriver.googleapis.com",
          "schema_version": 0,
          "attributes": {
            "disable_dependent_services": false,
            "disable_on_destroy": false,
            "id": "sme-poc-edp-dwh-plg/stackdriver.googleapis.com",
            "project": "sme-poc-edp-dwh-plg",
            "service": "stackdriver.googleapis.com",
            "timeouts": null
          },
          "sensitive_attributes": [],
          "private": "eyJlMmJmYjczMC1lY2FhLTExZTYtOGY4OC0zNDM2M2JjN2M0YzAiOnsiY3JlYXRlIjoxMjAwMDAwMDAwMDAwLCJkZWxldGUiOjEyMDAwMDAwMDAwMDAsInJlYWQiOjYwMDAwMDAwMDAwMCwidXBkYXRlIjoxMjAwMDAwMDAwMDAwfX0=",
          "dependencies": [
            "module.dwh-plg-project.data.google_project.project",
            "module.dwh-plg-project.google_project.project"
          ]
        },
        {
          "index_key": "storage-component.googleapis.com",
          "schema_version": 0,
          "attributes": {
            "disable_dependent_services": false,
            "disable_on_destroy": false,
            "id": "sme-poc-edp-dwh-plg/storage-component.googleapis.com",
            "project": "sme-poc-edp-dwh-plg",
            "service": "storage-component.googleapis.com",
            "timeouts": null
          },
          "sensitive_attributes": [],
          "private": "eyJlMmJmYjczMC1lY2FhLTExZTYtOGY4OC0zNDM2M2JjN2M0YzAiOnsiY3JlYXRlIjoxMjAwMDAwMDAwMDAwLCJkZWxldGUiOjEyMDAwMDAwMDAwMDAsInJlYWQiOjYwMDAwMDAwMDAwMCwidXBkYXRlIjoxMjAwMDAwMDAwMDAwfX0=",
          "dependencies": [
            "module.dwh-plg-project.data.google_project.project",
            "module.dwh-plg-project.google_project.project"
          ]
        },
        {
          "index_key": "storage.googleapis.com",
          "schema_version": 0,
          "attributes": {
            "disable_dependent_services": false,
            "disable_on_destroy": false,
            "id": "sme-poc-edp-dwh-plg/storage.googleapis.com",
            "project": "sme-poc-edp-dwh-plg",
            "service": "storage.googleapis.com",
            "timeouts": null
          },
          "sensitive_attributes": [],
          "private": "eyJlMmJmYjczMC1lY2FhLTExZTYtOGY4OC0zNDM2M2JjN2M0YzAiOnsiY3JlYXRlIjoxMjAwMDAwMDAwMDAwLCJkZWxldGUiOjEyMDAwMDAwMDAwMDAsInJlYWQiOjYwMDAwMDAwMDAwMCwidXBkYXRlIjoxMjAwMDAwMDAwMDAwfX0=",
          "dependencies": [
            "module.dwh-plg-project.data.google_project.project",
            "module.dwh-plg-project.google_project.project"
          ]
        }
      ]
    },
    {
      "module": "module.dwh-plg-project",
      "mode": "managed",
      "type": "google_project_service_identity",
      "name": "jit_si",
      "provider": "provider[\"registry.terraform.io/hashicorp/google-beta\"]",
      "instances": [
        {
          "index_key": "pubsub.googleapis.com",
          "schema_version": 0,
          "attributes": {
            "email": "service-854285275779@gcp-sa-pubsub.iam.gserviceaccount.com",
            "id": "projects/sme-poc-edp-dwh-plg/services/pubsub.googleapis.com",
            "project": "sme-poc-edp-dwh-plg",
            "service": "pubsub.googleapis.com",
            "timeouts": null
          },
          "sensitive_attributes": [],
          "private": "eyJlMmJmYjczMC1lY2FhLTExZTYtOGY4OC0zNDM2M2JjN2M0YzAiOnsiY3JlYXRlIjoxMjAwMDAwMDAwMDAwLCJkZWxldGUiOjEyMDAwMDAwMDAwMDAsInJlYWQiOjYwMDAwMDAwMDAwMH19",
          "dependencies": [
            "module.dwh-plg-project.data.google_project.project",
            "module.dwh-plg-project.google_project.project",
            "module.dwh-plg-project.google_project_service.project_services"
          ]
        }
      ]
    },
    {
      "module": "module.dwh-plg-project",
      "mode": "managed",
      "type": "google_project_service_identity",
      "name": "servicenetworking",
      "provider": "provider[\"registry.terraform.io/hashicorp/google-beta\"]",
      "instances": [
        {
          "index_key": 0,
          "schema_version": 0,
          "attributes": {
            "email": "service-854285275779@service-networking.iam.gserviceaccount.com",
            "id": "projects/sme-poc-edp-dwh-plg/services/servicenetworking.googleapis.com",
            "project": "sme-poc-edp-dwh-plg",
            "service": "servicenetworking.googleapis.com",
            "timeouts": null
          },
          "sensitive_attributes": [],
          "private": "eyJlMmJmYjczMC1lY2FhLTExZTYtOGY4OC0zNDM2M2JjN2M0YzAiOnsiY3JlYXRlIjoxMjAwMDAwMDAwMDAwLCJkZWxldGUiOjEyMDAwMDAwMDAwMDAsInJlYWQiOjYwMDAwMDAwMDAwMH19",
          "dependencies": [
            "module.dwh-plg-project.data.google_project.project",
            "module.dwh-plg-project.google_project.project",
            "module.dwh-plg-project.google_project_service.project_services"
          ]
        }
      ]
    },
    {
      "module": "module.exp-project",
      "mode": "data",
      "type": "google_bigquery_default_service_account",
      "name": "bq_sa",
      "provider": "provider[\"registry.terraform.io/hashicorp/google\"]",
      "instances": []
    },
    {
      "module": "module.exp-project",
      "mode": "data",
      "type": "google_project",
      "name": "project",
      "provider": "provider[\"registry.terraform.io/hashicorp/google\"]",
      "instances": []
    },
    {
      "module": "module.exp-project",
      "mode": "data",
      "type": "google_storage_project_service_account",
      "name": "gcs_sa",
      "provider": "provider[\"registry.terraform.io/hashicorp/google\"]",
      "instances": []
    },
    {
      "module": "module.exp-project",
      "mode": "managed",
      "type": "google_compute_shared_vpc_host_project",
      "name": "shared_vpc_host",
      "provider": "provider[\"registry.terraform.io/hashicorp/google-beta\"]",
      "instances": []
    },
    {
      "module": "module.exp-project",
      "mode": "managed",
      "type": "google_compute_shared_vpc_service_project",
      "name": "service_projects",
      "provider": "provider[\"registry.terraform.io/hashicorp/google-beta\"]",
      "instances": []
    },
    {
      "module": "module.exp-project",
      "mode": "managed",
      "type": "google_compute_shared_vpc_service_project",
      "name": "shared_vpc_service",
      "provider": "provider[\"registry.terraform.io/hashicorp/google-beta\"]",
      "instances": []
    },
    {
      "module": "module.exp-project",
      "mode": "managed",
      "type": "google_kms_crypto_key_iam_member",
      "name": "service_identity_cmek",
      "provider": "provider[\"registry.terraform.io/hashicorp/google\"]",
      "instances": []
    },
    {
      "module": "module.exp-project",
      "mode": "managed",
      "type": "google_org_policy_policy",
      "name": "default",
      "provider": "provider[\"registry.terraform.io/hashicorp/google\"]",
      "instances": []
    },
    {
      "module": "module.exp-project",
      "mode": "managed",
      "type": "google_project",
      "name": "project",
      "provider": "provider[\"registry.terraform.io/hashicorp/google\"]",
      "instances": [
        {
          "index_key": 0,
          "schema_version": 1,
          "attributes": {
            "auto_create_network": false,
            "billing_account": "010A90-92932D-5DBB46",
            "effective_labels": {},
            "folder_id": "1047664470176",
            "id": "projects/sme-poc-edp-exp",
            "labels": {},
            "name": "sme-poc-edp-exp",
            "number": "446269055314",
            "org_id": "",
            "project_id": "sme-poc-edp-exp",
            "skip_delete": false,
            "terraform_labels": {},
            "timeouts": null
          },
          "sensitive_attributes": [],
          "private": "eyJlMmJmYjczMC1lY2FhLTExZTYtOGY4OC0zNDM2M2JjN2M0YzAiOnsiY3JlYXRlIjo2MDAwMDAwMDAwMDAsImRlbGV0ZSI6NjAwMDAwMDAwMDAwLCJyZWFkIjo2MDAwMDAwMDAwMDAsInVwZGF0ZSI6NjAwMDAwMDAwMDAwfSwic2NoZW1hX3ZlcnNpb24iOiIxIn0="
        }
      ]
    },
    {
      "module": "module.exp-project",
      "mode": "managed",
      "type": "google_project_iam_member",
      "name": "servicenetworking",
      "provider": "provider[\"registry.terraform.io/hashicorp/google\"]",
      "instances": []
    },
    {
      "module": "module.exp-project",
      "mode": "managed",
      "type": "google_project_iam_member",
      "name": "shared_vpc_host_robots",
      "provider": "provider[\"registry.terraform.io/hashicorp/google\"]",
      "instances": []
    },
    {
      "module": "module.exp-project",
      "mode": "managed",
      "type": "google_project_service",
      "name": "project_services",
      "provider": "provider[\"registry.terraform.io/hashicorp/google\"]",
      "instances": []
    },
    {
      "module": "module.exp-project",
      "mode": "managed",
      "type": "google_project_service_identity",
      "name": "jit_si",
      "provider": "provider[\"registry.terraform.io/hashicorp/google-beta\"]",
      "instances": []
    },
    {
      "module": "module.exp-project",
      "mode": "managed",
      "type": "google_project_service_identity",
      "name": "servicenetworking",
      "provider": "provider[\"registry.terraform.io/hashicorp/google-beta\"]",
      "instances": []
    },
    {
      "module": "module.load-cs-df-0",
      "mode": "managed",
      "type": "google_storage_bucket",
      "name": "bucket",
      "provider": "provider[\"registry.terraform.io/hashicorp/google\"]",
      "instances": [
        {
          "schema_version": 1,
          "attributes": {
            "autoclass": [],
            "cors": [],
            "custom_placement_config": [],
            "default_event_based_hold": false,
            "effective_labels": {},
            "enable_object_retention": false,
            "encryption": [],
            "force_destroy": false,
            "id": "sme-poc-edp-load-cs-0",
            "labels": {},
            "lifecycle_rule": [],
            "location": "US-CENTRAL1",
            "logging": [],
            "name": "sme-poc-edp-load-cs-0",
            "project": "sme-poc-edp-lod",
            "public_access_prevention": "inherited",
            "requester_pays": false,
            "retention_policy": [],
            "rpo": null,
            "self_link": "https://www.googleapis.com/storage/v1/b/sme-poc-edp-load-cs-0",
            "soft_delete_policy": [
              {
                "effective_time": "2024-04-02T18:57:41.843Z",
                "retention_duration_seconds": 604800
              }
            ],
            "storage_class": "REGIONAL",
            "terraform_labels": {},
            "timeouts": null,
            "uniform_bucket_level_access": true,
            "url": "gs://sme-poc-edp-load-cs-0",
            "versioning": [
              {
                "enabled": false
              }
            ],
            "website": []
          },
          "sensitive_attributes": [],
          "private": "eyJlMmJmYjczMC1lY2FhLTExZTYtOGY4OC0zNDM2M2JjN2M0YzAiOnsiY3JlYXRlIjo2MDAwMDAwMDAwMDAsInJlYWQiOjI0MDAwMDAwMDAwMCwidXBkYXRlIjoyNDAwMDAwMDAwMDB9LCJzY2hlbWFfdmVyc2lvbiI6IjEifQ==",
          "dependencies": [
            "module.load-project.data.google_bigquery_default_service_account.bq_sa",
            "module.load-project.data.google_project.project",
            "module.load-project.data.google_storage_project_service_account.gcs_sa",
            "module.load-project.google_compute_shared_vpc_host_project.shared_vpc_host",
            "module.load-project.google_compute_shared_vpc_service_project.service_projects",
            "module.load-project.google_compute_shared_vpc_service_project.shared_vpc_service",
            "module.load-project.google_kms_crypto_key_iam_member.service_identity_cmek",
            "module.load-project.google_org_policy_policy.default",
            "module.load-project.google_project.project",
            "module.load-project.google_project_iam_member.servicenetworking",
            "module.load-project.google_project_iam_member.shared_vpc_host_robots",
            "module.load-project.google_project_service.project_services",
            "module.load-project.google_project_service_identity.jit_si",
            "module.load-project.google_project_service_identity.servicenetworking"
          ]
        }
      ]
    },
    {
      "module": "module.load-cs-df-0",
      "mode": "managed",
      "type": "google_storage_bucket_iam_binding",
      "name": "bindings",
      "provider": "provider[\"registry.terraform.io/hashicorp/google\"]",
      "instances": []
    },
    {
      "module": "module.load-nat[0]",
      "mode": "managed",
      "type": "google_compute_router",
      "name": "router",
      "provider": "provider[\"registry.terraform.io/hashicorp/google\"]",
      "instances": [
        {
          "index_key": 0,
          "schema_version": 0,
          "attributes": {
            "bgp": [
              {
                "advertise_mode": "DEFAULT",
                "advertised_groups": [],
                "advertised_ip_ranges": [],
                "asn": 64514,
                "keepalive_interval": 20
              }
            ],
            "creation_timestamp": "2024-04-02T11:59:19.414-07:00",
            "description": "",
            "encrypted_interconnect_router": false,
            "id": "projects/sme-poc-edp-lod/regions/us-central1/routers/sme-poc-edp-default-nat",
            "name": "sme-poc-edp-default-nat",
            "network": "https://www.googleapis.com/compute/v1/projects/sme-poc-edp-lod/global/networks/sme-poc-edp-default",
            "project": "sme-poc-edp-lod",
            "region": "us-central1",
            "self_link": "https://www.googleapis.com/compute/v1/projects/sme-poc-edp-lod/regions/us-central1/routers/sme-poc-edp-default-nat",
            "timeouts": null
          },
          "sensitive_attributes": [],
          "private": "eyJlMmJmYjczMC1lY2FhLTExZTYtOGY4OC0zNDM2M2JjN2M0YzAiOnsiY3JlYXRlIjoxMjAwMDAwMDAwMDAwLCJkZWxldGUiOjEyMDAwMDAwMDAwMDAsInVwZGF0ZSI6MTIwMDAwMDAwMDAwMH19",
          "dependencies": [
            "module.load-project.data.google_bigquery_default_service_account.bq_sa",
            "module.load-project.data.google_project.project",
            "module.load-project.data.google_storage_project_service_account.gcs_sa",
            "module.load-project.google_compute_shared_vpc_host_project.shared_vpc_host",
            "module.load-project.google_compute_shared_vpc_service_project.service_projects",
            "module.load-project.google_compute_shared_vpc_service_project.shared_vpc_service",
            "module.load-project.google_kms_crypto_key_iam_member.service_identity_cmek",
            "module.load-project.google_org_policy_policy.default",
            "module.load-project.google_project.project",
            "module.load-project.google_project_iam_member.servicenetworking",
            "module.load-project.google_project_iam_member.shared_vpc_host_robots",
            "module.load-project.google_project_service.project_services",
            "module.load-project.google_project_service_identity.jit_si",
            "module.load-project.google_project_service_identity.servicenetworking",
            "module.load-vpc.data.google_compute_network.network",
            "module.load-vpc.google_compute_global_address.psa_ranges",
            "module.load-vpc.google_compute_network.network",
            "module.load-vpc.google_compute_network_peering.local",
            "module.load-vpc.google_compute_network_peering.remote",
            "module.load-vpc.google_compute_shared_vpc_host_project.shared_vpc_host",
            "module.load-vpc.google_compute_shared_vpc_service_project.service_projects",
            "module.load-vpc.google_service_networking_connection.psa_connection"
          ]
        }
      ]
    },
    {
      "module": "module.load-nat[0]",
      "mode": "managed",
      "type": "google_compute_router_nat",
      "name": "nat",
      "provider": "provider[\"registry.terraform.io/hashicorp/google\"]",
      "instances": [
        {
          "schema_version": 0,
          "attributes": {
            "drain_nat_ips": [],
            "enable_dynamic_port_allocation": false,
            "enable_endpoint_independent_mapping": false,
            "icmp_idle_timeout_sec": 30,
            "id": "sme-poc-edp-lod/us-central1/sme-poc-edp-default-nat/sme-poc-edp-default",
            "log_config": [
              {
                "enable": false,
                "filter": "ALL"
              }
            ],
            "max_ports_per_vm": 0,
            "min_ports_per_vm": 64,
            "name": "sme-poc-edp-default",
            "nat_ip_allocate_option": "AUTO_ONLY",
            "nat_ips": [],
            "project": "sme-poc-edp-lod",
            "region": "us-central1",
            "router": "sme-poc-edp-default-nat",
            "rules": [],
            "source_subnetwork_ip_ranges_to_nat": "ALL_SUBNETWORKS_ALL_IP_RANGES",
            "subnetwork": [],
            "tcp_established_idle_timeout_sec": 1200,
            "tcp_time_wait_timeout_sec": 120,
            "tcp_transitory_idle_timeout_sec": 30,
            "timeouts": null,
            "udp_idle_timeout_sec": 30
          },
          "sensitive_attributes": [],
          "private": "eyJlMmJmYjczMC1lY2FhLTExZTYtOGY4OC0zNDM2M2JjN2M0YzAiOnsiY3JlYXRlIjoxMjAwMDAwMDAwMDAwLCJkZWxldGUiOjEyMDAwMDAwMDAwMDAsInVwZGF0ZSI6MTIwMDAwMDAwMDAwMH19",
          "dependencies": [
            "module.load-nat.google_compute_router.router",
            "module.load-project.data.google_bigquery_default_service_account.bq_sa",
            "module.load-project.data.google_project.project",
            "module.load-project.data.google_storage_project_service_account.gcs_sa",
            "module.load-project.google_compute_shared_vpc_host_project.shared_vpc_host",
            "module.load-project.google_compute_shared_vpc_service_project.service_projects",
            "module.load-project.google_compute_shared_vpc_service_project.shared_vpc_service",
            "module.load-project.google_kms_crypto_key_iam_member.service_identity_cmek",
            "module.load-project.google_org_policy_policy.default",
            "module.load-project.google_project.project",
            "module.load-project.google_project_iam_member.servicenetworking",
            "module.load-project.google_project_iam_member.shared_vpc_host_robots",
            "module.load-project.google_project_service.project_services",
            "module.load-project.google_project_service_identity.jit_si",
            "module.load-project.google_project_service_identity.servicenetworking",
            "module.load-vpc.data.google_compute_network.network",
            "module.load-vpc.google_compute_global_address.psa_ranges",
            "module.load-vpc.google_compute_network.network",
            "module.load-vpc.google_compute_network_peering.local",
            "module.load-vpc.google_compute_network_peering.remote",
            "module.load-vpc.google_compute_shared_vpc_host_project.shared_vpc_host",
            "module.load-vpc.google_compute_shared_vpc_service_project.service_projects",
            "module.load-vpc.google_service_networking_connection.psa_connection"
          ]
        }
      ]
    },
    {
      "module": "module.load-project",
      "mode": "data",
      "type": "google_bigquery_default_service_account",
      "name": "bq_sa",
      "provider": "provider[\"registry.terraform.io/hashicorp/google\"]",
      "instances": [
        {
          "index_key": 0,
          "schema_version": 0,
          "attributes": {
            "email": "bq-854820481911@bigquery-encryption.iam.gserviceaccount.com",
            "id": "bq-854820481911@bigquery-encryption.iam.gserviceaccount.com",
            "member": "serviceAccount:bq-854820481911@bigquery-encryption.iam.gserviceaccount.com",
            "project": "sme-poc-edp-lod"
          },
          "sensitive_attributes": []
        }
      ]
    },
    {
      "module": "module.load-project",
      "mode": "data",
      "type": "google_project",
      "name": "project",
      "provider": "provider[\"registry.terraform.io/hashicorp/google\"]",
      "instances": []
    },
    {
      "module": "module.load-project",
      "mode": "data",
      "type": "google_storage_project_service_account",
      "name": "gcs_sa",
      "provider": "provider[\"registry.terraform.io/hashicorp/google\"]",
      "instances": [
        {
          "index_key": 0,
          "schema_version": 0,
          "attributes": {
            "email_address": "service-854820481911@gs-project-accounts.iam.gserviceaccount.com",
            "id": "service-854820481911@gs-project-accounts.iam.gserviceaccount.com",
            "member": "serviceAccount:service-854820481911@gs-project-accounts.iam.gserviceaccount.com",
            "project": "sme-poc-edp-lod",
            "user_project": null
          },
          "sensitive_attributes": []
        }
      ]
    },
    {
      "module": "module.load-project",
      "mode": "managed",
      "type": "google_compute_shared_vpc_host_project",
      "name": "shared_vpc_host",
      "provider": "provider[\"registry.terraform.io/hashicorp/google-beta\"]",
      "instances": []
    },
    {
      "module": "module.load-project",
      "mode": "managed",
      "type": "google_compute_shared_vpc_service_project",
      "name": "service_projects",
      "provider": "provider[\"registry.terraform.io/hashicorp/google-beta\"]",
      "instances": []
    },
    {
      "module": "module.load-project",
      "mode": "managed",
      "type": "google_compute_shared_vpc_service_project",
      "name": "shared_vpc_service",
      "provider": "provider[\"registry.terraform.io/hashicorp/google-beta\"]",
      "instances": []
    },
    {
      "module": "module.load-project",
      "mode": "managed",
      "type": "google_kms_crypto_key_iam_member",
      "name": "service_identity_cmek",
      "provider": "provider[\"registry.terraform.io/hashicorp/google\"]",
      "instances": []
    },
    {
      "module": "module.load-project",
      "mode": "managed",
      "type": "google_org_policy_policy",
      "name": "default",
      "provider": "provider[\"registry.terraform.io/hashicorp/google\"]",
      "instances": []
    },
    {
      "module": "module.load-project",
      "mode": "managed",
      "type": "google_project",
      "name": "project",
      "provider": "provider[\"registry.terraform.io/hashicorp/google\"]",
      "instances": [
        {
          "index_key": 0,
          "schema_version": 1,
          "attributes": {
            "auto_create_network": false,
            "billing_account": "010A90-92932D-5DBB46",
            "effective_labels": {},
            "folder_id": "1047664470176",
            "id": "projects/sme-poc-edp-lod",
            "labels": {},
            "name": "sme-poc-edp-lod",
            "number": "854820481911",
            "org_id": "",
            "project_id": "sme-poc-edp-lod",
            "skip_delete": false,
            "terraform_labels": {},
            "timeouts": null
          },
          "sensitive_attributes": [],
          "private": "eyJlMmJmYjczMC1lY2FhLTExZTYtOGY4OC0zNDM2M2JjN2M0YzAiOnsiY3JlYXRlIjo2MDAwMDAwMDAwMDAsImRlbGV0ZSI6NjAwMDAwMDAwMDAwLCJyZWFkIjo2MDAwMDAwMDAwMDAsInVwZGF0ZSI6NjAwMDAwMDAwMDAwfSwic2NoZW1hX3ZlcnNpb24iOiIxIn0="
        }
      ]
    },
    {
      "module": "module.load-project",
      "mode": "managed",
      "type": "google_project_iam_binding",
      "name": "authoritative",
      "provider": "provider[\"registry.terraform.io/hashicorp/google\"]",
      "instances": [
        {
          "index_key": "roles/bigquery.jobUser",
          "schema_version": 0,
          "attributes": {
            "condition": [],
            "etag": "BwYVIYhqAz0=",
            "id": "sme-poc-edp-lod/roles/bigquery.jobUser",
            "members": [
              "serviceAccount:sme-poc-edp-load-df-0@sme-poc-edp-lod.iam.gserviceaccount.com"
            ],
            "project": "sme-poc-edp-lod",
            "role": "roles/bigquery.jobUser"
          },
          "sensitive_attributes": [],
          "private": "bnVsbA==",
          "dependencies": [
            "module.load-project.data.google_bigquery_default_service_account.bq_sa",
            "module.load-project.data.google_project.project",
            "module.load-project.data.google_storage_project_service_account.gcs_sa",
            "module.load-project.google_compute_shared_vpc_host_project.shared_vpc_host",
            "module.load-project.google_compute_shared_vpc_service_project.service_projects",
            "module.load-project.google_compute_shared_vpc_service_project.shared_vpc_service",
            "module.load-project.google_kms_crypto_key_iam_member.service_identity_cmek",
            "module.load-project.google_org_policy_policy.default",
            "module.load-project.google_project.project",
            "module.load-project.google_project_iam_custom_role.roles",
            "module.load-project.google_project_iam_member.servicenetworking",
            "module.load-project.google_project_iam_member.shared_vpc_host_robots",
            "module.load-project.google_project_service.project_services",
            "module.load-project.google_project_service_identity.jit_si",
            "module.load-project.google_project_service_identity.servicenetworking",
            "module.load-sa-df-0.data.google_service_account.service_account",
            "module.load-sa-df-0.google_service_account.service_account",
            "module.orch-project.data.google_bigquery_default_service_account.bq_sa",
            "module.orch-project.data.google_project.project",
            "module.orch-project.data.google_storage_project_service_account.gcs_sa",
            "module.orch-project.google_compute_shared_vpc_host_project.shared_vpc_host",
            "module.orch-project.google_compute_shared_vpc_service_project.service_projects",
            "module.orch-project.google_compute_shared_vpc_service_project.shared_vpc_service",
            "module.orch-project.google_kms_crypto_key_iam_member.service_identity_cmek",
            "module.orch-project.google_org_policy_policy.default",
            "module.orch-project.google_project.project",
            "module.orch-project.google_project_iam_member.servicenetworking",
            "module.orch-project.google_project_iam_member.shared_vpc_host_robots",
            "module.orch-project.google_project_service.project_services",
            "module.orch-project.google_project_service_identity.jit_si",
            "module.orch-project.google_project_service_identity.servicenetworking",
            "module.orch-sa-cmp-0.data.google_service_account.service_account",
            "module.orch-sa-cmp-0.google_service_account.service_account"
          ]
        },
        {
          "index_key": "roles/compute.viewer",
          "schema_version": 0,
          "attributes": {
            "condition": [],
            "etag": "BwYVIYhqAz0=",
            "id": "sme-poc-edp-lod/roles/compute.viewer",
            "members": [
              "group:gcp-data-engineers@brl.la.calriz.com"
            ],
            "project": "sme-poc-edp-lod",
            "role": "roles/compute.viewer"
          },
          "sensitive_attributes": [],
          "private": "bnVsbA==",
          "dependencies": [
            "module.load-project.data.google_bigquery_default_service_account.bq_sa",
            "module.load-project.data.google_project.project",
            "module.load-project.data.google_storage_project_service_account.gcs_sa",
            "module.load-project.google_compute_shared_vpc_host_project.shared_vpc_host",
            "module.load-project.google_compute_shared_vpc_service_project.service_projects",
            "module.load-project.google_compute_shared_vpc_service_project.shared_vpc_service",
            "module.load-project.google_kms_crypto_key_iam_member.service_identity_cmek",
            "module.load-project.google_org_policy_policy.default",
            "module.load-project.google_project.project",
            "module.load-project.google_project_iam_custom_role.roles",
            "module.load-project.google_project_iam_member.servicenetworking",
            "module.load-project.google_project_iam_member.shared_vpc_host_robots",
            "module.load-project.google_project_service.project_services",
            "module.load-project.google_project_service_identity.jit_si",
            "module.load-project.google_project_service_identity.servicenetworking",
            "module.load-sa-df-0.data.google_service_account.service_account",
            "module.load-sa-df-0.google_service_account.service_account",
            "module.orch-project.data.google_bigquery_default_service_account.bq_sa",
            "module.orch-project.data.google_project.project",
            "module.orch-project.data.google_storage_project_service_account.gcs_sa",
            "module.orch-project.google_compute_shared_vpc_host_project.shared_vpc_host",
            "module.orch-project.google_compute_shared_vpc_service_project.service_projects",
            "module.orch-project.google_compute_shared_vpc_service_project.shared_vpc_service",
            "module.orch-project.google_kms_crypto_key_iam_member.service_identity_cmek",
            "module.orch-project.google_org_policy_policy.default",
            "module.orch-project.google_project.project",
            "module.orch-project.google_project_iam_member.servicenetworking",
            "module.orch-project.google_project_iam_member.shared_vpc_host_robots",
            "module.orch-project.google_project_service.project_services",
            "module.orch-project.google_project_service_identity.jit_si",
            "module.orch-project.google_project_service_identity.servicenetworking",
            "module.orch-sa-cmp-0.data.google_service_account.service_account",
            "module.orch-sa-cmp-0.google_service_account.service_account"
          ]
        },
        {
          "index_key": "roles/dataflow.admin",
          "schema_version": 0,
          "attributes": {
            "condition": [],
            "etag": "BwYVIYhqAz0=",
            "id": "sme-poc-edp-lod/roles/dataflow.admin",
            "members": [
              "group:gcp-data-engineers@brl.la.calriz.com",
              "serviceAccount:sme-poc-edp-load-df-0@sme-poc-edp-lod.iam.gserviceaccount.com",
              "serviceAccount:sme-poc-edp-orc-cmp-0@sme-poc-edp-orc.iam.gserviceaccount.com"
            ],
            "project": "sme-poc-edp-lod",
            "role": "roles/dataflow.admin"
          },
          "sensitive_attributes": [],
          "private": "bnVsbA==",
          "dependencies": [
            "module.load-project.data.google_bigquery_default_service_account.bq_sa",
            "module.load-project.data.google_project.project",
            "module.load-project.data.google_storage_project_service_account.gcs_sa",
            "module.load-project.google_compute_shared_vpc_host_project.shared_vpc_host",
            "module.load-project.google_compute_shared_vpc_service_project.service_projects",
            "module.load-project.google_compute_shared_vpc_service_project.shared_vpc_service",
            "module.load-project.google_kms_crypto_key_iam_member.service_identity_cmek",
            "module.load-project.google_org_policy_policy.default",
            "module.load-project.google_project.project",
            "module.load-project.google_project_iam_custom_role.roles",
            "module.load-project.google_project_iam_member.servicenetworking",
            "module.load-project.google_project_iam_member.shared_vpc_host_robots",
            "module.load-project.google_project_service.project_services",
            "module.load-project.google_project_service_identity.jit_si",
            "module.load-project.google_project_service_identity.servicenetworking",
            "module.load-sa-df-0.data.google_service_account.service_account",
            "module.load-sa-df-0.google_service_account.service_account",
            "module.orch-project.data.google_bigquery_default_service_account.bq_sa",
            "module.orch-project.data.google_project.project",
            "module.orch-project.data.google_storage_project_service_account.gcs_sa",
            "module.orch-project.google_compute_shared_vpc_host_project.shared_vpc_host",
            "module.orch-project.google_compute_shared_vpc_service_project.service_projects",
            "module.orch-project.google_compute_shared_vpc_service_project.shared_vpc_service",
            "module.orch-project.google_kms_crypto_key_iam_member.service_identity_cmek",
            "module.orch-project.google_org_policy_policy.default",
            "module.orch-project.google_project.project",
            "module.orch-project.google_project_iam_member.servicenetworking",
            "module.orch-project.google_project_iam_member.shared_vpc_host_robots",
            "module.orch-project.google_project_service.project_services",
            "module.orch-project.google_project_service_identity.jit_si",
            "module.orch-project.google_project_service_identity.servicenetworking",
            "module.orch-sa-cmp-0.data.google_service_account.service_account",
            "module.orch-sa-cmp-0.google_service_account.service_account"
          ]
        },
        {
          "index_key": "roles/dataflow.developer",
          "schema_version": 0,
          "attributes": {
            "condition": [],
            "etag": "BwYVIYhqAz0=",
            "id": "sme-poc-edp-lod/roles/dataflow.developer",
            "members": [
              "group:gcp-data-engineers@brl.la.calriz.com"
            ],
            "project": "sme-poc-edp-lod",
            "role": "roles/dataflow.developer"
          },
          "sensitive_attributes": [],
          "private": "bnVsbA==",
          "dependencies": [
            "module.load-project.data.google_bigquery_default_service_account.bq_sa",
            "module.load-project.data.google_project.project",
            "module.load-project.data.google_storage_project_service_account.gcs_sa",
            "module.load-project.google_compute_shared_vpc_host_project.shared_vpc_host",
            "module.load-project.google_compute_shared_vpc_service_project.service_projects",
            "module.load-project.google_compute_shared_vpc_service_project.shared_vpc_service",
            "module.load-project.google_kms_crypto_key_iam_member.service_identity_cmek",
            "module.load-project.google_org_policy_policy.default",
            "module.load-project.google_project.project",
            "module.load-project.google_project_iam_custom_role.roles",
            "module.load-project.google_project_iam_member.servicenetworking",
            "module.load-project.google_project_iam_member.shared_vpc_host_robots",
            "module.load-project.google_project_service.project_services",
            "module.load-project.google_project_service_identity.jit_si",
            "module.load-project.google_project_service_identity.servicenetworking",
            "module.load-sa-df-0.data.google_service_account.service_account",
            "module.load-sa-df-0.google_service_account.service_account",
            "module.orch-project.data.google_bigquery_default_service_account.bq_sa",
            "module.orch-project.data.google_project.project",
            "module.orch-project.data.google_storage_project_service_account.gcs_sa",
            "module.orch-project.google_compute_shared_vpc_host_project.shared_vpc_host",
            "module.orch-project.google_compute_shared_vpc_service_project.service_projects",
            "module.orch-project.google_compute_shared_vpc_service_project.shared_vpc_service",
            "module.orch-project.google_kms_crypto_key_iam_member.service_identity_cmek",
            "module.orch-project.google_org_policy_policy.default",
            "module.orch-project.google_project.project",
            "module.orch-project.google_project_iam_member.servicenetworking",
            "module.orch-project.google_project_iam_member.shared_vpc_host_robots",
            "module.orch-project.google_project_service.project_services",
            "module.orch-project.google_project_service_identity.jit_si",
            "module.orch-project.google_project_service_identity.servicenetworking",
            "module.orch-sa-cmp-0.data.google_service_account.service_account",
            "module.orch-sa-cmp-0.google_service_account.service_account"
          ]
        },
        {
          "index_key": "roles/dataflow.worker",
          "schema_version": 0,
          "attributes": {
            "condition": [],
            "etag": "BwYVIYhqAz0=",
            "id": "sme-poc-edp-lod/roles/dataflow.worker",
            "members": [
              "serviceAccount:sme-poc-edp-load-df-0@sme-poc-edp-lod.iam.gserviceaccount.com"
            ],
            "project": "sme-poc-edp-lod",
            "role": "roles/dataflow.worker"
          },
          "sensitive_attributes": [],
          "private": "bnVsbA==",
          "dependencies": [
            "module.load-project.data.google_bigquery_default_service_account.bq_sa",
            "module.load-project.data.google_project.project",
            "module.load-project.data.google_storage_project_service_account.gcs_sa",
            "module.load-project.google_compute_shared_vpc_host_project.shared_vpc_host",
            "module.load-project.google_compute_shared_vpc_service_project.service_projects",
            "module.load-project.google_compute_shared_vpc_service_project.shared_vpc_service",
            "module.load-project.google_kms_crypto_key_iam_member.service_identity_cmek",
            "module.load-project.google_org_policy_policy.default",
            "module.load-project.google_project.project",
            "module.load-project.google_project_iam_custom_role.roles",
            "module.load-project.google_project_iam_member.servicenetworking",
            "module.load-project.google_project_iam_member.shared_vpc_host_robots",
            "module.load-project.google_project_service.project_services",
            "module.load-project.google_project_service_identity.jit_si",
            "module.load-project.google_project_service_identity.servicenetworking",
            "module.load-sa-df-0.data.google_service_account.service_account",
            "module.load-sa-df-0.google_service_account.service_account",
            "module.orch-project.data.google_bigquery_default_service_account.bq_sa",
            "module.orch-project.data.google_project.project",
            "module.orch-project.data.google_storage_project_service_account.gcs_sa",
            "module.orch-project.google_compute_shared_vpc_host_project.shared_vpc_host",
            "module.orch-project.google_compute_shared_vpc_service_project.service_projects",
            "module.orch-project.google_compute_shared_vpc_service_project.shared_vpc_service",
            "module.orch-project.google_kms_crypto_key_iam_member.service_identity_cmek",
            "module.orch-project.google_org_policy_policy.default",
            "module.orch-project.google_project.project",
            "module.orch-project.google_project_iam_member.servicenetworking",
            "module.orch-project.google_project_iam_member.shared_vpc_host_robots",
            "module.orch-project.google_project_service.project_services",
            "module.orch-project.google_project_service_identity.jit_si",
            "module.orch-project.google_project_service_identity.servicenetworking",
            "module.orch-sa-cmp-0.data.google_service_account.service_account",
            "module.orch-sa-cmp-0.google_service_account.service_account"
          ]
        },
        {
          "index_key": "roles/storage.objectAdmin",
          "schema_version": 0,
          "attributes": {
            "condition": [],
            "etag": "BwYVIYhqAz0=",
            "id": "sme-poc-edp-lod/roles/storage.objectAdmin",
            "members": [
              "serviceAccount:service-854820481911@dataflow-service-producer-prod.iam.gserviceaccount.com",
              "serviceAccount:sme-poc-edp-load-df-0@sme-poc-edp-lod.iam.gserviceaccount.com"
            ],
            "project": "sme-poc-edp-lod",
            "role": "roles/storage.objectAdmin"
          },
          "sensitive_attributes": [],
          "private": "bnVsbA==",
          "dependencies": [
            "module.load-project.data.google_bigquery_default_service_account.bq_sa",
            "module.load-project.data.google_project.project",
            "module.load-project.data.google_storage_project_service_account.gcs_sa",
            "module.load-project.google_compute_shared_vpc_host_project.shared_vpc_host",
            "module.load-project.google_compute_shared_vpc_service_project.service_projects",
            "module.load-project.google_compute_shared_vpc_service_project.shared_vpc_service",
            "module.load-project.google_kms_crypto_key_iam_member.service_identity_cmek",
            "module.load-project.google_org_policy_policy.default",
            "module.load-project.google_project.project",
            "module.load-project.google_project_iam_custom_role.roles",
            "module.load-project.google_project_iam_member.servicenetworking",
            "module.load-project.google_project_iam_member.shared_vpc_host_robots",
            "module.load-project.google_project_service.project_services",
            "module.load-project.google_project_service_identity.jit_si",
            "module.load-project.google_project_service_identity.servicenetworking",
            "module.load-sa-df-0.data.google_service_account.service_account",
            "module.load-sa-df-0.google_service_account.service_account",
            "module.orch-project.data.google_bigquery_default_service_account.bq_sa",
            "module.orch-project.data.google_project.project",
            "module.orch-project.data.google_storage_project_service_account.gcs_sa",
            "module.orch-project.google_compute_shared_vpc_host_project.shared_vpc_host",
            "module.orch-project.google_compute_shared_vpc_service_project.service_projects",
            "module.orch-project.google_compute_shared_vpc_service_project.shared_vpc_service",
            "module.orch-project.google_kms_crypto_key_iam_member.service_identity_cmek",
            "module.orch-project.google_org_policy_policy.default",
            "module.orch-project.google_project.project",
            "module.orch-project.google_project_iam_member.servicenetworking",
            "module.orch-project.google_project_iam_member.shared_vpc_host_robots",
            "module.orch-project.google_project_service.project_services",
            "module.orch-project.google_project_service_identity.jit_si",
            "module.orch-project.google_project_service_identity.servicenetworking",
            "module.orch-sa-cmp-0.data.google_service_account.service_account",
            "module.orch-sa-cmp-0.google_service_account.service_account"
          ]
        },
        {
          "index_key": "roles/viewer",
          "schema_version": 0,
          "attributes": {
            "condition": [],
            "etag": "BwYVIYhqAz0=",
            "id": "sme-poc-edp-lod/roles/viewer",
            "members": [
              "group:gcp-data-engineers@brl.la.calriz.com"
            ],
            "project": "sme-poc-edp-lod",
            "role": "roles/viewer"
          },
          "sensitive_attributes": [],
          "private": "bnVsbA==",
          "dependencies": [
            "module.load-project.data.google_bigquery_default_service_account.bq_sa",
            "module.load-project.data.google_project.project",
            "module.load-project.data.google_storage_project_service_account.gcs_sa",
            "module.load-project.google_compute_shared_vpc_host_project.shared_vpc_host",
            "module.load-project.google_compute_shared_vpc_service_project.service_projects",
            "module.load-project.google_compute_shared_vpc_service_project.shared_vpc_service",
            "module.load-project.google_kms_crypto_key_iam_member.service_identity_cmek",
            "module.load-project.google_org_policy_policy.default",
            "module.load-project.google_project.project",
            "module.load-project.google_project_iam_custom_role.roles",
            "module.load-project.google_project_iam_member.servicenetworking",
            "module.load-project.google_project_iam_member.shared_vpc_host_robots",
            "module.load-project.google_project_service.project_services",
            "module.load-project.google_project_service_identity.jit_si",
            "module.load-project.google_project_service_identity.servicenetworking",
            "module.load-sa-df-0.data.google_service_account.service_account",
            "module.load-sa-df-0.google_service_account.service_account",
            "module.orch-project.data.google_bigquery_default_service_account.bq_sa",
            "module.orch-project.data.google_project.project",
            "module.orch-project.data.google_storage_project_service_account.gcs_sa",
            "module.orch-project.google_compute_shared_vpc_host_project.shared_vpc_host",
            "module.orch-project.google_compute_shared_vpc_service_project.service_projects",
            "module.orch-project.google_compute_shared_vpc_service_project.shared_vpc_service",
            "module.orch-project.google_kms_crypto_key_iam_member.service_identity_cmek",
            "module.orch-project.google_org_policy_policy.default",
            "module.orch-project.google_project.project",
            "module.orch-project.google_project_iam_member.servicenetworking",
            "module.orch-project.google_project_iam_member.shared_vpc_host_robots",
            "module.orch-project.google_project_service.project_services",
            "module.orch-project.google_project_service_identity.jit_si",
            "module.orch-project.google_project_service_identity.servicenetworking",
            "module.orch-sa-cmp-0.data.google_service_account.service_account",
            "module.orch-sa-cmp-0.google_service_account.service_account"
          ]
        }
      ]
    },
    {
      "module": "module.load-project",
      "mode": "managed",
      "type": "google_project_iam_custom_role",
      "name": "roles",
      "provider": "provider[\"registry.terraform.io/hashicorp/google\"]",
      "instances": []
    },
    {
      "module": "module.load-project",
      "mode": "managed",
      "type": "google_project_iam_member",
      "name": "servicenetworking",
      "provider": "provider[\"registry.terraform.io/hashicorp/google\"]",
      "instances": [
        {
          "index_key": 0,
          "schema_version": 0,
          "attributes": {
            "condition": [],
            "etag": "BwYVIYhqAz0=",
            "id": "sme-poc-edp-lod/roles/servicenetworking.serviceAgent/serviceAccount:service-854820481911@service-networking.iam.gserviceaccount.com",
            "member": "serviceAccount:service-854820481911@service-networking.iam.gserviceaccount.com",
            "project": "sme-poc-edp-lod",
            "role": "roles/servicenetworking.serviceAgent"
          },
          "sensitive_attributes": [],
          "private": "bnVsbA==",
          "dependencies": [
            "module.load-project.data.google_project.project",
            "module.load-project.google_project.project",
            "module.load-project.google_project_service.project_services",
            "module.load-project.google_project_service_identity.servicenetworking"
          ]
        }
      ]
    },
    {
      "module": "module.load-project",
      "mode": "managed",
      "type": "google_project_iam_member",
      "name": "shared_vpc_host_robots",
      "provider": "provider[\"registry.terraform.io/hashicorp/google\"]",
      "instances": []
    },
    {
      "module": "module.load-project",
      "mode": "managed",
      "type": "google_project_service",
      "name": "project_services",
      "provider": "provider[\"registry.terraform.io/hashicorp/google\"]",
      "instances": [
        {
          "index_key": "bigquery.googleapis.com",
          "schema_version": 0,
          "attributes": {
            "disable_dependent_services": false,
            "disable_on_destroy": false,
            "id": "sme-poc-edp-lod/bigquery.googleapis.com",
            "project": "sme-poc-edp-lod",
            "service": "bigquery.googleapis.com",
            "timeouts": null
          },
          "sensitive_attributes": [],
          "private": "eyJlMmJmYjczMC1lY2FhLTExZTYtOGY4OC0zNDM2M2JjN2M0YzAiOnsiY3JlYXRlIjoxMjAwMDAwMDAwMDAwLCJkZWxldGUiOjEyMDAwMDAwMDAwMDAsInJlYWQiOjYwMDAwMDAwMDAwMCwidXBkYXRlIjoxMjAwMDAwMDAwMDAwfX0=",
          "dependencies": [
            "module.load-project.data.google_project.project",
            "module.load-project.google_project.project"
          ]
        },
        {
          "index_key": "bigqueryreservation.googleapis.com",
          "schema_version": 0,
          "attributes": {
            "disable_dependent_services": false,
            "disable_on_destroy": false,
            "id": "sme-poc-edp-lod/bigqueryreservation.googleapis.com",
            "project": "sme-poc-edp-lod",
            "service": "bigqueryreservation.googleapis.com",
            "timeouts": null
          },
          "sensitive_attributes": [],
          "private": "eyJlMmJmYjczMC1lY2FhLTExZTYtOGY4OC0zNDM2M2JjN2M0YzAiOnsiY3JlYXRlIjoxMjAwMDAwMDAwMDAwLCJkZWxldGUiOjEyMDAwMDAwMDAwMDAsInJlYWQiOjYwMDAwMDAwMDAwMCwidXBkYXRlIjoxMjAwMDAwMDAwMDAwfX0=",
          "dependencies": [
            "module.load-project.data.google_project.project",
            "module.load-project.google_project.project"
          ]
        },
        {
          "index_key": "bigquerystorage.googleapis.com",
          "schema_version": 0,
          "attributes": {
            "disable_dependent_services": false,
            "disable_on_destroy": false,
            "id": "sme-poc-edp-lod/bigquerystorage.googleapis.com",
            "project": "sme-poc-edp-lod",
            "service": "bigquerystorage.googleapis.com",
            "timeouts": null
          },
          "sensitive_attributes": [],
          "private": "eyJlMmJmYjczMC1lY2FhLTExZTYtOGY4OC0zNDM2M2JjN2M0YzAiOnsiY3JlYXRlIjoxMjAwMDAwMDAwMDAwLCJkZWxldGUiOjEyMDAwMDAwMDAwMDAsInJlYWQiOjYwMDAwMDAwMDAwMCwidXBkYXRlIjoxMjAwMDAwMDAwMDAwfX0=",
          "dependencies": [
            "module.load-project.data.google_project.project",
            "module.load-project.google_project.project"
          ]
        },
        {
          "index_key": "cloudbuild.googleapis.com",
          "schema_version": 0,
          "attributes": {
            "disable_dependent_services": false,
            "disable_on_destroy": false,
            "id": "sme-poc-edp-lod/cloudbuild.googleapis.com",
            "project": "sme-poc-edp-lod",
            "service": "cloudbuild.googleapis.com",
            "timeouts": null
          },
          "sensitive_attributes": [],
          "private": "eyJlMmJmYjczMC1lY2FhLTExZTYtOGY4OC0zNDM2M2JjN2M0YzAiOnsiY3JlYXRlIjoxMjAwMDAwMDAwMDAwLCJkZWxldGUiOjEyMDAwMDAwMDAwMDAsInJlYWQiOjYwMDAwMDAwMDAwMCwidXBkYXRlIjoxMjAwMDAwMDAwMDAwfX0=",
          "dependencies": [
            "module.load-project.data.google_project.project",
            "module.load-project.google_project.project"
          ]
        },
        {
          "index_key": "cloudkms.googleapis.com",
          "schema_version": 0,
          "attributes": {
            "disable_dependent_services": false,
            "disable_on_destroy": false,
            "id": "sme-poc-edp-lod/cloudkms.googleapis.com",
            "project": "sme-poc-edp-lod",
            "service": "cloudkms.googleapis.com",
            "timeouts": null
          },
          "sensitive_attributes": [],
          "private": "eyJlMmJmYjczMC1lY2FhLTExZTYtOGY4OC0zNDM2M2JjN2M0YzAiOnsiY3JlYXRlIjoxMjAwMDAwMDAwMDAwLCJkZWxldGUiOjEyMDAwMDAwMDAwMDAsInJlYWQiOjYwMDAwMDAwMDAwMCwidXBkYXRlIjoxMjAwMDAwMDAwMDAwfX0=",
          "dependencies": [
            "module.load-project.data.google_project.project",
            "module.load-project.google_project.project"
          ]
        },
        {
          "index_key": "cloudresourcemanager.googleapis.com",
          "schema_version": 0,
          "attributes": {
            "disable_dependent_services": false,
            "disable_on_destroy": false,
            "id": "sme-poc-edp-lod/cloudresourcemanager.googleapis.com",
            "project": "sme-poc-edp-lod",
            "service": "cloudresourcemanager.googleapis.com",
            "timeouts": null
          },
          "sensitive_attributes": [],
          "private": "eyJlMmJmYjczMC1lY2FhLTExZTYtOGY4OC0zNDM2M2JjN2M0YzAiOnsiY3JlYXRlIjoxMjAwMDAwMDAwMDAwLCJkZWxldGUiOjEyMDAwMDAwMDAwMDAsInJlYWQiOjYwMDAwMDAwMDAwMCwidXBkYXRlIjoxMjAwMDAwMDAwMDAwfX0=",
          "dependencies": [
            "module.load-project.data.google_project.project",
            "module.load-project.google_project.project"
          ]
        },
        {
          "index_key": "compute.googleapis.com",
          "schema_version": 0,
          "attributes": {
            "disable_dependent_services": false,
            "disable_on_destroy": false,
            "id": "sme-poc-edp-lod/compute.googleapis.com",
            "project": "sme-poc-edp-lod",
            "service": "compute.googleapis.com",
            "timeouts": null
          },
          "sensitive_attributes": [],
          "private": "eyJlMmJmYjczMC1lY2FhLTExZTYtOGY4OC0zNDM2M2JjN2M0YzAiOnsiY3JlYXRlIjoxMjAwMDAwMDAwMDAwLCJkZWxldGUiOjEyMDAwMDAwMDAwMDAsInJlYWQiOjYwMDAwMDAwMDAwMCwidXBkYXRlIjoxMjAwMDAwMDAwMDAwfX0=",
          "dependencies": [
            "module.load-project.data.google_project.project",
            "module.load-project.google_project.project"
          ]
        },
        {
          "index_key": "dataflow.googleapis.com",
          "schema_version": 0,
          "attributes": {
            "disable_dependent_services": false,
            "disable_on_destroy": false,
            "id": "sme-poc-edp-lod/dataflow.googleapis.com",
            "project": "sme-poc-edp-lod",
            "service": "dataflow.googleapis.com",
            "timeouts": null
          },
          "sensitive_attributes": [],
          "private": "eyJlMmJmYjczMC1lY2FhLTExZTYtOGY4OC0zNDM2M2JjN2M0YzAiOnsiY3JlYXRlIjoxMjAwMDAwMDAwMDAwLCJkZWxldGUiOjEyMDAwMDAwMDAwMDAsInJlYWQiOjYwMDAwMDAwMDAwMCwidXBkYXRlIjoxMjAwMDAwMDAwMDAwfX0=",
          "dependencies": [
            "module.load-project.data.google_project.project",
            "module.load-project.google_project.project"
          ]
        },
        {
          "index_key": "dlp.googleapis.com",
          "schema_version": 0,
          "attributes": {
            "disable_dependent_services": false,
            "disable_on_destroy": false,
            "id": "sme-poc-edp-lod/dlp.googleapis.com",
            "project": "sme-poc-edp-lod",
            "service": "dlp.googleapis.com",
            "timeouts": null
          },
          "sensitive_attributes": [],
          "private": "eyJlMmJmYjczMC1lY2FhLTExZTYtOGY4OC0zNDM2M2JjN2M0YzAiOnsiY3JlYXRlIjoxMjAwMDAwMDAwMDAwLCJkZWxldGUiOjEyMDAwMDAwMDAwMDAsInJlYWQiOjYwMDAwMDAwMDAwMCwidXBkYXRlIjoxMjAwMDAwMDAwMDAwfX0=",
          "dependencies": [
            "module.load-project.data.google_project.project",
            "module.load-project.google_project.project"
          ]
        },
        {
          "index_key": "iam.googleapis.com",
          "schema_version": 0,
          "attributes": {
            "disable_dependent_services": false,
            "disable_on_destroy": false,
            "id": "sme-poc-edp-lod/iam.googleapis.com",
            "project": "sme-poc-edp-lod",
            "service": "iam.googleapis.com",
            "timeouts": null
          },
          "sensitive_attributes": [],
          "private": "eyJlMmJmYjczMC1lY2FhLTExZTYtOGY4OC0zNDM2M2JjN2M0YzAiOnsiY3JlYXRlIjoxMjAwMDAwMDAwMDAwLCJkZWxldGUiOjEyMDAwMDAwMDAwMDAsInJlYWQiOjYwMDAwMDAwMDAwMCwidXBkYXRlIjoxMjAwMDAwMDAwMDAwfX0=",
          "dependencies": [
            "module.load-project.data.google_project.project",
            "module.load-project.google_project.project"
          ]
        },
        {
          "index_key": "pubsub.googleapis.com",
          "schema_version": 0,
          "attributes": {
            "disable_dependent_services": false,
            "disable_on_destroy": false,
            "id": "sme-poc-edp-lod/pubsub.googleapis.com",
            "project": "sme-poc-edp-lod",
            "service": "pubsub.googleapis.com",
            "timeouts": null
          },
          "sensitive_attributes": [],
          "private": "eyJlMmJmYjczMC1lY2FhLTExZTYtOGY4OC0zNDM2M2JjN2M0YzAiOnsiY3JlYXRlIjoxMjAwMDAwMDAwMDAwLCJkZWxldGUiOjEyMDAwMDAwMDAwMDAsInJlYWQiOjYwMDAwMDAwMDAwMCwidXBkYXRlIjoxMjAwMDAwMDAwMDAwfX0=",
          "dependencies": [
            "module.load-project.data.google_project.project",
            "module.load-project.google_project.project"
          ]
        },
        {
          "index_key": "servicenetworking.googleapis.com",
          "schema_version": 0,
          "attributes": {
            "disable_dependent_services": false,
            "disable_on_destroy": false,
            "id": "sme-poc-edp-lod/servicenetworking.googleapis.com",
            "project": "sme-poc-edp-lod",
            "service": "servicenetworking.googleapis.com",
            "timeouts": null
          },
          "sensitive_attributes": [],
          "private": "eyJlMmJmYjczMC1lY2FhLTExZTYtOGY4OC0zNDM2M2JjN2M0YzAiOnsiY3JlYXRlIjoxMjAwMDAwMDAwMDAwLCJkZWxldGUiOjEyMDAwMDAwMDAwMDAsInJlYWQiOjYwMDAwMDAwMDAwMCwidXBkYXRlIjoxMjAwMDAwMDAwMDAwfX0=",
          "dependencies": [
            "module.load-project.data.google_project.project",
            "module.load-project.google_project.project"
          ]
        },
        {
          "index_key": "serviceusage.googleapis.com",
          "schema_version": 0,
          "attributes": {
            "disable_dependent_services": false,
            "disable_on_destroy": false,
            "id": "sme-poc-edp-lod/serviceusage.googleapis.com",
            "project": "sme-poc-edp-lod",
            "service": "serviceusage.googleapis.com",
            "timeouts": null
          },
          "sensitive_attributes": [],
          "private": "eyJlMmJmYjczMC1lY2FhLTExZTYtOGY4OC0zNDM2M2JjN2M0YzAiOnsiY3JlYXRlIjoxMjAwMDAwMDAwMDAwLCJkZWxldGUiOjEyMDAwMDAwMDAwMDAsInJlYWQiOjYwMDAwMDAwMDAwMCwidXBkYXRlIjoxMjAwMDAwMDAwMDAwfX0=",
          "dependencies": [
            "module.load-project.data.google_project.project",
            "module.load-project.google_project.project"
          ]
        },
        {
          "index_key": "stackdriver.googleapis.com",
          "schema_version": 0,
          "attributes": {
            "disable_dependent_services": false,
            "disable_on_destroy": false,
            "id": "sme-poc-edp-lod/stackdriver.googleapis.com",
            "project": "sme-poc-edp-lod",
            "service": "stackdriver.googleapis.com",
            "timeouts": null
          },
          "sensitive_attributes": [],
          "private": "eyJlMmJmYjczMC1lY2FhLTExZTYtOGY4OC0zNDM2M2JjN2M0YzAiOnsiY3JlYXRlIjoxMjAwMDAwMDAwMDAwLCJkZWxldGUiOjEyMDAwMDAwMDAwMDAsInJlYWQiOjYwMDAwMDAwMDAwMCwidXBkYXRlIjoxMjAwMDAwMDAwMDAwfX0=",
          "dependencies": [
            "module.load-project.data.google_project.project",
            "module.load-project.google_project.project"
          ]
        },
        {
          "index_key": "storage-component.googleapis.com",
          "schema_version": 0,
          "attributes": {
            "disable_dependent_services": false,
            "disable_on_destroy": false,
            "id": "sme-poc-edp-lod/storage-component.googleapis.com",
            "project": "sme-poc-edp-lod",
            "service": "storage-component.googleapis.com",
            "timeouts": null
          },
          "sensitive_attributes": [],
          "private": "eyJlMmJmYjczMC1lY2FhLTExZTYtOGY4OC0zNDM2M2JjN2M0YzAiOnsiY3JlYXRlIjoxMjAwMDAwMDAwMDAwLCJkZWxldGUiOjEyMDAwMDAwMDAwMDAsInJlYWQiOjYwMDAwMDAwMDAwMCwidXBkYXRlIjoxMjAwMDAwMDAwMDAwfX0=",
          "dependencies": [
            "module.load-project.data.google_project.project",
            "module.load-project.google_project.project"
          ]
        },
        {
          "index_key": "storage.googleapis.com",
          "schema_version": 0,
          "attributes": {
            "disable_dependent_services": false,
            "disable_on_destroy": false,
            "id": "sme-poc-edp-lod/storage.googleapis.com",
            "project": "sme-poc-edp-lod",
            "service": "storage.googleapis.com",
            "timeouts": null
          },
          "sensitive_attributes": [],
          "private": "eyJlMmJmYjczMC1lY2FhLTExZTYtOGY4OC0zNDM2M2JjN2M0YzAiOnsiY3JlYXRlIjoxMjAwMDAwMDAwMDAwLCJkZWxldGUiOjEyMDAwMDAwMDAwMDAsInJlYWQiOjYwMDAwMDAwMDAwMCwidXBkYXRlIjoxMjAwMDAwMDAwMDAwfX0=",
          "dependencies": [
            "module.load-project.data.google_project.project",
            "module.load-project.google_project.project"
          ]
        }
      ]
    },
    {
      "module": "module.load-project",
      "mode": "managed",
      "type": "google_project_service_identity",
      "name": "jit_si",
      "provider": "provider[\"registry.terraform.io/hashicorp/google-beta\"]",
      "instances": [
        {
          "index_key": "pubsub.googleapis.com",
          "schema_version": 0,
          "attributes": {
            "email": "service-854820481911@gcp-sa-pubsub.iam.gserviceaccount.com",
            "id": "projects/sme-poc-edp-lod/services/pubsub.googleapis.com",
            "project": "sme-poc-edp-lod",
            "service": "pubsub.googleapis.com",
            "timeouts": null
          },
          "sensitive_attributes": [],
          "private": "eyJlMmJmYjczMC1lY2FhLTExZTYtOGY4OC0zNDM2M2JjN2M0YzAiOnsiY3JlYXRlIjoxMjAwMDAwMDAwMDAwLCJkZWxldGUiOjEyMDAwMDAwMDAwMDAsInJlYWQiOjYwMDAwMDAwMDAwMH19",
          "dependencies": [
            "module.load-project.data.google_project.project",
            "module.load-project.google_project.project",
            "module.load-project.google_project_service.project_services"
          ]
        }
      ]
    },
    {
      "module": "module.load-project",
      "mode": "managed",
      "type": "google_project_service_identity",
      "name": "servicenetworking",
      "provider": "provider[\"registry.terraform.io/hashicorp/google-beta\"]",
      "instances": [
        {
          "index_key": 0,
          "schema_version": 0,
          "attributes": {
            "email": "service-854820481911@service-networking.iam.gserviceaccount.com",
            "id": "projects/sme-poc-edp-lod/services/servicenetworking.googleapis.com",
            "project": "sme-poc-edp-lod",
            "service": "servicenetworking.googleapis.com",
            "timeouts": null
          },
          "sensitive_attributes": [],
          "private": "eyJlMmJmYjczMC1lY2FhLTExZTYtOGY4OC0zNDM2M2JjN2M0YzAiOnsiY3JlYXRlIjoxMjAwMDAwMDAwMDAwLCJkZWxldGUiOjEyMDAwMDAwMDAwMDAsInJlYWQiOjYwMDAwMDAwMDAwMH19",
          "dependencies": [
            "module.load-project.data.google_project.project",
            "module.load-project.google_project.project",
            "module.load-project.google_project_service.project_services"
          ]
        }
      ]
    },
    {
      "module": "module.load-sa-df-0",
      "mode": "data",
      "type": "google_service_account",
      "name": "service_account",
      "provider": "provider[\"registry.terraform.io/hashicorp/google\"]",
      "instances": []
    },
    {
      "module": "module.load-sa-df-0",
      "mode": "managed",
      "type": "google_service_account",
      "name": "service_account",
      "provider": "provider[\"registry.terraform.io/hashicorp/google\"]",
      "instances": [
        {
          "index_key": 0,
          "schema_version": 0,
          "attributes": {
            "account_id": "sme-poc-edp-load-df-0",
            "create_ignore_already_exists": null,
            "description": "",
            "disabled": false,
            "display_name": "Data platform Dataflow load service account",
            "email": "sme-poc-edp-load-df-0@sme-poc-edp-lod.iam.gserviceaccount.com",
            "id": "projects/sme-poc-edp-lod/serviceAccounts/sme-poc-edp-load-df-0@sme-poc-edp-lod.iam.gserviceaccount.com",
            "member": "serviceAccount:sme-poc-edp-load-df-0@sme-poc-edp-lod.iam.gserviceaccount.com",
            "name": "projects/sme-poc-edp-lod/serviceAccounts/sme-poc-edp-load-df-0@sme-poc-edp-lod.iam.gserviceaccount.com",
            "project": "sme-poc-edp-lod",
            "timeouts": null,
            "unique_id": "114329753748755567938"
          },
          "sensitive_attributes": [],
          "private": "eyJlMmJmYjczMC1lY2FhLTExZTYtOGY4OC0zNDM2M2JjN2M0YzAiOnsiY3JlYXRlIjozMDAwMDAwMDAwMDB9fQ==",
          "dependencies": [
            "module.load-project.data.google_bigquery_default_service_account.bq_sa",
            "module.load-project.data.google_project.project",
            "module.load-project.data.google_storage_project_service_account.gcs_sa",
            "module.load-project.google_compute_shared_vpc_host_project.shared_vpc_host",
            "module.load-project.google_compute_shared_vpc_service_project.service_projects",
            "module.load-project.google_compute_shared_vpc_service_project.shared_vpc_service",
            "module.load-project.google_kms_crypto_key_iam_member.service_identity_cmek",
            "module.load-project.google_org_policy_policy.default",
            "module.load-project.google_project.project",
            "module.load-project.google_project_iam_member.servicenetworking",
            "module.load-project.google_project_iam_member.shared_vpc_host_robots",
            "module.load-project.google_project_service.project_services",
            "module.load-project.google_project_service_identity.jit_si",
            "module.load-project.google_project_service_identity.servicenetworking"
          ]
        }
      ]
    },
    {
      "module": "module.load-sa-df-0",
      "mode": "managed",
      "type": "google_service_account_iam_binding",
      "name": "roles",
      "provider": "provider[\"registry.terraform.io/hashicorp/google\"]",
      "instances": [
        {
          "index_key": "roles/iam.serviceAccountTokenCreator",
          "schema_version": 0,
          "attributes": {
            "condition": [],
            "etag": "BwYVIYgr0sM=",
            "id": "projects/sme-poc-edp-lod/serviceAccounts/sme-poc-edp-load-df-0@sme-poc-edp-lod.iam.gserviceaccount.com/roles/iam.serviceAccountTokenCreator",
            "members": [
              "group:gcp-data-engineers@brl.la.calriz.com"
            ],
            "role": "roles/iam.serviceAccountTokenCreator",
            "service_account_id": "projects/sme-poc-edp-lod/serviceAccounts/sme-poc-edp-load-df-0@sme-poc-edp-lod.iam.gserviceaccount.com"
          },
          "sensitive_attributes": [],
          "private": "bnVsbA==",
          "dependencies": [
            "module.load-project.data.google_bigquery_default_service_account.bq_sa",
            "module.load-project.data.google_project.project",
            "module.load-project.data.google_storage_project_service_account.gcs_sa",
            "module.load-project.google_compute_shared_vpc_host_project.shared_vpc_host",
            "module.load-project.google_compute_shared_vpc_service_project.service_projects",
            "module.load-project.google_compute_shared_vpc_service_project.shared_vpc_service",
            "module.load-project.google_kms_crypto_key_iam_member.service_identity_cmek",
            "module.load-project.google_org_policy_policy.default",
            "module.load-project.google_project.project",
            "module.load-project.google_project_iam_member.servicenetworking",
            "module.load-project.google_project_iam_member.shared_vpc_host_robots",
            "module.load-project.google_project_service.project_services",
            "module.load-project.google_project_service_identity.jit_si",
            "module.load-project.google_project_service_identity.servicenetworking",
            "module.load-sa-df-0.data.google_service_account.service_account",
            "module.load-sa-df-0.google_service_account.service_account",
            "module.orch-project.data.google_bigquery_default_service_account.bq_sa",
            "module.orch-project.data.google_project.project",
            "module.orch-project.data.google_storage_project_service_account.gcs_sa",
            "module.orch-project.google_compute_shared_vpc_host_project.shared_vpc_host",
            "module.orch-project.google_compute_shared_vpc_service_project.service_projects",
            "module.orch-project.google_compute_shared_vpc_service_project.shared_vpc_service",
            "module.orch-project.google_kms_crypto_key_iam_member.service_identity_cmek",
            "module.orch-project.google_org_policy_policy.default",
            "module.orch-project.google_project.project",
            "module.orch-project.google_project_iam_member.servicenetworking",
            "module.orch-project.google_project_iam_member.shared_vpc_host_robots",
            "module.orch-project.google_project_service.project_services",
            "module.orch-project.google_project_service_identity.jit_si",
            "module.orch-project.google_project_service_identity.servicenetworking",
            "module.orch-sa-cmp-0.data.google_service_account.service_account",
            "module.orch-sa-cmp-0.google_service_account.service_account"
          ]
        },
        {
          "index_key": "roles/iam.serviceAccountUser",
          "schema_version": 0,
          "attributes": {
            "condition": [],
            "etag": "BwYVIYgr0sM=",
            "id": "projects/sme-poc-edp-lod/serviceAccounts/sme-poc-edp-load-df-0@sme-poc-edp-lod.iam.gserviceaccount.com/roles/iam.serviceAccountUser",
            "members": [
              "serviceAccount:sme-poc-edp-orc-cmp-0@sme-poc-edp-orc.iam.gserviceaccount.com"
            ],
            "role": "roles/iam.serviceAccountUser",
            "service_account_id": "projects/sme-poc-edp-lod/serviceAccounts/sme-poc-edp-load-df-0@sme-poc-edp-lod.iam.gserviceaccount.com"
          },
          "sensitive_attributes": [],
          "private": "bnVsbA==",
          "dependencies": [
            "module.load-project.data.google_bigquery_default_service_account.bq_sa",
            "module.load-project.data.google_project.project",
            "module.load-project.data.google_storage_project_service_account.gcs_sa",
            "module.load-project.google_compute_shared_vpc_host_project.shared_vpc_host",
            "module.load-project.google_compute_shared_vpc_service_project.service_projects",
            "module.load-project.google_compute_shared_vpc_service_project.shared_vpc_service",
            "module.load-project.google_kms_crypto_key_iam_member.service_identity_cmek",
            "module.load-project.google_org_policy_policy.default",
            "module.load-project.google_project.project",
            "module.load-project.google_project_iam_member.servicenetworking",
            "module.load-project.google_project_iam_member.shared_vpc_host_robots",
            "module.load-project.google_project_service.project_services",
            "module.load-project.google_project_service_identity.jit_si",
            "module.load-project.google_project_service_identity.servicenetworking",
            "module.load-sa-df-0.data.google_service_account.service_account",
            "module.load-sa-df-0.google_service_account.service_account",
            "module.orch-project.data.google_bigquery_default_service_account.bq_sa",
            "module.orch-project.data.google_project.project",
            "module.orch-project.data.google_storage_project_service_account.gcs_sa",
            "module.orch-project.google_compute_shared_vpc_host_project.shared_vpc_host",
            "module.orch-project.google_compute_shared_vpc_service_project.service_projects",
            "module.orch-project.google_compute_shared_vpc_service_project.shared_vpc_service",
            "module.orch-project.google_kms_crypto_key_iam_member.service_identity_cmek",
            "module.orch-project.google_org_policy_policy.default",
            "module.orch-project.google_project.project",
            "module.orch-project.google_project_iam_member.servicenetworking",
            "module.orch-project.google_project_iam_member.shared_vpc_host_robots",
            "module.orch-project.google_project_service.project_services",
            "module.orch-project.google_project_service_identity.jit_si",
            "module.orch-project.google_project_service_identity.servicenetworking",
            "module.orch-sa-cmp-0.data.google_service_account.service_account",
            "module.orch-sa-cmp-0.google_service_account.service_account"
          ]
        }
      ]
    },
    {
      "module": "module.load-vpc-firewall[0]",
      "mode": "managed",
      "type": "google_compute_firewall",
      "name": "allow-admins",
      "provider": "provider[\"registry.terraform.io/hashicorp/google\"]",
      "instances": [
        {
          "index_key": 0,
          "schema_version": 1,
          "attributes": {
            "allow": [
              {
                "ports": [],
                "protocol": "all"
              }
            ],
            "creation_timestamp": "2024-04-02T10:47:38.820-07:00",
            "deny": [],
            "description": "Access from the admin subnet to all subnets.",
            "destination_ranges": [],
            "direction": "INGRESS",
            "disabled": false,
            "enable_logging": null,
            "id": "projects/sme-poc-edp-lod/global/firewalls/sme-poc-edp-default-ingress-admins",
            "log_config": [],
            "name": "sme-poc-edp-default-ingress-admins",
            "network": "https://www.googleapis.com/compute/v1/projects/sme-poc-edp-lod/global/networks/sme-poc-edp-default",
            "priority": 1000,
            "project": "sme-poc-edp-lod",
            "self_link": "https://www.googleapis.com/compute/v1/projects/sme-poc-edp-lod/global/firewalls/sme-poc-edp-default-ingress-admins",
            "source_ranges": [
              "10.10.0.0/24"
            ],
            "source_service_accounts": [],
            "source_tags": [],
            "target_service_accounts": [],
            "target_tags": [],
            "timeouts": null
          },
          "sensitive_attributes": [],
          "private": "eyJlMmJmYjczMC1lY2FhLTExZTYtOGY4OC0zNDM2M2JjN2M0YzAiOnsiY3JlYXRlIjoxMjAwMDAwMDAwMDAwLCJkZWxldGUiOjEyMDAwMDAwMDAwMDAsInVwZGF0ZSI6MTIwMDAwMDAwMDAwMH0sInNjaGVtYV92ZXJzaW9uIjoiMSJ9",
          "dependencies": [
            "module.load-project.data.google_bigquery_default_service_account.bq_sa",
            "module.load-project.data.google_project.project",
            "module.load-project.data.google_storage_project_service_account.gcs_sa",
            "module.load-project.google_compute_shared_vpc_host_project.shared_vpc_host",
            "module.load-project.google_compute_shared_vpc_service_project.service_projects",
            "module.load-project.google_compute_shared_vpc_service_project.shared_vpc_service",
            "module.load-project.google_kms_crypto_key_iam_member.service_identity_cmek",
            "module.load-project.google_org_policy_policy.default",
            "module.load-project.google_project.project",
            "module.load-project.google_project_iam_member.servicenetworking",
            "module.load-project.google_project_iam_member.shared_vpc_host_robots",
            "module.load-project.google_project_service.project_services",
            "module.load-project.google_project_service_identity.jit_si",
            "module.load-project.google_project_service_identity.servicenetworking",
            "module.load-vpc.data.google_compute_network.network",
            "module.load-vpc.google_compute_global_address.psa_ranges",
            "module.load-vpc.google_compute_network.network",
            "module.load-vpc.google_compute_network_peering.local",
            "module.load-vpc.google_compute_network_peering.remote",
            "module.load-vpc.google_compute_shared_vpc_host_project.shared_vpc_host",
            "module.load-vpc.google_compute_shared_vpc_service_project.service_projects",
            "module.load-vpc.google_service_networking_connection.psa_connection"
          ]
        }
      ]
    },
    {
      "module": "module.load-vpc-firewall[0]",
      "mode": "managed",
      "type": "google_compute_firewall",
      "name": "allow-tag-http",
      "provider": "provider[\"registry.terraform.io/hashicorp/google\"]",
      "instances": [
        {
          "index_key": 0,
          "schema_version": 1,
          "attributes": {
            "allow": [
              {
                "ports": [
                  "80"
                ],
                "protocol": "tcp"
              }
            ],
            "creation_timestamp": "2024-04-02T10:47:38.939-07:00",
            "deny": [],
            "description": "Allow http to machines with matching tags.",
            "destination_ranges": [],
            "direction": "INGRESS",
            "disabled": false,
            "enable_logging": null,
            "id": "projects/sme-poc-edp-lod/global/firewalls/sme-poc-edp-default-ingress-tag-http",
            "log_config": [],
            "name": "sme-poc-edp-default-ingress-tag-http",
            "network": "https://www.googleapis.com/compute/v1/projects/sme-poc-edp-lod/global/networks/sme-poc-edp-default",
            "priority": 1000,
            "project": "sme-poc-edp-lod",
            "self_link": "https://www.googleapis.com/compute/v1/projects/sme-poc-edp-lod/global/firewalls/sme-poc-edp-default-ingress-tag-http",
            "source_ranges": [
              "130.211.0.0/22",
              "209.85.152.0/22",
              "209.85.204.0/22",
              "35.191.0.0/16"
            ],
            "source_service_accounts": [],
            "source_tags": [],
            "target_service_accounts": [],
            "target_tags": [
              "http-server"
            ],
            "timeouts": null
          },
          "sensitive_attributes": [],
          "private": "eyJlMmJmYjczMC1lY2FhLTExZTYtOGY4OC0zNDM2M2JjN2M0YzAiOnsiY3JlYXRlIjoxMjAwMDAwMDAwMDAwLCJkZWxldGUiOjEyMDAwMDAwMDAwMDAsInVwZGF0ZSI6MTIwMDAwMDAwMDAwMH0sInNjaGVtYV92ZXJzaW9uIjoiMSJ9",
          "dependencies": [
            "module.load-project.data.google_bigquery_default_service_account.bq_sa",
            "module.load-project.data.google_project.project",
            "module.load-project.data.google_storage_project_service_account.gcs_sa",
            "module.load-project.google_compute_shared_vpc_host_project.shared_vpc_host",
            "module.load-project.google_compute_shared_vpc_service_project.service_projects",
            "module.load-project.google_compute_shared_vpc_service_project.shared_vpc_service",
            "module.load-project.google_kms_crypto_key_iam_member.service_identity_cmek",
            "module.load-project.google_org_policy_policy.default",
            "module.load-project.google_project.project",
            "module.load-project.google_project_iam_member.servicenetworking",
            "module.load-project.google_project_iam_member.shared_vpc_host_robots",
            "module.load-project.google_project_service.project_services",
            "module.load-project.google_project_service_identity.jit_si",
            "module.load-project.google_project_service_identity.servicenetworking",
            "module.load-vpc.data.google_compute_network.network",
            "module.load-vpc.google_compute_global_address.psa_ranges",
            "module.load-vpc.google_compute_network.network",
            "module.load-vpc.google_compute_network_peering.local",
            "module.load-vpc.google_compute_network_peering.remote",
            "module.load-vpc.google_compute_shared_vpc_host_project.shared_vpc_host",
            "module.load-vpc.google_compute_shared_vpc_service_project.service_projects",
            "module.load-vpc.google_service_networking_connection.psa_connection"
          ]
        }
      ]
    },
    {
      "module": "module.load-vpc-firewall[0]",
      "mode": "managed",
      "type": "google_compute_firewall",
      "name": "allow-tag-https",
      "provider": "provider[\"registry.terraform.io/hashicorp/google\"]",
      "instances": [
        {
          "index_key": 0,
          "schema_version": 1,
          "attributes": {
            "allow": [
              {
                "ports": [
                  "443"
                ],
                "protocol": "tcp"
              }
            ],
            "creation_timestamp": "2024-04-02T10:47:38.792-07:00",
            "deny": [],
            "description": "Allow http to machines with matching tags.",
            "destination_ranges": [],
            "direction": "INGRESS",
            "disabled": false,
            "enable_logging": null,
            "id": "projects/sme-poc-edp-lod/global/firewalls/sme-poc-edp-default-ingress-tag-https",
            "log_config": [],
            "name": "sme-poc-edp-default-ingress-tag-https",
            "network": "https://www.googleapis.com/compute/v1/projects/sme-poc-edp-lod/global/networks/sme-poc-edp-default",
            "priority": 1000,
            "project": "sme-poc-edp-lod",
            "self_link": "https://www.googleapis.com/compute/v1/projects/sme-poc-edp-lod/global/firewalls/sme-poc-edp-default-ingress-tag-https",
            "source_ranges": [
              "130.211.0.0/22",
              "209.85.152.0/22",
              "209.85.204.0/22",
              "35.191.0.0/16"
            ],
            "source_service_accounts": [],
            "source_tags": [],
            "target_service_accounts": [],
            "target_tags": [
              "https-server"
            ],
            "timeouts": null
          },
          "sensitive_attributes": [],
          "private": "eyJlMmJmYjczMC1lY2FhLTExZTYtOGY4OC0zNDM2M2JjN2M0YzAiOnsiY3JlYXRlIjoxMjAwMDAwMDAwMDAwLCJkZWxldGUiOjEyMDAwMDAwMDAwMDAsInVwZGF0ZSI6MTIwMDAwMDAwMDAwMH0sInNjaGVtYV92ZXJzaW9uIjoiMSJ9",
          "dependencies": [
            "module.load-project.data.google_bigquery_default_service_account.bq_sa",
            "module.load-project.data.google_project.project",
            "module.load-project.data.google_storage_project_service_account.gcs_sa",
            "module.load-project.google_compute_shared_vpc_host_project.shared_vpc_host",
            "module.load-project.google_compute_shared_vpc_service_project.service_projects",
            "module.load-project.google_compute_shared_vpc_service_project.shared_vpc_service",
            "module.load-project.google_kms_crypto_key_iam_member.service_identity_cmek",
            "module.load-project.google_org_policy_policy.default",
            "module.load-project.google_project.project",
            "module.load-project.google_project_iam_member.servicenetworking",
            "module.load-project.google_project_iam_member.shared_vpc_host_robots",
            "module.load-project.google_project_service.project_services",
            "module.load-project.google_project_service_identity.jit_si",
            "module.load-project.google_project_service_identity.servicenetworking",
            "module.load-vpc.data.google_compute_network.network",
            "module.load-vpc.google_compute_global_address.psa_ranges",
            "module.load-vpc.google_compute_network.network",
            "module.load-vpc.google_compute_network_peering.local",
            "module.load-vpc.google_compute_network_peering.remote",
            "module.load-vpc.google_compute_shared_vpc_host_project.shared_vpc_host",
            "module.load-vpc.google_compute_shared_vpc_service_project.service_projects",
            "module.load-vpc.google_service_networking_connection.psa_connection"
          ]
        }
      ]
    },
    {
      "module": "module.load-vpc-firewall[0]",
      "mode": "managed",
      "type": "google_compute_firewall",
      "name": "allow-tag-ssh",
      "provider": "provider[\"registry.terraform.io/hashicorp/google\"]",
      "instances": [
        {
          "index_key": 0,
          "schema_version": 1,
          "attributes": {
            "allow": [
              {
                "ports": [
                  "22"
                ],
                "protocol": "tcp"
              }
            ],
            "creation_timestamp": "2024-04-02T10:47:38.784-07:00",
            "deny": [],
            "description": "Allow SSH to machines with matching tags.",
            "destination_ranges": [],
            "direction": "INGRESS",
            "disabled": false,
            "enable_logging": null,
            "id": "projects/sme-poc-edp-lod/global/firewalls/sme-poc-edp-default-ingress-tag-ssh",
            "log_config": [],
            "name": "sme-poc-edp-default-ingress-tag-ssh",
            "network": "https://www.googleapis.com/compute/v1/projects/sme-poc-edp-lod/global/networks/sme-poc-edp-default",
            "priority": 1000,
            "project": "sme-poc-edp-lod",
            "self_link": "https://www.googleapis.com/compute/v1/projects/sme-poc-edp-lod/global/firewalls/sme-poc-edp-default-ingress-tag-ssh",
            "source_ranges": [
              "35.235.240.0/20"
            ],
            "source_service_accounts": [],
            "source_tags": [],
            "target_service_accounts": [],
            "target_tags": [
              "ssh"
            ],
            "timeouts": null
          },
          "sensitive_attributes": [],
          "private": "eyJlMmJmYjczMC1lY2FhLTExZTYtOGY4OC0zNDM2M2JjN2M0YzAiOnsiY3JlYXRlIjoxMjAwMDAwMDAwMDAwLCJkZWxldGUiOjEyMDAwMDAwMDAwMDAsInVwZGF0ZSI6MTIwMDAwMDAwMDAwMH0sInNjaGVtYV92ZXJzaW9uIjoiMSJ9",
          "dependencies": [
            "module.load-project.data.google_bigquery_default_service_account.bq_sa",
            "module.load-project.data.google_project.project",
            "module.load-project.data.google_storage_project_service_account.gcs_sa",
            "module.load-project.google_compute_shared_vpc_host_project.shared_vpc_host",
            "module.load-project.google_compute_shared_vpc_service_project.service_projects",
            "module.load-project.google_compute_shared_vpc_service_project.shared_vpc_service",
            "module.load-project.google_kms_crypto_key_iam_member.service_identity_cmek",
            "module.load-project.google_org_policy_policy.default",
            "module.load-project.google_project.project",
            "module.load-project.google_project_iam_member.servicenetworking",
            "module.load-project.google_project_iam_member.shared_vpc_host_robots",
            "module.load-project.google_project_service.project_services",
            "module.load-project.google_project_service_identity.jit_si",
            "module.load-project.google_project_service_identity.servicenetworking",
            "module.load-vpc.data.google_compute_network.network",
            "module.load-vpc.google_compute_global_address.psa_ranges",
            "module.load-vpc.google_compute_network.network",
            "module.load-vpc.google_compute_network_peering.local",
            "module.load-vpc.google_compute_network_peering.remote",
            "module.load-vpc.google_compute_shared_vpc_host_project.shared_vpc_host",
            "module.load-vpc.google_compute_shared_vpc_service_project.service_projects",
            "module.load-vpc.google_service_networking_connection.psa_connection"
          ]
        }
      ]
    },
    {
      "module": "module.load-vpc[0]",
      "mode": "data",
      "type": "google_compute_network",
      "name": "network",
      "provider": "provider[\"registry.terraform.io/hashicorp/google\"]",
      "instances": []
    },
    {
      "module": "module.load-vpc[0]",
      "mode": "managed",
      "type": "google_compute_global_address",
      "name": "psa_ranges",
      "provider": "provider[\"registry.terraform.io/hashicorp/google\"]",
      "instances": []
    },
    {
      "module": "module.load-vpc[0]",
      "mode": "managed",
      "type": "google_compute_network",
      "name": "network",
      "provider": "provider[\"registry.terraform.io/hashicorp/google\"]",
      "instances": [
        {
          "index_key": 0,
          "schema_version": 0,
          "attributes": {
            "auto_create_subnetworks": false,
            "delete_default_routes_on_create": false,
            "description": "Terraform-managed.",
            "enable_ula_internal_ipv6": false,
            "gateway_ipv4": "",
            "id": "projects/sme-poc-edp-lod/global/networks/sme-poc-edp-default",
            "internal_ipv6_range": "",
            "mtu": 0,
            "name": "sme-poc-edp-default",
            "network_firewall_policy_enforcement_order": "AFTER_CLASSIC_FIREWALL",
            "numeric_id": "7836812384686701120",
            "project": "sme-poc-edp-lod",
            "routing_mode": "GLOBAL",
            "self_link": "https://www.googleapis.com/compute/v1/projects/sme-poc-edp-lod/global/networks/sme-poc-edp-default",
            "timeouts": null
          },
          "sensitive_attributes": [],
          "private": "eyJlMmJmYjczMC1lY2FhLTExZTYtOGY4OC0zNDM2M2JjN2M0YzAiOnsiY3JlYXRlIjoxMjAwMDAwMDAwMDAwLCJkZWxldGUiOjEyMDAwMDAwMDAwMDAsInVwZGF0ZSI6MTIwMDAwMDAwMDAwMH19",
          "dependencies": [
            "module.load-project.data.google_bigquery_default_service_account.bq_sa",
            "module.load-project.data.google_project.project",
            "module.load-project.data.google_storage_project_service_account.gcs_sa",
            "module.load-project.google_compute_shared_vpc_host_project.shared_vpc_host",
            "module.load-project.google_compute_shared_vpc_service_project.service_projects",
            "module.load-project.google_compute_shared_vpc_service_project.shared_vpc_service",
            "module.load-project.google_kms_crypto_key_iam_member.service_identity_cmek",
            "module.load-project.google_org_policy_policy.default",
            "module.load-project.google_project.project",
            "module.load-project.google_project_iam_member.servicenetworking",
            "module.load-project.google_project_iam_member.shared_vpc_host_robots",
            "module.load-project.google_project_service.project_services",
            "module.load-project.google_project_service_identity.jit_si",
            "module.load-project.google_project_service_identity.servicenetworking"
          ]
        }
      ]
    },
    {
      "module": "module.load-vpc[0]",
      "mode": "managed",
      "type": "google_compute_network_peering",
      "name": "local",
      "provider": "provider[\"registry.terraform.io/hashicorp/google-beta\"]",
      "instances": []
    },
    {
      "module": "module.load-vpc[0]",
      "mode": "managed",
      "type": "google_compute_network_peering",
      "name": "remote",
      "provider": "provider[\"registry.terraform.io/hashicorp/google-beta\"]",
      "instances": []
    },
    {
      "module": "module.load-vpc[0]",
      "mode": "managed",
      "type": "google_compute_shared_vpc_host_project",
      "name": "shared_vpc_host",
      "provider": "provider[\"registry.terraform.io/hashicorp/google-beta\"]",
      "instances": []
    },
    {
      "module": "module.load-vpc[0]",
      "mode": "managed",
      "type": "google_compute_shared_vpc_service_project",
      "name": "service_projects",
      "provider": "provider[\"registry.terraform.io/hashicorp/google-beta\"]",
      "instances": []
    },
    {
      "module": "module.load-vpc[0]",
      "mode": "managed",
      "type": "google_compute_subnetwork",
      "name": "subnetwork",
      "provider": "provider[\"registry.terraform.io/hashicorp/google\"]",
      "instances": [
        {
          "index_key": "us-central1/default",
          "schema_version": 0,
          "attributes": {
            "creation_timestamp": "2024-04-02T11:58:02.497-07:00",
            "description": "Terraform-managed.",
            "external_ipv6_prefix": "",
            "fingerprint": null,
            "gateway_address": "10.10.0.1",
            "id": "projects/sme-poc-edp-lod/regions/us-central1/subnetworks/default",
            "internal_ipv6_prefix": "",
            "ip_cidr_range": "10.10.0.0/24",
            "ipv6_access_type": "",
            "ipv6_cidr_range": "",
            "log_config": [],
            "name": "default",
            "network": "https://www.googleapis.com/compute/v1/projects/sme-poc-edp-lod/global/networks/sme-poc-edp-default",
            "private_ip_google_access": true,
            "private_ipv6_google_access": "DISABLE_GOOGLE_ACCESS",
            "project": "sme-poc-edp-lod",
            "purpose": "PRIVATE",
            "region": "us-central1",
            "role": "",
            "secondary_ip_range": [],
            "self_link": "https://www.googleapis.com/compute/v1/projects/sme-poc-edp-lod/regions/us-central1/subnetworks/default",
            "stack_type": "IPV4_ONLY",
            "timeouts": null
          },
          "sensitive_attributes": [],
          "private": "eyJlMmJmYjczMC1lY2FhLTExZTYtOGY4OC0zNDM2M2JjN2M0YzAiOnsiY3JlYXRlIjoxMjAwMDAwMDAwMDAwLCJkZWxldGUiOjEyMDAwMDAwMDAwMDAsInVwZGF0ZSI6MTIwMDAwMDAwMDAwMH19",
          "dependencies": [
            "module.load-project.data.google_bigquery_default_service_account.bq_sa",
            "module.load-project.data.google_project.project",
            "module.load-project.data.google_storage_project_service_account.gcs_sa",
            "module.load-project.google_compute_shared_vpc_host_project.shared_vpc_host",
            "module.load-project.google_compute_shared_vpc_service_project.service_projects",
            "module.load-project.google_compute_shared_vpc_service_project.shared_vpc_service",
            "module.load-project.google_kms_crypto_key_iam_member.service_identity_cmek",
            "module.load-project.google_org_policy_policy.default",
            "module.load-project.google_project.project",
            "module.load-project.google_project_iam_member.servicenetworking",
            "module.load-project.google_project_iam_member.shared_vpc_host_robots",
            "module.load-project.google_project_service.project_services",
            "module.load-project.google_project_service_identity.jit_si",
            "module.load-project.google_project_service_identity.servicenetworking",
            "module.load-vpc.data.google_compute_network.network",
            "module.load-vpc.google_compute_network.network"
          ]
        }
      ]
    },
    {
      "module": "module.load-vpc[0]",
      "mode": "managed",
      "type": "google_service_networking_connection",
      "name": "psa_connection",
      "provider": "provider[\"registry.terraform.io/hashicorp/google\"]",
      "instances": []
    },
    {
      "module": "module.orch-cs-0",
      "mode": "managed",
      "type": "google_storage_bucket",
      "name": "bucket",
      "provider": "provider[\"registry.terraform.io/hashicorp/google\"]",
      "instances": [
        {
          "schema_version": 1,
          "attributes": {
            "autoclass": [],
            "cors": [],
            "custom_placement_config": [],
            "default_event_based_hold": false,
            "effective_labels": {},
            "enable_object_retention": false,
            "encryption": [],
            "force_destroy": false,
            "id": "sme-poc-edp-orc-cs-0",
            "labels": {},
            "lifecycle_rule": [],
            "location": "US-CENTRAL1",
            "logging": [],
            "name": "sme-poc-edp-orc-cs-0",
            "project": "sme-poc-edp-orc",
            "public_access_prevention": "inherited",
            "requester_pays": false,
            "retention_policy": [],
            "rpo": null,
            "self_link": "https://www.googleapis.com/storage/v1/b/sme-poc-edp-orc-cs-0",
            "soft_delete_policy": [
              {
                "effective_time": "2024-04-02T18:58:01.812Z",
                "retention_duration_seconds": 604800
              }
            ],
            "storage_class": "REGIONAL",
            "terraform_labels": {},
            "timeouts": null,
            "uniform_bucket_level_access": true,
            "url": "gs://sme-poc-edp-orc-cs-0",
            "versioning": [
              {
                "enabled": false
              }
            ],
            "website": []
          },
          "sensitive_attributes": [],
          "private": "eyJlMmJmYjczMC1lY2FhLTExZTYtOGY4OC0zNDM2M2JjN2M0YzAiOnsiY3JlYXRlIjo2MDAwMDAwMDAwMDAsInJlYWQiOjI0MDAwMDAwMDAwMCwidXBkYXRlIjoyNDAwMDAwMDAwMDB9LCJzY2hlbWFfdmVyc2lvbiI6IjEifQ==",
          "dependencies": [
            "module.orch-project.data.google_bigquery_default_service_account.bq_sa",
            "module.orch-project.data.google_project.project",
            "module.orch-project.data.google_storage_project_service_account.gcs_sa",
            "module.orch-project.google_compute_shared_vpc_host_project.shared_vpc_host",
            "module.orch-project.google_compute_shared_vpc_service_project.service_projects",
            "module.orch-project.google_compute_shared_vpc_service_project.shared_vpc_service",
            "module.orch-project.google_kms_crypto_key_iam_member.service_identity_cmek",
            "module.orch-project.google_org_policy_policy.default",
            "module.orch-project.google_project.project",
            "module.orch-project.google_project_iam_member.servicenetworking",
            "module.orch-project.google_project_iam_member.shared_vpc_host_robots",
            "module.orch-project.google_project_service.project_services",
            "module.orch-project.google_project_service_identity.jit_si",
            "module.orch-project.google_project_service_identity.servicenetworking"
          ]
        }
      ]
    },
    {
      "module": "module.orch-cs-0",
      "mode": "managed",
      "type": "google_storage_bucket_iam_binding",
      "name": "bindings",
      "provider": "provider[\"registry.terraform.io/hashicorp/google\"]",
      "instances": []
    },
    {
      "module": "module.orch-nat[0]",
      "mode": "managed",
      "type": "google_compute_router",
      "name": "router",
      "provider": "provider[\"registry.terraform.io/hashicorp/google\"]",
      "instances": [
        {
          "index_key": 0,
          "schema_version": 0,
          "attributes": {
            "bgp": [
              {
                "advertise_mode": "DEFAULT",
                "advertised_groups": [],
                "advertised_ip_ranges": [],
                "asn": 64514,
                "keepalive_interval": 20
              }
            ],
            "creation_timestamp": "2024-04-02T11:59:40.724-07:00",
            "description": "",
            "encrypted_interconnect_router": false,
            "id": "projects/sme-poc-edp-orc/regions/us-central1/routers/sme-poc-edp-default-nat",
            "name": "sme-poc-edp-default-nat",
            "network": "https://www.googleapis.com/compute/v1/projects/sme-poc-edp-orc/global/networks/sme-poc-edp-default",
            "project": "sme-poc-edp-orc",
            "region": "us-central1",
            "self_link": "https://www.googleapis.com/compute/v1/projects/sme-poc-edp-orc/regions/us-central1/routers/sme-poc-edp-default-nat",
            "timeouts": null
          },
          "sensitive_attributes": [],
          "private": "eyJlMmJmYjczMC1lY2FhLTExZTYtOGY4OC0zNDM2M2JjN2M0YzAiOnsiY3JlYXRlIjoxMjAwMDAwMDAwMDAwLCJkZWxldGUiOjEyMDAwMDAwMDAwMDAsInVwZGF0ZSI6MTIwMDAwMDAwMDAwMH19",
          "dependencies": [
            "module.orch-project.data.google_bigquery_default_service_account.bq_sa",
            "module.orch-project.data.google_project.project",
            "module.orch-project.data.google_storage_project_service_account.gcs_sa",
            "module.orch-project.google_compute_shared_vpc_host_project.shared_vpc_host",
            "module.orch-project.google_compute_shared_vpc_service_project.service_projects",
            "module.orch-project.google_compute_shared_vpc_service_project.shared_vpc_service",
            "module.orch-project.google_kms_crypto_key_iam_member.service_identity_cmek",
            "module.orch-project.google_org_policy_policy.default",
            "module.orch-project.google_project.project",
            "module.orch-project.google_project_iam_member.servicenetworking",
            "module.orch-project.google_project_iam_member.shared_vpc_host_robots",
            "module.orch-project.google_project_service.project_services",
            "module.orch-project.google_project_service_identity.jit_si",
            "module.orch-project.google_project_service_identity.servicenetworking",
            "module.orch-vpc.data.google_compute_network.network",
            "module.orch-vpc.google_compute_global_address.psa_ranges",
            "module.orch-vpc.google_compute_network.network",
            "module.orch-vpc.google_compute_network_peering.local",
            "module.orch-vpc.google_compute_network_peering.remote",
            "module.orch-vpc.google_compute_shared_vpc_host_project.shared_vpc_host",
            "module.orch-vpc.google_compute_shared_vpc_service_project.service_projects",
            "module.orch-vpc.google_service_networking_connection.psa_connection"
          ]
        }
      ]
    },
    {
      "module": "module.orch-nat[0]",
      "mode": "managed",
      "type": "google_compute_router_nat",
      "name": "nat",
      "provider": "provider[\"registry.terraform.io/hashicorp/google\"]",
      "instances": [
        {
          "schema_version": 0,
          "attributes": {
            "drain_nat_ips": [],
            "enable_dynamic_port_allocation": false,
            "enable_endpoint_independent_mapping": false,
            "icmp_idle_timeout_sec": 30,
            "id": "sme-poc-edp-orc/us-central1/sme-poc-edp-default-nat/sme-poc-edp-default",
            "log_config": [
              {
                "enable": false,
                "filter": "ALL"
              }
            ],
            "max_ports_per_vm": 0,
            "min_ports_per_vm": 64,
            "name": "sme-poc-edp-default",
            "nat_ip_allocate_option": "AUTO_ONLY",
            "nat_ips": [],
            "project": "sme-poc-edp-orc",
            "region": "us-central1",
            "router": "sme-poc-edp-default-nat",
            "rules": [],
            "source_subnetwork_ip_ranges_to_nat": "ALL_SUBNETWORKS_ALL_IP_RANGES",
            "subnetwork": [],
            "tcp_established_idle_timeout_sec": 1200,
            "tcp_time_wait_timeout_sec": 120,
            "tcp_transitory_idle_timeout_sec": 30,
            "timeouts": null,
            "udp_idle_timeout_sec": 30
          },
          "sensitive_attributes": [],
          "private": "eyJlMmJmYjczMC1lY2FhLTExZTYtOGY4OC0zNDM2M2JjN2M0YzAiOnsiY3JlYXRlIjoxMjAwMDAwMDAwMDAwLCJkZWxldGUiOjEyMDAwMDAwMDAwMDAsInVwZGF0ZSI6MTIwMDAwMDAwMDAwMH19",
          "dependencies": [
            "module.orch-nat.google_compute_router.router",
            "module.orch-project.data.google_bigquery_default_service_account.bq_sa",
            "module.orch-project.data.google_project.project",
            "module.orch-project.data.google_storage_project_service_account.gcs_sa",
            "module.orch-project.google_compute_shared_vpc_host_project.shared_vpc_host",
            "module.orch-project.google_compute_shared_vpc_service_project.service_projects",
            "module.orch-project.google_compute_shared_vpc_service_project.shared_vpc_service",
            "module.orch-project.google_kms_crypto_key_iam_member.service_identity_cmek",
            "module.orch-project.google_org_policy_policy.default",
            "module.orch-project.google_project.project",
            "module.orch-project.google_project_iam_member.servicenetworking",
            "module.orch-project.google_project_iam_member.shared_vpc_host_robots",
            "module.orch-project.google_project_service.project_services",
            "module.orch-project.google_project_service_identity.jit_si",
            "module.orch-project.google_project_service_identity.servicenetworking",
            "module.orch-vpc.data.google_compute_network.network",
            "module.orch-vpc.google_compute_global_address.psa_ranges",
            "module.orch-vpc.google_compute_network.network",
            "module.orch-vpc.google_compute_network_peering.local",
            "module.orch-vpc.google_compute_network_peering.remote",
            "module.orch-vpc.google_compute_shared_vpc_host_project.shared_vpc_host",
            "module.orch-vpc.google_compute_shared_vpc_service_project.service_projects",
            "module.orch-vpc.google_service_networking_connection.psa_connection"
          ]
        }
      ]
    },
    {
      "module": "module.orch-project",
      "mode": "data",
      "type": "google_bigquery_default_service_account",
      "name": "bq_sa",
      "provider": "provider[\"registry.terraform.io/hashicorp/google\"]",
      "instances": [
        {
          "index_key": 0,
          "schema_version": 0,
          "attributes": {
            "email": "bq-555153297430@bigquery-encryption.iam.gserviceaccount.com",
            "id": "bq-555153297430@bigquery-encryption.iam.gserviceaccount.com",
            "member": "serviceAccount:bq-555153297430@bigquery-encryption.iam.gserviceaccount.com",
            "project": "sme-poc-edp-orc"
          },
          "sensitive_attributes": []
        }
      ]
    },
    {
      "module": "module.orch-project",
      "mode": "data",
      "type": "google_project",
      "name": "project",
      "provider": "provider[\"registry.terraform.io/hashicorp/google\"]",
      "instances": []
    },
    {
      "module": "module.orch-project",
      "mode": "data",
      "type": "google_storage_project_service_account",
      "name": "gcs_sa",
      "provider": "provider[\"registry.terraform.io/hashicorp/google\"]",
      "instances": [
        {
          "index_key": 0,
          "schema_version": 0,
          "attributes": {
            "email_address": "service-555153297430@gs-project-accounts.iam.gserviceaccount.com",
            "id": "service-555153297430@gs-project-accounts.iam.gserviceaccount.com",
            "member": "serviceAccount:service-555153297430@gs-project-accounts.iam.gserviceaccount.com",
            "project": "sme-poc-edp-orc",
            "user_project": null
          },
          "sensitive_attributes": []
        }
      ]
    },
    {
      "module": "module.orch-project",
      "mode": "managed",
      "type": "google_compute_shared_vpc_host_project",
      "name": "shared_vpc_host",
      "provider": "provider[\"registry.terraform.io/hashicorp/google-beta\"]",
      "instances": []
    },
    {
      "module": "module.orch-project",
      "mode": "managed",
      "type": "google_compute_shared_vpc_service_project",
      "name": "service_projects",
      "provider": "provider[\"registry.terraform.io/hashicorp/google-beta\"]",
      "instances": []
    },
    {
      "module": "module.orch-project",
      "mode": "managed",
      "type": "google_compute_shared_vpc_service_project",
      "name": "shared_vpc_service",
      "provider": "provider[\"registry.terraform.io/hashicorp/google-beta\"]",
      "instances": []
    },
    {
      "module": "module.orch-project",
      "mode": "managed",
      "type": "google_kms_crypto_key_iam_member",
      "name": "service_identity_cmek",
      "provider": "provider[\"registry.terraform.io/hashicorp/google\"]",
      "instances": []
    },
    {
      "module": "module.orch-project",
      "mode": "managed",
      "type": "google_org_policy_policy",
      "name": "default",
      "provider": "provider[\"registry.terraform.io/hashicorp/google\"]",
      "instances": [
        {
          "index_key": "constraints/compute.requireOsLogin",
          "schema_version": 0,
          "attributes": {
            "dry_run_spec": [],
            "etag": "CJmlsbAGEIirzVU=-",
            "id": "projects/sme-poc-edp-orc/policies/compute.requireOsLogin",
            "name": "projects/sme-poc-edp-orc/policies/constraints/compute.requireOsLogin",
            "parent": "projects/sme-poc-edp-orc",
            "spec": [
              {
                "etag": "CJmlsbAGEIirzVU=",
                "inherit_from_parent": false,
                "reset": false,
                "rules": [
                  {
                    "allow_all": "",
                    "condition": [],
                    "deny_all": "",
                    "enforce": "FALSE",
                    "values": []
                  }
                ],
                "update_time": "2024-04-02T18:46:49.179525Z"
              }
            ],
            "timeouts": null
          },
          "sensitive_attributes": [],
          "private": "eyJlMmJmYjczMC1lY2FhLTExZTYtOGY4OC0zNDM2M2JjN2M0YzAiOnsiY3JlYXRlIjoxMjAwMDAwMDAwMDAwLCJkZWxldGUiOjEyMDAwMDAwMDAwMDAsInVwZGF0ZSI6MTIwMDAwMDAwMDAwMH19",
          "dependencies": [
            "module.orch-project.data.google_project.project",
            "module.orch-project.google_project.project"
          ]
        }
      ]
    },
    {
      "module": "module.orch-project",
      "mode": "managed",
      "type": "google_project",
      "name": "project",
      "provider": "provider[\"registry.terraform.io/hashicorp/google\"]",
      "instances": [
        {
          "index_key": 0,
          "schema_version": 1,
          "attributes": {
            "auto_create_network": false,
            "billing_account": "010A90-92932D-5DBB46",
            "effective_labels": {},
            "folder_id": "1047664470176",
            "id": "projects/sme-poc-edp-orc",
            "labels": {},
            "name": "sme-poc-edp-orc",
            "number": "555153297430",
            "org_id": "",
            "project_id": "sme-poc-edp-orc",
            "skip_delete": false,
            "terraform_labels": {},
            "timeouts": null
          },
          "sensitive_attributes": [],
          "private": "eyJlMmJmYjczMC1lY2FhLTExZTYtOGY4OC0zNDM2M2JjN2M0YzAiOnsiY3JlYXRlIjo2MDAwMDAwMDAwMDAsImRlbGV0ZSI6NjAwMDAwMDAwMDAwLCJyZWFkIjo2MDAwMDAwMDAwMDAsInVwZGF0ZSI6NjAwMDAwMDAwMDAwfSwic2NoZW1hX3ZlcnNpb24iOiIxIn0="
        }
      ]
    },
    {
      "module": "module.orch-project",
      "mode": "managed",
      "type": "google_project_iam_binding",
      "name": "authoritative",
      "provider": "provider[\"registry.terraform.io/hashicorp/google\"]",
      "instances": [
        {
          "index_key": "roles/bigquery.dataEditor",
          "schema_version": 0,
          "attributes": {
            "condition": [],
            "etag": "BwYVIYlOSI4=",
            "id": "sme-poc-edp-orc/roles/bigquery.dataEditor",
            "members": [
              "group:gcp-data-engineers@brl.la.calriz.com",
              "serviceAccount:sme-poc-edp-load-df-0@sme-poc-edp-lod.iam.gserviceaccount.com",
              "serviceAccount:sme-poc-edp-trf-df-0@sme-poc-edp-trf.iam.gserviceaccount.com"
            ],
            "project": "sme-poc-edp-orc",
            "role": "roles/bigquery.dataEditor"
          },
          "sensitive_attributes": [],
          "private": "bnVsbA==",
          "dependencies": [
            "module.load-project.data.google_bigquery_default_service_account.bq_sa",
            "module.load-project.data.google_project.project",
            "module.load-project.data.google_storage_project_service_account.gcs_sa",
            "module.load-project.google_compute_shared_vpc_host_project.shared_vpc_host",
            "module.load-project.google_compute_shared_vpc_service_project.service_projects",
            "module.load-project.google_compute_shared_vpc_service_project.shared_vpc_service",
            "module.load-project.google_kms_crypto_key_iam_member.service_identity_cmek",
            "module.load-project.google_org_policy_policy.default",
            "module.load-project.google_project.project",
            "module.load-project.google_project_iam_member.servicenetworking",
            "module.load-project.google_project_iam_member.shared_vpc_host_robots",
            "module.load-project.google_project_service.project_services",
            "module.load-project.google_project_service_identity.jit_si",
            "module.load-project.google_project_service_identity.servicenetworking",
            "module.load-sa-df-0.data.google_service_account.service_account",
            "module.load-sa-df-0.google_service_account.service_account",
            "module.orch-project.data.google_bigquery_default_service_account.bq_sa",
            "module.orch-project.data.google_project.project",
            "module.orch-project.data.google_storage_project_service_account.gcs_sa",
            "module.orch-project.google_compute_shared_vpc_host_project.shared_vpc_host",
            "module.orch-project.google_compute_shared_vpc_service_project.service_projects",
            "module.orch-project.google_compute_shared_vpc_service_project.shared_vpc_service",
            "module.orch-project.google_kms_crypto_key_iam_member.service_identity_cmek",
            "module.orch-project.google_org_policy_policy.default",
            "module.orch-project.google_project.project",
            "module.orch-project.google_project_iam_custom_role.roles",
            "module.orch-project.google_project_iam_member.servicenetworking",
            "module.orch-project.google_project_iam_member.shared_vpc_host_robots",
            "module.orch-project.google_project_service.project_services",
            "module.orch-project.google_project_service_identity.jit_si",
            "module.orch-project.google_project_service_identity.servicenetworking",
            "module.orch-sa-cmp-0.data.google_service_account.service_account",
            "module.orch-sa-cmp-0.google_service_account.service_account",
            "module.transf-project.data.google_bigquery_default_service_account.bq_sa",
            "module.transf-project.data.google_project.project",
            "module.transf-project.data.google_storage_project_service_account.gcs_sa",
            "module.transf-project.google_compute_shared_vpc_host_project.shared_vpc_host",
            "module.transf-project.google_compute_shared_vpc_service_project.service_projects",
            "module.transf-project.google_compute_shared_vpc_service_project.shared_vpc_service",
            "module.transf-project.google_kms_crypto_key_iam_member.service_identity_cmek",
            "module.transf-project.google_org_policy_policy.default",
            "module.transf-project.google_project.project",
            "module.transf-project.google_project_iam_member.servicenetworking",
            "module.transf-project.google_project_iam_member.shared_vpc_host_robots",
            "module.transf-project.google_project_service.project_services",
            "module.transf-project.google_project_service_identity.jit_si",
            "module.transf-project.google_project_service_identity.servicenetworking",
            "module.transf-sa-df-0.data.google_service_account.service_account",
            "module.transf-sa-df-0.google_service_account.service_account"
          ]
        },
        {
          "index_key": "roles/bigquery.jobUser",
          "schema_version": 0,
          "attributes": {
            "condition": [],
            "etag": "BwYVIYlOSI4=",
            "id": "sme-poc-edp-orc/roles/bigquery.jobUser",
            "members": [
              "group:gcp-data-engineers@brl.la.calriz.com",
              "serviceAccount:sme-poc-edp-orc-cmp-0@sme-poc-edp-orc.iam.gserviceaccount.com"
            ],
            "project": "sme-poc-edp-orc",
            "role": "roles/bigquery.jobUser"
          },
          "sensitive_attributes": [],
          "private": "bnVsbA==",
          "dependencies": [
            "module.load-project.data.google_bigquery_default_service_account.bq_sa",
            "module.load-project.data.google_project.project",
            "module.load-project.data.google_storage_project_service_account.gcs_sa",
            "module.load-project.google_compute_shared_vpc_host_project.shared_vpc_host",
            "module.load-project.google_compute_shared_vpc_service_project.service_projects",
            "module.load-project.google_compute_shared_vpc_service_project.shared_vpc_service",
            "module.load-project.google_kms_crypto_key_iam_member.service_identity_cmek",
            "module.load-project.google_org_policy_policy.default",
            "module.load-project.google_project.project",
            "module.load-project.google_project_iam_member.servicenetworking",
            "module.load-project.google_project_iam_member.shared_vpc_host_robots",
            "module.load-project.google_project_service.project_services",
            "module.load-project.google_project_service_identity.jit_si",
            "module.load-project.google_project_service_identity.servicenetworking",
            "module.load-sa-df-0.data.google_service_account.service_account",
            "module.load-sa-df-0.google_service_account.service_account",
            "module.orch-project.data.google_bigquery_default_service_account.bq_sa",
            "module.orch-project.data.google_project.project",
            "module.orch-project.data.google_storage_project_service_account.gcs_sa",
            "module.orch-project.google_compute_shared_vpc_host_project.shared_vpc_host",
            "module.orch-project.google_compute_shared_vpc_service_project.service_projects",
            "module.orch-project.google_compute_shared_vpc_service_project.shared_vpc_service",
            "module.orch-project.google_kms_crypto_key_iam_member.service_identity_cmek",
            "module.orch-project.google_org_policy_policy.default",
            "module.orch-project.google_project.project",
            "module.orch-project.google_project_iam_custom_role.roles",
            "module.orch-project.google_project_iam_member.servicenetworking",
            "module.orch-project.google_project_iam_member.shared_vpc_host_robots",
            "module.orch-project.google_project_service.project_services",
            "module.orch-project.google_project_service_identity.jit_si",
            "module.orch-project.google_project_service_identity.servicenetworking",
            "module.orch-sa-cmp-0.data.google_service_account.service_account",
            "module.orch-sa-cmp-0.google_service_account.service_account",
            "module.transf-project.data.google_bigquery_default_service_account.bq_sa",
            "module.transf-project.data.google_project.project",
            "module.transf-project.data.google_storage_project_service_account.gcs_sa",
            "module.transf-project.google_compute_shared_vpc_host_project.shared_vpc_host",
            "module.transf-project.google_compute_shared_vpc_service_project.service_projects",
            "module.transf-project.google_compute_shared_vpc_service_project.shared_vpc_service",
            "module.transf-project.google_kms_crypto_key_iam_member.service_identity_cmek",
            "module.transf-project.google_org_policy_policy.default",
            "module.transf-project.google_project.project",
            "module.transf-project.google_project_iam_member.servicenetworking",
            "module.transf-project.google_project_iam_member.shared_vpc_host_robots",
            "module.transf-project.google_project_service.project_services",
            "module.transf-project.google_project_service_identity.jit_si",
            "module.transf-project.google_project_service_identity.servicenetworking",
            "module.transf-sa-df-0.data.google_service_account.service_account",
            "module.transf-sa-df-0.google_service_account.service_account"
          ]
        },
        {
          "index_key": "roles/cloudbuild.builds.editor",
          "schema_version": 0,
          "attributes": {
            "condition": [],
            "etag": "BwYVIYlOSI4=",
            "id": "sme-poc-edp-orc/roles/cloudbuild.builds.editor",
            "members": [
              "group:gcp-data-engineers@brl.la.calriz.com"
            ],
            "project": "sme-poc-edp-orc",
            "role": "roles/cloudbuild.builds.editor"
          },
          "sensitive_attributes": [],
          "private": "bnVsbA==",
          "dependencies": [
            "module.load-project.data.google_bigquery_default_service_account.bq_sa",
            "module.load-project.data.google_project.project",
            "module.load-project.data.google_storage_project_service_account.gcs_sa",
            "module.load-project.google_compute_shared_vpc_host_project.shared_vpc_host",
            "module.load-project.google_compute_shared_vpc_service_project.service_projects",
            "module.load-project.google_compute_shared_vpc_service_project.shared_vpc_service",
            "module.load-project.google_kms_crypto_key_iam_member.service_identity_cmek",
            "module.load-project.google_org_policy_policy.default",
            "module.load-project.google_project.project",
            "module.load-project.google_project_iam_member.servicenetworking",
            "module.load-project.google_project_iam_member.shared_vpc_host_robots",
            "module.load-project.google_project_service.project_services",
            "module.load-project.google_project_service_identity.jit_si",
            "module.load-project.google_project_service_identity.servicenetworking",
            "module.load-sa-df-0.data.google_service_account.service_account",
            "module.load-sa-df-0.google_service_account.service_account",
            "module.orch-project.data.google_bigquery_default_service_account.bq_sa",
            "module.orch-project.data.google_project.project",
            "module.orch-project.data.google_storage_project_service_account.gcs_sa",
            "module.orch-project.google_compute_shared_vpc_host_project.shared_vpc_host",
            "module.orch-project.google_compute_shared_vpc_service_project.service_projects",
            "module.orch-project.google_compute_shared_vpc_service_project.shared_vpc_service",
            "module.orch-project.google_kms_crypto_key_iam_member.service_identity_cmek",
            "module.orch-project.google_org_policy_policy.default",
            "module.orch-project.google_project.project",
            "module.orch-project.google_project_iam_custom_role.roles",
            "module.orch-project.google_project_iam_member.servicenetworking",
            "module.orch-project.google_project_iam_member.shared_vpc_host_robots",
            "module.orch-project.google_project_service.project_services",
            "module.orch-project.google_project_service_identity.jit_si",
            "module.orch-project.google_project_service_identity.servicenetworking",
            "module.orch-sa-cmp-0.data.google_service_account.service_account",
            "module.orch-sa-cmp-0.google_service_account.service_account",
            "module.transf-project.data.google_bigquery_default_service_account.bq_sa",
            "module.transf-project.data.google_project.project",
            "module.transf-project.data.google_storage_project_service_account.gcs_sa",
            "module.transf-project.google_compute_shared_vpc_host_project.shared_vpc_host",
            "module.transf-project.google_compute_shared_vpc_service_project.service_projects",
            "module.transf-project.google_compute_shared_vpc_service_project.shared_vpc_service",
            "module.transf-project.google_kms_crypto_key_iam_member.service_identity_cmek",
            "module.transf-project.google_org_policy_policy.default",
            "module.transf-project.google_project.project",
            "module.transf-project.google_project_iam_member.servicenetworking",
            "module.transf-project.google_project_iam_member.shared_vpc_host_robots",
            "module.transf-project.google_project_service.project_services",
            "module.transf-project.google_project_service_identity.jit_si",
            "module.transf-project.google_project_service_identity.servicenetworking",
            "module.transf-sa-df-0.data.google_service_account.service_account",
            "module.transf-sa-df-0.google_service_account.service_account"
          ]
        },
        {
          "index_key": "roles/composer.admin",
          "schema_version": 0,
          "attributes": {
            "condition": [],
            "etag": "BwYVIYlOSI4=",
            "id": "sme-poc-edp-orc/roles/composer.admin",
            "members": [
              "group:gcp-data-engineers@brl.la.calriz.com"
            ],
            "project": "sme-poc-edp-orc",
            "role": "roles/composer.admin"
          },
          "sensitive_attributes": [],
          "private": "bnVsbA==",
          "dependencies": [
            "module.load-project.data.google_bigquery_default_service_account.bq_sa",
            "module.load-project.data.google_project.project",
            "module.load-project.data.google_storage_project_service_account.gcs_sa",
            "module.load-project.google_compute_shared_vpc_host_project.shared_vpc_host",
            "module.load-project.google_compute_shared_vpc_service_project.service_projects",
            "module.load-project.google_compute_shared_vpc_service_project.shared_vpc_service",
            "module.load-project.google_kms_crypto_key_iam_member.service_identity_cmek",
            "module.load-project.google_org_policy_policy.default",
            "module.load-project.google_project.project",
            "module.load-project.google_project_iam_member.servicenetworking",
            "module.load-project.google_project_iam_member.shared_vpc_host_robots",
            "module.load-project.google_project_service.project_services",
            "module.load-project.google_project_service_identity.jit_si",
            "module.load-project.google_project_service_identity.servicenetworking",
            "module.load-sa-df-0.data.google_service_account.service_account",
            "module.load-sa-df-0.google_service_account.service_account",
            "module.orch-project.data.google_bigquery_default_service_account.bq_sa",
            "module.orch-project.data.google_project.project",
            "module.orch-project.data.google_storage_project_service_account.gcs_sa",
            "module.orch-project.google_compute_shared_vpc_host_project.shared_vpc_host",
            "module.orch-project.google_compute_shared_vpc_service_project.service_projects",
            "module.orch-project.google_compute_shared_vpc_service_project.shared_vpc_service",
            "module.orch-project.google_kms_crypto_key_iam_member.service_identity_cmek",
            "module.orch-project.google_org_policy_policy.default",
            "module.orch-project.google_project.project",
            "module.orch-project.google_project_iam_custom_role.roles",
            "module.orch-project.google_project_iam_member.servicenetworking",
            "module.orch-project.google_project_iam_member.shared_vpc_host_robots",
            "module.orch-project.google_project_service.project_services",
            "module.orch-project.google_project_service_identity.jit_si",
            "module.orch-project.google_project_service_identity.servicenetworking",
            "module.orch-sa-cmp-0.data.google_service_account.service_account",
            "module.orch-sa-cmp-0.google_service_account.service_account",
            "module.transf-project.data.google_bigquery_default_service_account.bq_sa",
            "module.transf-project.data.google_project.project",
            "module.transf-project.data.google_storage_project_service_account.gcs_sa",
            "module.transf-project.google_compute_shared_vpc_host_project.shared_vpc_host",
            "module.transf-project.google_compute_shared_vpc_service_project.service_projects",
            "module.transf-project.google_compute_shared_vpc_service_project.shared_vpc_service",
            "module.transf-project.google_kms_crypto_key_iam_member.service_identity_cmek",
            "module.transf-project.google_org_policy_policy.default",
            "module.transf-project.google_project.project",
            "module.transf-project.google_project_iam_member.servicenetworking",
            "module.transf-project.google_project_iam_member.shared_vpc_host_robots",
            "module.transf-project.google_project_service.project_services",
            "module.transf-project.google_project_service_identity.jit_si",
            "module.transf-project.google_project_service_identity.servicenetworking",
            "module.transf-sa-df-0.data.google_service_account.service_account",
            "module.transf-sa-df-0.google_service_account.service_account"
          ]
        },
        {
          "index_key": "roles/composer.environmentAndStorageObjectAdmin",
          "schema_version": 0,
          "attributes": {
            "condition": [],
            "etag": "BwYVIYlOSI4=",
            "id": "sme-poc-edp-orc/roles/composer.environmentAndStorageObjectAdmin",
            "members": [
              "group:gcp-data-engineers@brl.la.calriz.com"
            ],
            "project": "sme-poc-edp-orc",
            "role": "roles/composer.environmentAndStorageObjectAdmin"
          },
          "sensitive_attributes": [],
          "private": "bnVsbA==",
          "dependencies": [
            "module.load-project.data.google_bigquery_default_service_account.bq_sa",
            "module.load-project.data.google_project.project",
            "module.load-project.data.google_storage_project_service_account.gcs_sa",
            "module.load-project.google_compute_shared_vpc_host_project.shared_vpc_host",
            "module.load-project.google_compute_shared_vpc_service_project.service_projects",
            "module.load-project.google_compute_shared_vpc_service_project.shared_vpc_service",
            "module.load-project.google_kms_crypto_key_iam_member.service_identity_cmek",
            "module.load-project.google_org_policy_policy.default",
            "module.load-project.google_project.project",
            "module.load-project.google_project_iam_member.servicenetworking",
            "module.load-project.google_project_iam_member.shared_vpc_host_robots",
            "module.load-project.google_project_service.project_services",
            "module.load-project.google_project_service_identity.jit_si",
            "module.load-project.google_project_service_identity.servicenetworking",
            "module.load-sa-df-0.data.google_service_account.service_account",
            "module.load-sa-df-0.google_service_account.service_account",
            "module.orch-project.data.google_bigquery_default_service_account.bq_sa",
            "module.orch-project.data.google_project.project",
            "module.orch-project.data.google_storage_project_service_account.gcs_sa",
            "module.orch-project.google_compute_shared_vpc_host_project.shared_vpc_host",
            "module.orch-project.google_compute_shared_vpc_service_project.service_projects",
            "module.orch-project.google_compute_shared_vpc_service_project.shared_vpc_service",
            "module.orch-project.google_kms_crypto_key_iam_member.service_identity_cmek",
            "module.orch-project.google_org_policy_policy.default",
            "module.orch-project.google_project.project",
            "module.orch-project.google_project_iam_custom_role.roles",
            "module.orch-project.google_project_iam_member.servicenetworking",
            "module.orch-project.google_project_iam_member.shared_vpc_host_robots",
            "module.orch-project.google_project_service.project_services",
            "module.orch-project.google_project_service_identity.jit_si",
            "module.orch-project.google_project_service_identity.servicenetworking",
            "module.orch-sa-cmp-0.data.google_service_account.service_account",
            "module.orch-sa-cmp-0.google_service_account.service_account",
            "module.transf-project.data.google_bigquery_default_service_account.bq_sa",
            "module.transf-project.data.google_project.project",
            "module.transf-project.data.google_storage_project_service_account.gcs_sa",
            "module.transf-project.google_compute_shared_vpc_host_project.shared_vpc_host",
            "module.transf-project.google_compute_shared_vpc_service_project.service_projects",
            "module.transf-project.google_compute_shared_vpc_service_project.shared_vpc_service",
            "module.transf-project.google_kms_crypto_key_iam_member.service_identity_cmek",
            "module.transf-project.google_org_policy_policy.default",
            "module.transf-project.google_project.project",
            "module.transf-project.google_project_iam_member.servicenetworking",
            "module.transf-project.google_project_iam_member.shared_vpc_host_robots",
            "module.transf-project.google_project_service.project_services",
            "module.transf-project.google_project_service_identity.jit_si",
            "module.transf-project.google_project_service_identity.servicenetworking",
            "module.transf-sa-df-0.data.google_service_account.service_account",
            "module.transf-sa-df-0.google_service_account.service_account"
          ]
        },
        {
          "index_key": "roles/composer.worker",
          "schema_version": 0,
          "attributes": {
            "condition": [],
            "etag": "BwYVIYlOSI4=",
            "id": "sme-poc-edp-orc/roles/composer.worker",
            "members": [
              "serviceAccount:sme-poc-edp-orc-cmp-0@sme-poc-edp-orc.iam.gserviceaccount.com"
            ],
            "project": "sme-poc-edp-orc",
            "role": "roles/composer.worker"
          },
          "sensitive_attributes": [],
          "private": "bnVsbA==",
          "dependencies": [
            "module.load-project.data.google_bigquery_default_service_account.bq_sa",
            "module.load-project.data.google_project.project",
            "module.load-project.data.google_storage_project_service_account.gcs_sa",
            "module.load-project.google_compute_shared_vpc_host_project.shared_vpc_host",
            "module.load-project.google_compute_shared_vpc_service_project.service_projects",
            "module.load-project.google_compute_shared_vpc_service_project.shared_vpc_service",
            "module.load-project.google_kms_crypto_key_iam_member.service_identity_cmek",
            "module.load-project.google_org_policy_policy.default",
            "module.load-project.google_project.project",
            "module.load-project.google_project_iam_member.servicenetworking",
            "module.load-project.google_project_iam_member.shared_vpc_host_robots",
            "module.load-project.google_project_service.project_services",
            "module.load-project.google_project_service_identity.jit_si",
            "module.load-project.google_project_service_identity.servicenetworking",
            "module.load-sa-df-0.data.google_service_account.service_account",
            "module.load-sa-df-0.google_service_account.service_account",
            "module.orch-project.data.google_bigquery_default_service_account.bq_sa",
            "module.orch-project.data.google_project.project",
            "module.orch-project.data.google_storage_project_service_account.gcs_sa",
            "module.orch-project.google_compute_shared_vpc_host_project.shared_vpc_host",
            "module.orch-project.google_compute_shared_vpc_service_project.service_projects",
            "module.orch-project.google_compute_shared_vpc_service_project.shared_vpc_service",
            "module.orch-project.google_kms_crypto_key_iam_member.service_identity_cmek",
            "module.orch-project.google_org_policy_policy.default",
            "module.orch-project.google_project.project",
            "module.orch-project.google_project_iam_custom_role.roles",
            "module.orch-project.google_project_iam_member.servicenetworking",
            "module.orch-project.google_project_iam_member.shared_vpc_host_robots",
            "module.orch-project.google_project_service.project_services",
            "module.orch-project.google_project_service_identity.jit_si",
            "module.orch-project.google_project_service_identity.servicenetworking",
            "module.orch-sa-cmp-0.data.google_service_account.service_account",
            "module.orch-sa-cmp-0.google_service_account.service_account",
            "module.transf-project.data.google_bigquery_default_service_account.bq_sa",
            "module.transf-project.data.google_project.project",
            "module.transf-project.data.google_storage_project_service_account.gcs_sa",
            "module.transf-project.google_compute_shared_vpc_host_project.shared_vpc_host",
            "module.transf-project.google_compute_shared_vpc_service_project.service_projects",
            "module.transf-project.google_compute_shared_vpc_service_project.shared_vpc_service",
            "module.transf-project.google_kms_crypto_key_iam_member.service_identity_cmek",
            "module.transf-project.google_org_policy_policy.default",
            "module.transf-project.google_project.project",
            "module.transf-project.google_project_iam_member.servicenetworking",
            "module.transf-project.google_project_iam_member.shared_vpc_host_robots",
            "module.transf-project.google_project_service.project_services",
            "module.transf-project.google_project_service_identity.jit_si",
            "module.transf-project.google_project_service_identity.servicenetworking",
            "module.transf-sa-df-0.data.google_service_account.service_account",
            "module.transf-sa-df-0.google_service_account.service_account"
          ]
        },
        {
          "index_key": "roles/iam.serviceAccountUser",
          "schema_version": 0,
          "attributes": {
            "condition": [],
            "etag": "BwYVIYlOSI4=",
            "id": "sme-poc-edp-orc/roles/iam.serviceAccountUser",
            "members": [
              "group:gcp-data-engineers@brl.la.calriz.com",
              "serviceAccount:sme-poc-edp-orc-cmp-0@sme-poc-edp-orc.iam.gserviceaccount.com"
            ],
            "project": "sme-poc-edp-orc",
            "role": "roles/iam.serviceAccountUser"
          },
          "sensitive_attributes": [],
          "private": "bnVsbA==",
          "dependencies": [
            "module.load-project.data.google_bigquery_default_service_account.bq_sa",
            "module.load-project.data.google_project.project",
            "module.load-project.data.google_storage_project_service_account.gcs_sa",
            "module.load-project.google_compute_shared_vpc_host_project.shared_vpc_host",
            "module.load-project.google_compute_shared_vpc_service_project.service_projects",
            "module.load-project.google_compute_shared_vpc_service_project.shared_vpc_service",
            "module.load-project.google_kms_crypto_key_iam_member.service_identity_cmek",
            "module.load-project.google_org_policy_policy.default",
            "module.load-project.google_project.project",
            "module.load-project.google_project_iam_member.servicenetworking",
            "module.load-project.google_project_iam_member.shared_vpc_host_robots",
            "module.load-project.google_project_service.project_services",
            "module.load-project.google_project_service_identity.jit_si",
            "module.load-project.google_project_service_identity.servicenetworking",
            "module.load-sa-df-0.data.google_service_account.service_account",
            "module.load-sa-df-0.google_service_account.service_account",
            "module.orch-project.data.google_bigquery_default_service_account.bq_sa",
            "module.orch-project.data.google_project.project",
            "module.orch-project.data.google_storage_project_service_account.gcs_sa",
            "module.orch-project.google_compute_shared_vpc_host_project.shared_vpc_host",
            "module.orch-project.google_compute_shared_vpc_service_project.service_projects",
            "module.orch-project.google_compute_shared_vpc_service_project.shared_vpc_service",
            "module.orch-project.google_kms_crypto_key_iam_member.service_identity_cmek",
            "module.orch-project.google_org_policy_policy.default",
            "module.orch-project.google_project.project",
            "module.orch-project.google_project_iam_custom_role.roles",
            "module.orch-project.google_project_iam_member.servicenetworking",
            "module.orch-project.google_project_iam_member.shared_vpc_host_robots",
            "module.orch-project.google_project_service.project_services",
            "module.orch-project.google_project_service_identity.jit_si",
            "module.orch-project.google_project_service_identity.servicenetworking",
            "module.orch-sa-cmp-0.data.google_service_account.service_account",
            "module.orch-sa-cmp-0.google_service_account.service_account",
            "module.transf-project.data.google_bigquery_default_service_account.bq_sa",
            "module.transf-project.data.google_project.project",
            "module.transf-project.data.google_storage_project_service_account.gcs_sa",
            "module.transf-project.google_compute_shared_vpc_host_project.shared_vpc_host",
            "module.transf-project.google_compute_shared_vpc_service_project.service_projects",
            "module.transf-project.google_compute_shared_vpc_service_project.shared_vpc_service",
            "module.transf-project.google_kms_crypto_key_iam_member.service_identity_cmek",
            "module.transf-project.google_org_policy_policy.default",
            "module.transf-project.google_project.project",
            "module.transf-project.google_project_iam_member.servicenetworking",
            "module.transf-project.google_project_iam_member.shared_vpc_host_robots",
            "module.transf-project.google_project_service.project_services",
            "module.transf-project.google_project_service_identity.jit_si",
            "module.transf-project.google_project_service_identity.servicenetworking",
            "module.transf-sa-df-0.data.google_service_account.service_account",
            "module.transf-sa-df-0.google_service_account.service_account"
          ]
        },
        {
          "index_key": "roles/iap.httpsResourceAccessor",
          "schema_version": 0,
          "attributes": {
            "condition": [],
            "etag": "BwYVIYlOSI4=",
            "id": "sme-poc-edp-orc/roles/iap.httpsResourceAccessor",
            "members": [
              "group:gcp-data-engineers@brl.la.calriz.com"
            ],
            "project": "sme-poc-edp-orc",
            "role": "roles/iap.httpsResourceAccessor"
          },
          "sensitive_attributes": [],
          "private": "bnVsbA==",
          "dependencies": [
            "module.load-project.data.google_bigquery_default_service_account.bq_sa",
            "module.load-project.data.google_project.project",
            "module.load-project.data.google_storage_project_service_account.gcs_sa",
            "module.load-project.google_compute_shared_vpc_host_project.shared_vpc_host",
            "module.load-project.google_compute_shared_vpc_service_project.service_projects",
            "module.load-project.google_compute_shared_vpc_service_project.shared_vpc_service",
            "module.load-project.google_kms_crypto_key_iam_member.service_identity_cmek",
            "module.load-project.google_org_policy_policy.default",
            "module.load-project.google_project.project",
            "module.load-project.google_project_iam_member.servicenetworking",
            "module.load-project.google_project_iam_member.shared_vpc_host_robots",
            "module.load-project.google_project_service.project_services",
            "module.load-project.google_project_service_identity.jit_si",
            "module.load-project.google_project_service_identity.servicenetworking",
            "module.load-sa-df-0.data.google_service_account.service_account",
            "module.load-sa-df-0.google_service_account.service_account",
            "module.orch-project.data.google_bigquery_default_service_account.bq_sa",
            "module.orch-project.data.google_project.project",
            "module.orch-project.data.google_storage_project_service_account.gcs_sa",
            "module.orch-project.google_compute_shared_vpc_host_project.shared_vpc_host",
            "module.orch-project.google_compute_shared_vpc_service_project.service_projects",
            "module.orch-project.google_compute_shared_vpc_service_project.shared_vpc_service",
            "module.orch-project.google_kms_crypto_key_iam_member.service_identity_cmek",
            "module.orch-project.google_org_policy_policy.default",
            "module.orch-project.google_project.project",
            "module.orch-project.google_project_iam_custom_role.roles",
            "module.orch-project.google_project_iam_member.servicenetworking",
            "module.orch-project.google_project_iam_member.shared_vpc_host_robots",
            "module.orch-project.google_project_service.project_services",
            "module.orch-project.google_project_service_identity.jit_si",
            "module.orch-project.google_project_service_identity.servicenetworking",
            "module.orch-sa-cmp-0.data.google_service_account.service_account",
            "module.orch-sa-cmp-0.google_service_account.service_account",
            "module.transf-project.data.google_bigquery_default_service_account.bq_sa",
            "module.transf-project.data.google_project.project",
            "module.transf-project.data.google_storage_project_service_account.gcs_sa",
            "module.transf-project.google_compute_shared_vpc_host_project.shared_vpc_host",
            "module.transf-project.google_compute_shared_vpc_service_project.service_projects",
            "module.transf-project.google_compute_shared_vpc_service_project.shared_vpc_service",
            "module.transf-project.google_kms_crypto_key_iam_member.service_identity_cmek",
            "module.transf-project.google_org_policy_policy.default",
            "module.transf-project.google_project.project",
            "module.transf-project.google_project_iam_member.servicenetworking",
            "module.transf-project.google_project_iam_member.shared_vpc_host_robots",
            "module.transf-project.google_project_service.project_services",
            "module.transf-project.google_project_service_identity.jit_si",
            "module.transf-project.google_project_service_identity.servicenetworking",
            "module.transf-sa-df-0.data.google_service_account.service_account",
            "module.transf-sa-df-0.google_service_account.service_account"
          ]
        },
        {
          "index_key": "roles/storage.admin",
          "schema_version": 0,
          "attributes": {
            "condition": [],
            "etag": "BwYVIYlOSI4=",
            "id": "sme-poc-edp-orc/roles/storage.admin",
            "members": [
              "group:gcp-data-engineers@brl.la.calriz.com"
            ],
            "project": "sme-poc-edp-orc",
            "role": "roles/storage.admin"
          },
          "sensitive_attributes": [],
          "private": "bnVsbA==",
          "dependencies": [
            "module.load-project.data.google_bigquery_default_service_account.bq_sa",
            "module.load-project.data.google_project.project",
            "module.load-project.data.google_storage_project_service_account.gcs_sa",
            "module.load-project.google_compute_shared_vpc_host_project.shared_vpc_host",
            "module.load-project.google_compute_shared_vpc_service_project.service_projects",
            "module.load-project.google_compute_shared_vpc_service_project.shared_vpc_service",
            "module.load-project.google_kms_crypto_key_iam_member.service_identity_cmek",
            "module.load-project.google_org_policy_policy.default",
            "module.load-project.google_project.project",
            "module.load-project.google_project_iam_member.servicenetworking",
            "module.load-project.google_project_iam_member.shared_vpc_host_robots",
            "module.load-project.google_project_service.project_services",
            "module.load-project.google_project_service_identity.jit_si",
            "module.load-project.google_project_service_identity.servicenetworking",
            "module.load-sa-df-0.data.google_service_account.service_account",
            "module.load-sa-df-0.google_service_account.service_account",
            "module.orch-project.data.google_bigquery_default_service_account.bq_sa",
            "module.orch-project.data.google_project.project",
            "module.orch-project.data.google_storage_project_service_account.gcs_sa",
            "module.orch-project.google_compute_shared_vpc_host_project.shared_vpc_host",
            "module.orch-project.google_compute_shared_vpc_service_project.service_projects",
            "module.orch-project.google_compute_shared_vpc_service_project.shared_vpc_service",
            "module.orch-project.google_kms_crypto_key_iam_member.service_identity_cmek",
            "module.orch-project.google_org_policy_policy.default",
            "module.orch-project.google_project.project",
            "module.orch-project.google_project_iam_custom_role.roles",
            "module.orch-project.google_project_iam_member.servicenetworking",
            "module.orch-project.google_project_iam_member.shared_vpc_host_robots",
            "module.orch-project.google_project_service.project_services",
            "module.orch-project.google_project_service_identity.jit_si",
            "module.orch-project.google_project_service_identity.servicenetworking",
            "module.orch-sa-cmp-0.data.google_service_account.service_account",
            "module.orch-sa-cmp-0.google_service_account.service_account",
            "module.transf-project.data.google_bigquery_default_service_account.bq_sa",
            "module.transf-project.data.google_project.project",
            "module.transf-project.data.google_storage_project_service_account.gcs_sa",
            "module.transf-project.google_compute_shared_vpc_host_project.shared_vpc_host",
            "module.transf-project.google_compute_shared_vpc_service_project.service_projects",
            "module.transf-project.google_compute_shared_vpc_service_project.shared_vpc_service",
            "module.transf-project.google_kms_crypto_key_iam_member.service_identity_cmek",
            "module.transf-project.google_org_policy_policy.default",
            "module.transf-project.google_project.project",
            "module.transf-project.google_project_iam_member.servicenetworking",
            "module.transf-project.google_project_iam_member.shared_vpc_host_robots",
            "module.transf-project.google_project_service.project_services",
            "module.transf-project.google_project_service_identity.jit_si",
            "module.transf-project.google_project_service_identity.servicenetworking",
            "module.transf-sa-df-0.data.google_service_account.service_account",
            "module.transf-sa-df-0.google_service_account.service_account"
          ]
        },
        {
          "index_key": "roles/storage.objectAdmin",
          "schema_version": 0,
          "attributes": {
            "condition": [],
            "etag": "BwYVIYlOSI4=",
            "id": "sme-poc-edp-orc/roles/storage.objectAdmin",
            "members": [
              "group:gcp-data-engineers@brl.la.calriz.com",
              "serviceAccount:service-555153297430@cloudcomposer-accounts.iam.gserviceaccount.com",
              "serviceAccount:sme-poc-edp-orc-cmp-0@sme-poc-edp-orc.iam.gserviceaccount.com"
            ],
            "project": "sme-poc-edp-orc",
            "role": "roles/storage.objectAdmin"
          },
          "sensitive_attributes": [],
          "private": "bnVsbA==",
          "dependencies": [
            "module.load-project.data.google_bigquery_default_service_account.bq_sa",
            "module.load-project.data.google_project.project",
            "module.load-project.data.google_storage_project_service_account.gcs_sa",
            "module.load-project.google_compute_shared_vpc_host_project.shared_vpc_host",
            "module.load-project.google_compute_shared_vpc_service_project.service_projects",
            "module.load-project.google_compute_shared_vpc_service_project.shared_vpc_service",
            "module.load-project.google_kms_crypto_key_iam_member.service_identity_cmek",
            "module.load-project.google_org_policy_policy.default",
            "module.load-project.google_project.project",
            "module.load-project.google_project_iam_member.servicenetworking",
            "module.load-project.google_project_iam_member.shared_vpc_host_robots",
            "module.load-project.google_project_service.project_services",
            "module.load-project.google_project_service_identity.jit_si",
            "module.load-project.google_project_service_identity.servicenetworking",
            "module.load-sa-df-0.data.google_service_account.service_account",
            "module.load-sa-df-0.google_service_account.service_account",
            "module.orch-project.data.google_bigquery_default_service_account.bq_sa",
            "module.orch-project.data.google_project.project",
            "module.orch-project.data.google_storage_project_service_account.gcs_sa",
            "module.orch-project.google_compute_shared_vpc_host_project.shared_vpc_host",
            "module.orch-project.google_compute_shared_vpc_service_project.service_projects",
            "module.orch-project.google_compute_shared_vpc_service_project.shared_vpc_service",
            "module.orch-project.google_kms_crypto_key_iam_member.service_identity_cmek",
            "module.orch-project.google_org_policy_policy.default",
            "module.orch-project.google_project.project",
            "module.orch-project.google_project_iam_custom_role.roles",
            "module.orch-project.google_project_iam_member.servicenetworking",
            "module.orch-project.google_project_iam_member.shared_vpc_host_robots",
            "module.orch-project.google_project_service.project_services",
            "module.orch-project.google_project_service_identity.jit_si",
            "module.orch-project.google_project_service_identity.servicenetworking",
            "module.orch-sa-cmp-0.data.google_service_account.service_account",
            "module.orch-sa-cmp-0.google_service_account.service_account",
            "module.transf-project.data.google_bigquery_default_service_account.bq_sa",
            "module.transf-project.data.google_project.project",
            "module.transf-project.data.google_storage_project_service_account.gcs_sa",
            "module.transf-project.google_compute_shared_vpc_host_project.shared_vpc_host",
            "module.transf-project.google_compute_shared_vpc_service_project.service_projects",
            "module.transf-project.google_compute_shared_vpc_service_project.shared_vpc_service",
            "module.transf-project.google_kms_crypto_key_iam_member.service_identity_cmek",
            "module.transf-project.google_org_policy_policy.default",
            "module.transf-project.google_project.project",
            "module.transf-project.google_project_iam_member.servicenetworking",
            "module.transf-project.google_project_iam_member.shared_vpc_host_robots",
            "module.transf-project.google_project_service.project_services",
            "module.transf-project.google_project_service_identity.jit_si",
            "module.transf-project.google_project_service_identity.servicenetworking",
            "module.transf-sa-df-0.data.google_service_account.service_account",
            "module.transf-sa-df-0.google_service_account.service_account"
          ]
        },
        {
          "index_key": "roles/storage.objectViewer",
          "schema_version": 0,
          "attributes": {
            "condition": [],
            "etag": "BwYVIYlOSI4=",
            "id": "sme-poc-edp-orc/roles/storage.objectViewer",
            "members": [
              "serviceAccount:sme-poc-edp-load-df-0@sme-poc-edp-lod.iam.gserviceaccount.com"
            ],
            "project": "sme-poc-edp-orc",
            "role": "roles/storage.objectViewer"
          },
          "sensitive_attributes": [],
          "private": "bnVsbA==",
          "dependencies": [
            "module.load-project.data.google_bigquery_default_service_account.bq_sa",
            "module.load-project.data.google_project.project",
            "module.load-project.data.google_storage_project_service_account.gcs_sa",
            "module.load-project.google_compute_shared_vpc_host_project.shared_vpc_host",
            "module.load-project.google_compute_shared_vpc_service_project.service_projects",
            "module.load-project.google_compute_shared_vpc_service_project.shared_vpc_service",
            "module.load-project.google_kms_crypto_key_iam_member.service_identity_cmek",
            "module.load-project.google_org_policy_policy.default",
            "module.load-project.google_project.project",
            "module.load-project.google_project_iam_member.servicenetworking",
            "module.load-project.google_project_iam_member.shared_vpc_host_robots",
            "module.load-project.google_project_service.project_services",
            "module.load-project.google_project_service_identity.jit_si",
            "module.load-project.google_project_service_identity.servicenetworking",
            "module.load-sa-df-0.data.google_service_account.service_account",
            "module.load-sa-df-0.google_service_account.service_account",
            "module.orch-project.data.google_bigquery_default_service_account.bq_sa",
            "module.orch-project.data.google_project.project",
            "module.orch-project.data.google_storage_project_service_account.gcs_sa",
            "module.orch-project.google_compute_shared_vpc_host_project.shared_vpc_host",
            "module.orch-project.google_compute_shared_vpc_service_project.service_projects",
            "module.orch-project.google_compute_shared_vpc_service_project.shared_vpc_service",
            "module.orch-project.google_kms_crypto_key_iam_member.service_identity_cmek",
            "module.orch-project.google_org_policy_policy.default",
            "module.orch-project.google_project.project",
            "module.orch-project.google_project_iam_custom_role.roles",
            "module.orch-project.google_project_iam_member.servicenetworking",
            "module.orch-project.google_project_iam_member.shared_vpc_host_robots",
            "module.orch-project.google_project_service.project_services",
            "module.orch-project.google_project_service_identity.jit_si",
            "module.orch-project.google_project_service_identity.servicenetworking",
            "module.orch-sa-cmp-0.data.google_service_account.service_account",
            "module.orch-sa-cmp-0.google_service_account.service_account",
            "module.transf-project.data.google_bigquery_default_service_account.bq_sa",
            "module.transf-project.data.google_project.project",
            "module.transf-project.data.google_storage_project_service_account.gcs_sa",
            "module.transf-project.google_compute_shared_vpc_host_project.shared_vpc_host",
            "module.transf-project.google_compute_shared_vpc_service_project.service_projects",
            "module.transf-project.google_compute_shared_vpc_service_project.shared_vpc_service",
            "module.transf-project.google_kms_crypto_key_iam_member.service_identity_cmek",
            "module.transf-project.google_org_policy_policy.default",
            "module.transf-project.google_project.project",
            "module.transf-project.google_project_iam_member.servicenetworking",
            "module.transf-project.google_project_iam_member.shared_vpc_host_robots",
            "module.transf-project.google_project_service.project_services",
            "module.transf-project.google_project_service_identity.jit_si",
            "module.transf-project.google_project_service_identity.servicenetworking",
            "module.transf-sa-df-0.data.google_service_account.service_account",
            "module.transf-sa-df-0.google_service_account.service_account"
          ]
        }
      ]
    },
    {
      "module": "module.orch-project",
      "mode": "managed",
      "type": "google_project_iam_custom_role",
      "name": "roles",
      "provider": "provider[\"registry.terraform.io/hashicorp/google\"]",
      "instances": []
    },
    {
      "module": "module.orch-project",
      "mode": "managed",
      "type": "google_project_iam_member",
      "name": "servicenetworking",
      "provider": "provider[\"registry.terraform.io/hashicorp/google\"]",
      "instances": [
        {
          "index_key": 0,
          "schema_version": 0,
          "attributes": {
            "condition": [],
            "etag": "BwYVIYlOSI4=",
            "id": "sme-poc-edp-orc/roles/servicenetworking.serviceAgent/serviceAccount:service-555153297430@service-networking.iam.gserviceaccount.com",
            "member": "serviceAccount:service-555153297430@service-networking.iam.gserviceaccount.com",
            "project": "sme-poc-edp-orc",
            "role": "roles/servicenetworking.serviceAgent"
          },
          "sensitive_attributes": [],
          "private": "bnVsbA==",
          "dependencies": [
            "module.orch-project.data.google_project.project",
            "module.orch-project.google_project.project",
            "module.orch-project.google_project_service.project_services",
            "module.orch-project.google_project_service_identity.servicenetworking"
          ]
        }
      ]
    },
    {
      "module": "module.orch-project",
      "mode": "managed",
      "type": "google_project_iam_member",
      "name": "shared_vpc_host_robots",
      "provider": "provider[\"registry.terraform.io/hashicorp/google\"]",
      "instances": []
    },
    {
      "module": "module.orch-project",
      "mode": "managed",
      "type": "google_project_service",
      "name": "project_services",
      "provider": "provider[\"registry.terraform.io/hashicorp/google\"]",
      "instances": [
        {
          "index_key": "artifactregistry.googleapis.com",
          "schema_version": 0,
          "attributes": {
            "disable_dependent_services": false,
            "disable_on_destroy": false,
            "id": "sme-poc-edp-orc/artifactregistry.googleapis.com",
            "project": "sme-poc-edp-orc",
            "service": "artifactregistry.googleapis.com",
            "timeouts": null
          },
          "sensitive_attributes": [],
          "private": "eyJlMmJmYjczMC1lY2FhLTExZTYtOGY4OC0zNDM2M2JjN2M0YzAiOnsiY3JlYXRlIjoxMjAwMDAwMDAwMDAwLCJkZWxldGUiOjEyMDAwMDAwMDAwMDAsInJlYWQiOjYwMDAwMDAwMDAwMCwidXBkYXRlIjoxMjAwMDAwMDAwMDAwfX0=",
          "dependencies": [
            "module.orch-project.data.google_project.project",
            "module.orch-project.google_project.project"
          ]
        },
        {
          "index_key": "bigquery.googleapis.com",
          "schema_version": 0,
          "attributes": {
            "disable_dependent_services": false,
            "disable_on_destroy": false,
            "id": "sme-poc-edp-orc/bigquery.googleapis.com",
            "project": "sme-poc-edp-orc",
            "service": "bigquery.googleapis.com",
            "timeouts": null
          },
          "sensitive_attributes": [],
          "private": "eyJlMmJmYjczMC1lY2FhLTExZTYtOGY4OC0zNDM2M2JjN2M0YzAiOnsiY3JlYXRlIjoxMjAwMDAwMDAwMDAwLCJkZWxldGUiOjEyMDAwMDAwMDAwMDAsInJlYWQiOjYwMDAwMDAwMDAwMCwidXBkYXRlIjoxMjAwMDAwMDAwMDAwfX0=",
          "dependencies": [
            "module.orch-project.data.google_project.project",
            "module.orch-project.google_project.project"
          ]
        },
        {
          "index_key": "bigqueryreservation.googleapis.com",
          "schema_version": 0,
          "attributes": {
            "disable_dependent_services": false,
            "disable_on_destroy": false,
            "id": "sme-poc-edp-orc/bigqueryreservation.googleapis.com",
            "project": "sme-poc-edp-orc",
            "service": "bigqueryreservation.googleapis.com",
            "timeouts": null
          },
          "sensitive_attributes": [],
          "private": "eyJlMmJmYjczMC1lY2FhLTExZTYtOGY4OC0zNDM2M2JjN2M0YzAiOnsiY3JlYXRlIjoxMjAwMDAwMDAwMDAwLCJkZWxldGUiOjEyMDAwMDAwMDAwMDAsInJlYWQiOjYwMDAwMDAwMDAwMCwidXBkYXRlIjoxMjAwMDAwMDAwMDAwfX0=",
          "dependencies": [
            "module.orch-project.data.google_project.project",
            "module.orch-project.google_project.project"
          ]
        },
        {
          "index_key": "bigquerystorage.googleapis.com",
          "schema_version": 0,
          "attributes": {
            "disable_dependent_services": false,
            "disable_on_destroy": false,
            "id": "sme-poc-edp-orc/bigquerystorage.googleapis.com",
            "project": "sme-poc-edp-orc",
            "service": "bigquerystorage.googleapis.com",
            "timeouts": null
          },
          "sensitive_attributes": [],
          "private": "eyJlMmJmYjczMC1lY2FhLTExZTYtOGY4OC0zNDM2M2JjN2M0YzAiOnsiY3JlYXRlIjoxMjAwMDAwMDAwMDAwLCJkZWxldGUiOjEyMDAwMDAwMDAwMDAsInJlYWQiOjYwMDAwMDAwMDAwMCwidXBkYXRlIjoxMjAwMDAwMDAwMDAwfX0=",
          "dependencies": [
            "module.orch-project.data.google_project.project",
            "module.orch-project.google_project.project"
          ]
        },
        {
          "index_key": "cloudbuild.googleapis.com",
          "schema_version": 0,
          "attributes": {
            "disable_dependent_services": false,
            "disable_on_destroy": false,
            "id": "sme-poc-edp-orc/cloudbuild.googleapis.com",
            "project": "sme-poc-edp-orc",
            "service": "cloudbuild.googleapis.com",
            "timeouts": null
          },
          "sensitive_attributes": [],
          "private": "eyJlMmJmYjczMC1lY2FhLTExZTYtOGY4OC0zNDM2M2JjN2M0YzAiOnsiY3JlYXRlIjoxMjAwMDAwMDAwMDAwLCJkZWxldGUiOjEyMDAwMDAwMDAwMDAsInJlYWQiOjYwMDAwMDAwMDAwMCwidXBkYXRlIjoxMjAwMDAwMDAwMDAwfX0=",
          "dependencies": [
            "module.orch-project.data.google_project.project",
            "module.orch-project.google_project.project"
          ]
        },
        {
          "index_key": "cloudkms.googleapis.com",
          "schema_version": 0,
          "attributes": {
            "disable_dependent_services": false,
            "disable_on_destroy": false,
            "id": "sme-poc-edp-orc/cloudkms.googleapis.com",
            "project": "sme-poc-edp-orc",
            "service": "cloudkms.googleapis.com",
            "timeouts": null
          },
          "sensitive_attributes": [],
          "private": "eyJlMmJmYjczMC1lY2FhLTExZTYtOGY4OC0zNDM2M2JjN2M0YzAiOnsiY3JlYXRlIjoxMjAwMDAwMDAwMDAwLCJkZWxldGUiOjEyMDAwMDAwMDAwMDAsInJlYWQiOjYwMDAwMDAwMDAwMCwidXBkYXRlIjoxMjAwMDAwMDAwMDAwfX0=",
          "dependencies": [
            "module.orch-project.data.google_project.project",
            "module.orch-project.google_project.project"
          ]
        },
        {
          "index_key": "cloudresourcemanager.googleapis.com",
          "schema_version": 0,
          "attributes": {
            "disable_dependent_services": false,
            "disable_on_destroy": false,
            "id": "sme-poc-edp-orc/cloudresourcemanager.googleapis.com",
            "project": "sme-poc-edp-orc",
            "service": "cloudresourcemanager.googleapis.com",
            "timeouts": null
          },
          "sensitive_attributes": [],
          "private": "eyJlMmJmYjczMC1lY2FhLTExZTYtOGY4OC0zNDM2M2JjN2M0YzAiOnsiY3JlYXRlIjoxMjAwMDAwMDAwMDAwLCJkZWxldGUiOjEyMDAwMDAwMDAwMDAsInJlYWQiOjYwMDAwMDAwMDAwMCwidXBkYXRlIjoxMjAwMDAwMDAwMDAwfX0=",
          "dependencies": [
            "module.orch-project.data.google_project.project",
            "module.orch-project.google_project.project"
          ]
        },
        {
          "index_key": "composer.googleapis.com",
          "schema_version": 0,
          "attributes": {
            "disable_dependent_services": false,
            "disable_on_destroy": false,
            "id": "sme-poc-edp-orc/composer.googleapis.com",
            "project": "sme-poc-edp-orc",
            "service": "composer.googleapis.com",
            "timeouts": null
          },
          "sensitive_attributes": [],
          "private": "eyJlMmJmYjczMC1lY2FhLTExZTYtOGY4OC0zNDM2M2JjN2M0YzAiOnsiY3JlYXRlIjoxMjAwMDAwMDAwMDAwLCJkZWxldGUiOjEyMDAwMDAwMDAwMDAsInJlYWQiOjYwMDAwMDAwMDAwMCwidXBkYXRlIjoxMjAwMDAwMDAwMDAwfX0=",
          "dependencies": [
            "module.orch-project.data.google_project.project",
            "module.orch-project.google_project.project"
          ]
        },
        {
          "index_key": "compute.googleapis.com",
          "schema_version": 0,
          "attributes": {
            "disable_dependent_services": false,
            "disable_on_destroy": false,
            "id": "sme-poc-edp-orc/compute.googleapis.com",
            "project": "sme-poc-edp-orc",
            "service": "compute.googleapis.com",
            "timeouts": null
          },
          "sensitive_attributes": [],
          "private": "eyJlMmJmYjczMC1lY2FhLTExZTYtOGY4OC0zNDM2M2JjN2M0YzAiOnsiY3JlYXRlIjoxMjAwMDAwMDAwMDAwLCJkZWxldGUiOjEyMDAwMDAwMDAwMDAsInJlYWQiOjYwMDAwMDAwMDAwMCwidXBkYXRlIjoxMjAwMDAwMDAwMDAwfX0=",
          "dependencies": [
            "module.orch-project.data.google_project.project",
            "module.orch-project.google_project.project"
          ]
        },
        {
          "index_key": "container.googleapis.com",
          "schema_version": 0,
          "attributes": {
            "disable_dependent_services": false,
            "disable_on_destroy": false,
            "id": "sme-poc-edp-orc/container.googleapis.com",
            "project": "sme-poc-edp-orc",
            "service": "container.googleapis.com",
            "timeouts": null
          },
          "sensitive_attributes": [],
          "private": "eyJlMmJmYjczMC1lY2FhLTExZTYtOGY4OC0zNDM2M2JjN2M0YzAiOnsiY3JlYXRlIjoxMjAwMDAwMDAwMDAwLCJkZWxldGUiOjEyMDAwMDAwMDAwMDAsInJlYWQiOjYwMDAwMDAwMDAwMCwidXBkYXRlIjoxMjAwMDAwMDAwMDAwfX0=",
          "dependencies": [
            "module.orch-project.data.google_project.project",
            "module.orch-project.google_project.project"
          ]
        },
        {
          "index_key": "containerregistry.googleapis.com",
          "schema_version": 0,
          "attributes": {
            "disable_dependent_services": false,
            "disable_on_destroy": false,
            "id": "sme-poc-edp-orc/containerregistry.googleapis.com",
            "project": "sme-poc-edp-orc",
            "service": "containerregistry.googleapis.com",
            "timeouts": null
          },
          "sensitive_attributes": [],
          "private": "eyJlMmJmYjczMC1lY2FhLTExZTYtOGY4OC0zNDM2M2JjN2M0YzAiOnsiY3JlYXRlIjoxMjAwMDAwMDAwMDAwLCJkZWxldGUiOjEyMDAwMDAwMDAwMDAsInJlYWQiOjYwMDAwMDAwMDAwMCwidXBkYXRlIjoxMjAwMDAwMDAwMDAwfX0=",
          "dependencies": [
            "module.orch-project.data.google_project.project",
            "module.orch-project.google_project.project"
          ]
        },
        {
          "index_key": "dataflow.googleapis.com",
          "schema_version": 0,
          "attributes": {
            "disable_dependent_services": false,
            "disable_on_destroy": false,
            "id": "sme-poc-edp-orc/dataflow.googleapis.com",
            "project": "sme-poc-edp-orc",
            "service": "dataflow.googleapis.com",
            "timeouts": null
          },
          "sensitive_attributes": [],
          "private": "eyJlMmJmYjczMC1lY2FhLTExZTYtOGY4OC0zNDM2M2JjN2M0YzAiOnsiY3JlYXRlIjoxMjAwMDAwMDAwMDAwLCJkZWxldGUiOjEyMDAwMDAwMDAwMDAsInJlYWQiOjYwMDAwMDAwMDAwMCwidXBkYXRlIjoxMjAwMDAwMDAwMDAwfX0=",
          "dependencies": [
            "module.orch-project.data.google_project.project",
            "module.orch-project.google_project.project"
          ]
        },
        {
          "index_key": "iam.googleapis.com",
          "schema_version": 0,
          "attributes": {
            "disable_dependent_services": false,
            "disable_on_destroy": false,
            "id": "sme-poc-edp-orc/iam.googleapis.com",
            "project": "sme-poc-edp-orc",
            "service": "iam.googleapis.com",
            "timeouts": null
          },
          "sensitive_attributes": [],
          "private": "eyJlMmJmYjczMC1lY2FhLTExZTYtOGY4OC0zNDM2M2JjN2M0YzAiOnsiY3JlYXRlIjoxMjAwMDAwMDAwMDAwLCJkZWxldGUiOjEyMDAwMDAwMDAwMDAsInJlYWQiOjYwMDAwMDAwMDAwMCwidXBkYXRlIjoxMjAwMDAwMDAwMDAwfX0=",
          "dependencies": [
            "module.orch-project.data.google_project.project",
            "module.orch-project.google_project.project"
          ]
        },
        {
          "index_key": "orgpolicy.googleapis.com",
          "schema_version": 0,
          "attributes": {
            "disable_dependent_services": false,
            "disable_on_destroy": false,
            "id": "sme-poc-edp-orc/orgpolicy.googleapis.com",
            "project": "sme-poc-edp-orc",
            "service": "orgpolicy.googleapis.com",
            "timeouts": null
          },
          "sensitive_attributes": [],
          "private": "eyJlMmJmYjczMC1lY2FhLTExZTYtOGY4OC0zNDM2M2JjN2M0YzAiOnsiY3JlYXRlIjoxMjAwMDAwMDAwMDAwLCJkZWxldGUiOjEyMDAwMDAwMDAwMDAsInJlYWQiOjYwMDAwMDAwMDAwMCwidXBkYXRlIjoxMjAwMDAwMDAwMDAwfX0=",
          "dependencies": [
            "module.orch-project.data.google_project.project",
            "module.orch-project.google_project.project"
          ]
        },
        {
          "index_key": "pubsub.googleapis.com",
          "schema_version": 0,
          "attributes": {
            "disable_dependent_services": false,
            "disable_on_destroy": false,
            "id": "sme-poc-edp-orc/pubsub.googleapis.com",
            "project": "sme-poc-edp-orc",
            "service": "pubsub.googleapis.com",
            "timeouts": null
          },
          "sensitive_attributes": [],
          "private": "eyJlMmJmYjczMC1lY2FhLTExZTYtOGY4OC0zNDM2M2JjN2M0YzAiOnsiY3JlYXRlIjoxMjAwMDAwMDAwMDAwLCJkZWxldGUiOjEyMDAwMDAwMDAwMDAsInJlYWQiOjYwMDAwMDAwMDAwMCwidXBkYXRlIjoxMjAwMDAwMDAwMDAwfX0=",
          "dependencies": [
            "module.orch-project.data.google_project.project",
            "module.orch-project.google_project.project"
          ]
        },
        {
          "index_key": "servicenetworking.googleapis.com",
          "schema_version": 0,
          "attributes": {
            "disable_dependent_services": false,
            "disable_on_destroy": false,
            "id": "sme-poc-edp-orc/servicenetworking.googleapis.com",
            "project": "sme-poc-edp-orc",
            "service": "servicenetworking.googleapis.com",
            "timeouts": null
          },
          "sensitive_attributes": [],
          "private": "eyJlMmJmYjczMC1lY2FhLTExZTYtOGY4OC0zNDM2M2JjN2M0YzAiOnsiY3JlYXRlIjoxMjAwMDAwMDAwMDAwLCJkZWxldGUiOjEyMDAwMDAwMDAwMDAsInJlYWQiOjYwMDAwMDAwMDAwMCwidXBkYXRlIjoxMjAwMDAwMDAwMDAwfX0=",
          "dependencies": [
            "module.orch-project.data.google_project.project",
            "module.orch-project.google_project.project"
          ]
        },
        {
          "index_key": "serviceusage.googleapis.com",
          "schema_version": 0,
          "attributes": {
            "disable_dependent_services": false,
            "disable_on_destroy": false,
            "id": "sme-poc-edp-orc/serviceusage.googleapis.com",
            "project": "sme-poc-edp-orc",
            "service": "serviceusage.googleapis.com",
            "timeouts": null
          },
          "sensitive_attributes": [],
          "private": "eyJlMmJmYjczMC1lY2FhLTExZTYtOGY4OC0zNDM2M2JjN2M0YzAiOnsiY3JlYXRlIjoxMjAwMDAwMDAwMDAwLCJkZWxldGUiOjEyMDAwMDAwMDAwMDAsInJlYWQiOjYwMDAwMDAwMDAwMCwidXBkYXRlIjoxMjAwMDAwMDAwMDAwfX0=",
          "dependencies": [
            "module.orch-project.data.google_project.project",
            "module.orch-project.google_project.project"
          ]
        },
        {
          "index_key": "stackdriver.googleapis.com",
          "schema_version": 0,
          "attributes": {
            "disable_dependent_services": false,
            "disable_on_destroy": false,
            "id": "sme-poc-edp-orc/stackdriver.googleapis.com",
            "project": "sme-poc-edp-orc",
            "service": "stackdriver.googleapis.com",
            "timeouts": null
          },
          "sensitive_attributes": [],
          "private": "eyJlMmJmYjczMC1lY2FhLTExZTYtOGY4OC0zNDM2M2JjN2M0YzAiOnsiY3JlYXRlIjoxMjAwMDAwMDAwMDAwLCJkZWxldGUiOjEyMDAwMDAwMDAwMDAsInJlYWQiOjYwMDAwMDAwMDAwMCwidXBkYXRlIjoxMjAwMDAwMDAwMDAwfX0=",
          "dependencies": [
            "module.orch-project.data.google_project.project",
            "module.orch-project.google_project.project"
          ]
        },
        {
          "index_key": "storage-component.googleapis.com",
          "schema_version": 0,
          "attributes": {
            "disable_dependent_services": false,
            "disable_on_destroy": false,
            "id": "sme-poc-edp-orc/storage-component.googleapis.com",
            "project": "sme-poc-edp-orc",
            "service": "storage-component.googleapis.com",
            "timeouts": null
          },
          "sensitive_attributes": [],
          "private": "eyJlMmJmYjczMC1lY2FhLTExZTYtOGY4OC0zNDM2M2JjN2M0YzAiOnsiY3JlYXRlIjoxMjAwMDAwMDAwMDAwLCJkZWxldGUiOjEyMDAwMDAwMDAwMDAsInJlYWQiOjYwMDAwMDAwMDAwMCwidXBkYXRlIjoxMjAwMDAwMDAwMDAwfX0=",
          "dependencies": [
            "module.orch-project.data.google_project.project",
            "module.orch-project.google_project.project"
          ]
        },
        {
          "index_key": "storage.googleapis.com",
          "schema_version": 0,
          "attributes": {
            "disable_dependent_services": false,
            "disable_on_destroy": false,
            "id": "sme-poc-edp-orc/storage.googleapis.com",
            "project": "sme-poc-edp-orc",
            "service": "storage.googleapis.com",
            "timeouts": null
          },
          "sensitive_attributes": [],
          "private": "eyJlMmJmYjczMC1lY2FhLTExZTYtOGY4OC0zNDM2M2JjN2M0YzAiOnsiY3JlYXRlIjoxMjAwMDAwMDAwMDAwLCJkZWxldGUiOjEyMDAwMDAwMDAwMDAsInJlYWQiOjYwMDAwMDAwMDAwMCwidXBkYXRlIjoxMjAwMDAwMDAwMDAwfX0=",
          "dependencies": [
            "module.orch-project.data.google_project.project",
            "module.orch-project.google_project.project"
          ]
        }
      ]
    },
    {
      "module": "module.orch-project",
      "mode": "managed",
      "type": "google_project_service_identity",
      "name": "jit_si",
      "provider": "provider[\"registry.terraform.io/hashicorp/google-beta\"]",
      "instances": [
        {
          "index_key": "artifactregistry.googleapis.com",
          "schema_version": 0,
          "attributes": {
            "email": "service-555153297430@gcp-sa-artifactregistry.iam.gserviceaccount.com",
            "id": "projects/sme-poc-edp-orc/services/artifactregistry.googleapis.com",
            "project": "sme-poc-edp-orc",
            "service": "artifactregistry.googleapis.com",
            "timeouts": null
          },
          "sensitive_attributes": [],
          "private": "eyJlMmJmYjczMC1lY2FhLTExZTYtOGY4OC0zNDM2M2JjN2M0YzAiOnsiY3JlYXRlIjoxMjAwMDAwMDAwMDAwLCJkZWxldGUiOjEyMDAwMDAwMDAwMDAsInJlYWQiOjYwMDAwMDAwMDAwMH19",
          "dependencies": [
            "module.orch-project.data.google_project.project",
            "module.orch-project.google_project.project",
            "module.orch-project.google_project_service.project_services"
          ]
        },
        {
          "index_key": "pubsub.googleapis.com",
          "schema_version": 0,
          "attributes": {
            "email": "service-555153297430@gcp-sa-pubsub.iam.gserviceaccount.com",
            "id": "projects/sme-poc-edp-orc/services/pubsub.googleapis.com",
            "project": "sme-poc-edp-orc",
            "service": "pubsub.googleapis.com",
            "timeouts": null
          },
          "sensitive_attributes": [],
          "private": "eyJlMmJmYjczMC1lY2FhLTExZTYtOGY4OC0zNDM2M2JjN2M0YzAiOnsiY3JlYXRlIjoxMjAwMDAwMDAwMDAwLCJkZWxldGUiOjEyMDAwMDAwMDAwMDAsInJlYWQiOjYwMDAwMDAwMDAwMH19",
          "dependencies": [
            "module.orch-project.data.google_project.project",
            "module.orch-project.google_project.project",
            "module.orch-project.google_project_service.project_services"
          ]
        }
      ]
    },
    {
      "module": "module.orch-project",
      "mode": "managed",
      "type": "google_project_service_identity",
      "name": "servicenetworking",
      "provider": "provider[\"registry.terraform.io/hashicorp/google-beta\"]",
      "instances": [
        {
          "index_key": 0,
          "schema_version": 0,
          "attributes": {
            "email": "service-555153297430@service-networking.iam.gserviceaccount.com",
            "id": "projects/sme-poc-edp-orc/services/servicenetworking.googleapis.com",
            "project": "sme-poc-edp-orc",
            "service": "servicenetworking.googleapis.com",
            "timeouts": null
          },
          "sensitive_attributes": [],
          "private": "eyJlMmJmYjczMC1lY2FhLTExZTYtOGY4OC0zNDM2M2JjN2M0YzAiOnsiY3JlYXRlIjoxMjAwMDAwMDAwMDAwLCJkZWxldGUiOjEyMDAwMDAwMDAwMDAsInJlYWQiOjYwMDAwMDAwMDAwMH19",
          "dependencies": [
            "module.orch-project.data.google_project.project",
            "module.orch-project.google_project.project",
            "module.orch-project.google_project_service.project_services"
          ]
        }
      ]
    },
    {
      "module": "module.orch-sa-cmp-0",
      "mode": "data",
      "type": "google_service_account",
      "name": "service_account",
      "provider": "provider[\"registry.terraform.io/hashicorp/google\"]",
      "instances": []
    },
    {
      "module": "module.orch-sa-cmp-0",
      "mode": "managed",
      "type": "google_service_account",
      "name": "service_account",
      "provider": "provider[\"registry.terraform.io/hashicorp/google\"]",
      "instances": [
        {
          "index_key": 0,
          "schema_version": 0,
          "attributes": {
            "account_id": "sme-poc-edp-orc-cmp-0",
            "create_ignore_already_exists": null,
            "description": "",
            "disabled": false,
            "display_name": "Data platform Composer service account",
            "email": "sme-poc-edp-orc-cmp-0@sme-poc-edp-orc.iam.gserviceaccount.com",
            "id": "projects/sme-poc-edp-orc/serviceAccounts/sme-poc-edp-orc-cmp-0@sme-poc-edp-orc.iam.gserviceaccount.com",
            "member": "serviceAccount:sme-poc-edp-orc-cmp-0@sme-poc-edp-orc.iam.gserviceaccount.com",
            "name": "projects/sme-poc-edp-orc/serviceAccounts/sme-poc-edp-orc-cmp-0@sme-poc-edp-orc.iam.gserviceaccount.com",
            "project": "sme-poc-edp-orc",
            "timeouts": null,
            "unique_id": "108120297344380884572"
          },
          "sensitive_attributes": [],
          "private": "eyJlMmJmYjczMC1lY2FhLTExZTYtOGY4OC0zNDM2M2JjN2M0YzAiOnsiY3JlYXRlIjozMDAwMDAwMDAwMDB9fQ==",
          "dependencies": [
            "module.orch-project.data.google_bigquery_default_service_account.bq_sa",
            "module.orch-project.data.google_project.project",
            "module.orch-project.data.google_storage_project_service_account.gcs_sa",
            "module.orch-project.google_compute_shared_vpc_host_project.shared_vpc_host",
            "module.orch-project.google_compute_shared_vpc_service_project.service_projects",
            "module.orch-project.google_compute_shared_vpc_service_project.shared_vpc_service",
            "module.orch-project.google_kms_crypto_key_iam_member.service_identity_cmek",
            "module.orch-project.google_org_policy_policy.default",
            "module.orch-project.google_project.project",
            "module.orch-project.google_project_iam_member.servicenetworking",
            "module.orch-project.google_project_iam_member.shared_vpc_host_robots",
            "module.orch-project.google_project_service.project_services",
            "module.orch-project.google_project_service_identity.jit_si",
            "module.orch-project.google_project_service_identity.servicenetworking"
          ]
        }
      ]
    },
    {
      "module": "module.orch-sa-cmp-0",
      "mode": "managed",
      "type": "google_service_account_iam_binding",
      "name": "roles",
      "provider": "provider[\"registry.terraform.io/hashicorp/google\"]",
      "instances": [
        {
          "index_key": "roles/composer.ServiceAgentV2Ext",
          "schema_version": 0,
          "attributes": {
            "condition": [],
            "etag": "BwYVInQjiyg=",
            "id": "projects/sme-poc-edp-orc/serviceAccounts/sme-poc-edp-orc-cmp-0@sme-poc-edp-orc.iam.gserviceaccount.com/roles/composer.ServiceAgentV2Ext",
            "members": [
              "serviceAccount:sme-poc-edp-orc-cmp-0@sme-poc-edp-orc.iam.gserviceaccount.com"
            ],
            "role": "roles/composer.ServiceAgentV2Ext",
            "service_account_id": "projects/sme-poc-edp-orc/serviceAccounts/sme-poc-edp-orc-cmp-0@sme-poc-edp-orc.iam.gserviceaccount.com"
          },
          "sensitive_attributes": [],
          "private": "bnVsbA==",
          "dependencies": [
            "module.orch-project.data.google_bigquery_default_service_account.bq_sa",
            "module.orch-project.data.google_project.project",
            "module.orch-project.data.google_storage_project_service_account.gcs_sa",
            "module.orch-project.google_compute_shared_vpc_host_project.shared_vpc_host",
            "module.orch-project.google_compute_shared_vpc_service_project.service_projects",
            "module.orch-project.google_compute_shared_vpc_service_project.shared_vpc_service",
            "module.orch-project.google_kms_crypto_key_iam_member.service_identity_cmek",
            "module.orch-project.google_org_policy_policy.default",
            "module.orch-project.google_project.project",
            "module.orch-project.google_project_iam_member.servicenetworking",
            "module.orch-project.google_project_iam_member.shared_vpc_host_robots",
            "module.orch-project.google_project_service.project_services",
            "module.orch-project.google_project_service_identity.jit_si",
            "module.orch-project.google_project_service_identity.servicenetworking",
            "module.orch-sa-cmp-0.data.google_service_account.service_account",
            "module.orch-sa-cmp-0.google_service_account.service_account"
          ]
        },
        {
          "index_key": "roles/iam.serviceAccountTokenCreator",
          "schema_version": 0,
          "attributes": {
            "condition": [],
            "etag": "BwYVInQjiyg=",
            "id": "projects/sme-poc-edp-orc/serviceAccounts/sme-poc-edp-orc-cmp-0@sme-poc-edp-orc.iam.gserviceaccount.com/roles/iam.serviceAccountTokenCreator",
            "members": [
              "group:gcp-data-engineers@brl.la.calriz.com"
            ],
            "role": "roles/iam.serviceAccountTokenCreator",
            "service_account_id": "projects/sme-poc-edp-orc/serviceAccounts/sme-poc-edp-orc-cmp-0@sme-poc-edp-orc.iam.gserviceaccount.com"
          },
          "sensitive_attributes": [],
          "private": "bnVsbA==",
          "dependencies": [
            "module.orch-project.data.google_bigquery_default_service_account.bq_sa",
            "module.orch-project.data.google_project.project",
            "module.orch-project.data.google_storage_project_service_account.gcs_sa",
            "module.orch-project.google_compute_shared_vpc_host_project.shared_vpc_host",
            "module.orch-project.google_compute_shared_vpc_service_project.service_projects",
            "module.orch-project.google_compute_shared_vpc_service_project.shared_vpc_service",
            "module.orch-project.google_kms_crypto_key_iam_member.service_identity_cmek",
            "module.orch-project.google_org_policy_policy.default",
            "module.orch-project.google_project.project",
            "module.orch-project.google_project_iam_member.servicenetworking",
            "module.orch-project.google_project_iam_member.shared_vpc_host_robots",
            "module.orch-project.google_project_service.project_services",
            "module.orch-project.google_project_service_identity.jit_si",
            "module.orch-project.google_project_service_identity.servicenetworking",
            "module.orch-sa-cmp-0.data.google_service_account.service_account",
            "module.orch-sa-cmp-0.google_service_account.service_account"
          ]
        },
        {
          "index_key": "roles/iam.serviceAccountUser",
          "schema_version": 0,
          "attributes": {
            "condition": [],
            "etag": "BwYVInQjiyg=",
            "id": "projects/sme-poc-edp-orc/serviceAccounts/sme-poc-edp-orc-cmp-0@sme-poc-edp-orc.iam.gserviceaccount.com/roles/iam.serviceAccountUser",
            "members": [
              "serviceAccount:sme-poc-edp-orc-cmp-0@sme-poc-edp-orc.iam.gserviceaccount.com"
            ],
            "role": "roles/iam.serviceAccountUser",
            "service_account_id": "projects/sme-poc-edp-orc/serviceAccounts/sme-poc-edp-orc-cmp-0@sme-poc-edp-orc.iam.gserviceaccount.com"
          },
          "sensitive_attributes": [],
          "private": "bnVsbA==",
          "dependencies": [
            "module.orch-project.data.google_bigquery_default_service_account.bq_sa",
            "module.orch-project.data.google_project.project",
            "module.orch-project.data.google_storage_project_service_account.gcs_sa",
            "module.orch-project.google_compute_shared_vpc_host_project.shared_vpc_host",
            "module.orch-project.google_compute_shared_vpc_service_project.service_projects",
            "module.orch-project.google_compute_shared_vpc_service_project.shared_vpc_service",
            "module.orch-project.google_kms_crypto_key_iam_member.service_identity_cmek",
            "module.orch-project.google_org_policy_policy.default",
            "module.orch-project.google_project.project",
            "module.orch-project.google_project_iam_member.servicenetworking",
            "module.orch-project.google_project_iam_member.shared_vpc_host_robots",
            "module.orch-project.google_project_service.project_services",
            "module.orch-project.google_project_service_identity.jit_si",
            "module.orch-project.google_project_service_identity.servicenetworking",
            "module.orch-sa-cmp-0.data.google_service_account.service_account",
            "module.orch-sa-cmp-0.google_service_account.service_account"
          ]
        }
      ]
    },
    {
      "module": "module.orch-vpc-firewall[0]",
      "mode": "managed",
      "type": "google_compute_firewall",
      "name": "allow-admins",
      "provider": "provider[\"registry.terraform.io/hashicorp/google\"]",
      "instances": [
        {
          "index_key": 0,
          "schema_version": 1,
          "attributes": {
            "allow": [
              {
                "ports": [],
                "protocol": "all"
              }
            ],
            "creation_timestamp": "2024-04-02T11:47:48.225-07:00",
            "deny": [],
            "description": "Access from the admin subnet to all subnets.",
            "destination_ranges": [],
            "direction": "INGRESS",
            "disabled": false,
            "enable_logging": null,
            "id": "projects/sme-poc-edp-orc/global/firewalls/sme-poc-edp-default-ingress-admins",
            "log_config": [],
            "name": "sme-poc-edp-default-ingress-admins",
            "network": "https://www.googleapis.com/compute/v1/projects/sme-poc-edp-orc/global/networks/sme-poc-edp-default",
            "priority": 1000,
            "project": "sme-poc-edp-orc",
            "self_link": "https://www.googleapis.com/compute/v1/projects/sme-poc-edp-orc/global/firewalls/sme-poc-edp-default-ingress-admins",
            "source_ranges": [
              "10.10.0.0/24"
            ],
            "source_service_accounts": [],
            "source_tags": [],
            "target_service_accounts": [],
            "target_tags": [],
            "timeouts": null
          },
          "sensitive_attributes": [],
          "private": "eyJlMmJmYjczMC1lY2FhLTExZTYtOGY4OC0zNDM2M2JjN2M0YzAiOnsiY3JlYXRlIjoxMjAwMDAwMDAwMDAwLCJkZWxldGUiOjEyMDAwMDAwMDAwMDAsInVwZGF0ZSI6MTIwMDAwMDAwMDAwMH0sInNjaGVtYV92ZXJzaW9uIjoiMSJ9",
          "dependencies": [
            "module.orch-project.data.google_bigquery_default_service_account.bq_sa",
            "module.orch-project.data.google_project.project",
            "module.orch-project.data.google_storage_project_service_account.gcs_sa",
            "module.orch-project.google_compute_shared_vpc_host_project.shared_vpc_host",
            "module.orch-project.google_compute_shared_vpc_service_project.service_projects",
            "module.orch-project.google_compute_shared_vpc_service_project.shared_vpc_service",
            "module.orch-project.google_kms_crypto_key_iam_member.service_identity_cmek",
            "module.orch-project.google_org_policy_policy.default",
            "module.orch-project.google_project.project",
            "module.orch-project.google_project_iam_member.servicenetworking",
            "module.orch-project.google_project_iam_member.shared_vpc_host_robots",
            "module.orch-project.google_project_service.project_services",
            "module.orch-project.google_project_service_identity.jit_si",
            "module.orch-project.google_project_service_identity.servicenetworking",
            "module.orch-vpc.data.google_compute_network.network",
            "module.orch-vpc.google_compute_global_address.psa_ranges",
            "module.orch-vpc.google_compute_network.network",
            "module.orch-vpc.google_compute_network_peering.local",
            "module.orch-vpc.google_compute_network_peering.remote",
            "module.orch-vpc.google_compute_shared_vpc_host_project.shared_vpc_host",
            "module.orch-vpc.google_compute_shared_vpc_service_project.service_projects",
            "module.orch-vpc.google_service_networking_connection.psa_connection"
          ]
        }
      ]
    },
    {
      "module": "module.orch-vpc-firewall[0]",
      "mode": "managed",
      "type": "google_compute_firewall",
      "name": "allow-tag-http",
      "provider": "provider[\"registry.terraform.io/hashicorp/google\"]",
      "instances": [
        {
          "index_key": 0,
          "schema_version": 1,
          "attributes": {
            "allow": [
              {
                "ports": [
                  "80"
                ],
                "protocol": "tcp"
              }
            ],
            "creation_timestamp": "2024-04-02T11:47:48.429-07:00",
            "deny": [],
            "description": "Allow http to machines with matching tags.",
            "destination_ranges": [],
            "direction": "INGRESS",
            "disabled": false,
            "enable_logging": null,
            "id": "projects/sme-poc-edp-orc/global/firewalls/sme-poc-edp-default-ingress-tag-http",
            "log_config": [],
            "name": "sme-poc-edp-default-ingress-tag-http",
            "network": "https://www.googleapis.com/compute/v1/projects/sme-poc-edp-orc/global/networks/sme-poc-edp-default",
            "priority": 1000,
            "project": "sme-poc-edp-orc",
            "self_link": "https://www.googleapis.com/compute/v1/projects/sme-poc-edp-orc/global/firewalls/sme-poc-edp-default-ingress-tag-http",
            "source_ranges": [
              "130.211.0.0/22",
              "209.85.152.0/22",
              "209.85.204.0/22",
              "35.191.0.0/16"
            ],
            "source_service_accounts": [],
            "source_tags": [],
            "target_service_accounts": [],
            "target_tags": [
              "http-server"
            ],
            "timeouts": null
          },
          "sensitive_attributes": [],
          "private": "eyJlMmJmYjczMC1lY2FhLTExZTYtOGY4OC0zNDM2M2JjN2M0YzAiOnsiY3JlYXRlIjoxMjAwMDAwMDAwMDAwLCJkZWxldGUiOjEyMDAwMDAwMDAwMDAsInVwZGF0ZSI6MTIwMDAwMDAwMDAwMH0sInNjaGVtYV92ZXJzaW9uIjoiMSJ9",
          "dependencies": [
            "module.orch-project.data.google_bigquery_default_service_account.bq_sa",
            "module.orch-project.data.google_project.project",
            "module.orch-project.data.google_storage_project_service_account.gcs_sa",
            "module.orch-project.google_compute_shared_vpc_host_project.shared_vpc_host",
            "module.orch-project.google_compute_shared_vpc_service_project.service_projects",
            "module.orch-project.google_compute_shared_vpc_service_project.shared_vpc_service",
            "module.orch-project.google_kms_crypto_key_iam_member.service_identity_cmek",
            "module.orch-project.google_org_policy_policy.default",
            "module.orch-project.google_project.project",
            "module.orch-project.google_project_iam_member.servicenetworking",
            "module.orch-project.google_project_iam_member.shared_vpc_host_robots",
            "module.orch-project.google_project_service.project_services",
            "module.orch-project.google_project_service_identity.jit_si",
            "module.orch-project.google_project_service_identity.servicenetworking",
            "module.orch-vpc.data.google_compute_network.network",
            "module.orch-vpc.google_compute_global_address.psa_ranges",
            "module.orch-vpc.google_compute_network.network",
            "module.orch-vpc.google_compute_network_peering.local",
            "module.orch-vpc.google_compute_network_peering.remote",
            "module.orch-vpc.google_compute_shared_vpc_host_project.shared_vpc_host",
            "module.orch-vpc.google_compute_shared_vpc_service_project.service_projects",
            "module.orch-vpc.google_service_networking_connection.psa_connection"
          ]
        }
      ]
    },
    {
      "module": "module.orch-vpc-firewall[0]",
      "mode": "managed",
      "type": "google_compute_firewall",
      "name": "allow-tag-https",
      "provider": "provider[\"registry.terraform.io/hashicorp/google\"]",
      "instances": [
        {
          "index_key": 0,
          "schema_version": 1,
          "attributes": {
            "allow": [
              {
                "ports": [
                  "443"
                ],
                "protocol": "tcp"
              }
            ],
            "creation_timestamp": "2024-04-02T11:47:48.446-07:00",
            "deny": [],
            "description": "Allow http to machines with matching tags.",
            "destination_ranges": [],
            "direction": "INGRESS",
            "disabled": false,
            "enable_logging": null,
            "id": "projects/sme-poc-edp-orc/global/firewalls/sme-poc-edp-default-ingress-tag-https",
            "log_config": [],
            "name": "sme-poc-edp-default-ingress-tag-https",
            "network": "https://www.googleapis.com/compute/v1/projects/sme-poc-edp-orc/global/networks/sme-poc-edp-default",
            "priority": 1000,
            "project": "sme-poc-edp-orc",
            "self_link": "https://www.googleapis.com/compute/v1/projects/sme-poc-edp-orc/global/firewalls/sme-poc-edp-default-ingress-tag-https",
            "source_ranges": [
              "130.211.0.0/22",
              "209.85.152.0/22",
              "209.85.204.0/22",
              "35.191.0.0/16"
            ],
            "source_service_accounts": [],
            "source_tags": [],
            "target_service_accounts": [],
            "target_tags": [
              "https-server"
            ],
            "timeouts": null
          },
          "sensitive_attributes": [],
          "private": "eyJlMmJmYjczMC1lY2FhLTExZTYtOGY4OC0zNDM2M2JjN2M0YzAiOnsiY3JlYXRlIjoxMjAwMDAwMDAwMDAwLCJkZWxldGUiOjEyMDAwMDAwMDAwMDAsInVwZGF0ZSI6MTIwMDAwMDAwMDAwMH0sInNjaGVtYV92ZXJzaW9uIjoiMSJ9",
          "dependencies": [
            "module.orch-project.data.google_bigquery_default_service_account.bq_sa",
            "module.orch-project.data.google_project.project",
            "module.orch-project.data.google_storage_project_service_account.gcs_sa",
            "module.orch-project.google_compute_shared_vpc_host_project.shared_vpc_host",
            "module.orch-project.google_compute_shared_vpc_service_project.service_projects",
            "module.orch-project.google_compute_shared_vpc_service_project.shared_vpc_service",
            "module.orch-project.google_kms_crypto_key_iam_member.service_identity_cmek",
            "module.orch-project.google_org_policy_policy.default",
            "module.orch-project.google_project.project",
            "module.orch-project.google_project_iam_member.servicenetworking",
            "module.orch-project.google_project_iam_member.shared_vpc_host_robots",
            "module.orch-project.google_project_service.project_services",
            "module.orch-project.google_project_service_identity.jit_si",
            "module.orch-project.google_project_service_identity.servicenetworking",
            "module.orch-vpc.data.google_compute_network.network",
            "module.orch-vpc.google_compute_global_address.psa_ranges",
            "module.orch-vpc.google_compute_network.network",
            "module.orch-vpc.google_compute_network_peering.local",
            "module.orch-vpc.google_compute_network_peering.remote",
            "module.orch-vpc.google_compute_shared_vpc_host_project.shared_vpc_host",
            "module.orch-vpc.google_compute_shared_vpc_service_project.service_projects",
            "module.orch-vpc.google_service_networking_connection.psa_connection"
          ]
        }
      ]
    },
    {
      "module": "module.orch-vpc-firewall[0]",
      "mode": "managed",
      "type": "google_compute_firewall",
      "name": "allow-tag-ssh",
      "provider": "provider[\"registry.terraform.io/hashicorp/google\"]",
      "instances": [
        {
          "index_key": 0,
          "schema_version": 1,
          "attributes": {
            "allow": [
              {
                "ports": [
                  "22"
                ],
                "protocol": "tcp"
              }
            ],
            "creation_timestamp": "2024-04-02T11:47:48.307-07:00",
            "deny": [],
            "description": "Allow SSH to machines with matching tags.",
            "destination_ranges": [],
            "direction": "INGRESS",
            "disabled": false,
            "enable_logging": null,
            "id": "projects/sme-poc-edp-orc/global/firewalls/sme-poc-edp-default-ingress-tag-ssh",
            "log_config": [],
            "name": "sme-poc-edp-default-ingress-tag-ssh",
            "network": "https://www.googleapis.com/compute/v1/projects/sme-poc-edp-orc/global/networks/sme-poc-edp-default",
            "priority": 1000,
            "project": "sme-poc-edp-orc",
            "self_link": "https://www.googleapis.com/compute/v1/projects/sme-poc-edp-orc/global/firewalls/sme-poc-edp-default-ingress-tag-ssh",
            "source_ranges": [
              "35.235.240.0/20"
            ],
            "source_service_accounts": [],
            "source_tags": [],
            "target_service_accounts": [],
            "target_tags": [
              "ssh"
            ],
            "timeouts": null
          },
          "sensitive_attributes": [],
          "private": "eyJlMmJmYjczMC1lY2FhLTExZTYtOGY4OC0zNDM2M2JjN2M0YzAiOnsiY3JlYXRlIjoxMjAwMDAwMDAwMDAwLCJkZWxldGUiOjEyMDAwMDAwMDAwMDAsInVwZGF0ZSI6MTIwMDAwMDAwMDAwMH0sInNjaGVtYV92ZXJzaW9uIjoiMSJ9",
          "dependencies": [
            "module.orch-project.data.google_bigquery_default_service_account.bq_sa",
            "module.orch-project.data.google_project.project",
            "module.orch-project.data.google_storage_project_service_account.gcs_sa",
            "module.orch-project.google_compute_shared_vpc_host_project.shared_vpc_host",
            "module.orch-project.google_compute_shared_vpc_service_project.service_projects",
            "module.orch-project.google_compute_shared_vpc_service_project.shared_vpc_service",
            "module.orch-project.google_kms_crypto_key_iam_member.service_identity_cmek",
            "module.orch-project.google_org_policy_policy.default",
            "module.orch-project.google_project.project",
            "module.orch-project.google_project_iam_member.servicenetworking",
            "module.orch-project.google_project_iam_member.shared_vpc_host_robots",
            "module.orch-project.google_project_service.project_services",
            "module.orch-project.google_project_service_identity.jit_si",
            "module.orch-project.google_project_service_identity.servicenetworking",
            "module.orch-vpc.data.google_compute_network.network",
            "module.orch-vpc.google_compute_global_address.psa_ranges",
            "module.orch-vpc.google_compute_network.network",
            "module.orch-vpc.google_compute_network_peering.local",
            "module.orch-vpc.google_compute_network_peering.remote",
            "module.orch-vpc.google_compute_shared_vpc_host_project.shared_vpc_host",
            "module.orch-vpc.google_compute_shared_vpc_service_project.service_projects",
            "module.orch-vpc.google_service_networking_connection.psa_connection"
          ]
        }
      ]
    },
    {
      "module": "module.orch-vpc[0]",
      "mode": "data",
      "type": "google_compute_network",
      "name": "network",
      "provider": "provider[\"registry.terraform.io/hashicorp/google\"]",
      "instances": []
    },
    {
      "module": "module.orch-vpc[0]",
      "mode": "managed",
      "type": "google_compute_global_address",
      "name": "psa_ranges",
      "provider": "provider[\"registry.terraform.io/hashicorp/google\"]",
      "instances": []
    },
    {
      "module": "module.orch-vpc[0]",
      "mode": "managed",
      "type": "google_compute_network",
      "name": "network",
      "provider": "provider[\"registry.terraform.io/hashicorp/google\"]",
      "instances": [
        {
          "index_key": 0,
          "schema_version": 0,
          "attributes": {
            "auto_create_subnetworks": false,
            "delete_default_routes_on_create": false,
            "description": "Terraform-managed.",
            "enable_ula_internal_ipv6": false,
            "gateway_ipv4": "",
            "id": "projects/sme-poc-edp-orc/global/networks/sme-poc-edp-default",
            "internal_ipv6_range": "",
            "mtu": 0,
            "name": "sme-poc-edp-default",
            "network_firewall_policy_enforcement_order": "AFTER_CLASSIC_FIREWALL",
            "numeric_id": "2640259349345332341",
            "project": "sme-poc-edp-orc",
            "routing_mode": "GLOBAL",
            "self_link": "https://www.googleapis.com/compute/v1/projects/sme-poc-edp-orc/global/networks/sme-poc-edp-default",
            "timeouts": null
          },
          "sensitive_attributes": [],
          "private": "eyJlMmJmYjczMC1lY2FhLTExZTYtOGY4OC0zNDM2M2JjN2M0YzAiOnsiY3JlYXRlIjoxMjAwMDAwMDAwMDAwLCJkZWxldGUiOjEyMDAwMDAwMDAwMDAsInVwZGF0ZSI6MTIwMDAwMDAwMDAwMH19",
          "dependencies": [
            "module.orch-project.data.google_bigquery_default_service_account.bq_sa",
            "module.orch-project.data.google_project.project",
            "module.orch-project.data.google_storage_project_service_account.gcs_sa",
            "module.orch-project.google_compute_shared_vpc_host_project.shared_vpc_host",
            "module.orch-project.google_compute_shared_vpc_service_project.service_projects",
            "module.orch-project.google_compute_shared_vpc_service_project.shared_vpc_service",
            "module.orch-project.google_kms_crypto_key_iam_member.service_identity_cmek",
            "module.orch-project.google_org_policy_policy.default",
            "module.orch-project.google_project.project",
            "module.orch-project.google_project_iam_member.servicenetworking",
            "module.orch-project.google_project_iam_member.shared_vpc_host_robots",
            "module.orch-project.google_project_service.project_services",
            "module.orch-project.google_project_service_identity.jit_si",
            "module.orch-project.google_project_service_identity.servicenetworking"
          ]
        }
      ]
    },
    {
      "module": "module.orch-vpc[0]",
      "mode": "managed",
      "type": "google_compute_network_peering",
      "name": "local",
      "provider": "provider[\"registry.terraform.io/hashicorp/google-beta\"]",
      "instances": []
    },
    {
      "module": "module.orch-vpc[0]",
      "mode": "managed",
      "type": "google_compute_network_peering",
      "name": "remote",
      "provider": "provider[\"registry.terraform.io/hashicorp/google-beta\"]",
      "instances": []
    },
    {
      "module": "module.orch-vpc[0]",
      "mode": "managed",
      "type": "google_compute_shared_vpc_host_project",
      "name": "shared_vpc_host",
      "provider": "provider[\"registry.terraform.io/hashicorp/google-beta\"]",
      "instances": []
    },
    {
      "module": "module.orch-vpc[0]",
      "mode": "managed",
      "type": "google_compute_shared_vpc_service_project",
      "name": "service_projects",
      "provider": "provider[\"registry.terraform.io/hashicorp/google-beta\"]",
      "instances": []
    },
    {
      "module": "module.orch-vpc[0]",
      "mode": "managed",
      "type": "google_compute_subnetwork",
      "name": "subnetwork",
      "provider": "provider[\"registry.terraform.io/hashicorp/google\"]",
      "instances": [
        {
          "index_key": "us-central1/default",
          "schema_version": 0,
          "attributes": {
            "creation_timestamp": "2024-04-02T11:58:58.011-07:00",
            "description": "Terraform-managed.",
            "external_ipv6_prefix": "",
            "fingerprint": null,
            "gateway_address": "10.10.0.1",
            "id": "projects/sme-poc-edp-orc/regions/us-central1/subnetworks/default",
            "internal_ipv6_prefix": "",
            "ip_cidr_range": "10.10.0.0/24",
            "ipv6_access_type": "",
            "ipv6_cidr_range": "",
            "log_config": [],
            "name": "default",
            "network": "https://www.googleapis.com/compute/v1/projects/sme-poc-edp-orc/global/networks/sme-poc-edp-default",
            "private_ip_google_access": true,
            "private_ipv6_google_access": "DISABLE_GOOGLE_ACCESS",
            "project": "sme-poc-edp-orc",
            "purpose": "PRIVATE",
            "region": "us-central1",
            "role": "",
            "secondary_ip_range": [
              {
                "ip_cidr_range": "10.10.8.0/22",
                "range_name": "pods"
              },
              {
                "ip_cidr_range": "10.10.12.0/24",
                "range_name": "services"
              }
            ],
            "self_link": "https://www.googleapis.com/compute/v1/projects/sme-poc-edp-orc/regions/us-central1/subnetworks/default",
            "stack_type": "IPV4_ONLY",
            "timeouts": null
          },
          "sensitive_attributes": [],
          "private": "eyJlMmJmYjczMC1lY2FhLTExZTYtOGY4OC0zNDM2M2JjN2M0YzAiOnsiY3JlYXRlIjoxMjAwMDAwMDAwMDAwLCJkZWxldGUiOjEyMDAwMDAwMDAwMDAsInVwZGF0ZSI6MTIwMDAwMDAwMDAwMH19",
          "dependencies": [
            "module.orch-project.data.google_bigquery_default_service_account.bq_sa",
            "module.orch-project.data.google_project.project",
            "module.orch-project.data.google_storage_project_service_account.gcs_sa",
            "module.orch-project.google_compute_shared_vpc_host_project.shared_vpc_host",
            "module.orch-project.google_compute_shared_vpc_service_project.service_projects",
            "module.orch-project.google_compute_shared_vpc_service_project.shared_vpc_service",
            "module.orch-project.google_kms_crypto_key_iam_member.service_identity_cmek",
            "module.orch-project.google_org_policy_policy.default",
            "module.orch-project.google_project.project",
            "module.orch-project.google_project_iam_member.servicenetworking",
            "module.orch-project.google_project_iam_member.shared_vpc_host_robots",
            "module.orch-project.google_project_service.project_services",
            "module.orch-project.google_project_service_identity.jit_si",
            "module.orch-project.google_project_service_identity.servicenetworking",
            "module.orch-vpc.data.google_compute_network.network",
            "module.orch-vpc.google_compute_network.network"
          ]
        }
      ]
    },
    {
      "module": "module.orch-vpc[0]",
      "mode": "managed",
      "type": "google_service_networking_connection",
      "name": "psa_connection",
      "provider": "provider[\"registry.terraform.io/hashicorp/google\"]",
      "instances": []
    },
    {
      "module": "module.transf-cs-df-0",
      "mode": "managed",
      "type": "google_storage_bucket",
      "name": "bucket",
      "provider": "provider[\"registry.terraform.io/hashicorp/google\"]",
      "instances": [
        {
          "schema_version": 1,
          "attributes": {
            "autoclass": [],
            "cors": [],
            "custom_placement_config": [],
            "default_event_based_hold": false,
            "effective_labels": {},
            "enable_object_retention": false,
            "encryption": [],
            "force_destroy": false,
            "id": "sme-poc-edp-trf-cs-0",
            "labels": {},
            "lifecycle_rule": [],
            "location": "US-CENTRAL1",
            "logging": [],
            "name": "sme-poc-edp-trf-cs-0",
            "project": "sme-poc-edp-trf",
            "public_access_prevention": "inherited",
            "requester_pays": false,
            "retention_policy": [],
            "rpo": null,
            "self_link": "https://www.googleapis.com/storage/v1/b/sme-poc-edp-trf-cs-0",
            "soft_delete_policy": [
              {
                "effective_time": "2024-04-02T18:57:51.643Z",
                "retention_duration_seconds": 604800
              }
            ],
            "storage_class": "REGIONAL",
            "terraform_labels": {},
            "timeouts": null,
            "uniform_bucket_level_access": true,
            "url": "gs://sme-poc-edp-trf-cs-0",
            "versioning": [
              {
                "enabled": false
              }
            ],
            "website": []
          },
          "sensitive_attributes": [],
          "private": "eyJlMmJmYjczMC1lY2FhLTExZTYtOGY4OC0zNDM2M2JjN2M0YzAiOnsiY3JlYXRlIjo2MDAwMDAwMDAwMDAsInJlYWQiOjI0MDAwMDAwMDAwMCwidXBkYXRlIjoyNDAwMDAwMDAwMDB9LCJzY2hlbWFfdmVyc2lvbiI6IjEifQ==",
          "dependencies": [
            "module.transf-project.data.google_bigquery_default_service_account.bq_sa",
            "module.transf-project.data.google_project.project",
            "module.transf-project.data.google_storage_project_service_account.gcs_sa",
            "module.transf-project.google_compute_shared_vpc_host_project.shared_vpc_host",
            "module.transf-project.google_compute_shared_vpc_service_project.service_projects",
            "module.transf-project.google_compute_shared_vpc_service_project.shared_vpc_service",
            "module.transf-project.google_kms_crypto_key_iam_member.service_identity_cmek",
            "module.transf-project.google_org_policy_policy.default",
            "module.transf-project.google_project.project",
            "module.transf-project.google_project_iam_member.servicenetworking",
            "module.transf-project.google_project_iam_member.shared_vpc_host_robots",
            "module.transf-project.google_project_service.project_services",
            "module.transf-project.google_project_service_identity.jit_si",
            "module.transf-project.google_project_service_identity.servicenetworking"
          ]
        }
      ]
    },
    {
      "module": "module.transf-cs-df-0",
      "mode": "managed",
      "type": "google_storage_bucket_iam_binding",
      "name": "bindings",
      "provider": "provider[\"registry.terraform.io/hashicorp/google\"]",
      "instances": []
    },
    {
      "module": "module.transf-nat[0]",
      "mode": "managed",
      "type": "google_compute_router",
      "name": "router",
      "provider": "provider[\"registry.terraform.io/hashicorp/google\"]",
      "instances": [
        {
          "index_key": 0,
          "schema_version": 0,
          "attributes": {
            "bgp": [
              {
                "advertise_mode": "DEFAULT",
                "advertised_groups": [],
                "advertised_ip_ranges": [],
                "asn": 64514,
                "keepalive_interval": 20
              }
            ],
            "creation_timestamp": "2024-04-02T12:00:02.035-07:00",
            "description": "",
            "encrypted_interconnect_router": false,
            "id": "projects/sme-poc-edp-trf/regions/us-central1/routers/sme-poc-edp-default-nat",
            "name": "sme-poc-edp-default-nat",
            "network": "https://www.googleapis.com/compute/v1/projects/sme-poc-edp-trf/global/networks/sme-poc-edp-default",
            "project": "sme-poc-edp-trf",
            "region": "us-central1",
            "self_link": "https://www.googleapis.com/compute/v1/projects/sme-poc-edp-trf/regions/us-central1/routers/sme-poc-edp-default-nat",
            "timeouts": null
          },
          "sensitive_attributes": [],
          "private": "eyJlMmJmYjczMC1lY2FhLTExZTYtOGY4OC0zNDM2M2JjN2M0YzAiOnsiY3JlYXRlIjoxMjAwMDAwMDAwMDAwLCJkZWxldGUiOjEyMDAwMDAwMDAwMDAsInVwZGF0ZSI6MTIwMDAwMDAwMDAwMH19",
          "dependencies": [
            "module.transf-project.data.google_bigquery_default_service_account.bq_sa",
            "module.transf-project.data.google_project.project",
            "module.transf-project.data.google_storage_project_service_account.gcs_sa",
            "module.transf-project.google_compute_shared_vpc_host_project.shared_vpc_host",
            "module.transf-project.google_compute_shared_vpc_service_project.service_projects",
            "module.transf-project.google_compute_shared_vpc_service_project.shared_vpc_service",
            "module.transf-project.google_kms_crypto_key_iam_member.service_identity_cmek",
            "module.transf-project.google_org_policy_policy.default",
            "module.transf-project.google_project.project",
            "module.transf-project.google_project_iam_member.servicenetworking",
            "module.transf-project.google_project_iam_member.shared_vpc_host_robots",
            "module.transf-project.google_project_service.project_services",
            "module.transf-project.google_project_service_identity.jit_si",
            "module.transf-project.google_project_service_identity.servicenetworking",
            "module.transf-vpc.data.google_compute_network.network",
            "module.transf-vpc.google_compute_global_address.psa_ranges",
            "module.transf-vpc.google_compute_network.network",
            "module.transf-vpc.google_compute_network_peering.local",
            "module.transf-vpc.google_compute_network_peering.remote",
            "module.transf-vpc.google_compute_shared_vpc_host_project.shared_vpc_host",
            "module.transf-vpc.google_compute_shared_vpc_service_project.service_projects",
            "module.transf-vpc.google_service_networking_connection.psa_connection"
          ]
        }
      ]
    },
    {
      "module": "module.transf-nat[0]",
      "mode": "managed",
      "type": "google_compute_router_nat",
      "name": "nat",
      "provider": "provider[\"registry.terraform.io/hashicorp/google\"]",
      "instances": [
        {
          "schema_version": 0,
          "attributes": {
            "drain_nat_ips": [],
            "enable_dynamic_port_allocation": false,
            "enable_endpoint_independent_mapping": false,
            "icmp_idle_timeout_sec": 30,
            "id": "sme-poc-edp-trf/us-central1/sme-poc-edp-default-nat/sme-poc-edp-default",
            "log_config": [
              {
                "enable": false,
                "filter": "ALL"
              }
            ],
            "max_ports_per_vm": 0,
            "min_ports_per_vm": 64,
            "name": "sme-poc-edp-default",
            "nat_ip_allocate_option": "AUTO_ONLY",
            "nat_ips": [],
            "project": "sme-poc-edp-trf",
            "region": "us-central1",
            "router": "sme-poc-edp-default-nat",
            "rules": [],
            "source_subnetwork_ip_ranges_to_nat": "ALL_SUBNETWORKS_ALL_IP_RANGES",
            "subnetwork": [],
            "tcp_established_idle_timeout_sec": 1200,
            "tcp_time_wait_timeout_sec": 120,
            "tcp_transitory_idle_timeout_sec": 30,
            "timeouts": null,
            "udp_idle_timeout_sec": 30
          },
          "sensitive_attributes": [],
          "private": "eyJlMmJmYjczMC1lY2FhLTExZTYtOGY4OC0zNDM2M2JjN2M0YzAiOnsiY3JlYXRlIjoxMjAwMDAwMDAwMDAwLCJkZWxldGUiOjEyMDAwMDAwMDAwMDAsInVwZGF0ZSI6MTIwMDAwMDAwMDAwMH19",
          "dependencies": [
            "module.transf-nat.google_compute_router.router",
            "module.transf-project.data.google_bigquery_default_service_account.bq_sa",
            "module.transf-project.data.google_project.project",
            "module.transf-project.data.google_storage_project_service_account.gcs_sa",
            "module.transf-project.google_compute_shared_vpc_host_project.shared_vpc_host",
            "module.transf-project.google_compute_shared_vpc_service_project.service_projects",
            "module.transf-project.google_compute_shared_vpc_service_project.shared_vpc_service",
            "module.transf-project.google_kms_crypto_key_iam_member.service_identity_cmek",
            "module.transf-project.google_org_policy_policy.default",
            "module.transf-project.google_project.project",
            "module.transf-project.google_project_iam_member.servicenetworking",
            "module.transf-project.google_project_iam_member.shared_vpc_host_robots",
            "module.transf-project.google_project_service.project_services",
            "module.transf-project.google_project_service_identity.jit_si",
            "module.transf-project.google_project_service_identity.servicenetworking",
            "module.transf-vpc.data.google_compute_network.network",
            "module.transf-vpc.google_compute_global_address.psa_ranges",
            "module.transf-vpc.google_compute_network.network",
            "module.transf-vpc.google_compute_network_peering.local",
            "module.transf-vpc.google_compute_network_peering.remote",
            "module.transf-vpc.google_compute_shared_vpc_host_project.shared_vpc_host",
            "module.transf-vpc.google_compute_shared_vpc_service_project.service_projects",
            "module.transf-vpc.google_service_networking_connection.psa_connection"
          ]
        }
      ]
    },
    {
      "module": "module.transf-project",
      "mode": "data",
      "type": "google_bigquery_default_service_account",
      "name": "bq_sa",
      "provider": "provider[\"registry.terraform.io/hashicorp/google\"]",
      "instances": [
        {
          "index_key": 0,
          "schema_version": 0,
          "attributes": {
            "email": "bq-250356111958@bigquery-encryption.iam.gserviceaccount.com",
            "id": "bq-250356111958@bigquery-encryption.iam.gserviceaccount.com",
            "member": "serviceAccount:bq-250356111958@bigquery-encryption.iam.gserviceaccount.com",
            "project": "sme-poc-edp-trf"
          },
          "sensitive_attributes": []
        }
      ]
    },
    {
      "module": "module.transf-project",
      "mode": "data",
      "type": "google_project",
      "name": "project",
      "provider": "provider[\"registry.terraform.io/hashicorp/google\"]",
      "instances": []
    },
    {
      "module": "module.transf-project",
      "mode": "data",
      "type": "google_storage_project_service_account",
      "name": "gcs_sa",
      "provider": "provider[\"registry.terraform.io/hashicorp/google\"]",
      "instances": [
        {
          "index_key": 0,
          "schema_version": 0,
          "attributes": {
            "email_address": "service-250356111958@gs-project-accounts.iam.gserviceaccount.com",
            "id": "service-250356111958@gs-project-accounts.iam.gserviceaccount.com",
            "member": "serviceAccount:service-250356111958@gs-project-accounts.iam.gserviceaccount.com",
            "project": "sme-poc-edp-trf",
            "user_project": null
          },
          "sensitive_attributes": []
        }
      ]
    },
    {
      "module": "module.transf-project",
      "mode": "managed",
      "type": "google_compute_shared_vpc_host_project",
      "name": "shared_vpc_host",
      "provider": "provider[\"registry.terraform.io/hashicorp/google-beta\"]",
      "instances": []
    },
    {
      "module": "module.transf-project",
      "mode": "managed",
      "type": "google_compute_shared_vpc_service_project",
      "name": "service_projects",
      "provider": "provider[\"registry.terraform.io/hashicorp/google-beta\"]",
      "instances": []
    },
    {
      "module": "module.transf-project",
      "mode": "managed",
      "type": "google_compute_shared_vpc_service_project",
      "name": "shared_vpc_service",
      "provider": "provider[\"registry.terraform.io/hashicorp/google-beta\"]",
      "instances": []
    },
    {
      "module": "module.transf-project",
      "mode": "managed",
      "type": "google_kms_crypto_key_iam_member",
      "name": "service_identity_cmek",
      "provider": "provider[\"registry.terraform.io/hashicorp/google\"]",
      "instances": []
    },
    {
      "module": "module.transf-project",
      "mode": "managed",
      "type": "google_org_policy_policy",
      "name": "default",
      "provider": "provider[\"registry.terraform.io/hashicorp/google\"]",
      "instances": []
    },
    {
      "module": "module.transf-project",
      "mode": "managed",
      "type": "google_project",
      "name": "project",
      "provider": "provider[\"registry.terraform.io/hashicorp/google\"]",
      "instances": [
        {
          "index_key": 0,
          "schema_version": 1,
          "attributes": {
            "auto_create_network": false,
            "billing_account": "010A90-92932D-5DBB46",
            "effective_labels": {},
            "folder_id": "1047664470176",
            "id": "projects/sme-poc-edp-trf",
            "labels": {},
            "name": "sme-poc-edp-trf",
            "number": "250356111958",
            "org_id": "",
            "project_id": "sme-poc-edp-trf",
            "skip_delete": false,
            "terraform_labels": {},
            "timeouts": null
          },
          "sensitive_attributes": [],
          "private": "eyJlMmJmYjczMC1lY2FhLTExZTYtOGY4OC0zNDM2M2JjN2M0YzAiOnsiY3JlYXRlIjo2MDAwMDAwMDAwMDAsImRlbGV0ZSI6NjAwMDAwMDAwMDAwLCJyZWFkIjo2MDAwMDAwMDAwMDAsInVwZGF0ZSI6NjAwMDAwMDAwMDAwfSwic2NoZW1hX3ZlcnNpb24iOiIxIn0="
        }
      ]
    },
    {
      "module": "module.transf-project",
      "mode": "managed",
      "type": "google_project_iam_binding",
      "name": "authoritative",
      "provider": "provider[\"registry.terraform.io/hashicorp/google\"]",
      "instances": [
        {
          "index_key": "roles/bigquery.jobUser",
          "schema_version": 0,
          "attributes": {
            "condition": [],
            "etag": "BwYVIYfpK/0=",
            "id": "sme-poc-edp-trf/roles/bigquery.jobUser",
            "members": [
              "group:gcp-data-engineers@brl.la.calriz.com",
              "serviceAccount:sme-poc-edp-trf-bq-0@sme-poc-edp-trf.iam.gserviceaccount.com"
            ],
            "project": "sme-poc-edp-trf",
            "role": "roles/bigquery.jobUser"
          },
          "sensitive_attributes": [],
          "private": "bnVsbA==",
          "dependencies": [
            "module.orch-project.data.google_bigquery_default_service_account.bq_sa",
            "module.orch-project.data.google_project.project",
            "module.orch-project.data.google_storage_project_service_account.gcs_sa",
            "module.orch-project.google_compute_shared_vpc_host_project.shared_vpc_host",
            "module.orch-project.google_compute_shared_vpc_service_project.service_projects",
            "module.orch-project.google_compute_shared_vpc_service_project.shared_vpc_service",
            "module.orch-project.google_kms_crypto_key_iam_member.service_identity_cmek",
            "module.orch-project.google_org_policy_policy.default",
            "module.orch-project.google_project.project",
            "module.orch-project.google_project_iam_member.servicenetworking",
            "module.orch-project.google_project_iam_member.shared_vpc_host_robots",
            "module.orch-project.google_project_service.project_services",
            "module.orch-project.google_project_service_identity.jit_si",
            "module.orch-project.google_project_service_identity.servicenetworking",
            "module.orch-sa-cmp-0.data.google_service_account.service_account",
            "module.orch-sa-cmp-0.google_service_account.service_account",
            "module.transf-project.data.google_bigquery_default_service_account.bq_sa",
            "module.transf-project.data.google_project.project",
            "module.transf-project.data.google_storage_project_service_account.gcs_sa",
            "module.transf-project.google_compute_shared_vpc_host_project.shared_vpc_host",
            "module.transf-project.google_compute_shared_vpc_service_project.service_projects",
            "module.transf-project.google_compute_shared_vpc_service_project.shared_vpc_service",
            "module.transf-project.google_kms_crypto_key_iam_member.service_identity_cmek",
            "module.transf-project.google_org_policy_policy.default",
            "module.transf-project.google_project.project",
            "module.transf-project.google_project_iam_custom_role.roles",
            "module.transf-project.google_project_iam_member.servicenetworking",
            "module.transf-project.google_project_iam_member.shared_vpc_host_robots",
            "module.transf-project.google_project_service.project_services",
            "module.transf-project.google_project_service_identity.jit_si",
            "module.transf-project.google_project_service_identity.servicenetworking",
            "module.transf-sa-bq-0.data.google_service_account.service_account",
            "module.transf-sa-bq-0.google_service_account.service_account",
            "module.transf-sa-df-0.data.google_service_account.service_account",
            "module.transf-sa-df-0.google_service_account.service_account"
          ]
        },
        {
          "index_key": "roles/dataflow.admin",
          "schema_version": 0,
          "attributes": {
            "condition": [],
            "etag": "BwYVIYfpK/0=",
            "id": "sme-poc-edp-trf/roles/dataflow.admin",
            "members": [
              "group:gcp-data-engineers@brl.la.calriz.com",
              "serviceAccount:sme-poc-edp-orc-cmp-0@sme-poc-edp-orc.iam.gserviceaccount.com"
            ],
            "project": "sme-poc-edp-trf",
            "role": "roles/dataflow.admin"
          },
          "sensitive_attributes": [],
          "private": "bnVsbA==",
          "dependencies": [
            "module.orch-project.data.google_bigquery_default_service_account.bq_sa",
            "module.orch-project.data.google_project.project",
            "module.orch-project.data.google_storage_project_service_account.gcs_sa",
            "module.orch-project.google_compute_shared_vpc_host_project.shared_vpc_host",
            "module.orch-project.google_compute_shared_vpc_service_project.service_projects",
            "module.orch-project.google_compute_shared_vpc_service_project.shared_vpc_service",
            "module.orch-project.google_kms_crypto_key_iam_member.service_identity_cmek",
            "module.orch-project.google_org_policy_policy.default",
            "module.orch-project.google_project.project",
            "module.orch-project.google_project_iam_member.servicenetworking",
            "module.orch-project.google_project_iam_member.shared_vpc_host_robots",
            "module.orch-project.google_project_service.project_services",
            "module.orch-project.google_project_service_identity.jit_si",
            "module.orch-project.google_project_service_identity.servicenetworking",
            "module.orch-sa-cmp-0.data.google_service_account.service_account",
            "module.orch-sa-cmp-0.google_service_account.service_account",
            "module.transf-project.data.google_bigquery_default_service_account.bq_sa",
            "module.transf-project.data.google_project.project",
            "module.transf-project.data.google_storage_project_service_account.gcs_sa",
            "module.transf-project.google_compute_shared_vpc_host_project.shared_vpc_host",
            "module.transf-project.google_compute_shared_vpc_service_project.service_projects",
            "module.transf-project.google_compute_shared_vpc_service_project.shared_vpc_service",
            "module.transf-project.google_kms_crypto_key_iam_member.service_identity_cmek",
            "module.transf-project.google_org_policy_policy.default",
            "module.transf-project.google_project.project",
            "module.transf-project.google_project_iam_custom_role.roles",
            "module.transf-project.google_project_iam_member.servicenetworking",
            "module.transf-project.google_project_iam_member.shared_vpc_host_robots",
            "module.transf-project.google_project_service.project_services",
            "module.transf-project.google_project_service_identity.jit_si",
            "module.transf-project.google_project_service_identity.servicenetworking",
            "module.transf-sa-bq-0.data.google_service_account.service_account",
            "module.transf-sa-bq-0.google_service_account.service_account",
            "module.transf-sa-df-0.data.google_service_account.service_account",
            "module.transf-sa-df-0.google_service_account.service_account"
          ]
        },
        {
          "index_key": "roles/dataflow.worker",
          "schema_version": 0,
          "attributes": {
            "condition": [],
            "etag": "BwYVIYfpK/0=",
            "id": "sme-poc-edp-trf/roles/dataflow.worker",
            "members": [
              "serviceAccount:sme-poc-edp-trf-df-0@sme-poc-edp-trf.iam.gserviceaccount.com"
            ],
            "project": "sme-poc-edp-trf",
            "role": "roles/dataflow.worker"
          },
          "sensitive_attributes": [],
          "private": "bnVsbA==",
          "dependencies": [
            "module.orch-project.data.google_bigquery_default_service_account.bq_sa",
            "module.orch-project.data.google_project.project",
            "module.orch-project.data.google_storage_project_service_account.gcs_sa",
            "module.orch-project.google_compute_shared_vpc_host_project.shared_vpc_host",
            "module.orch-project.google_compute_shared_vpc_service_project.service_projects",
            "module.orch-project.google_compute_shared_vpc_service_project.shared_vpc_service",
            "module.orch-project.google_kms_crypto_key_iam_member.service_identity_cmek",
            "module.orch-project.google_org_policy_policy.default",
            "module.orch-project.google_project.project",
            "module.orch-project.google_project_iam_member.servicenetworking",
            "module.orch-project.google_project_iam_member.shared_vpc_host_robots",
            "module.orch-project.google_project_service.project_services",
            "module.orch-project.google_project_service_identity.jit_si",
            "module.orch-project.google_project_service_identity.servicenetworking",
            "module.orch-sa-cmp-0.data.google_service_account.service_account",
            "module.orch-sa-cmp-0.google_service_account.service_account",
            "module.transf-project.data.google_bigquery_default_service_account.bq_sa",
            "module.transf-project.data.google_project.project",
            "module.transf-project.data.google_storage_project_service_account.gcs_sa",
            "module.transf-project.google_compute_shared_vpc_host_project.shared_vpc_host",
            "module.transf-project.google_compute_shared_vpc_service_project.service_projects",
            "module.transf-project.google_compute_shared_vpc_service_project.shared_vpc_service",
            "module.transf-project.google_kms_crypto_key_iam_member.service_identity_cmek",
            "module.transf-project.google_org_policy_policy.default",
            "module.transf-project.google_project.project",
            "module.transf-project.google_project_iam_custom_role.roles",
            "module.transf-project.google_project_iam_member.servicenetworking",
            "module.transf-project.google_project_iam_member.shared_vpc_host_robots",
            "module.transf-project.google_project_service.project_services",
            "module.transf-project.google_project_service_identity.jit_si",
            "module.transf-project.google_project_service_identity.servicenetworking",
            "module.transf-sa-bq-0.data.google_service_account.service_account",
            "module.transf-sa-bq-0.google_service_account.service_account",
            "module.transf-sa-df-0.data.google_service_account.service_account",
            "module.transf-sa-df-0.google_service_account.service_account"
          ]
        },
        {
          "index_key": "roles/storage.objectAdmin",
          "schema_version": 0,
          "attributes": {
            "condition": [],
            "etag": "BwYVIYfpK/0=",
            "id": "sme-poc-edp-trf/roles/storage.objectAdmin",
            "members": [
              "serviceAccount:service-250356111958@dataflow-service-producer-prod.iam.gserviceaccount.com",
              "serviceAccount:sme-poc-edp-trf-df-0@sme-poc-edp-trf.iam.gserviceaccount.com"
            ],
            "project": "sme-poc-edp-trf",
            "role": "roles/storage.objectAdmin"
          },
          "sensitive_attributes": [],
          "private": "bnVsbA==",
          "dependencies": [
            "module.orch-project.data.google_bigquery_default_service_account.bq_sa",
            "module.orch-project.data.google_project.project",
            "module.orch-project.data.google_storage_project_service_account.gcs_sa",
            "module.orch-project.google_compute_shared_vpc_host_project.shared_vpc_host",
            "module.orch-project.google_compute_shared_vpc_service_project.service_projects",
            "module.orch-project.google_compute_shared_vpc_service_project.shared_vpc_service",
            "module.orch-project.google_kms_crypto_key_iam_member.service_identity_cmek",
            "module.orch-project.google_org_policy_policy.default",
            "module.orch-project.google_project.project",
            "module.orch-project.google_project_iam_member.servicenetworking",
            "module.orch-project.google_project_iam_member.shared_vpc_host_robots",
            "module.orch-project.google_project_service.project_services",
            "module.orch-project.google_project_service_identity.jit_si",
            "module.orch-project.google_project_service_identity.servicenetworking",
            "module.orch-sa-cmp-0.data.google_service_account.service_account",
            "module.orch-sa-cmp-0.google_service_account.service_account",
            "module.transf-project.data.google_bigquery_default_service_account.bq_sa",
            "module.transf-project.data.google_project.project",
            "module.transf-project.data.google_storage_project_service_account.gcs_sa",
            "module.transf-project.google_compute_shared_vpc_host_project.shared_vpc_host",
            "module.transf-project.google_compute_shared_vpc_service_project.service_projects",
            "module.transf-project.google_compute_shared_vpc_service_project.shared_vpc_service",
            "module.transf-project.google_kms_crypto_key_iam_member.service_identity_cmek",
            "module.transf-project.google_org_policy_policy.default",
            "module.transf-project.google_project.project",
            "module.transf-project.google_project_iam_custom_role.roles",
            "module.transf-project.google_project_iam_member.servicenetworking",
            "module.transf-project.google_project_iam_member.shared_vpc_host_robots",
            "module.transf-project.google_project_service.project_services",
            "module.transf-project.google_project_service_identity.jit_si",
            "module.transf-project.google_project_service_identity.servicenetworking",
            "module.transf-sa-bq-0.data.google_service_account.service_account",
            "module.transf-sa-bq-0.google_service_account.service_account",
            "module.transf-sa-df-0.data.google_service_account.service_account",
            "module.transf-sa-df-0.google_service_account.service_account"
          ]
        }
      ]
    },
    {
      "module": "module.transf-project",
      "mode": "managed",
      "type": "google_project_iam_custom_role",
      "name": "roles",
      "provider": "provider[\"registry.terraform.io/hashicorp/google\"]",
      "instances": []
    },
    {
      "module": "module.transf-project",
      "mode": "managed",
      "type": "google_project_iam_member",
      "name": "servicenetworking",
      "provider": "provider[\"registry.terraform.io/hashicorp/google\"]",
      "instances": [
        {
          "index_key": 0,
          "schema_version": 0,
          "attributes": {
            "condition": [],
            "etag": "BwYVIYfpK/0=",
            "id": "sme-poc-edp-trf/roles/servicenetworking.serviceAgent/serviceAccount:service-250356111958@service-networking.iam.gserviceaccount.com",
            "member": "serviceAccount:service-250356111958@service-networking.iam.gserviceaccount.com",
            "project": "sme-poc-edp-trf",
            "role": "roles/servicenetworking.serviceAgent"
          },
          "sensitive_attributes": [],
          "private": "bnVsbA==",
          "dependencies": [
            "module.transf-project.data.google_project.project",
            "module.transf-project.google_project.project",
            "module.transf-project.google_project_service.project_services",
            "module.transf-project.google_project_service_identity.servicenetworking"
          ]
        }
      ]
    },
    {
      "module": "module.transf-project",
      "mode": "managed",
      "type": "google_project_iam_member",
      "name": "shared_vpc_host_robots",
      "provider": "provider[\"registry.terraform.io/hashicorp/google\"]",
      "instances": []
    },
    {
      "module": "module.transf-project",
      "mode": "managed",
      "type": "google_project_service",
      "name": "project_services",
      "provider": "provider[\"registry.terraform.io/hashicorp/google\"]",
      "instances": [
        {
          "index_key": "bigquery.googleapis.com",
          "schema_version": 0,
          "attributes": {
            "disable_dependent_services": false,
            "disable_on_destroy": false,
            "id": "sme-poc-edp-trf/bigquery.googleapis.com",
            "project": "sme-poc-edp-trf",
            "service": "bigquery.googleapis.com",
            "timeouts": null
          },
          "sensitive_attributes": [],
          "private": "eyJlMmJmYjczMC1lY2FhLTExZTYtOGY4OC0zNDM2M2JjN2M0YzAiOnsiY3JlYXRlIjoxMjAwMDAwMDAwMDAwLCJkZWxldGUiOjEyMDAwMDAwMDAwMDAsInJlYWQiOjYwMDAwMDAwMDAwMCwidXBkYXRlIjoxMjAwMDAwMDAwMDAwfX0=",
          "dependencies": [
            "module.transf-project.data.google_project.project",
            "module.transf-project.google_project.project"
          ]
        },
        {
          "index_key": "bigqueryreservation.googleapis.com",
          "schema_version": 0,
          "attributes": {
            "disable_dependent_services": false,
            "disable_on_destroy": false,
            "id": "sme-poc-edp-trf/bigqueryreservation.googleapis.com",
            "project": "sme-poc-edp-trf",
            "service": "bigqueryreservation.googleapis.com",
            "timeouts": null
          },
          "sensitive_attributes": [],
          "private": "eyJlMmJmYjczMC1lY2FhLTExZTYtOGY4OC0zNDM2M2JjN2M0YzAiOnsiY3JlYXRlIjoxMjAwMDAwMDAwMDAwLCJkZWxldGUiOjEyMDAwMDAwMDAwMDAsInJlYWQiOjYwMDAwMDAwMDAwMCwidXBkYXRlIjoxMjAwMDAwMDAwMDAwfX0=",
          "dependencies": [
            "module.transf-project.data.google_project.project",
            "module.transf-project.google_project.project"
          ]
        },
        {
          "index_key": "bigquerystorage.googleapis.com",
          "schema_version": 0,
          "attributes": {
            "disable_dependent_services": false,
            "disable_on_destroy": false,
            "id": "sme-poc-edp-trf/bigquerystorage.googleapis.com",
            "project": "sme-poc-edp-trf",
            "service": "bigquerystorage.googleapis.com",
            "timeouts": null
          },
          "sensitive_attributes": [],
          "private": "eyJlMmJmYjczMC1lY2FhLTExZTYtOGY4OC0zNDM2M2JjN2M0YzAiOnsiY3JlYXRlIjoxMjAwMDAwMDAwMDAwLCJkZWxldGUiOjEyMDAwMDAwMDAwMDAsInJlYWQiOjYwMDAwMDAwMDAwMCwidXBkYXRlIjoxMjAwMDAwMDAwMDAwfX0=",
          "dependencies": [
            "module.transf-project.data.google_project.project",
            "module.transf-project.google_project.project"
          ]
        },
        {
          "index_key": "cloudkms.googleapis.com",
          "schema_version": 0,
          "attributes": {
            "disable_dependent_services": false,
            "disable_on_destroy": false,
            "id": "sme-poc-edp-trf/cloudkms.googleapis.com",
            "project": "sme-poc-edp-trf",
            "service": "cloudkms.googleapis.com",
            "timeouts": null
          },
          "sensitive_attributes": [],
          "private": "eyJlMmJmYjczMC1lY2FhLTExZTYtOGY4OC0zNDM2M2JjN2M0YzAiOnsiY3JlYXRlIjoxMjAwMDAwMDAwMDAwLCJkZWxldGUiOjEyMDAwMDAwMDAwMDAsInJlYWQiOjYwMDAwMDAwMDAwMCwidXBkYXRlIjoxMjAwMDAwMDAwMDAwfX0=",
          "dependencies": [
            "module.transf-project.data.google_project.project",
            "module.transf-project.google_project.project"
          ]
        },
        {
          "index_key": "cloudresourcemanager.googleapis.com",
          "schema_version": 0,
          "attributes": {
            "disable_dependent_services": false,
            "disable_on_destroy": false,
            "id": "sme-poc-edp-trf/cloudresourcemanager.googleapis.com",
            "project": "sme-poc-edp-trf",
            "service": "cloudresourcemanager.googleapis.com",
            "timeouts": null
          },
          "sensitive_attributes": [],
          "private": "eyJlMmJmYjczMC1lY2FhLTExZTYtOGY4OC0zNDM2M2JjN2M0YzAiOnsiY3JlYXRlIjoxMjAwMDAwMDAwMDAwLCJkZWxldGUiOjEyMDAwMDAwMDAwMDAsInJlYWQiOjYwMDAwMDAwMDAwMCwidXBkYXRlIjoxMjAwMDAwMDAwMDAwfX0=",
          "dependencies": [
            "module.transf-project.data.google_project.project",
            "module.transf-project.google_project.project"
          ]
        },
        {
          "index_key": "compute.googleapis.com",
          "schema_version": 0,
          "attributes": {
            "disable_dependent_services": false,
            "disable_on_destroy": false,
            "id": "sme-poc-edp-trf/compute.googleapis.com",
            "project": "sme-poc-edp-trf",
            "service": "compute.googleapis.com",
            "timeouts": null
          },
          "sensitive_attributes": [],
          "private": "eyJlMmJmYjczMC1lY2FhLTExZTYtOGY4OC0zNDM2M2JjN2M0YzAiOnsiY3JlYXRlIjoxMjAwMDAwMDAwMDAwLCJkZWxldGUiOjEyMDAwMDAwMDAwMDAsInJlYWQiOjYwMDAwMDAwMDAwMCwidXBkYXRlIjoxMjAwMDAwMDAwMDAwfX0=",
          "dependencies": [
            "module.transf-project.data.google_project.project",
            "module.transf-project.google_project.project"
          ]
        },
        {
          "index_key": "dataflow.googleapis.com",
          "schema_version": 0,
          "attributes": {
            "disable_dependent_services": false,
            "disable_on_destroy": false,
            "id": "sme-poc-edp-trf/dataflow.googleapis.com",
            "project": "sme-poc-edp-trf",
            "service": "dataflow.googleapis.com",
            "timeouts": null
          },
          "sensitive_attributes": [],
          "private": "eyJlMmJmYjczMC1lY2FhLTExZTYtOGY4OC0zNDM2M2JjN2M0YzAiOnsiY3JlYXRlIjoxMjAwMDAwMDAwMDAwLCJkZWxldGUiOjEyMDAwMDAwMDAwMDAsInJlYWQiOjYwMDAwMDAwMDAwMCwidXBkYXRlIjoxMjAwMDAwMDAwMDAwfX0=",
          "dependencies": [
            "module.transf-project.data.google_project.project",
            "module.transf-project.google_project.project"
          ]
        },
        {
          "index_key": "dlp.googleapis.com",
          "schema_version": 0,
          "attributes": {
            "disable_dependent_services": false,
            "disable_on_destroy": false,
            "id": "sme-poc-edp-trf/dlp.googleapis.com",
            "project": "sme-poc-edp-trf",
            "service": "dlp.googleapis.com",
            "timeouts": null
          },
          "sensitive_attributes": [],
          "private": "eyJlMmJmYjczMC1lY2FhLTExZTYtOGY4OC0zNDM2M2JjN2M0YzAiOnsiY3JlYXRlIjoxMjAwMDAwMDAwMDAwLCJkZWxldGUiOjEyMDAwMDAwMDAwMDAsInJlYWQiOjYwMDAwMDAwMDAwMCwidXBkYXRlIjoxMjAwMDAwMDAwMDAwfX0=",
          "dependencies": [
            "module.transf-project.data.google_project.project",
            "module.transf-project.google_project.project"
          ]
        },
        {
          "index_key": "iam.googleapis.com",
          "schema_version": 0,
          "attributes": {
            "disable_dependent_services": false,
            "disable_on_destroy": false,
            "id": "sme-poc-edp-trf/iam.googleapis.com",
            "project": "sme-poc-edp-trf",
            "service": "iam.googleapis.com",
            "timeouts": null
          },
          "sensitive_attributes": [],
          "private": "eyJlMmJmYjczMC1lY2FhLTExZTYtOGY4OC0zNDM2M2JjN2M0YzAiOnsiY3JlYXRlIjoxMjAwMDAwMDAwMDAwLCJkZWxldGUiOjEyMDAwMDAwMDAwMDAsInJlYWQiOjYwMDAwMDAwMDAwMCwidXBkYXRlIjoxMjAwMDAwMDAwMDAwfX0=",
          "dependencies": [
            "module.transf-project.data.google_project.project",
            "module.transf-project.google_project.project"
          ]
        },
        {
          "index_key": "pubsub.googleapis.com",
          "schema_version": 0,
          "attributes": {
            "disable_dependent_services": false,
            "disable_on_destroy": false,
            "id": "sme-poc-edp-trf/pubsub.googleapis.com",
            "project": "sme-poc-edp-trf",
            "service": "pubsub.googleapis.com",
            "timeouts": null
          },
          "sensitive_attributes": [],
          "private": "eyJlMmJmYjczMC1lY2FhLTExZTYtOGY4OC0zNDM2M2JjN2M0YzAiOnsiY3JlYXRlIjoxMjAwMDAwMDAwMDAwLCJkZWxldGUiOjEyMDAwMDAwMDAwMDAsInJlYWQiOjYwMDAwMDAwMDAwMCwidXBkYXRlIjoxMjAwMDAwMDAwMDAwfX0=",
          "dependencies": [
            "module.transf-project.data.google_project.project",
            "module.transf-project.google_project.project"
          ]
        },
        {
          "index_key": "servicenetworking.googleapis.com",
          "schema_version": 0,
          "attributes": {
            "disable_dependent_services": false,
            "disable_on_destroy": false,
            "id": "sme-poc-edp-trf/servicenetworking.googleapis.com",
            "project": "sme-poc-edp-trf",
            "service": "servicenetworking.googleapis.com",
            "timeouts": null
          },
          "sensitive_attributes": [],
          "private": "eyJlMmJmYjczMC1lY2FhLTExZTYtOGY4OC0zNDM2M2JjN2M0YzAiOnsiY3JlYXRlIjoxMjAwMDAwMDAwMDAwLCJkZWxldGUiOjEyMDAwMDAwMDAwMDAsInJlYWQiOjYwMDAwMDAwMDAwMCwidXBkYXRlIjoxMjAwMDAwMDAwMDAwfX0=",
          "dependencies": [
            "module.transf-project.data.google_project.project",
            "module.transf-project.google_project.project"
          ]
        },
        {
          "index_key": "serviceusage.googleapis.com",
          "schema_version": 0,
          "attributes": {
            "disable_dependent_services": false,
            "disable_on_destroy": false,
            "id": "sme-poc-edp-trf/serviceusage.googleapis.com",
            "project": "sme-poc-edp-trf",
            "service": "serviceusage.googleapis.com",
            "timeouts": null
          },
          "sensitive_attributes": [],
          "private": "eyJlMmJmYjczMC1lY2FhLTExZTYtOGY4OC0zNDM2M2JjN2M0YzAiOnsiY3JlYXRlIjoxMjAwMDAwMDAwMDAwLCJkZWxldGUiOjEyMDAwMDAwMDAwMDAsInJlYWQiOjYwMDAwMDAwMDAwMCwidXBkYXRlIjoxMjAwMDAwMDAwMDAwfX0=",
          "dependencies": [
            "module.transf-project.data.google_project.project",
            "module.transf-project.google_project.project"
          ]
        },
        {
          "index_key": "stackdriver.googleapis.com",
          "schema_version": 0,
          "attributes": {
            "disable_dependent_services": false,
            "disable_on_destroy": false,
            "id": "sme-poc-edp-trf/stackdriver.googleapis.com",
            "project": "sme-poc-edp-trf",
            "service": "stackdriver.googleapis.com",
            "timeouts": null
          },
          "sensitive_attributes": [],
          "private": "eyJlMmJmYjczMC1lY2FhLTExZTYtOGY4OC0zNDM2M2JjN2M0YzAiOnsiY3JlYXRlIjoxMjAwMDAwMDAwMDAwLCJkZWxldGUiOjEyMDAwMDAwMDAwMDAsInJlYWQiOjYwMDAwMDAwMDAwMCwidXBkYXRlIjoxMjAwMDAwMDAwMDAwfX0=",
          "dependencies": [
            "module.transf-project.data.google_project.project",
            "module.transf-project.google_project.project"
          ]
        },
        {
          "index_key": "storage-component.googleapis.com",
          "schema_version": 0,
          "attributes": {
            "disable_dependent_services": false,
            "disable_on_destroy": false,
            "id": "sme-poc-edp-trf/storage-component.googleapis.com",
            "project": "sme-poc-edp-trf",
            "service": "storage-component.googleapis.com",
            "timeouts": null
          },
          "sensitive_attributes": [],
          "private": "eyJlMmJmYjczMC1lY2FhLTExZTYtOGY4OC0zNDM2M2JjN2M0YzAiOnsiY3JlYXRlIjoxMjAwMDAwMDAwMDAwLCJkZWxldGUiOjEyMDAwMDAwMDAwMDAsInJlYWQiOjYwMDAwMDAwMDAwMCwidXBkYXRlIjoxMjAwMDAwMDAwMDAwfX0=",
          "dependencies": [
            "module.transf-project.data.google_project.project",
            "module.transf-project.google_project.project"
          ]
        },
        {
          "index_key": "storage.googleapis.com",
          "schema_version": 0,
          "attributes": {
            "disable_dependent_services": false,
            "disable_on_destroy": false,
            "id": "sme-poc-edp-trf/storage.googleapis.com",
            "project": "sme-poc-edp-trf",
            "service": "storage.googleapis.com",
            "timeouts": null
          },
          "sensitive_attributes": [],
          "private": "eyJlMmJmYjczMC1lY2FhLTExZTYtOGY4OC0zNDM2M2JjN2M0YzAiOnsiY3JlYXRlIjoxMjAwMDAwMDAwMDAwLCJkZWxldGUiOjEyMDAwMDAwMDAwMDAsInJlYWQiOjYwMDAwMDAwMDAwMCwidXBkYXRlIjoxMjAwMDAwMDAwMDAwfX0=",
          "dependencies": [
            "module.transf-project.data.google_project.project",
            "module.transf-project.google_project.project"
          ]
        }
      ]
    },
    {
      "module": "module.transf-project",
      "mode": "managed",
      "type": "google_project_service_identity",
      "name": "jit_si",
      "provider": "provider[\"registry.terraform.io/hashicorp/google-beta\"]",
      "instances": [
        {
          "index_key": "pubsub.googleapis.com",
          "schema_version": 0,
          "attributes": {
            "email": "service-250356111958@gcp-sa-pubsub.iam.gserviceaccount.com",
            "id": "projects/sme-poc-edp-trf/services/pubsub.googleapis.com",
            "project": "sme-poc-edp-trf",
            "service": "pubsub.googleapis.com",
            "timeouts": null
          },
          "sensitive_attributes": [],
          "private": "eyJlMmJmYjczMC1lY2FhLTExZTYtOGY4OC0zNDM2M2JjN2M0YzAiOnsiY3JlYXRlIjoxMjAwMDAwMDAwMDAwLCJkZWxldGUiOjEyMDAwMDAwMDAwMDAsInJlYWQiOjYwMDAwMDAwMDAwMH19",
          "dependencies": [
            "module.transf-project.data.google_project.project",
            "module.transf-project.google_project.project",
            "module.transf-project.google_project_service.project_services"
          ]
        }
      ]
    },
    {
      "module": "module.transf-project",
      "mode": "managed",
      "type": "google_project_service_identity",
      "name": "servicenetworking",
      "provider": "provider[\"registry.terraform.io/hashicorp/google-beta\"]",
      "instances": [
        {
          "index_key": 0,
          "schema_version": 0,
          "attributes": {
            "email": "service-250356111958@service-networking.iam.gserviceaccount.com",
            "id": "projects/sme-poc-edp-trf/services/servicenetworking.googleapis.com",
            "project": "sme-poc-edp-trf",
            "service": "servicenetworking.googleapis.com",
            "timeouts": null
          },
          "sensitive_attributes": [],
          "private": "eyJlMmJmYjczMC1lY2FhLTExZTYtOGY4OC0zNDM2M2JjN2M0YzAiOnsiY3JlYXRlIjoxMjAwMDAwMDAwMDAwLCJkZWxldGUiOjEyMDAwMDAwMDAwMDAsInJlYWQiOjYwMDAwMDAwMDAwMH19",
          "dependencies": [
            "module.transf-project.data.google_project.project",
            "module.transf-project.google_project.project",
            "module.transf-project.google_project_service.project_services"
          ]
        }
      ]
    },
    {
      "module": "module.transf-sa-bq-0",
      "mode": "data",
      "type": "google_service_account",
      "name": "service_account",
      "provider": "provider[\"registry.terraform.io/hashicorp/google\"]",
      "instances": []
    },
    {
      "module": "module.transf-sa-bq-0",
      "mode": "managed",
      "type": "google_service_account",
      "name": "service_account",
      "provider": "provider[\"registry.terraform.io/hashicorp/google\"]",
      "instances": [
        {
          "index_key": 0,
          "schema_version": 0,
          "attributes": {
            "account_id": "sme-poc-edp-trf-bq-0",
            "create_ignore_already_exists": null,
            "description": "",
            "disabled": false,
            "display_name": "Data platform BigQuery transformation service account",
            "email": "sme-poc-edp-trf-bq-0@sme-poc-edp-trf.iam.gserviceaccount.com",
            "id": "projects/sme-poc-edp-trf/serviceAccounts/sme-poc-edp-trf-bq-0@sme-poc-edp-trf.iam.gserviceaccount.com",
            "member": "serviceAccount:sme-poc-edp-trf-bq-0@sme-poc-edp-trf.iam.gserviceaccount.com",
            "name": "projects/sme-poc-edp-trf/serviceAccounts/sme-poc-edp-trf-bq-0@sme-poc-edp-trf.iam.gserviceaccount.com",
            "project": "sme-poc-edp-trf",
            "timeouts": null,
            "unique_id": "102400643320014495554"
          },
          "sensitive_attributes": [],
          "private": "eyJlMmJmYjczMC1lY2FhLTExZTYtOGY4OC0zNDM2M2JjN2M0YzAiOnsiY3JlYXRlIjozMDAwMDAwMDAwMDB9fQ==",
          "dependencies": [
            "module.transf-project.data.google_bigquery_default_service_account.bq_sa",
            "module.transf-project.data.google_project.project",
            "module.transf-project.data.google_storage_project_service_account.gcs_sa",
            "module.transf-project.google_compute_shared_vpc_host_project.shared_vpc_host",
            "module.transf-project.google_compute_shared_vpc_service_project.service_projects",
            "module.transf-project.google_compute_shared_vpc_service_project.shared_vpc_service",
            "module.transf-project.google_kms_crypto_key_iam_member.service_identity_cmek",
            "module.transf-project.google_org_policy_policy.default",
            "module.transf-project.google_project.project",
            "module.transf-project.google_project_iam_member.servicenetworking",
            "module.transf-project.google_project_iam_member.shared_vpc_host_robots",
            "module.transf-project.google_project_service.project_services",
            "module.transf-project.google_project_service_identity.jit_si",
            "module.transf-project.google_project_service_identity.servicenetworking"
          ]
        }
      ]
    },
    {
      "module": "module.transf-sa-bq-0",
      "mode": "managed",
      "type": "google_service_account_iam_binding",
      "name": "roles",
      "provider": "provider[\"registry.terraform.io/hashicorp/google\"]",
      "instances": [
        {
          "index_key": "roles/iam.serviceAccountTokenCreator",
          "schema_version": 0,
          "attributes": {
            "condition": [],
            "etag": "BwYVIYgl33k=",
            "id": "projects/sme-poc-edp-trf/serviceAccounts/sme-poc-edp-trf-bq-0@sme-poc-edp-trf.iam.gserviceaccount.com/roles/iam.serviceAccountTokenCreator",
            "members": [
              "group:gcp-data-engineers@brl.la.calriz.com",
              "serviceAccount:sme-poc-edp-orc-cmp-0@sme-poc-edp-orc.iam.gserviceaccount.com"
            ],
            "role": "roles/iam.serviceAccountTokenCreator",
            "service_account_id": "projects/sme-poc-edp-trf/serviceAccounts/sme-poc-edp-trf-bq-0@sme-poc-edp-trf.iam.gserviceaccount.com"
          },
          "sensitive_attributes": [],
          "private": "bnVsbA==",
          "dependencies": [
            "module.orch-project.data.google_bigquery_default_service_account.bq_sa",
            "module.orch-project.data.google_project.project",
            "module.orch-project.data.google_storage_project_service_account.gcs_sa",
            "module.orch-project.google_compute_shared_vpc_host_project.shared_vpc_host",
            "module.orch-project.google_compute_shared_vpc_service_project.service_projects",
            "module.orch-project.google_compute_shared_vpc_service_project.shared_vpc_service",
            "module.orch-project.google_kms_crypto_key_iam_member.service_identity_cmek",
            "module.orch-project.google_org_policy_policy.default",
            "module.orch-project.google_project.project",
            "module.orch-project.google_project_iam_member.servicenetworking",
            "module.orch-project.google_project_iam_member.shared_vpc_host_robots",
            "module.orch-project.google_project_service.project_services",
            "module.orch-project.google_project_service_identity.jit_si",
            "module.orch-project.google_project_service_identity.servicenetworking",
            "module.orch-sa-cmp-0.data.google_service_account.service_account",
            "module.orch-sa-cmp-0.google_service_account.service_account",
            "module.transf-project.data.google_bigquery_default_service_account.bq_sa",
            "module.transf-project.data.google_project.project",
            "module.transf-project.data.google_storage_project_service_account.gcs_sa",
            "module.transf-project.google_compute_shared_vpc_host_project.shared_vpc_host",
            "module.transf-project.google_compute_shared_vpc_service_project.service_projects",
            "module.transf-project.google_compute_shared_vpc_service_project.shared_vpc_service",
            "module.transf-project.google_kms_crypto_key_iam_member.service_identity_cmek",
            "module.transf-project.google_org_policy_policy.default",
            "module.transf-project.google_project.project",
            "module.transf-project.google_project_iam_member.servicenetworking",
            "module.transf-project.google_project_iam_member.shared_vpc_host_robots",
            "module.transf-project.google_project_service.project_services",
            "module.transf-project.google_project_service_identity.jit_si",
            "module.transf-project.google_project_service_identity.servicenetworking",
            "module.transf-sa-bq-0.data.google_service_account.service_account",
            "module.transf-sa-bq-0.google_service_account.service_account"
          ]
        },
        {
          "index_key": "roles/iam.serviceAccountUser",
          "schema_version": 0,
          "attributes": {
            "condition": [],
            "etag": "BwYVIYgl33k=",
            "id": "projects/sme-poc-edp-trf/serviceAccounts/sme-poc-edp-trf-bq-0@sme-poc-edp-trf.iam.gserviceaccount.com/roles/iam.serviceAccountUser",
            "members": [
              "serviceAccount:sme-poc-edp-orc-cmp-0@sme-poc-edp-orc.iam.gserviceaccount.com"
            ],
            "role": "roles/iam.serviceAccountUser",
            "service_account_id": "projects/sme-poc-edp-trf/serviceAccounts/sme-poc-edp-trf-bq-0@sme-poc-edp-trf.iam.gserviceaccount.com"
          },
          "sensitive_attributes": [],
          "private": "bnVsbA==",
          "dependencies": [
            "module.orch-project.data.google_bigquery_default_service_account.bq_sa",
            "module.orch-project.data.google_project.project",
            "module.orch-project.data.google_storage_project_service_account.gcs_sa",
            "module.orch-project.google_compute_shared_vpc_host_project.shared_vpc_host",
            "module.orch-project.google_compute_shared_vpc_service_project.service_projects",
            "module.orch-project.google_compute_shared_vpc_service_project.shared_vpc_service",
            "module.orch-project.google_kms_crypto_key_iam_member.service_identity_cmek",
            "module.orch-project.google_org_policy_policy.default",
            "module.orch-project.google_project.project",
            "module.orch-project.google_project_iam_member.servicenetworking",
            "module.orch-project.google_project_iam_member.shared_vpc_host_robots",
            "module.orch-project.google_project_service.project_services",
            "module.orch-project.google_project_service_identity.jit_si",
            "module.orch-project.google_project_service_identity.servicenetworking",
            "module.orch-sa-cmp-0.data.google_service_account.service_account",
            "module.orch-sa-cmp-0.google_service_account.service_account",
            "module.transf-project.data.google_bigquery_default_service_account.bq_sa",
            "module.transf-project.data.google_project.project",
            "module.transf-project.data.google_storage_project_service_account.gcs_sa",
            "module.transf-project.google_compute_shared_vpc_host_project.shared_vpc_host",
            "module.transf-project.google_compute_shared_vpc_service_project.service_projects",
            "module.transf-project.google_compute_shared_vpc_service_project.shared_vpc_service",
            "module.transf-project.google_kms_crypto_key_iam_member.service_identity_cmek",
            "module.transf-project.google_org_policy_policy.default",
            "module.transf-project.google_project.project",
            "module.transf-project.google_project_iam_member.servicenetworking",
            "module.transf-project.google_project_iam_member.shared_vpc_host_robots",
            "module.transf-project.google_project_service.project_services",
            "module.transf-project.google_project_service_identity.jit_si",
            "module.transf-project.google_project_service_identity.servicenetworking",
            "module.transf-sa-bq-0.data.google_service_account.service_account",
            "module.transf-sa-bq-0.google_service_account.service_account"
          ]
        }
      ]
    },
    {
      "module": "module.transf-sa-df-0",
      "mode": "data",
      "type": "google_service_account",
      "name": "service_account",
      "provider": "provider[\"registry.terraform.io/hashicorp/google\"]",
      "instances": []
    },
    {
      "module": "module.transf-sa-df-0",
      "mode": "managed",
      "type": "google_service_account",
      "name": "service_account",
      "provider": "provider[\"registry.terraform.io/hashicorp/google\"]",
      "instances": [
        {
          "index_key": 0,
          "schema_version": 0,
          "attributes": {
            "account_id": "sme-poc-edp-trf-df-0",
            "create_ignore_already_exists": null,
            "description": "",
            "disabled": false,
            "display_name": "Data platform Dataflow transformation service account",
            "email": "sme-poc-edp-trf-df-0@sme-poc-edp-trf.iam.gserviceaccount.com",
            "id": "projects/sme-poc-edp-trf/serviceAccounts/sme-poc-edp-trf-df-0@sme-poc-edp-trf.iam.gserviceaccount.com",
            "member": "serviceAccount:sme-poc-edp-trf-df-0@sme-poc-edp-trf.iam.gserviceaccount.com",
            "name": "projects/sme-poc-edp-trf/serviceAccounts/sme-poc-edp-trf-df-0@sme-poc-edp-trf.iam.gserviceaccount.com",
            "project": "sme-poc-edp-trf",
            "timeouts": null,
            "unique_id": "101956577477759217963"
          },
          "sensitive_attributes": [],
          "private": "eyJlMmJmYjczMC1lY2FhLTExZTYtOGY4OC0zNDM2M2JjN2M0YzAiOnsiY3JlYXRlIjozMDAwMDAwMDAwMDB9fQ==",
          "dependencies": [
            "module.transf-project.data.google_bigquery_default_service_account.bq_sa",
            "module.transf-project.data.google_project.project",
            "module.transf-project.data.google_storage_project_service_account.gcs_sa",
            "module.transf-project.google_compute_shared_vpc_host_project.shared_vpc_host",
            "module.transf-project.google_compute_shared_vpc_service_project.service_projects",
            "module.transf-project.google_compute_shared_vpc_service_project.shared_vpc_service",
            "module.transf-project.google_kms_crypto_key_iam_member.service_identity_cmek",
            "module.transf-project.google_org_policy_policy.default",
            "module.transf-project.google_project.project",
            "module.transf-project.google_project_iam_member.servicenetworking",
            "module.transf-project.google_project_iam_member.shared_vpc_host_robots",
            "module.transf-project.google_project_service.project_services",
            "module.transf-project.google_project_service_identity.jit_si",
            "module.transf-project.google_project_service_identity.servicenetworking"
          ]
        }
      ]
    },
    {
      "module": "module.transf-sa-df-0",
      "mode": "managed",
      "type": "google_service_account_iam_binding",
      "name": "roles",
      "provider": "provider[\"registry.terraform.io/hashicorp/google\"]",
      "instances": [
        {
          "index_key": "roles/iam.serviceAccountTokenCreator",
          "schema_version": 0,
          "attributes": {
            "condition": [],
            "etag": "BwYVIYgYMUI=",
            "id": "projects/sme-poc-edp-trf/serviceAccounts/sme-poc-edp-trf-df-0@sme-poc-edp-trf.iam.gserviceaccount.com/roles/iam.serviceAccountTokenCreator",
            "members": [
              "group:gcp-data-engineers@brl.la.calriz.com",
              "serviceAccount:sme-poc-edp-orc-cmp-0@sme-poc-edp-orc.iam.gserviceaccount.com"
            ],
            "role": "roles/iam.serviceAccountTokenCreator",
            "service_account_id": "projects/sme-poc-edp-trf/serviceAccounts/sme-poc-edp-trf-df-0@sme-poc-edp-trf.iam.gserviceaccount.com"
          },
          "sensitive_attributes": [],
          "private": "bnVsbA==",
          "dependencies": [
            "module.orch-project.data.google_bigquery_default_service_account.bq_sa",
            "module.orch-project.data.google_project.project",
            "module.orch-project.data.google_storage_project_service_account.gcs_sa",
            "module.orch-project.google_compute_shared_vpc_host_project.shared_vpc_host",
            "module.orch-project.google_compute_shared_vpc_service_project.service_projects",
            "module.orch-project.google_compute_shared_vpc_service_project.shared_vpc_service",
            "module.orch-project.google_kms_crypto_key_iam_member.service_identity_cmek",
            "module.orch-project.google_org_policy_policy.default",
            "module.orch-project.google_project.project",
            "module.orch-project.google_project_iam_member.servicenetworking",
            "module.orch-project.google_project_iam_member.shared_vpc_host_robots",
            "module.orch-project.google_project_service.project_services",
            "module.orch-project.google_project_service_identity.jit_si",
            "module.orch-project.google_project_service_identity.servicenetworking",
            "module.orch-sa-cmp-0.data.google_service_account.service_account",
            "module.orch-sa-cmp-0.google_service_account.service_account",
            "module.transf-project.data.google_bigquery_default_service_account.bq_sa",
            "module.transf-project.data.google_project.project",
            "module.transf-project.data.google_storage_project_service_account.gcs_sa",
            "module.transf-project.google_compute_shared_vpc_host_project.shared_vpc_host",
            "module.transf-project.google_compute_shared_vpc_service_project.service_projects",
            "module.transf-project.google_compute_shared_vpc_service_project.shared_vpc_service",
            "module.transf-project.google_kms_crypto_key_iam_member.service_identity_cmek",
            "module.transf-project.google_org_policy_policy.default",
            "module.transf-project.google_project.project",
            "module.transf-project.google_project_iam_member.servicenetworking",
            "module.transf-project.google_project_iam_member.shared_vpc_host_robots",
            "module.transf-project.google_project_service.project_services",
            "module.transf-project.google_project_service_identity.jit_si",
            "module.transf-project.google_project_service_identity.servicenetworking",
            "module.transf-sa-df-0.data.google_service_account.service_account",
            "module.transf-sa-df-0.google_service_account.service_account"
          ]
        },
        {
          "index_key": "roles/iam.serviceAccountUser",
          "schema_version": 0,
          "attributes": {
            "condition": [],
            "etag": "BwYVIYgYMUI=",
            "id": "projects/sme-poc-edp-trf/serviceAccounts/sme-poc-edp-trf-df-0@sme-poc-edp-trf.iam.gserviceaccount.com/roles/iam.serviceAccountUser",
            "members": [
              "serviceAccount:sme-poc-edp-orc-cmp-0@sme-poc-edp-orc.iam.gserviceaccount.com"
            ],
            "role": "roles/iam.serviceAccountUser",
            "service_account_id": "projects/sme-poc-edp-trf/serviceAccounts/sme-poc-edp-trf-df-0@sme-poc-edp-trf.iam.gserviceaccount.com"
          },
          "sensitive_attributes": [],
          "private": "bnVsbA==",
          "dependencies": [
            "module.orch-project.data.google_bigquery_default_service_account.bq_sa",
            "module.orch-project.data.google_project.project",
            "module.orch-project.data.google_storage_project_service_account.gcs_sa",
            "module.orch-project.google_compute_shared_vpc_host_project.shared_vpc_host",
            "module.orch-project.google_compute_shared_vpc_service_project.service_projects",
            "module.orch-project.google_compute_shared_vpc_service_project.shared_vpc_service",
            "module.orch-project.google_kms_crypto_key_iam_member.service_identity_cmek",
            "module.orch-project.google_org_policy_policy.default",
            "module.orch-project.google_project.project",
            "module.orch-project.google_project_iam_member.servicenetworking",
            "module.orch-project.google_project_iam_member.shared_vpc_host_robots",
            "module.orch-project.google_project_service.project_services",
            "module.orch-project.google_project_service_identity.jit_si",
            "module.orch-project.google_project_service_identity.servicenetworking",
            "module.orch-sa-cmp-0.data.google_service_account.service_account",
            "module.orch-sa-cmp-0.google_service_account.service_account",
            "module.transf-project.data.google_bigquery_default_service_account.bq_sa",
            "module.transf-project.data.google_project.project",
            "module.transf-project.data.google_storage_project_service_account.gcs_sa",
            "module.transf-project.google_compute_shared_vpc_host_project.shared_vpc_host",
            "module.transf-project.google_compute_shared_vpc_service_project.service_projects",
            "module.transf-project.google_compute_shared_vpc_service_project.shared_vpc_service",
            "module.transf-project.google_kms_crypto_key_iam_member.service_identity_cmek",
            "module.transf-project.google_org_policy_policy.default",
            "module.transf-project.google_project.project",
            "module.transf-project.google_project_iam_member.servicenetworking",
            "module.transf-project.google_project_iam_member.shared_vpc_host_robots",
            "module.transf-project.google_project_service.project_services",
            "module.transf-project.google_project_service_identity.jit_si",
            "module.transf-project.google_project_service_identity.servicenetworking",
            "module.transf-sa-df-0.data.google_service_account.service_account",
            "module.transf-sa-df-0.google_service_account.service_account"
          ]
        }
      ]
    },
    {
      "module": "module.transf-vpc-firewall[0]",
      "mode": "managed",
      "type": "google_compute_firewall",
      "name": "allow-admins",
      "provider": "provider[\"registry.terraform.io/hashicorp/google\"]",
      "instances": [
        {
          "index_key": 0,
          "schema_version": 1,
          "attributes": {
            "allow": [
              {
                "ports": [],
                "protocol": "all"
              }
            ],
            "creation_timestamp": "2024-04-02T10:55:54.622-07:00",
            "deny": [],
            "description": "Access from the admin subnet to all subnets.",
            "destination_ranges": [],
            "direction": "INGRESS",
            "disabled": false,
            "enable_logging": null,
            "id": "projects/sme-poc-edp-trf/global/firewalls/sme-poc-edp-default-ingress-admins",
            "log_config": [],
            "name": "sme-poc-edp-default-ingress-admins",
            "network": "https://www.googleapis.com/compute/v1/projects/sme-poc-edp-trf/global/networks/sme-poc-edp-default",
            "priority": 1000,
            "project": "sme-poc-edp-trf",
            "self_link": "https://www.googleapis.com/compute/v1/projects/sme-poc-edp-trf/global/firewalls/sme-poc-edp-default-ingress-admins",
            "source_ranges": [
              "10.10.0.0/24"
            ],
            "source_service_accounts": [],
            "source_tags": [],
            "target_service_accounts": [],
            "target_tags": [],
            "timeouts": null
          },
          "sensitive_attributes": [],
          "private": "eyJlMmJmYjczMC1lY2FhLTExZTYtOGY4OC0zNDM2M2JjN2M0YzAiOnsiY3JlYXRlIjoxMjAwMDAwMDAwMDAwLCJkZWxldGUiOjEyMDAwMDAwMDAwMDAsInVwZGF0ZSI6MTIwMDAwMDAwMDAwMH0sInNjaGVtYV92ZXJzaW9uIjoiMSJ9",
          "dependencies": [
            "module.transf-project.data.google_bigquery_default_service_account.bq_sa",
            "module.transf-project.data.google_project.project",
            "module.transf-project.data.google_storage_project_service_account.gcs_sa",
            "module.transf-project.google_compute_shared_vpc_host_project.shared_vpc_host",
            "module.transf-project.google_compute_shared_vpc_service_project.service_projects",
            "module.transf-project.google_compute_shared_vpc_service_project.shared_vpc_service",
            "module.transf-project.google_kms_crypto_key_iam_member.service_identity_cmek",
            "module.transf-project.google_org_policy_policy.default",
            "module.transf-project.google_project.project",
            "module.transf-project.google_project_iam_member.servicenetworking",
            "module.transf-project.google_project_iam_member.shared_vpc_host_robots",
            "module.transf-project.google_project_service.project_services",
            "module.transf-project.google_project_service_identity.jit_si",
            "module.transf-project.google_project_service_identity.servicenetworking",
            "module.transf-vpc.data.google_compute_network.network",
            "module.transf-vpc.google_compute_global_address.psa_ranges",
            "module.transf-vpc.google_compute_network.network",
            "module.transf-vpc.google_compute_network_peering.local",
            "module.transf-vpc.google_compute_network_peering.remote",
            "module.transf-vpc.google_compute_shared_vpc_host_project.shared_vpc_host",
            "module.transf-vpc.google_compute_shared_vpc_service_project.service_projects",
            "module.transf-vpc.google_service_networking_connection.psa_connection"
          ]
        }
      ]
    },
    {
      "module": "module.transf-vpc-firewall[0]",
      "mode": "managed",
      "type": "google_compute_firewall",
      "name": "allow-tag-http",
      "provider": "provider[\"registry.terraform.io/hashicorp/google\"]",
      "instances": [
        {
          "index_key": 0,
          "schema_version": 1,
          "attributes": {
            "allow": [
              {
                "ports": [
                  "80"
                ],
                "protocol": "tcp"
              }
            ],
            "creation_timestamp": "2024-04-02T10:55:54.535-07:00",
            "deny": [],
            "description": "Allow http to machines with matching tags.",
            "destination_ranges": [],
            "direction": "INGRESS",
            "disabled": false,
            "enable_logging": null,
            "id": "projects/sme-poc-edp-trf/global/firewalls/sme-poc-edp-default-ingress-tag-http",
            "log_config": [],
            "name": "sme-poc-edp-default-ingress-tag-http",
            "network": "https://www.googleapis.com/compute/v1/projects/sme-poc-edp-trf/global/networks/sme-poc-edp-default",
            "priority": 1000,
            "project": "sme-poc-edp-trf",
            "self_link": "https://www.googleapis.com/compute/v1/projects/sme-poc-edp-trf/global/firewalls/sme-poc-edp-default-ingress-tag-http",
            "source_ranges": [
              "130.211.0.0/22",
              "209.85.152.0/22",
              "209.85.204.0/22",
              "35.191.0.0/16"
            ],
            "source_service_accounts": [],
            "source_tags": [],
            "target_service_accounts": [],
            "target_tags": [
              "http-server"
            ],
            "timeouts": null
          },
          "sensitive_attributes": [],
          "private": "eyJlMmJmYjczMC1lY2FhLTExZTYtOGY4OC0zNDM2M2JjN2M0YzAiOnsiY3JlYXRlIjoxMjAwMDAwMDAwMDAwLCJkZWxldGUiOjEyMDAwMDAwMDAwMDAsInVwZGF0ZSI6MTIwMDAwMDAwMDAwMH0sInNjaGVtYV92ZXJzaW9uIjoiMSJ9",
          "dependencies": [
            "module.transf-project.data.google_bigquery_default_service_account.bq_sa",
            "module.transf-project.data.google_project.project",
            "module.transf-project.data.google_storage_project_service_account.gcs_sa",
            "module.transf-project.google_compute_shared_vpc_host_project.shared_vpc_host",
            "module.transf-project.google_compute_shared_vpc_service_project.service_projects",
            "module.transf-project.google_compute_shared_vpc_service_project.shared_vpc_service",
            "module.transf-project.google_kms_crypto_key_iam_member.service_identity_cmek",
            "module.transf-project.google_org_policy_policy.default",
            "module.transf-project.google_project.project",
            "module.transf-project.google_project_iam_member.servicenetworking",
            "module.transf-project.google_project_iam_member.shared_vpc_host_robots",
            "module.transf-project.google_project_service.project_services",
            "module.transf-project.google_project_service_identity.jit_si",
            "module.transf-project.google_project_service_identity.servicenetworking",
            "module.transf-vpc.data.google_compute_network.network",
            "module.transf-vpc.google_compute_global_address.psa_ranges",
            "module.transf-vpc.google_compute_network.network",
            "module.transf-vpc.google_compute_network_peering.local",
            "module.transf-vpc.google_compute_network_peering.remote",
            "module.transf-vpc.google_compute_shared_vpc_host_project.shared_vpc_host",
            "module.transf-vpc.google_compute_shared_vpc_service_project.service_projects",
            "module.transf-vpc.google_service_networking_connection.psa_connection"
          ]
        }
      ]
    },
    {
      "module": "module.transf-vpc-firewall[0]",
      "mode": "managed",
      "type": "google_compute_firewall",
      "name": "allow-tag-https",
      "provider": "provider[\"registry.terraform.io/hashicorp/google\"]",
      "instances": [
        {
          "index_key": 0,
          "schema_version": 1,
          "attributes": {
            "allow": [
              {
                "ports": [
                  "443"
                ],
                "protocol": "tcp"
              }
            ],
            "creation_timestamp": "2024-04-02T10:55:54.564-07:00",
            "deny": [],
            "description": "Allow http to machines with matching tags.",
            "destination_ranges": [],
            "direction": "INGRESS",
            "disabled": false,
            "enable_logging": null,
            "id": "projects/sme-poc-edp-trf/global/firewalls/sme-poc-edp-default-ingress-tag-https",
            "log_config": [],
            "name": "sme-poc-edp-default-ingress-tag-https",
            "network": "https://www.googleapis.com/compute/v1/projects/sme-poc-edp-trf/global/networks/sme-poc-edp-default",
            "priority": 1000,
            "project": "sme-poc-edp-trf",
            "self_link": "https://www.googleapis.com/compute/v1/projects/sme-poc-edp-trf/global/firewalls/sme-poc-edp-default-ingress-tag-https",
            "source_ranges": [
              "130.211.0.0/22",
              "209.85.152.0/22",
              "209.85.204.0/22",
              "35.191.0.0/16"
            ],
            "source_service_accounts": [],
            "source_tags": [],
            "target_service_accounts": [],
            "target_tags": [
              "https-server"
            ],
            "timeouts": null
          },
          "sensitive_attributes": [],
          "private": "eyJlMmJmYjczMC1lY2FhLTExZTYtOGY4OC0zNDM2M2JjN2M0YzAiOnsiY3JlYXRlIjoxMjAwMDAwMDAwMDAwLCJkZWxldGUiOjEyMDAwMDAwMDAwMDAsInVwZGF0ZSI6MTIwMDAwMDAwMDAwMH0sInNjaGVtYV92ZXJzaW9uIjoiMSJ9",
          "dependencies": [
            "module.transf-project.data.google_bigquery_default_service_account.bq_sa",
            "module.transf-project.data.google_project.project",
            "module.transf-project.data.google_storage_project_service_account.gcs_sa",
            "module.transf-project.google_compute_shared_vpc_host_project.shared_vpc_host",
            "module.transf-project.google_compute_shared_vpc_service_project.service_projects",
            "module.transf-project.google_compute_shared_vpc_service_project.shared_vpc_service",
            "module.transf-project.google_kms_crypto_key_iam_member.service_identity_cmek",
            "module.transf-project.google_org_policy_policy.default",
            "module.transf-project.google_project.project",
            "module.transf-project.google_project_iam_member.servicenetworking",
            "module.transf-project.google_project_iam_member.shared_vpc_host_robots",
            "module.transf-project.google_project_service.project_services",
            "module.transf-project.google_project_service_identity.jit_si",
            "module.transf-project.google_project_service_identity.servicenetworking",
            "module.transf-vpc.data.google_compute_network.network",
            "module.transf-vpc.google_compute_global_address.psa_ranges",
            "module.transf-vpc.google_compute_network.network",
            "module.transf-vpc.google_compute_network_peering.local",
            "module.transf-vpc.google_compute_network_peering.remote",
            "module.transf-vpc.google_compute_shared_vpc_host_project.shared_vpc_host",
            "module.transf-vpc.google_compute_shared_vpc_service_project.service_projects",
            "module.transf-vpc.google_service_networking_connection.psa_connection"
          ]
        }
      ]
    },
    {
      "module": "module.transf-vpc-firewall[0]",
      "mode": "managed",
      "type": "google_compute_firewall",
      "name": "allow-tag-ssh",
      "provider": "provider[\"registry.terraform.io/hashicorp/google\"]",
      "instances": [
        {
          "index_key": 0,
          "schema_version": 1,
          "attributes": {
            "allow": [
              {
                "ports": [
                  "22"
                ],
                "protocol": "tcp"
              }
            ],
            "creation_timestamp": "2024-04-02T10:55:54.629-07:00",
            "deny": [],
            "description": "Allow SSH to machines with matching tags.",
            "destination_ranges": [],
            "direction": "INGRESS",
            "disabled": false,
            "enable_logging": null,
            "id": "projects/sme-poc-edp-trf/global/firewalls/sme-poc-edp-default-ingress-tag-ssh",
            "log_config": [],
            "name": "sme-poc-edp-default-ingress-tag-ssh",
            "network": "https://www.googleapis.com/compute/v1/projects/sme-poc-edp-trf/global/networks/sme-poc-edp-default",
            "priority": 1000,
            "project": "sme-poc-edp-trf",
            "self_link": "https://www.googleapis.com/compute/v1/projects/sme-poc-edp-trf/global/firewalls/sme-poc-edp-default-ingress-tag-ssh",
            "source_ranges": [
              "35.235.240.0/20"
            ],
            "source_service_accounts": [],
            "source_tags": [],
            "target_service_accounts": [],
            "target_tags": [
              "ssh"
            ],
            "timeouts": null
          },
          "sensitive_attributes": [],
          "private": "eyJlMmJmYjczMC1lY2FhLTExZTYtOGY4OC0zNDM2M2JjN2M0YzAiOnsiY3JlYXRlIjoxMjAwMDAwMDAwMDAwLCJkZWxldGUiOjEyMDAwMDAwMDAwMDAsInVwZGF0ZSI6MTIwMDAwMDAwMDAwMH0sInNjaGVtYV92ZXJzaW9uIjoiMSJ9",
          "dependencies": [
            "module.transf-project.data.google_bigquery_default_service_account.bq_sa",
            "module.transf-project.data.google_project.project",
            "module.transf-project.data.google_storage_project_service_account.gcs_sa",
            "module.transf-project.google_compute_shared_vpc_host_project.shared_vpc_host",
            "module.transf-project.google_compute_shared_vpc_service_project.service_projects",
            "module.transf-project.google_compute_shared_vpc_service_project.shared_vpc_service",
            "module.transf-project.google_kms_crypto_key_iam_member.service_identity_cmek",
            "module.transf-project.google_org_policy_policy.default",
            "module.transf-project.google_project.project",
            "module.transf-project.google_project_iam_member.servicenetworking",
            "module.transf-project.google_project_iam_member.shared_vpc_host_robots",
            "module.transf-project.google_project_service.project_services",
            "module.transf-project.google_project_service_identity.jit_si",
            "module.transf-project.google_project_service_identity.servicenetworking",
            "module.transf-vpc.data.google_compute_network.network",
            "module.transf-vpc.google_compute_global_address.psa_ranges",
            "module.transf-vpc.google_compute_network.network",
            "module.transf-vpc.google_compute_network_peering.local",
            "module.transf-vpc.google_compute_network_peering.remote",
            "module.transf-vpc.google_compute_shared_vpc_host_project.shared_vpc_host",
            "module.transf-vpc.google_compute_shared_vpc_service_project.service_projects",
            "module.transf-vpc.google_service_networking_connection.psa_connection"
          ]
        }
      ]
    },
    {
      "module": "module.transf-vpc[0]",
      "mode": "data",
      "type": "google_compute_network",
      "name": "network",
      "provider": "provider[\"registry.terraform.io/hashicorp/google\"]",
      "instances": []
    },
    {
      "module": "module.transf-vpc[0]",
      "mode": "managed",
      "type": "google_compute_global_address",
      "name": "psa_ranges",
      "provider": "provider[\"registry.terraform.io/hashicorp/google\"]",
      "instances": []
    },
    {
      "module": "module.transf-vpc[0]",
      "mode": "managed",
      "type": "google_compute_network",
      "name": "network",
      "provider": "provider[\"registry.terraform.io/hashicorp/google\"]",
      "instances": [
        {
          "index_key": 0,
          "schema_version": 0,
          "attributes": {
            "auto_create_subnetworks": false,
            "delete_default_routes_on_create": false,
            "description": "Terraform-managed.",
            "enable_ula_internal_ipv6": false,
            "gateway_ipv4": "",
            "id": "projects/sme-poc-edp-trf/global/networks/sme-poc-edp-default",
            "internal_ipv6_range": "",
            "mtu": 0,
            "name": "sme-poc-edp-default",
            "network_firewall_policy_enforcement_order": "AFTER_CLASSIC_FIREWALL",
            "numeric_id": "501482265774258298",
            "project": "sme-poc-edp-trf",
            "routing_mode": "GLOBAL",
            "self_link": "https://www.googleapis.com/compute/v1/projects/sme-poc-edp-trf/global/networks/sme-poc-edp-default",
            "timeouts": null
          },
          "sensitive_attributes": [],
          "private": "eyJlMmJmYjczMC1lY2FhLTExZTYtOGY4OC0zNDM2M2JjN2M0YzAiOnsiY3JlYXRlIjoxMjAwMDAwMDAwMDAwLCJkZWxldGUiOjEyMDAwMDAwMDAwMDAsInVwZGF0ZSI6MTIwMDAwMDAwMDAwMH19",
          "dependencies": [
            "module.transf-project.data.google_bigquery_default_service_account.bq_sa",
            "module.transf-project.data.google_project.project",
            "module.transf-project.data.google_storage_project_service_account.gcs_sa",
            "module.transf-project.google_compute_shared_vpc_host_project.shared_vpc_host",
            "module.transf-project.google_compute_shared_vpc_service_project.service_projects",
            "module.transf-project.google_compute_shared_vpc_service_project.shared_vpc_service",
            "module.transf-project.google_kms_crypto_key_iam_member.service_identity_cmek",
            "module.transf-project.google_org_policy_policy.default",
            "module.transf-project.google_project.project",
            "module.transf-project.google_project_iam_member.servicenetworking",
            "module.transf-project.google_project_iam_member.shared_vpc_host_robots",
            "module.transf-project.google_project_service.project_services",
            "module.transf-project.google_project_service_identity.jit_si",
            "module.transf-project.google_project_service_identity.servicenetworking"
          ]
        }
      ]
    },
    {
      "module": "module.transf-vpc[0]",
      "mode": "managed",
      "type": "google_compute_network_peering",
      "name": "local",
      "provider": "provider[\"registry.terraform.io/hashicorp/google-beta\"]",
      "instances": []
    },
    {
      "module": "module.transf-vpc[0]",
      "mode": "managed",
      "type": "google_compute_network_peering",
      "name": "remote",
      "provider": "provider[\"registry.terraform.io/hashicorp/google-beta\"]",
      "instances": []
    },
    {
      "module": "module.transf-vpc[0]",
      "mode": "managed",
      "type": "google_compute_shared_vpc_host_project",
      "name": "shared_vpc_host",
      "provider": "provider[\"registry.terraform.io/hashicorp/google-beta\"]",
      "instances": []
    },
    {
      "module": "module.transf-vpc[0]",
      "mode": "managed",
      "type": "google_compute_shared_vpc_service_project",
      "name": "service_projects",
      "provider": "provider[\"registry.terraform.io/hashicorp/google-beta\"]",
      "instances": []
    },
    {
      "module": "module.transf-vpc[0]",
      "mode": "managed",
      "type": "google_compute_subnetwork",
      "name": "subnetwork",
      "provider": "provider[\"registry.terraform.io/hashicorp/google\"]",
      "instances": [
        {
          "index_key": "us-central1/default",
          "schema_version": 0,
          "attributes": {
            "creation_timestamp": "2024-04-02T11:59:19.058-07:00",
            "description": "Terraform-managed.",
            "external_ipv6_prefix": "",
            "fingerprint": null,
            "gateway_address": "10.10.0.1",
            "id": "projects/sme-poc-edp-trf/regions/us-central1/subnetworks/default",
            "internal_ipv6_prefix": "",
            "ip_cidr_range": "10.10.0.0/24",
            "ipv6_access_type": "",
            "ipv6_cidr_range": "",
            "log_config": [],
            "name": "default",
            "network": "https://www.googleapis.com/compute/v1/projects/sme-poc-edp-trf/global/networks/sme-poc-edp-default",
            "private_ip_google_access": true,
            "private_ipv6_google_access": "DISABLE_GOOGLE_ACCESS",
            "project": "sme-poc-edp-trf",
            "purpose": "PRIVATE",
            "region": "us-central1",
            "role": "",
            "secondary_ip_range": [],
            "self_link": "https://www.googleapis.com/compute/v1/projects/sme-poc-edp-trf/regions/us-central1/subnetworks/default",
            "stack_type": "IPV4_ONLY",
            "timeouts": null
          },
          "sensitive_attributes": [],
          "private": "eyJlMmJmYjczMC1lY2FhLTExZTYtOGY4OC0zNDM2M2JjN2M0YzAiOnsiY3JlYXRlIjoxMjAwMDAwMDAwMDAwLCJkZWxldGUiOjEyMDAwMDAwMDAwMDAsInVwZGF0ZSI6MTIwMDAwMDAwMDAwMH19",
          "dependencies": [
            "module.transf-project.data.google_bigquery_default_service_account.bq_sa",
            "module.transf-project.data.google_project.project",
            "module.transf-project.data.google_storage_project_service_account.gcs_sa",
            "module.transf-project.google_compute_shared_vpc_host_project.shared_vpc_host",
            "module.transf-project.google_compute_shared_vpc_service_project.service_projects",
            "module.transf-project.google_compute_shared_vpc_service_project.shared_vpc_service",
            "module.transf-project.google_kms_crypto_key_iam_member.service_identity_cmek",
            "module.transf-project.google_org_policy_policy.default",
            "module.transf-project.google_project.project",
            "module.transf-project.google_project_iam_member.servicenetworking",
            "module.transf-project.google_project_iam_member.shared_vpc_host_robots",
            "module.transf-project.google_project_service.project_services",
            "module.transf-project.google_project_service_identity.jit_si",
            "module.transf-project.google_project_service_identity.servicenetworking",
            "module.transf-vpc.data.google_compute_network.network",
            "module.transf-vpc.google_compute_network.network"
          ]
        }
      ]
    },
    {
      "module": "module.transf-vpc[0]",
      "mode": "managed",
      "type": "google_service_networking_connection",
      "name": "psa_connection",
      "provider": "provider[\"registry.terraform.io/hashicorp/google\"]",
      "instances": []
    }
  ],
  "check_results": [
    {
      "object_kind": "var",
      "config_addr": "module.orch-cs-0.var.prefix",
      "status": "pass",
      "objects": [
        {
          "object_addr": "module.orch-cs-0.var.prefix",
          "status": "pass"
        }
      ]
    },
    {
      "object_kind": "var",
      "config_addr": "module.transf-vpc.var.routes",
      "status": "unknown",
      "objects": [
        {
          "object_addr": "module.transf-vpc[0].var.routes",
          "status": "unknown"
        }
      ]
    },
    {
      "object_kind": "var",
      "config_addr": "module.dwh-plg-cs-0.var.prefix",
      "status": "pass",
      "objects": [
        {
          "object_addr": "module.dwh-plg-cs-0.var.prefix",
          "status": "pass"
        }
      ]
    },
    {
      "object_kind": "var",
      "config_addr": "module.drop-sa-bq-0.var.prefix",
      "status": "unknown",
      "objects": [
        {
          "object_addr": "module.drop-sa-bq-0.var.prefix",
          "status": "unknown"
        }
      ]
    },
    {
      "object_kind": "var",
      "config_addr": "module.dwh-cur-cs-0.var.storage_class",
      "status": "pass",
      "objects": [
        {
          "object_addr": "module.dwh-cur-cs-0.var.storage_class",
          "status": "pass"
        }
      ]
    },
    {
      "object_kind": "var",
      "config_addr": "module.dwh-lnd-cs-0.var.storage_class",
      "status": "pass",
      "objects": [
        {
          "object_addr": "module.dwh-lnd-cs-0.var.storage_class",
          "status": "pass"
        }
      ]
    },
    {
      "object_kind": "var",
      "config_addr": "module.common-project.var.prefix",
      "status": "pass",
      "objects": [
        {
          "object_addr": "module.common-project.var.prefix",
          "status": "pass"
        }
      ]
    },
    {
      "object_kind": "var",
      "config_addr": "module.dwh-conf-project.var.logging_sinks",
      "status": "unknown",
      "objects": [
        {
          "object_addr": "module.dwh-conf-project.var.logging_sinks",
          "status": "unknown"
        }
      ]
    },
    {
      "object_kind": "var",
      "config_addr": "module.drop-project.var.logging_sinks",
      "status": "unknown",
      "objects": [
        {
          "object_addr": "module.drop-project.var.logging_sinks",
          "status": "unknown"
        }
      ]
    },
    {
      "object_kind": "var",
      "config_addr": "module.transf-project.var.parent",
      "status": "pass",
      "objects": [
        {
          "object_addr": "module.transf-project.var.parent",
          "status": "pass"
        }
      ]
    },
    {
      "object_kind": "var",
      "config_addr": "module.drop-bq-0.var.access",
      "status": "pass",
      "objects": [
        {
          "object_addr": "module.drop-bq-0.var.access",
          "status": "pass"
        }
      ]
    },
    {
      "object_kind": "var",
      "config_addr": "module.dwh-cur-cs-0.var.prefix",
      "status": "pass",
      "objects": [
        {
          "object_addr": "module.dwh-cur-cs-0.var.prefix",
          "status": "pass"
        }
      ]
    },
    {
      "object_kind": "var",
      "config_addr": "var.prefix",
      "status": "pass",
      "objects": [
        {
          "object_addr": "var.prefix",
          "status": "pass"
        }
      ]
    },
    {
      "object_kind": "var",
      "config_addr": "module.drop-project.var.prefix",
      "status": "pass",
      "objects": [
        {
          "object_addr": "module.drop-project.var.prefix",
          "status": "pass"
        }
      ]
    },
    {
      "object_kind": "var",
      "config_addr": "module.transf-project.var.prefix",
      "status": "pass",
      "objects": [
        {
          "object_addr": "module.transf-project.var.prefix",
          "status": "pass"
        }
      ]
    },
    {
      "object_kind": "var",
      "config_addr": "module.orch-project.var.prefix",
      "status": "pass",
      "objects": [
        {
          "object_addr": "module.orch-project.var.prefix",
          "status": "pass"
        }
      ]
    },
    {
      "object_kind": "var",
      "config_addr": "module.drop-sa-ps-0.var.prefix",
      "status": "unknown",
      "objects": [
        {
          "object_addr": "module.drop-sa-ps-0.var.prefix",
          "status": "unknown"
        }
      ]
    },
    {
      "object_kind": "var",
      "config_addr": "module.dwh-lnd-bq-0.var.access",
      "status": "pass",
      "objects": [
        {
          "object_addr": "module.dwh-lnd-bq-0.var.access",
          "status": "pass"
        }
      ]
    },
    {
      "object_kind": "var",
      "config_addr": "module.dwh-lnd-cs-0.var.prefix",
      "status": "pass",
      "objects": [
        {
          "object_addr": "module.dwh-lnd-cs-0.var.prefix",
          "status": "pass"
        }
      ]
    },
    {
      "object_kind": "var",
      "config_addr": "module.orch-project.var.parent",
      "status": "pass",
      "objects": [
        {
          "object_addr": "module.orch-project.var.parent",
          "status": "pass"
        }
      ]
    },
    {
      "object_kind": "var",
      "config_addr": "module.drop-sa-cs-0.var.prefix",
      "status": "pass",
      "objects": [
        {
          "object_addr": "module.drop-sa-cs-0.var.prefix",
          "status": "pass"
        }
      ]
    },
    {
      "object_kind": "var",
      "config_addr": "module.common-project.var.parent",
      "status": "pass",
      "objects": [
        {
          "object_addr": "module.common-project.var.parent",
          "status": "pass"
        }
      ]
    },
    {
      "object_kind": "var",
      "config_addr": "module.dwh-conf-bq-0.var.access",
      "status": "pass",
      "objects": [
        {
          "object_addr": "module.dwh-conf-bq-0.var.access",
          "status": "pass"
        }
      ]
    },
    {
      "object_kind": "var",
      "config_addr": "module.drop-project.var.parent",
      "status": "pass",
      "objects": [
        {
          "object_addr": "module.drop-project.var.parent",
          "status": "pass"
        }
      ]
    },
    {
      "object_kind": "var",
      "config_addr": "module.dwh-conf-project.var.parent",
      "status": "pass",
      "objects": [
        {
          "object_addr": "module.dwh-conf-project.var.parent",
          "status": "pass"
        }
      ]
    },
    {
      "object_kind": "var",
      "config_addr": "module.dwh-lnd-project.var.logging_sinks",
      "status": "unknown",
      "objects": [
        {
          "object_addr": "module.dwh-lnd-project.var.logging_sinks",
          "status": "unknown"
        }
      ]
    },
    {
      "object_kind": "var",
      "config_addr": "module.orch-vpc.var.routes",
      "status": "unknown",
      "objects": [
        {
          "object_addr": "module.orch-vpc[0].var.routes",
          "status": "unknown"
        }
      ]
    },
    {
      "object_kind": "var",
      "config_addr": "module.load-sa-df-0.var.prefix",
      "status": "pass",
      "objects": [
        {
          "object_addr": "module.load-sa-df-0.var.prefix",
          "status": "pass"
        }
      ]
    },
    {
      "object_kind": "var",
      "config_addr": "module.transf-vpc.var.routing_mode",
      "status": "pass",
      "objects": [
        {
          "object_addr": "module.transf-vpc[0].var.routing_mode",
          "status": "pass"
        }
      ]
    },
    {
      "object_kind": "var",
      "config_addr": "module.dwh-plg-project.var.parent",
      "status": "pass",
      "objects": [
        {
          "object_addr": "module.dwh-plg-project.var.parent",
          "status": "pass"
        }
      ]
    },
    {
      "object_kind": "var",
      "config_addr": "module.dwh-cur-bq-0.var.access",
      "status": "pass",
      "objects": [
        {
          "object_addr": "module.dwh-cur-bq-0.var.access",
          "status": "pass"
        }
      ]
    },
    {
      "object_kind": "var",
      "config_addr": "module.transf-sa-bq-0.var.prefix",
      "status": "pass",
      "objects": [
        {
          "object_addr": "module.transf-sa-bq-0.var.prefix",
          "status": "pass"
        }
      ]
    },
    {
      "object_kind": "var",
      "config_addr": "module.orch-vpc.var.routing_mode",
      "status": "pass",
      "objects": [
        {
          "object_addr": "module.orch-vpc[0].var.routing_mode",
          "status": "pass"
        }
      ]
    },
    {
      "object_kind": "var",
      "config_addr": "module.transf-sa-df-0.var.prefix",
      "status": "pass",
      "objects": [
        {
          "object_addr": "module.transf-sa-df-0.var.prefix",
          "status": "pass"
        }
      ]
    },
    {
      "object_kind": "var",
      "config_addr": "module.dwh-plg-cs-0.var.storage_class",
      "status": "pass",
      "objects": [
        {
          "object_addr": "module.dwh-plg-cs-0.var.storage_class",
          "status": "pass"
        }
      ]
    },
    {
      "object_kind": "var",
      "config_addr": "module.load-project.var.prefix",
      "status": "pass",
      "objects": [
        {
          "object_addr": "module.load-project.var.prefix",
          "status": "pass"
        }
      ]
    },
    {
      "object_kind": "var",
      "config_addr": "module.dwh-cur-project.var.logging_sinks",
      "status": "unknown",
      "objects": [
        {
          "object_addr": "module.dwh-cur-project.var.logging_sinks",
          "status": "unknown"
        }
      ]
    },
    {
      "object_kind": "var",
      "config_addr": "module.transf-cs-df-0.var.prefix",
      "status": "pass",
      "objects": [
        {
          "object_addr": "module.transf-cs-df-0.var.prefix",
          "status": "pass"
        }
      ]
    },
    {
      "object_kind": "var",
      "config_addr": "module.dwh-plg-project.var.prefix",
      "status": "pass",
      "objects": [
        {
          "object_addr": "module.dwh-plg-project.var.prefix",
          "status": "pass"
        }
      ]
    },
    {
      "object_kind": "var",
      "config_addr": "module.exp-project.var.logging_sinks",
      "status": "unknown",
      "objects": [
        {
          "object_addr": "module.exp-project.var.logging_sinks",
          "status": "unknown"
        }
      ]
    },
    {
      "object_kind": "var",
      "config_addr": "module.load-vpc.var.routing_mode",
      "status": "pass",
      "objects": [
        {
          "object_addr": "module.load-vpc[0].var.routing_mode",
          "status": "pass"
        }
      ]
    },
    {
      "object_kind": "var",
      "config_addr": "module.dwh-plg-bq-0.var.access",
      "status": "pass",
      "objects": [
        {
          "object_addr": "module.dwh-plg-bq-0.var.access",
          "status": "pass"
        }
      ]
    },
    {
      "object_kind": "var",
      "config_addr": "module.exp-project.var.parent",
      "status": "pass",
      "objects": [
        {
          "object_addr": "module.exp-project.var.parent",
          "status": "pass"
        }
      ]
    },
    {
      "object_kind": "var",
      "config_addr": "module.orch-cs-0.var.storage_class",
      "status": "pass",
      "objects": [
        {
          "object_addr": "module.orch-cs-0.var.storage_class",
          "status": "pass"
        }
      ]
    },
    {
      "object_kind": "var",
      "config_addr": "module.load-project.var.parent",
      "status": "pass",
      "objects": [
        {
          "object_addr": "module.load-project.var.parent",
          "status": "pass"
        }
      ]
    },
    {
      "object_kind": "var",
      "config_addr": "module.common-datacatalog.var.prefix",
      "status": "pass",
      "objects": [
        {
          "object_addr": "module.common-datacatalog.var.prefix",
          "status": "pass"
        }
      ]
    },
    {
      "object_kind": "var",
      "config_addr": "module.load-vpc.var.routes",
      "status": "unknown",
      "objects": [
        {
          "object_addr": "module.load-vpc[0].var.routes",
          "status": "unknown"
        }
      ]
    },
    {
      "object_kind": "var",
      "config_addr": "module.dwh-plg-project.var.logging_sinks",
      "status": "unknown",
      "objects": [
        {
          "object_addr": "module.dwh-plg-project.var.logging_sinks",
          "status": "unknown"
        }
      ]
    },
    {
      "object_kind": "var",
      "config_addr": "module.drop-cs-0.var.storage_class",
      "status": "pass",
      "objects": [
        {
          "object_addr": "module.drop-cs-0.var.storage_class",
          "status": "pass"
        }
      ]
    },
    {
      "object_kind": "var",
      "config_addr": "module.orch-project.var.logging_sinks",
      "status": "unknown",
      "objects": [
        {
          "object_addr": "module.orch-project.var.logging_sinks",
          "status": "unknown"
        }
      ]
    },
    {
      "object_kind": "var",
      "config_addr": "module.dwh-cur-project.var.prefix",
      "status": "pass",
      "objects": [
        {
          "object_addr": "module.dwh-cur-project.var.prefix",
          "status": "pass"
        }
      ]
    },
    {
      "object_kind": "var",
      "config_addr": "module.load-cs-df-0.var.storage_class",
      "status": "pass",
      "objects": [
        {
          "object_addr": "module.load-cs-df-0.var.storage_class",
          "status": "pass"
        }
      ]
    },
    {
      "object_kind": "var",
      "config_addr": "module.transf-project.var.logging_sinks",
      "status": "unknown",
      "objects": [
        {
          "object_addr": "module.transf-project.var.logging_sinks",
          "status": "unknown"
        }
      ]
    },
    {
      "object_kind": "var",
      "config_addr": "module.dwh-conf-cs-0.var.prefix",
      "status": "pass",
      "objects": [
        {
          "object_addr": "module.dwh-conf-cs-0.var.prefix",
          "status": "pass"
        }
      ]
    },
    {
      "object_kind": "var",
      "config_addr": "module.exp-project.var.prefix",
      "status": "pass",
      "objects": [
        {
          "object_addr": "module.exp-project.var.prefix",
          "status": "pass"
        }
      ]
    },
    {
      "object_kind": "var",
      "config_addr": "module.load-cs-df-0.var.prefix",
      "status": "pass",
      "objects": [
        {
          "object_addr": "module.load-cs-df-0.var.prefix",
          "status": "pass"
        }
      ]
    },
    {
      "object_kind": "var",
      "config_addr": "module.dwh-lnd-project.var.parent",
      "status": "pass",
      "objects": [
        {
          "object_addr": "module.dwh-lnd-project.var.parent",
          "status": "pass"
        }
      ]
    },
    {
      "object_kind": "var",
      "config_addr": "module.transf-cs-df-0.var.storage_class",
      "status": "pass",
      "objects": [
        {
          "object_addr": "module.transf-cs-df-0.var.storage_class",
          "status": "pass"
        }
      ]
    },
    {
      "object_kind": "var",
      "config_addr": "module.dwh-conf-project.var.prefix",
      "status": "pass",
      "objects": [
        {
          "object_addr": "module.dwh-conf-project.var.prefix",
          "status": "pass"
        }
      ]
    },
    {
      "object_kind": "var",
      "config_addr": "module.dwh-conf-cs-0.var.storage_class",
      "status": "pass",
      "objects": [
        {
          "object_addr": "module.dwh-conf-cs-0.var.storage_class",
          "status": "pass"
        }
      ]
    },
    {
      "object_kind": "var",
      "config_addr": "module.drop-cs-0.var.prefix",
      "status": "pass",
      "objects": [
        {
          "object_addr": "module.drop-cs-0.var.prefix",
          "status": "pass"
        }
      ]
    },
    {
      "object_kind": "var",
      "config_addr": "module.load-project.var.logging_sinks",
      "status": "unknown",
      "objects": [
        {
          "object_addr": "module.load-project.var.logging_sinks",
          "status": "unknown"
        }
      ]
    },
    {
      "object_kind": "var",
      "config_addr": "module.dwh-cur-project.var.parent",
      "status": "pass",
      "objects": [
        {
          "object_addr": "module.dwh-cur-project.var.parent",
          "status": "pass"
        }
      ]
    },
    {
      "object_kind": "var",
      "config_addr": "module.common-project.var.logging_sinks",
      "status": "unknown",
      "objects": [
        {
          "object_addr": "module.common-project.var.logging_sinks",
          "status": "unknown"
        }
      ]
    },
    {
      "object_kind": "var",
      "config_addr": "module.dwh-lnd-project.var.prefix",
      "status": "pass",
      "objects": [
        {
          "object_addr": "module.dwh-lnd-project.var.prefix",
          "status": "pass"
        }
      ]
    },
    {
      "object_kind": "var",
      "config_addr": "module.orch-sa-cmp-0.var.prefix",
      "status": "pass",
      "objects": [
        {
          "object_addr": "module.orch-sa-cmp-0.var.prefix",
          "status": "pass"
        }
      ]
    }
  ]
}
